{
  "version": 4,
  "terraform_version": "1.12.2",
  "serial": 7243,
  "lineage": "571fcb51-5293-1c56-b8f7-2be55b848945",
  "outputs": {
    "app-hostname": {
      "value": "etleap20260616135442225500000027-1671959891.us-east-1.elb.amazonaws.com",
      "type": "string"
    },
    "etleap_kinesis_role_arn": {
      "value": "arn:aws:iam::209479308486:role/etleap_kinesis_access",
      "type": "string"
    },
    "etleap_kinesis_stream_names": {
      "value": [
        "test2-stream-01",
        "test2-stream-02",
        "test2-stream-03",
        "test2-stream-04",
        "test2-stream-05",
        "test2-stream-06",
        "test2-stream-07",
        "test2-stream-08",
        "test2-stream-09",
        "test2-stream-10",
        "test2-stream-11",
        "test2-stream-12",
        "test2-stream-13",
        "test2-stream-14",
        "test2-stream-15",
        "test2-stream-16",
        "test2-stream-17",
        "test2-stream-18",
        "test2-stream-19",
        "test2-stream-20",
        "test2-stream-21",
        "test2-stream-22",
        "test2-stream-23",
        "test2-stream-24",
        "test2-stream-25",
        "test2-stream-26",
        "test2-stream-27",
        "test2-stream-28",
        "test2-stream-29",
        "test2-stream-30",
        "test2-stream-31",
        "test2-stream-32",
        "test2-stream-33",
        "test2-stream-34",
        "test2-stream-35",
        "test2-stream-36",
        "test2-stream-37",
        "test2-stream-38",
        "test2-stream-39",
        "test2-stream-40",
        "test2-stream-41",
        "test2-stream-42",
        "test2-stream-43",
        "test2-stream-44",
        "test2-stream-45",
        "test2-stream-46",
        "test2-stream-47",
        "test2-stream-48",
        "test2-stream-49",
        "test2-stream-50"
      ],
      "type": [
        "tuple",
        [
          "string",
          "string",
          "string",
          "string",
          "string",
          "string",
          "string",
          "string",
          "string",
          "string",
          "string",
          "string",
          "string",
          "string",
          "string",
          "string",
          "string",
          "string",
          "string",
          "string",
          "string",
          "string",
          "string",
          "string",
          "string",
          "string",
          "string",
          "string",
          "string",
          "string",
          "string",
          "string",
          "string",
          "string",
          "string",
          "string",
          "string",
          "string",
          "string",
          "string",
          "string",
          "string",
          "string",
          "string",
          "string",
          "string",
          "string",
          "string",
          "string",
          "string"
        ]
      ]
    },
    "s3_input_bucket_policy": {
      "value": {
        "benedict-dev-test": "{\n  \"Id\": \"EtleapAccess\",\n  \"Version\": \"2012-10-17\",\n  \"Statement\":[{\n    \"Sid\": \"EtleapAccess\",\n    \"Effect\":\"Allow\",\n    \"Principal\": {\n      \"AWS\": \"arn:aws:iam::209479308486:root\"\n    },\n    \"Action\":[\n      \"s3:GetObject\",\n      \"s3:ListBucket\"\n    ],\n    \"Resource\": [\n      \"arn:aws:s3:::benedict-dev-test\",\n      \"arn:aws:s3:::benedict-dev-test/*\"\n    ]\n  }]\n}\n"
      },
      "type": [
        "object",
        {
          "benedict-dev-test": "string"
        }
      ]
    },
    "s3_input_role_arn": {
      "value": "arn:aws:iam::209479308486:role/EtleapInput-test2-9cb94f",
      "type": "string"
    },
    "setup-password": {
      "value": "iwODVkEF",
      "type": "string",
      "sensitive": true
    }
  },
  "resources": [
    {
      "mode": "data",
      "type": "aws_iam_policy_document",
      "name": "etleap_kinesis_access",
      "provider": "provider[\"registry.terraform.io/hashicorp/aws\"]",
      "instances": [
        {
          "schema_version": 0,
          "attributes": {
            "id": "940223727",
            "json": "{\n  \"Version\": \"2012-10-17\",\n  \"Statement\": [\n    {\n      \"Effect\": \"Allow\",\n      \"Action\": [\n        \"kinesis:ListStreams\",\n        \"kinesis:ListShards\",\n        \"kinesis:GetShardIterator\",\n        \"kinesis:GetRecords\",\n        \"kinesis:DescribeStream\"\n      ],\n      \"Resource\": \"*\"\n    }\n  ]\n}",
            "minified_json": "{\"Version\":\"2012-10-17\",\"Statement\":[{\"Effect\":\"Allow\",\"Action\":[\"kinesis:ListStreams\",\"kinesis:ListShards\",\"kinesis:GetShardIterator\",\"kinesis:GetRecords\",\"kinesis:DescribeStream\"],\"Resource\":\"*\"}]}",
            "override_json": null,
            "override_policy_documents": null,
            "policy_id": null,
            "source_json": null,
            "source_policy_documents": null,
            "statement": [
              {
                "actions": [
                  "kinesis:DescribeStream",
                  "kinesis:GetRecords",
                  "kinesis:GetShardIterator",
                  "kinesis:ListShards",
                  "kinesis:ListStreams"
                ],
                "condition": [],
                "effect": "Allow",
                "not_actions": [],
                "not_principals": [],
                "not_resources": [],
                "principals": [],
                "resources": [
                  "*"
                ],
                "sid": ""
              }
            ],
            "version": "2012-10-17"
          },
          "sensitive_attributes": [],
          "identity_schema_version": 0
        }
      ]
    },
    {
      "mode": "data",
      "type": "aws_iam_policy_document",
      "name": "etleap_kinesis_assume_role",
      "provider": "provider[\"registry.terraform.io/hashicorp/aws\"]",
      "instances": [
        {
          "schema_version": 0,
          "attributes": {
            "id": "2858913681",
            "json": "{\n  \"Version\": \"2012-10-17\",\n  \"Statement\": [\n    {\n      \"Effect\": \"Allow\",\n      \"Action\": \"sts:AssumeRole\",\n      \"Principal\": {\n        \"AWS\": \"arn:aws:iam::209479308486:root\"\n      },\n      \"Condition\": {\n        \"StringEquals\": {\n          \"sts:ExternalId\": \"test2\"\n        }\n      }\n    },\n    {\n      \"Effect\": \"Allow\",\n      \"Action\": \"sts:AssumeRole\",\n      \"Principal\": {\n        \"AWS\": \"arn:aws:iam::223848809711:root\"\n      },\n      \"Condition\": {\n        \"StringEquals\": {\n          \"sts:ExternalId\": \"etleap\"\n        }\n      }\n    }\n  ]\n}",
            "minified_json": "{\"Version\":\"2012-10-17\",\"Statement\":[{\"Effect\":\"Allow\",\"Action\":\"sts:AssumeRole\",\"Principal\":{\"AWS\":\"arn:aws:iam::209479308486:root\"},\"Condition\":{\"StringEquals\":{\"sts:ExternalId\":\"test2\"}}},{\"Effect\":\"Allow\",\"Action\":\"sts:AssumeRole\",\"Principal\":{\"AWS\":\"arn:aws:iam::223848809711:root\"},\"Condition\":{\"StringEquals\":{\"sts:ExternalId\":\"etleap\"}}}]}",
            "override_json": null,
            "override_policy_documents": null,
            "policy_id": null,
            "source_json": null,
            "source_policy_documents": null,
            "statement": [
              {
                "actions": [
                  "sts:AssumeRole"
                ],
                "condition": [
                  {
                    "test": "StringEquals",
                    "values": [
                      "test2"
                    ],
                    "variable": "sts:ExternalId"
                  }
                ],
                "effect": "Allow",
                "not_actions": [],
                "not_principals": [],
                "not_resources": [],
                "principals": [
                  {
                    "identifiers": [
                      "arn:aws:iam::209479308486:root"
                    ],
                    "type": "AWS"
                  }
                ],
                "resources": [],
                "sid": ""
              },
              {
                "actions": [
                  "sts:AssumeRole"
                ],
                "condition": [
                  {
                    "test": "StringEquals",
                    "values": [
                      "etleap"
                    ],
                    "variable": "sts:ExternalId"
                  }
                ],
                "effect": "Allow",
                "not_actions": [],
                "not_principals": [],
                "not_resources": [],
                "principals": [
                  {
                    "identifiers": [
                      "arn:aws:iam::223848809711:root"
                    ],
                    "type": "AWS"
                  }
                ],
                "resources": [],
                "sid": ""
              }
            ],
            "version": "2012-10-17"
          },
          "sensitive_attributes": [],
          "identity_schema_version": 0
        }
      ]
    },
    {
      "mode": "managed",
      "type": "aws_iam_role",
      "name": "etleap_kinesis",
      "provider": "provider[\"registry.terraform.io/hashicorp/aws\"]",
      "instances": [
        {
          "schema_version": 0,
          "attributes": {
            "arn": "arn:aws:iam::209479308486:role/etleap_kinesis_access",
            "assume_role_policy": "{\"Statement\":[{\"Action\":\"sts:AssumeRole\",\"Condition\":{\"StringEquals\":{\"sts:ExternalId\":\"test2\"}},\"Effect\":\"Allow\",\"Principal\":{\"AWS\":\"arn:aws:iam::209479308486:root\"}},{\"Action\":\"sts:AssumeRole\",\"Condition\":{\"StringEquals\":{\"sts:ExternalId\":\"etleap\"}},\"Effect\":\"Allow\",\"Principal\":{\"AWS\":\"arn:aws:iam::223848809711:root\"}}],\"Version\":\"2012-10-17\"}",
            "create_date": "2026-06-18T13:45:29Z",
            "description": "",
            "force_detach_policies": false,
            "id": "etleap_kinesis_access",
            "inline_policy": [
              {
                "name": "etleap_kinesis_access_policy",
                "policy": "{\"Version\":\"2012-10-17\",\"Statement\":[{\"Action\":[\"kinesis:ListStreams\",\"kinesis:ListShards\",\"kinesis:GetShardIterator\",\"kinesis:GetRecords\",\"kinesis:DescribeStream\"],\"Effect\":\"Allow\",\"Resource\":\"*\"}]}"
              }
            ],
            "managed_policy_arns": [],
            "max_session_duration": 3600,
            "name": "etleap_kinesis_access",
            "name_prefix": "",
            "path": "/",
            "permissions_boundary": "",
            "tags": {
              "Environment": "sandbox",
              "Operator": "Benedict.Chan"
            },
            "tags_all": {
              "Environment": "sandbox",
              "Operator": "Benedict.Chan"
            },
            "unique_id": "AROATBRPQSTDG5BCZRRO3"
          },
          "sensitive_attributes": [],
          "identity_schema_version": 0,
          "private": "bnVsbA==",
          "dependencies": [
            "data.aws_iam_policy_document.etleap_kinesis_assume_role"
          ]
        }
      ]
    },
    {
      "mode": "managed",
      "type": "aws_iam_role_policy",
      "name": "etleap_kinesis_access",
      "provider": "provider[\"registry.terraform.io/hashicorp/aws\"]",
      "instances": [
        {
          "schema_version": 0,
          "attributes": {
            "id": "etleap_kinesis_access:etleap_kinesis_access_policy",
            "name": "etleap_kinesis_access_policy",
            "name_prefix": "",
            "policy": "{\"Version\":\"2012-10-17\",\"Statement\":[{\"Action\":[\"kinesis:ListStreams\",\"kinesis:ListShards\",\"kinesis:GetShardIterator\",\"kinesis:GetRecords\",\"kinesis:DescribeStream\"],\"Effect\":\"Allow\",\"Resource\":\"*\"}]}",
            "role": "etleap_kinesis_access"
          },
          "sensitive_attributes": [],
          "identity_schema_version": 0,
          "private": "bnVsbA==",
          "dependencies": [
            "aws_iam_role.etleap_kinesis",
            "data.aws_iam_policy_document.etleap_kinesis_access",
            "data.aws_iam_policy_document.etleap_kinesis_assume_role"
          ]
        }
      ]
    },
    {
      "mode": "managed",
      "type": "aws_key_pair",
      "name": "ssh",
      "provider": "provider[\"registry.terraform.io/hashicorp/aws\"]",
      "instances": [
        {
          "schema_version": 1,
          "attributes": {
            "arn": "arn:aws:ec2:us-east-1:209479308486:key-pair/Etleap-Benedict",
            "fingerprint": "pedMs5Y8lcmhgWHwGfvbamqPLkvWTdQlvBYYfn0LRYM=",
            "id": "Etleap-Benedict",
            "key_name": "Etleap-Benedict",
            "key_name_prefix": "",
            "key_pair_id": "key-062534b06f7e9563c",
            "key_type": "ed25519",
            "public_key": "ssh-ed25519 AAAAC3NzaC1lZDI1NTE5AAAAIJ+ty7cneFY6gHv5TtnoaEEnoqXIiJnY+cUi/tFxCqVh benedictchan@Benedicts-MacBook-Pro.local",
            "tags": {},
            "tags_all": {}
          },
          "sensitive_attributes": [],
          "identity_schema_version": 0,
          "private": "eyJzY2hlbWFfdmVyc2lvbiI6IjEifQ==",
          "create_before_destroy": true
        }
      ]
    },
    {
      "mode": "managed",
      "type": "aws_kinesis_stream",
      "name": "etleap_test",
      "provider": "provider[\"registry.terraform.io/hashicorp/aws\"]",
      "instances": [
        {
          "index_key": 0,
          "schema_version": 1,
          "attributes": {
            "arn": "arn:aws:kinesis:us-east-1:209479308486:stream/test2-stream-01",
            "encryption_type": "NONE",
            "enforce_consumer_deletion": false,
            "id": "arn:aws:kinesis:us-east-1:209479308486:stream/test2-stream-01",
            "kms_key_id": "",
            "name": "test2-stream-01",
            "retention_period": 2160,
            "shard_count": 1,
            "shard_level_metrics": [],
            "stream_mode_details": [
              {
                "stream_mode": "PROVISIONED"
              }
            ],
            "tags": {
              "Environment": "sandbox",
              "Operator": "Benedict.Chan"
            },
            "tags_all": {
              "Environment": "sandbox",
              "Operator": "Benedict.Chan"
            },
            "timeouts": null
          },
          "sensitive_attributes": [],
          "identity_schema_version": 0,
          "private": "eyJlMmJmYjczMC1lY2FhLTExZTYtOGY4OC0zNDM2M2JjN2M0YzAiOnsiY3JlYXRlIjozMDAwMDAwMDAwMDAsImRlbGV0ZSI6NzIwMDAwMDAwMDAwMCwidXBkYXRlIjo3MjAwMDAwMDAwMDAwfSwic2NoZW1hX3ZlcnNpb24iOiIxIn0="
        },
        {
          "index_key": 1,
          "schema_version": 1,
          "attributes": {
            "arn": "arn:aws:kinesis:us-east-1:209479308486:stream/test2-stream-02",
            "encryption_type": "NONE",
            "enforce_consumer_deletion": false,
            "id": "arn:aws:kinesis:us-east-1:209479308486:stream/test2-stream-02",
            "kms_key_id": "",
            "name": "test2-stream-02",
            "retention_period": 2160,
            "shard_count": 1,
            "shard_level_metrics": [],
            "stream_mode_details": [
              {
                "stream_mode": "PROVISIONED"
              }
            ],
            "tags": {
              "Environment": "sandbox",
              "Operator": "Benedict.Chan"
            },
            "tags_all": {
              "Environment": "sandbox",
              "Operator": "Benedict.Chan"
            },
            "timeouts": null
          },
          "sensitive_attributes": [],
          "identity_schema_version": 0,
          "private": "eyJlMmJmYjczMC1lY2FhLTExZTYtOGY4OC0zNDM2M2JjN2M0YzAiOnsiY3JlYXRlIjozMDAwMDAwMDAwMDAsImRlbGV0ZSI6NzIwMDAwMDAwMDAwMCwidXBkYXRlIjo3MjAwMDAwMDAwMDAwfSwic2NoZW1hX3ZlcnNpb24iOiIxIn0="
        },
        {
          "index_key": 2,
          "schema_version": 1,
          "attributes": {
            "arn": "arn:aws:kinesis:us-east-1:209479308486:stream/test2-stream-03",
            "encryption_type": "NONE",
            "enforce_consumer_deletion": false,
            "id": "arn:aws:kinesis:us-east-1:209479308486:stream/test2-stream-03",
            "kms_key_id": "",
            "name": "test2-stream-03",
            "retention_period": 2160,
            "shard_count": 1,
            "shard_level_metrics": [],
            "stream_mode_details": [
              {
                "stream_mode": "PROVISIONED"
              }
            ],
            "tags": {
              "Environment": "sandbox",
              "Operator": "Benedict.Chan"
            },
            "tags_all": {
              "Environment": "sandbox",
              "Operator": "Benedict.Chan"
            },
            "timeouts": null
          },
          "sensitive_attributes": [],
          "identity_schema_version": 0,
          "private": "eyJlMmJmYjczMC1lY2FhLTExZTYtOGY4OC0zNDM2M2JjN2M0YzAiOnsiY3JlYXRlIjozMDAwMDAwMDAwMDAsImRlbGV0ZSI6NzIwMDAwMDAwMDAwMCwidXBkYXRlIjo3MjAwMDAwMDAwMDAwfSwic2NoZW1hX3ZlcnNpb24iOiIxIn0="
        },
        {
          "index_key": 3,
          "schema_version": 1,
          "attributes": {
            "arn": "arn:aws:kinesis:us-east-1:209479308486:stream/test2-stream-04",
            "encryption_type": "NONE",
            "enforce_consumer_deletion": false,
            "id": "arn:aws:kinesis:us-east-1:209479308486:stream/test2-stream-04",
            "kms_key_id": "",
            "name": "test2-stream-04",
            "retention_period": 2160,
            "shard_count": 1,
            "shard_level_metrics": [],
            "stream_mode_details": [
              {
                "stream_mode": "PROVISIONED"
              }
            ],
            "tags": {
              "Environment": "sandbox",
              "Operator": "Benedict.Chan"
            },
            "tags_all": {
              "Environment": "sandbox",
              "Operator": "Benedict.Chan"
            },
            "timeouts": null
          },
          "sensitive_attributes": [],
          "identity_schema_version": 0,
          "private": "eyJlMmJmYjczMC1lY2FhLTExZTYtOGY4OC0zNDM2M2JjN2M0YzAiOnsiY3JlYXRlIjozMDAwMDAwMDAwMDAsImRlbGV0ZSI6NzIwMDAwMDAwMDAwMCwidXBkYXRlIjo3MjAwMDAwMDAwMDAwfSwic2NoZW1hX3ZlcnNpb24iOiIxIn0="
        },
        {
          "index_key": 4,
          "schema_version": 1,
          "attributes": {
            "arn": "arn:aws:kinesis:us-east-1:209479308486:stream/test2-stream-05",
            "encryption_type": "NONE",
            "enforce_consumer_deletion": false,
            "id": "arn:aws:kinesis:us-east-1:209479308486:stream/test2-stream-05",
            "kms_key_id": "",
            "name": "test2-stream-05",
            "retention_period": 2160,
            "shard_count": 1,
            "shard_level_metrics": [],
            "stream_mode_details": [
              {
                "stream_mode": "PROVISIONED"
              }
            ],
            "tags": {
              "Environment": "sandbox",
              "Operator": "Benedict.Chan"
            },
            "tags_all": {
              "Environment": "sandbox",
              "Operator": "Benedict.Chan"
            },
            "timeouts": null
          },
          "sensitive_attributes": [],
          "identity_schema_version": 0,
          "private": "eyJlMmJmYjczMC1lY2FhLTExZTYtOGY4OC0zNDM2M2JjN2M0YzAiOnsiY3JlYXRlIjozMDAwMDAwMDAwMDAsImRlbGV0ZSI6NzIwMDAwMDAwMDAwMCwidXBkYXRlIjo3MjAwMDAwMDAwMDAwfSwic2NoZW1hX3ZlcnNpb24iOiIxIn0="
        },
        {
          "index_key": 5,
          "schema_version": 1,
          "attributes": {
            "arn": "arn:aws:kinesis:us-east-1:209479308486:stream/test2-stream-06",
            "encryption_type": "NONE",
            "enforce_consumer_deletion": false,
            "id": "arn:aws:kinesis:us-east-1:209479308486:stream/test2-stream-06",
            "kms_key_id": "",
            "name": "test2-stream-06",
            "retention_period": 2160,
            "shard_count": 1,
            "shard_level_metrics": [],
            "stream_mode_details": [
              {
                "stream_mode": "PROVISIONED"
              }
            ],
            "tags": {
              "Environment": "sandbox",
              "Operator": "Benedict.Chan"
            },
            "tags_all": {
              "Environment": "sandbox",
              "Operator": "Benedict.Chan"
            },
            "timeouts": null
          },
          "sensitive_attributes": [],
          "identity_schema_version": 0,
          "private": "eyJlMmJmYjczMC1lY2FhLTExZTYtOGY4OC0zNDM2M2JjN2M0YzAiOnsiY3JlYXRlIjozMDAwMDAwMDAwMDAsImRlbGV0ZSI6NzIwMDAwMDAwMDAwMCwidXBkYXRlIjo3MjAwMDAwMDAwMDAwfSwic2NoZW1hX3ZlcnNpb24iOiIxIn0="
        },
        {
          "index_key": 6,
          "schema_version": 1,
          "attributes": {
            "arn": "arn:aws:kinesis:us-east-1:209479308486:stream/test2-stream-07",
            "encryption_type": "NONE",
            "enforce_consumer_deletion": false,
            "id": "arn:aws:kinesis:us-east-1:209479308486:stream/test2-stream-07",
            "kms_key_id": "",
            "name": "test2-stream-07",
            "retention_period": 2160,
            "shard_count": 1,
            "shard_level_metrics": [],
            "stream_mode_details": [
              {
                "stream_mode": "PROVISIONED"
              }
            ],
            "tags": {
              "Environment": "sandbox",
              "Operator": "Benedict.Chan"
            },
            "tags_all": {
              "Environment": "sandbox",
              "Operator": "Benedict.Chan"
            },
            "timeouts": null
          },
          "sensitive_attributes": [],
          "identity_schema_version": 0,
          "private": "eyJlMmJmYjczMC1lY2FhLTExZTYtOGY4OC0zNDM2M2JjN2M0YzAiOnsiY3JlYXRlIjozMDAwMDAwMDAwMDAsImRlbGV0ZSI6NzIwMDAwMDAwMDAwMCwidXBkYXRlIjo3MjAwMDAwMDAwMDAwfSwic2NoZW1hX3ZlcnNpb24iOiIxIn0="
        },
        {
          "index_key": 7,
          "schema_version": 1,
          "attributes": {
            "arn": "arn:aws:kinesis:us-east-1:209479308486:stream/test2-stream-08",
            "encryption_type": "NONE",
            "enforce_consumer_deletion": false,
            "id": "arn:aws:kinesis:us-east-1:209479308486:stream/test2-stream-08",
            "kms_key_id": "",
            "name": "test2-stream-08",
            "retention_period": 2160,
            "shard_count": 1,
            "shard_level_metrics": [],
            "stream_mode_details": [
              {
                "stream_mode": "PROVISIONED"
              }
            ],
            "tags": {
              "Environment": "sandbox",
              "Operator": "Benedict.Chan"
            },
            "tags_all": {
              "Environment": "sandbox",
              "Operator": "Benedict.Chan"
            },
            "timeouts": null
          },
          "sensitive_attributes": [],
          "identity_schema_version": 0,
          "private": "eyJlMmJmYjczMC1lY2FhLTExZTYtOGY4OC0zNDM2M2JjN2M0YzAiOnsiY3JlYXRlIjozMDAwMDAwMDAwMDAsImRlbGV0ZSI6NzIwMDAwMDAwMDAwMCwidXBkYXRlIjo3MjAwMDAwMDAwMDAwfSwic2NoZW1hX3ZlcnNpb24iOiIxIn0="
        },
        {
          "index_key": 8,
          "schema_version": 1,
          "attributes": {
            "arn": "arn:aws:kinesis:us-east-1:209479308486:stream/test2-stream-09",
            "encryption_type": "NONE",
            "enforce_consumer_deletion": false,
            "id": "arn:aws:kinesis:us-east-1:209479308486:stream/test2-stream-09",
            "kms_key_id": "",
            "name": "test2-stream-09",
            "retention_period": 2160,
            "shard_count": 1,
            "shard_level_metrics": [],
            "stream_mode_details": [
              {
                "stream_mode": "PROVISIONED"
              }
            ],
            "tags": {
              "Environment": "sandbox",
              "Operator": "Benedict.Chan"
            },
            "tags_all": {
              "Environment": "sandbox",
              "Operator": "Benedict.Chan"
            },
            "timeouts": null
          },
          "sensitive_attributes": [],
          "identity_schema_version": 0,
          "private": "eyJlMmJmYjczMC1lY2FhLTExZTYtOGY4OC0zNDM2M2JjN2M0YzAiOnsiY3JlYXRlIjozMDAwMDAwMDAwMDAsImRlbGV0ZSI6NzIwMDAwMDAwMDAwMCwidXBkYXRlIjo3MjAwMDAwMDAwMDAwfSwic2NoZW1hX3ZlcnNpb24iOiIxIn0="
        },
        {
          "index_key": 9,
          "schema_version": 1,
          "attributes": {
            "arn": "arn:aws:kinesis:us-east-1:209479308486:stream/test2-stream-10",
            "encryption_type": "NONE",
            "enforce_consumer_deletion": false,
            "id": "arn:aws:kinesis:us-east-1:209479308486:stream/test2-stream-10",
            "kms_key_id": "",
            "name": "test2-stream-10",
            "retention_period": 2160,
            "shard_count": 1,
            "shard_level_metrics": [],
            "stream_mode_details": [
              {
                "stream_mode": "PROVISIONED"
              }
            ],
            "tags": {
              "Environment": "sandbox",
              "Operator": "Benedict.Chan"
            },
            "tags_all": {
              "Environment": "sandbox",
              "Operator": "Benedict.Chan"
            },
            "timeouts": null
          },
          "sensitive_attributes": [],
          "identity_schema_version": 0,
          "private": "eyJlMmJmYjczMC1lY2FhLTExZTYtOGY4OC0zNDM2M2JjN2M0YzAiOnsiY3JlYXRlIjozMDAwMDAwMDAwMDAsImRlbGV0ZSI6NzIwMDAwMDAwMDAwMCwidXBkYXRlIjo3MjAwMDAwMDAwMDAwfSwic2NoZW1hX3ZlcnNpb24iOiIxIn0="
        },
        {
          "index_key": 10,
          "schema_version": 1,
          "attributes": {
            "arn": "arn:aws:kinesis:us-east-1:209479308486:stream/test2-stream-11",
            "encryption_type": "NONE",
            "enforce_consumer_deletion": false,
            "id": "arn:aws:kinesis:us-east-1:209479308486:stream/test2-stream-11",
            "kms_key_id": "",
            "name": "test2-stream-11",
            "retention_period": 2160,
            "shard_count": 1,
            "shard_level_metrics": [],
            "stream_mode_details": [
              {
                "stream_mode": "PROVISIONED"
              }
            ],
            "tags": {
              "Environment": "sandbox",
              "Operator": "Benedict.Chan"
            },
            "tags_all": {
              "Environment": "sandbox",
              "Operator": "Benedict.Chan"
            },
            "timeouts": null
          },
          "sensitive_attributes": [],
          "identity_schema_version": 0,
          "private": "eyJlMmJmYjczMC1lY2FhLTExZTYtOGY4OC0zNDM2M2JjN2M0YzAiOnsiY3JlYXRlIjozMDAwMDAwMDAwMDAsImRlbGV0ZSI6NzIwMDAwMDAwMDAwMCwidXBkYXRlIjo3MjAwMDAwMDAwMDAwfSwic2NoZW1hX3ZlcnNpb24iOiIxIn0="
        },
        {
          "index_key": 11,
          "schema_version": 1,
          "attributes": {
            "arn": "arn:aws:kinesis:us-east-1:209479308486:stream/test2-stream-12",
            "encryption_type": "NONE",
            "enforce_consumer_deletion": false,
            "id": "arn:aws:kinesis:us-east-1:209479308486:stream/test2-stream-12",
            "kms_key_id": "",
            "name": "test2-stream-12",
            "retention_period": 2160,
            "shard_count": 1,
            "shard_level_metrics": [],
            "stream_mode_details": [
              {
                "stream_mode": "PROVISIONED"
              }
            ],
            "tags": {
              "Environment": "sandbox",
              "Operator": "Benedict.Chan"
            },
            "tags_all": {
              "Environment": "sandbox",
              "Operator": "Benedict.Chan"
            },
            "timeouts": null
          },
          "sensitive_attributes": [],
          "identity_schema_version": 0,
          "private": "eyJlMmJmYjczMC1lY2FhLTExZTYtOGY4OC0zNDM2M2JjN2M0YzAiOnsiY3JlYXRlIjozMDAwMDAwMDAwMDAsImRlbGV0ZSI6NzIwMDAwMDAwMDAwMCwidXBkYXRlIjo3MjAwMDAwMDAwMDAwfSwic2NoZW1hX3ZlcnNpb24iOiIxIn0="
        },
        {
          "index_key": 12,
          "schema_version": 1,
          "attributes": {
            "arn": "arn:aws:kinesis:us-east-1:209479308486:stream/test2-stream-13",
            "encryption_type": "NONE",
            "enforce_consumer_deletion": false,
            "id": "arn:aws:kinesis:us-east-1:209479308486:stream/test2-stream-13",
            "kms_key_id": "",
            "name": "test2-stream-13",
            "retention_period": 2160,
            "shard_count": 1,
            "shard_level_metrics": [],
            "stream_mode_details": [
              {
                "stream_mode": "PROVISIONED"
              }
            ],
            "tags": {
              "Environment": "sandbox",
              "Operator": "Benedict.Chan"
            },
            "tags_all": {
              "Environment": "sandbox",
              "Operator": "Benedict.Chan"
            },
            "timeouts": null
          },
          "sensitive_attributes": [],
          "identity_schema_version": 0,
          "private": "eyJlMmJmYjczMC1lY2FhLTExZTYtOGY4OC0zNDM2M2JjN2M0YzAiOnsiY3JlYXRlIjozMDAwMDAwMDAwMDAsImRlbGV0ZSI6NzIwMDAwMDAwMDAwMCwidXBkYXRlIjo3MjAwMDAwMDAwMDAwfSwic2NoZW1hX3ZlcnNpb24iOiIxIn0="
        },
        {
          "index_key": 13,
          "schema_version": 1,
          "attributes": {
            "arn": "arn:aws:kinesis:us-east-1:209479308486:stream/test2-stream-14",
            "encryption_type": "NONE",
            "enforce_consumer_deletion": false,
            "id": "arn:aws:kinesis:us-east-1:209479308486:stream/test2-stream-14",
            "kms_key_id": "",
            "name": "test2-stream-14",
            "retention_period": 2160,
            "shard_count": 1,
            "shard_level_metrics": [],
            "stream_mode_details": [
              {
                "stream_mode": "PROVISIONED"
              }
            ],
            "tags": {
              "Environment": "sandbox",
              "Operator": "Benedict.Chan"
            },
            "tags_all": {
              "Environment": "sandbox",
              "Operator": "Benedict.Chan"
            },
            "timeouts": null
          },
          "sensitive_attributes": [],
          "identity_schema_version": 0,
          "private": "eyJlMmJmYjczMC1lY2FhLTExZTYtOGY4OC0zNDM2M2JjN2M0YzAiOnsiY3JlYXRlIjozMDAwMDAwMDAwMDAsImRlbGV0ZSI6NzIwMDAwMDAwMDAwMCwidXBkYXRlIjo3MjAwMDAwMDAwMDAwfSwic2NoZW1hX3ZlcnNpb24iOiIxIn0="
        },
        {
          "index_key": 14,
          "schema_version": 1,
          "attributes": {
            "arn": "arn:aws:kinesis:us-east-1:209479308486:stream/test2-stream-15",
            "encryption_type": "NONE",
            "enforce_consumer_deletion": false,
            "id": "arn:aws:kinesis:us-east-1:209479308486:stream/test2-stream-15",
            "kms_key_id": "",
            "name": "test2-stream-15",
            "retention_period": 2160,
            "shard_count": 1,
            "shard_level_metrics": [],
            "stream_mode_details": [
              {
                "stream_mode": "PROVISIONED"
              }
            ],
            "tags": {
              "Environment": "sandbox",
              "Operator": "Benedict.Chan"
            },
            "tags_all": {
              "Environment": "sandbox",
              "Operator": "Benedict.Chan"
            },
            "timeouts": null
          },
          "sensitive_attributes": [],
          "identity_schema_version": 0,
          "private": "eyJlMmJmYjczMC1lY2FhLTExZTYtOGY4OC0zNDM2M2JjN2M0YzAiOnsiY3JlYXRlIjozMDAwMDAwMDAwMDAsImRlbGV0ZSI6NzIwMDAwMDAwMDAwMCwidXBkYXRlIjo3MjAwMDAwMDAwMDAwfSwic2NoZW1hX3ZlcnNpb24iOiIxIn0="
        },
        {
          "index_key": 15,
          "schema_version": 1,
          "attributes": {
            "arn": "arn:aws:kinesis:us-east-1:209479308486:stream/test2-stream-16",
            "encryption_type": "NONE",
            "enforce_consumer_deletion": false,
            "id": "arn:aws:kinesis:us-east-1:209479308486:stream/test2-stream-16",
            "kms_key_id": "",
            "name": "test2-stream-16",
            "retention_period": 2160,
            "shard_count": 1,
            "shard_level_metrics": [],
            "stream_mode_details": [
              {
                "stream_mode": "PROVISIONED"
              }
            ],
            "tags": {
              "Environment": "sandbox",
              "Operator": "Benedict.Chan"
            },
            "tags_all": {
              "Environment": "sandbox",
              "Operator": "Benedict.Chan"
            },
            "timeouts": null
          },
          "sensitive_attributes": [],
          "identity_schema_version": 0,
          "private": "eyJlMmJmYjczMC1lY2FhLTExZTYtOGY4OC0zNDM2M2JjN2M0YzAiOnsiY3JlYXRlIjozMDAwMDAwMDAwMDAsImRlbGV0ZSI6NzIwMDAwMDAwMDAwMCwidXBkYXRlIjo3MjAwMDAwMDAwMDAwfSwic2NoZW1hX3ZlcnNpb24iOiIxIn0="
        },
        {
          "index_key": 16,
          "schema_version": 1,
          "attributes": {
            "arn": "arn:aws:kinesis:us-east-1:209479308486:stream/test2-stream-17",
            "encryption_type": "NONE",
            "enforce_consumer_deletion": false,
            "id": "arn:aws:kinesis:us-east-1:209479308486:stream/test2-stream-17",
            "kms_key_id": "",
            "name": "test2-stream-17",
            "retention_period": 2160,
            "shard_count": 1,
            "shard_level_metrics": [],
            "stream_mode_details": [
              {
                "stream_mode": "PROVISIONED"
              }
            ],
            "tags": {
              "Environment": "sandbox",
              "Operator": "Benedict.Chan"
            },
            "tags_all": {
              "Environment": "sandbox",
              "Operator": "Benedict.Chan"
            },
            "timeouts": null
          },
          "sensitive_attributes": [],
          "identity_schema_version": 0,
          "private": "eyJlMmJmYjczMC1lY2FhLTExZTYtOGY4OC0zNDM2M2JjN2M0YzAiOnsiY3JlYXRlIjozMDAwMDAwMDAwMDAsImRlbGV0ZSI6NzIwMDAwMDAwMDAwMCwidXBkYXRlIjo3MjAwMDAwMDAwMDAwfSwic2NoZW1hX3ZlcnNpb24iOiIxIn0="
        },
        {
          "index_key": 17,
          "schema_version": 1,
          "attributes": {
            "arn": "arn:aws:kinesis:us-east-1:209479308486:stream/test2-stream-18",
            "encryption_type": "NONE",
            "enforce_consumer_deletion": false,
            "id": "arn:aws:kinesis:us-east-1:209479308486:stream/test2-stream-18",
            "kms_key_id": "",
            "name": "test2-stream-18",
            "retention_period": 2160,
            "shard_count": 1,
            "shard_level_metrics": [],
            "stream_mode_details": [
              {
                "stream_mode": "PROVISIONED"
              }
            ],
            "tags": {
              "Environment": "sandbox",
              "Operator": "Benedict.Chan"
            },
            "tags_all": {
              "Environment": "sandbox",
              "Operator": "Benedict.Chan"
            },
            "timeouts": null
          },
          "sensitive_attributes": [],
          "identity_schema_version": 0,
          "private": "eyJlMmJmYjczMC1lY2FhLTExZTYtOGY4OC0zNDM2M2JjN2M0YzAiOnsiY3JlYXRlIjozMDAwMDAwMDAwMDAsImRlbGV0ZSI6NzIwMDAwMDAwMDAwMCwidXBkYXRlIjo3MjAwMDAwMDAwMDAwfSwic2NoZW1hX3ZlcnNpb24iOiIxIn0="
        },
        {
          "index_key": 18,
          "schema_version": 1,
          "attributes": {
            "arn": "arn:aws:kinesis:us-east-1:209479308486:stream/test2-stream-19",
            "encryption_type": "NONE",
            "enforce_consumer_deletion": false,
            "id": "arn:aws:kinesis:us-east-1:209479308486:stream/test2-stream-19",
            "kms_key_id": "",
            "name": "test2-stream-19",
            "retention_period": 2160,
            "shard_count": 1,
            "shard_level_metrics": [],
            "stream_mode_details": [
              {
                "stream_mode": "PROVISIONED"
              }
            ],
            "tags": {
              "Environment": "sandbox",
              "Operator": "Benedict.Chan"
            },
            "tags_all": {
              "Environment": "sandbox",
              "Operator": "Benedict.Chan"
            },
            "timeouts": null
          },
          "sensitive_attributes": [],
          "identity_schema_version": 0,
          "private": "eyJlMmJmYjczMC1lY2FhLTExZTYtOGY4OC0zNDM2M2JjN2M0YzAiOnsiY3JlYXRlIjozMDAwMDAwMDAwMDAsImRlbGV0ZSI6NzIwMDAwMDAwMDAwMCwidXBkYXRlIjo3MjAwMDAwMDAwMDAwfSwic2NoZW1hX3ZlcnNpb24iOiIxIn0="
        },
        {
          "index_key": 19,
          "schema_version": 1,
          "attributes": {
            "arn": "arn:aws:kinesis:us-east-1:209479308486:stream/test2-stream-20",
            "encryption_type": "NONE",
            "enforce_consumer_deletion": false,
            "id": "arn:aws:kinesis:us-east-1:209479308486:stream/test2-stream-20",
            "kms_key_id": "",
            "name": "test2-stream-20",
            "retention_period": 2160,
            "shard_count": 1,
            "shard_level_metrics": [],
            "stream_mode_details": [
              {
                "stream_mode": "PROVISIONED"
              }
            ],
            "tags": {
              "Environment": "sandbox",
              "Operator": "Benedict.Chan"
            },
            "tags_all": {
              "Environment": "sandbox",
              "Operator": "Benedict.Chan"
            },
            "timeouts": null
          },
          "sensitive_attributes": [],
          "identity_schema_version": 0,
          "private": "eyJlMmJmYjczMC1lY2FhLTExZTYtOGY4OC0zNDM2M2JjN2M0YzAiOnsiY3JlYXRlIjozMDAwMDAwMDAwMDAsImRlbGV0ZSI6NzIwMDAwMDAwMDAwMCwidXBkYXRlIjo3MjAwMDAwMDAwMDAwfSwic2NoZW1hX3ZlcnNpb24iOiIxIn0="
        },
        {
          "index_key": 20,
          "schema_version": 1,
          "attributes": {
            "arn": "arn:aws:kinesis:us-east-1:209479308486:stream/test2-stream-21",
            "encryption_type": "NONE",
            "enforce_consumer_deletion": false,
            "id": "arn:aws:kinesis:us-east-1:209479308486:stream/test2-stream-21",
            "kms_key_id": "",
            "name": "test2-stream-21",
            "retention_period": 2160,
            "shard_count": 1,
            "shard_level_metrics": [],
            "stream_mode_details": [
              {
                "stream_mode": "PROVISIONED"
              }
            ],
            "tags": {
              "Environment": "sandbox",
              "Operator": "Benedict.Chan"
            },
            "tags_all": {
              "Environment": "sandbox",
              "Operator": "Benedict.Chan"
            },
            "timeouts": null
          },
          "sensitive_attributes": [],
          "identity_schema_version": 0,
          "private": "eyJlMmJmYjczMC1lY2FhLTExZTYtOGY4OC0zNDM2M2JjN2M0YzAiOnsiY3JlYXRlIjozMDAwMDAwMDAwMDAsImRlbGV0ZSI6NzIwMDAwMDAwMDAwMCwidXBkYXRlIjo3MjAwMDAwMDAwMDAwfSwic2NoZW1hX3ZlcnNpb24iOiIxIn0="
        },
        {
          "index_key": 21,
          "schema_version": 1,
          "attributes": {
            "arn": "arn:aws:kinesis:us-east-1:209479308486:stream/test2-stream-22",
            "encryption_type": "NONE",
            "enforce_consumer_deletion": false,
            "id": "arn:aws:kinesis:us-east-1:209479308486:stream/test2-stream-22",
            "kms_key_id": "",
            "name": "test2-stream-22",
            "retention_period": 2160,
            "shard_count": 1,
            "shard_level_metrics": [],
            "stream_mode_details": [
              {
                "stream_mode": "PROVISIONED"
              }
            ],
            "tags": {
              "Environment": "sandbox",
              "Operator": "Benedict.Chan"
            },
            "tags_all": {
              "Environment": "sandbox",
              "Operator": "Benedict.Chan"
            },
            "timeouts": null
          },
          "sensitive_attributes": [],
          "identity_schema_version": 0,
          "private": "eyJlMmJmYjczMC1lY2FhLTExZTYtOGY4OC0zNDM2M2JjN2M0YzAiOnsiY3JlYXRlIjozMDAwMDAwMDAwMDAsImRlbGV0ZSI6NzIwMDAwMDAwMDAwMCwidXBkYXRlIjo3MjAwMDAwMDAwMDAwfSwic2NoZW1hX3ZlcnNpb24iOiIxIn0="
        },
        {
          "index_key": 22,
          "schema_version": 1,
          "attributes": {
            "arn": "arn:aws:kinesis:us-east-1:209479308486:stream/test2-stream-23",
            "encryption_type": "NONE",
            "enforce_consumer_deletion": false,
            "id": "arn:aws:kinesis:us-east-1:209479308486:stream/test2-stream-23",
            "kms_key_id": "",
            "name": "test2-stream-23",
            "retention_period": 2160,
            "shard_count": 1,
            "shard_level_metrics": [],
            "stream_mode_details": [
              {
                "stream_mode": "PROVISIONED"
              }
            ],
            "tags": {
              "Environment": "sandbox",
              "Operator": "Benedict.Chan"
            },
            "tags_all": {
              "Environment": "sandbox",
              "Operator": "Benedict.Chan"
            },
            "timeouts": null
          },
          "sensitive_attributes": [],
          "identity_schema_version": 0,
          "private": "eyJlMmJmYjczMC1lY2FhLTExZTYtOGY4OC0zNDM2M2JjN2M0YzAiOnsiY3JlYXRlIjozMDAwMDAwMDAwMDAsImRlbGV0ZSI6NzIwMDAwMDAwMDAwMCwidXBkYXRlIjo3MjAwMDAwMDAwMDAwfSwic2NoZW1hX3ZlcnNpb24iOiIxIn0="
        },
        {
          "index_key": 23,
          "schema_version": 1,
          "attributes": {
            "arn": "arn:aws:kinesis:us-east-1:209479308486:stream/test2-stream-24",
            "encryption_type": "NONE",
            "enforce_consumer_deletion": false,
            "id": "arn:aws:kinesis:us-east-1:209479308486:stream/test2-stream-24",
            "kms_key_id": "",
            "name": "test2-stream-24",
            "retention_period": 2160,
            "shard_count": 1,
            "shard_level_metrics": [],
            "stream_mode_details": [
              {
                "stream_mode": "PROVISIONED"
              }
            ],
            "tags": {
              "Environment": "sandbox",
              "Operator": "Benedict.Chan"
            },
            "tags_all": {
              "Environment": "sandbox",
              "Operator": "Benedict.Chan"
            },
            "timeouts": null
          },
          "sensitive_attributes": [],
          "identity_schema_version": 0,
          "private": "eyJlMmJmYjczMC1lY2FhLTExZTYtOGY4OC0zNDM2M2JjN2M0YzAiOnsiY3JlYXRlIjozMDAwMDAwMDAwMDAsImRlbGV0ZSI6NzIwMDAwMDAwMDAwMCwidXBkYXRlIjo3MjAwMDAwMDAwMDAwfSwic2NoZW1hX3ZlcnNpb24iOiIxIn0="
        },
        {
          "index_key": 24,
          "schema_version": 1,
          "attributes": {
            "arn": "arn:aws:kinesis:us-east-1:209479308486:stream/test2-stream-25",
            "encryption_type": "NONE",
            "enforce_consumer_deletion": false,
            "id": "arn:aws:kinesis:us-east-1:209479308486:stream/test2-stream-25",
            "kms_key_id": "",
            "name": "test2-stream-25",
            "retention_period": 2160,
            "shard_count": 1,
            "shard_level_metrics": [],
            "stream_mode_details": [
              {
                "stream_mode": "PROVISIONED"
              }
            ],
            "tags": {
              "Environment": "sandbox",
              "Operator": "Benedict.Chan"
            },
            "tags_all": {
              "Environment": "sandbox",
              "Operator": "Benedict.Chan"
            },
            "timeouts": null
          },
          "sensitive_attributes": [],
          "identity_schema_version": 0,
          "private": "eyJlMmJmYjczMC1lY2FhLTExZTYtOGY4OC0zNDM2M2JjN2M0YzAiOnsiY3JlYXRlIjozMDAwMDAwMDAwMDAsImRlbGV0ZSI6NzIwMDAwMDAwMDAwMCwidXBkYXRlIjo3MjAwMDAwMDAwMDAwfSwic2NoZW1hX3ZlcnNpb24iOiIxIn0="
        },
        {
          "index_key": 25,
          "schema_version": 1,
          "attributes": {
            "arn": "arn:aws:kinesis:us-east-1:209479308486:stream/test2-stream-26",
            "encryption_type": "NONE",
            "enforce_consumer_deletion": false,
            "id": "arn:aws:kinesis:us-east-1:209479308486:stream/test2-stream-26",
            "kms_key_id": "",
            "name": "test2-stream-26",
            "retention_period": 2160,
            "shard_count": 1,
            "shard_level_metrics": [],
            "stream_mode_details": [
              {
                "stream_mode": "PROVISIONED"
              }
            ],
            "tags": {
              "Environment": "sandbox",
              "Operator": "Benedict.Chan"
            },
            "tags_all": {
              "Environment": "sandbox",
              "Operator": "Benedict.Chan"
            },
            "timeouts": null
          },
          "sensitive_attributes": [],
          "identity_schema_version": 0,
          "private": "eyJlMmJmYjczMC1lY2FhLTExZTYtOGY4OC0zNDM2M2JjN2M0YzAiOnsiY3JlYXRlIjozMDAwMDAwMDAwMDAsImRlbGV0ZSI6NzIwMDAwMDAwMDAwMCwidXBkYXRlIjo3MjAwMDAwMDAwMDAwfSwic2NoZW1hX3ZlcnNpb24iOiIxIn0="
        },
        {
          "index_key": 26,
          "schema_version": 1,
          "attributes": {
            "arn": "arn:aws:kinesis:us-east-1:209479308486:stream/test2-stream-27",
            "encryption_type": "NONE",
            "enforce_consumer_deletion": false,
            "id": "arn:aws:kinesis:us-east-1:209479308486:stream/test2-stream-27",
            "kms_key_id": "",
            "name": "test2-stream-27",
            "retention_period": 2160,
            "shard_count": 1,
            "shard_level_metrics": [],
            "stream_mode_details": [
              {
                "stream_mode": "PROVISIONED"
              }
            ],
            "tags": {
              "Environment": "sandbox",
              "Operator": "Benedict.Chan"
            },
            "tags_all": {
              "Environment": "sandbox",
              "Operator": "Benedict.Chan"
            },
            "timeouts": null
          },
          "sensitive_attributes": [],
          "identity_schema_version": 0,
          "private": "eyJlMmJmYjczMC1lY2FhLTExZTYtOGY4OC0zNDM2M2JjN2M0YzAiOnsiY3JlYXRlIjozMDAwMDAwMDAwMDAsImRlbGV0ZSI6NzIwMDAwMDAwMDAwMCwidXBkYXRlIjo3MjAwMDAwMDAwMDAwfSwic2NoZW1hX3ZlcnNpb24iOiIxIn0="
        },
        {
          "index_key": 27,
          "schema_version": 1,
          "attributes": {
            "arn": "arn:aws:kinesis:us-east-1:209479308486:stream/test2-stream-28",
            "encryption_type": "NONE",
            "enforce_consumer_deletion": false,
            "id": "arn:aws:kinesis:us-east-1:209479308486:stream/test2-stream-28",
            "kms_key_id": "",
            "name": "test2-stream-28",
            "retention_period": 2160,
            "shard_count": 1,
            "shard_level_metrics": [],
            "stream_mode_details": [
              {
                "stream_mode": "PROVISIONED"
              }
            ],
            "tags": {
              "Environment": "sandbox",
              "Operator": "Benedict.Chan"
            },
            "tags_all": {
              "Environment": "sandbox",
              "Operator": "Benedict.Chan"
            },
            "timeouts": null
          },
          "sensitive_attributes": [],
          "identity_schema_version": 0,
          "private": "eyJlMmJmYjczMC1lY2FhLTExZTYtOGY4OC0zNDM2M2JjN2M0YzAiOnsiY3JlYXRlIjozMDAwMDAwMDAwMDAsImRlbGV0ZSI6NzIwMDAwMDAwMDAwMCwidXBkYXRlIjo3MjAwMDAwMDAwMDAwfSwic2NoZW1hX3ZlcnNpb24iOiIxIn0="
        },
        {
          "index_key": 28,
          "schema_version": 1,
          "attributes": {
            "arn": "arn:aws:kinesis:us-east-1:209479308486:stream/test2-stream-29",
            "encryption_type": "NONE",
            "enforce_consumer_deletion": false,
            "id": "arn:aws:kinesis:us-east-1:209479308486:stream/test2-stream-29",
            "kms_key_id": "",
            "name": "test2-stream-29",
            "retention_period": 2160,
            "shard_count": 1,
            "shard_level_metrics": [],
            "stream_mode_details": [
              {
                "stream_mode": "PROVISIONED"
              }
            ],
            "tags": {
              "Environment": "sandbox",
              "Operator": "Benedict.Chan"
            },
            "tags_all": {
              "Environment": "sandbox",
              "Operator": "Benedict.Chan"
            },
            "timeouts": null
          },
          "sensitive_attributes": [],
          "identity_schema_version": 0,
          "private": "eyJlMmJmYjczMC1lY2FhLTExZTYtOGY4OC0zNDM2M2JjN2M0YzAiOnsiY3JlYXRlIjozMDAwMDAwMDAwMDAsImRlbGV0ZSI6NzIwMDAwMDAwMDAwMCwidXBkYXRlIjo3MjAwMDAwMDAwMDAwfSwic2NoZW1hX3ZlcnNpb24iOiIxIn0="
        },
        {
          "index_key": 29,
          "schema_version": 1,
          "attributes": {
            "arn": "arn:aws:kinesis:us-east-1:209479308486:stream/test2-stream-30",
            "encryption_type": "NONE",
            "enforce_consumer_deletion": false,
            "id": "arn:aws:kinesis:us-east-1:209479308486:stream/test2-stream-30",
            "kms_key_id": "",
            "name": "test2-stream-30",
            "retention_period": 2160,
            "shard_count": 1,
            "shard_level_metrics": [],
            "stream_mode_details": [
              {
                "stream_mode": "PROVISIONED"
              }
            ],
            "tags": {
              "Environment": "sandbox",
              "Operator": "Benedict.Chan"
            },
            "tags_all": {
              "Environment": "sandbox",
              "Operator": "Benedict.Chan"
            },
            "timeouts": null
          },
          "sensitive_attributes": [],
          "identity_schema_version": 0,
          "private": "eyJlMmJmYjczMC1lY2FhLTExZTYtOGY4OC0zNDM2M2JjN2M0YzAiOnsiY3JlYXRlIjozMDAwMDAwMDAwMDAsImRlbGV0ZSI6NzIwMDAwMDAwMDAwMCwidXBkYXRlIjo3MjAwMDAwMDAwMDAwfSwic2NoZW1hX3ZlcnNpb24iOiIxIn0="
        },
        {
          "index_key": 30,
          "schema_version": 1,
          "attributes": {
            "arn": "arn:aws:kinesis:us-east-1:209479308486:stream/test2-stream-31",
            "encryption_type": "NONE",
            "enforce_consumer_deletion": false,
            "id": "arn:aws:kinesis:us-east-1:209479308486:stream/test2-stream-31",
            "kms_key_id": "",
            "name": "test2-stream-31",
            "retention_period": 2160,
            "shard_count": 1,
            "shard_level_metrics": [],
            "stream_mode_details": [
              {
                "stream_mode": "PROVISIONED"
              }
            ],
            "tags": {
              "Environment": "sandbox",
              "Operator": "Benedict.Chan"
            },
            "tags_all": {
              "Environment": "sandbox",
              "Operator": "Benedict.Chan"
            },
            "timeouts": null
          },
          "sensitive_attributes": [],
          "identity_schema_version": 0,
          "private": "eyJlMmJmYjczMC1lY2FhLTExZTYtOGY4OC0zNDM2M2JjN2M0YzAiOnsiY3JlYXRlIjozMDAwMDAwMDAwMDAsImRlbGV0ZSI6NzIwMDAwMDAwMDAwMCwidXBkYXRlIjo3MjAwMDAwMDAwMDAwfSwic2NoZW1hX3ZlcnNpb24iOiIxIn0="
        },
        {
          "index_key": 31,
          "schema_version": 1,
          "attributes": {
            "arn": "arn:aws:kinesis:us-east-1:209479308486:stream/test2-stream-32",
            "encryption_type": "NONE",
            "enforce_consumer_deletion": false,
            "id": "arn:aws:kinesis:us-east-1:209479308486:stream/test2-stream-32",
            "kms_key_id": "",
            "name": "test2-stream-32",
            "retention_period": 2160,
            "shard_count": 1,
            "shard_level_metrics": [],
            "stream_mode_details": [
              {
                "stream_mode": "PROVISIONED"
              }
            ],
            "tags": {
              "Environment": "sandbox",
              "Operator": "Benedict.Chan"
            },
            "tags_all": {
              "Environment": "sandbox",
              "Operator": "Benedict.Chan"
            },
            "timeouts": null
          },
          "sensitive_attributes": [],
          "identity_schema_version": 0,
          "private": "eyJlMmJmYjczMC1lY2FhLTExZTYtOGY4OC0zNDM2M2JjN2M0YzAiOnsiY3JlYXRlIjozMDAwMDAwMDAwMDAsImRlbGV0ZSI6NzIwMDAwMDAwMDAwMCwidXBkYXRlIjo3MjAwMDAwMDAwMDAwfSwic2NoZW1hX3ZlcnNpb24iOiIxIn0="
        },
        {
          "index_key": 32,
          "schema_version": 1,
          "attributes": {
            "arn": "arn:aws:kinesis:us-east-1:209479308486:stream/test2-stream-33",
            "encryption_type": "NONE",
            "enforce_consumer_deletion": false,
            "id": "arn:aws:kinesis:us-east-1:209479308486:stream/test2-stream-33",
            "kms_key_id": "",
            "name": "test2-stream-33",
            "retention_period": 2160,
            "shard_count": 1,
            "shard_level_metrics": [],
            "stream_mode_details": [
              {
                "stream_mode": "PROVISIONED"
              }
            ],
            "tags": {
              "Environment": "sandbox",
              "Operator": "Benedict.Chan"
            },
            "tags_all": {
              "Environment": "sandbox",
              "Operator": "Benedict.Chan"
            },
            "timeouts": null
          },
          "sensitive_attributes": [],
          "identity_schema_version": 0,
          "private": "eyJlMmJmYjczMC1lY2FhLTExZTYtOGY4OC0zNDM2M2JjN2M0YzAiOnsiY3JlYXRlIjozMDAwMDAwMDAwMDAsImRlbGV0ZSI6NzIwMDAwMDAwMDAwMCwidXBkYXRlIjo3MjAwMDAwMDAwMDAwfSwic2NoZW1hX3ZlcnNpb24iOiIxIn0="
        },
        {
          "index_key": 33,
          "schema_version": 1,
          "attributes": {
            "arn": "arn:aws:kinesis:us-east-1:209479308486:stream/test2-stream-34",
            "encryption_type": "NONE",
            "enforce_consumer_deletion": false,
            "id": "arn:aws:kinesis:us-east-1:209479308486:stream/test2-stream-34",
            "kms_key_id": "",
            "name": "test2-stream-34",
            "retention_period": 2160,
            "shard_count": 1,
            "shard_level_metrics": [],
            "stream_mode_details": [
              {
                "stream_mode": "PROVISIONED"
              }
            ],
            "tags": {
              "Environment": "sandbox",
              "Operator": "Benedict.Chan"
            },
            "tags_all": {
              "Environment": "sandbox",
              "Operator": "Benedict.Chan"
            },
            "timeouts": null
          },
          "sensitive_attributes": [],
          "identity_schema_version": 0,
          "private": "eyJlMmJmYjczMC1lY2FhLTExZTYtOGY4OC0zNDM2M2JjN2M0YzAiOnsiY3JlYXRlIjozMDAwMDAwMDAwMDAsImRlbGV0ZSI6NzIwMDAwMDAwMDAwMCwidXBkYXRlIjo3MjAwMDAwMDAwMDAwfSwic2NoZW1hX3ZlcnNpb24iOiIxIn0="
        },
        {
          "index_key": 34,
          "schema_version": 1,
          "attributes": {
            "arn": "arn:aws:kinesis:us-east-1:209479308486:stream/test2-stream-35",
            "encryption_type": "NONE",
            "enforce_consumer_deletion": false,
            "id": "arn:aws:kinesis:us-east-1:209479308486:stream/test2-stream-35",
            "kms_key_id": "",
            "name": "test2-stream-35",
            "retention_period": 2160,
            "shard_count": 1,
            "shard_level_metrics": [],
            "stream_mode_details": [
              {
                "stream_mode": "PROVISIONED"
              }
            ],
            "tags": {
              "Environment": "sandbox",
              "Operator": "Benedict.Chan"
            },
            "tags_all": {
              "Environment": "sandbox",
              "Operator": "Benedict.Chan"
            },
            "timeouts": null
          },
          "sensitive_attributes": [],
          "identity_schema_version": 0,
          "private": "eyJlMmJmYjczMC1lY2FhLTExZTYtOGY4OC0zNDM2M2JjN2M0YzAiOnsiY3JlYXRlIjozMDAwMDAwMDAwMDAsImRlbGV0ZSI6NzIwMDAwMDAwMDAwMCwidXBkYXRlIjo3MjAwMDAwMDAwMDAwfSwic2NoZW1hX3ZlcnNpb24iOiIxIn0="
        },
        {
          "index_key": 35,
          "schema_version": 1,
          "attributes": {
            "arn": "arn:aws:kinesis:us-east-1:209479308486:stream/test2-stream-36",
            "encryption_type": "NONE",
            "enforce_consumer_deletion": false,
            "id": "arn:aws:kinesis:us-east-1:209479308486:stream/test2-stream-36",
            "kms_key_id": "",
            "name": "test2-stream-36",
            "retention_period": 2160,
            "shard_count": 1,
            "shard_level_metrics": [],
            "stream_mode_details": [
              {
                "stream_mode": "PROVISIONED"
              }
            ],
            "tags": {
              "Environment": "sandbox",
              "Operator": "Benedict.Chan"
            },
            "tags_all": {
              "Environment": "sandbox",
              "Operator": "Benedict.Chan"
            },
            "timeouts": null
          },
          "sensitive_attributes": [],
          "identity_schema_version": 0,
          "private": "eyJlMmJmYjczMC1lY2FhLTExZTYtOGY4OC0zNDM2M2JjN2M0YzAiOnsiY3JlYXRlIjozMDAwMDAwMDAwMDAsImRlbGV0ZSI6NzIwMDAwMDAwMDAwMCwidXBkYXRlIjo3MjAwMDAwMDAwMDAwfSwic2NoZW1hX3ZlcnNpb24iOiIxIn0="
        },
        {
          "index_key": 36,
          "schema_version": 1,
          "attributes": {
            "arn": "arn:aws:kinesis:us-east-1:209479308486:stream/test2-stream-37",
            "encryption_type": "NONE",
            "enforce_consumer_deletion": false,
            "id": "arn:aws:kinesis:us-east-1:209479308486:stream/test2-stream-37",
            "kms_key_id": "",
            "name": "test2-stream-37",
            "retention_period": 2160,
            "shard_count": 1,
            "shard_level_metrics": [],
            "stream_mode_details": [
              {
                "stream_mode": "PROVISIONED"
              }
            ],
            "tags": {
              "Environment": "sandbox",
              "Operator": "Benedict.Chan"
            },
            "tags_all": {
              "Environment": "sandbox",
              "Operator": "Benedict.Chan"
            },
            "timeouts": null
          },
          "sensitive_attributes": [],
          "identity_schema_version": 0,
          "private": "eyJlMmJmYjczMC1lY2FhLTExZTYtOGY4OC0zNDM2M2JjN2M0YzAiOnsiY3JlYXRlIjozMDAwMDAwMDAwMDAsImRlbGV0ZSI6NzIwMDAwMDAwMDAwMCwidXBkYXRlIjo3MjAwMDAwMDAwMDAwfSwic2NoZW1hX3ZlcnNpb24iOiIxIn0="
        },
        {
          "index_key": 37,
          "schema_version": 1,
          "attributes": {
            "arn": "arn:aws:kinesis:us-east-1:209479308486:stream/test2-stream-38",
            "encryption_type": "NONE",
            "enforce_consumer_deletion": false,
            "id": "arn:aws:kinesis:us-east-1:209479308486:stream/test2-stream-38",
            "kms_key_id": "",
            "name": "test2-stream-38",
            "retention_period": 2160,
            "shard_count": 1,
            "shard_level_metrics": [],
            "stream_mode_details": [
              {
                "stream_mode": "PROVISIONED"
              }
            ],
            "tags": {
              "Environment": "sandbox",
              "Operator": "Benedict.Chan"
            },
            "tags_all": {
              "Environment": "sandbox",
              "Operator": "Benedict.Chan"
            },
            "timeouts": null
          },
          "sensitive_attributes": [],
          "identity_schema_version": 0,
          "private": "eyJlMmJmYjczMC1lY2FhLTExZTYtOGY4OC0zNDM2M2JjN2M0YzAiOnsiY3JlYXRlIjozMDAwMDAwMDAwMDAsImRlbGV0ZSI6NzIwMDAwMDAwMDAwMCwidXBkYXRlIjo3MjAwMDAwMDAwMDAwfSwic2NoZW1hX3ZlcnNpb24iOiIxIn0="
        },
        {
          "index_key": 38,
          "schema_version": 1,
          "attributes": {
            "arn": "arn:aws:kinesis:us-east-1:209479308486:stream/test2-stream-39",
            "encryption_type": "NONE",
            "enforce_consumer_deletion": false,
            "id": "arn:aws:kinesis:us-east-1:209479308486:stream/test2-stream-39",
            "kms_key_id": "",
            "name": "test2-stream-39",
            "retention_period": 2160,
            "shard_count": 1,
            "shard_level_metrics": [],
            "stream_mode_details": [
              {
                "stream_mode": "PROVISIONED"
              }
            ],
            "tags": {
              "Environment": "sandbox",
              "Operator": "Benedict.Chan"
            },
            "tags_all": {
              "Environment": "sandbox",
              "Operator": "Benedict.Chan"
            },
            "timeouts": null
          },
          "sensitive_attributes": [],
          "identity_schema_version": 0,
          "private": "eyJlMmJmYjczMC1lY2FhLTExZTYtOGY4OC0zNDM2M2JjN2M0YzAiOnsiY3JlYXRlIjozMDAwMDAwMDAwMDAsImRlbGV0ZSI6NzIwMDAwMDAwMDAwMCwidXBkYXRlIjo3MjAwMDAwMDAwMDAwfSwic2NoZW1hX3ZlcnNpb24iOiIxIn0="
        },
        {
          "index_key": 39,
          "schema_version": 1,
          "attributes": {
            "arn": "arn:aws:kinesis:us-east-1:209479308486:stream/test2-stream-40",
            "encryption_type": "NONE",
            "enforce_consumer_deletion": false,
            "id": "arn:aws:kinesis:us-east-1:209479308486:stream/test2-stream-40",
            "kms_key_id": "",
            "name": "test2-stream-40",
            "retention_period": 2160,
            "shard_count": 1,
            "shard_level_metrics": [],
            "stream_mode_details": [
              {
                "stream_mode": "PROVISIONED"
              }
            ],
            "tags": {
              "Environment": "sandbox",
              "Operator": "Benedict.Chan"
            },
            "tags_all": {
              "Environment": "sandbox",
              "Operator": "Benedict.Chan"
            },
            "timeouts": null
          },
          "sensitive_attributes": [],
          "identity_schema_version": 0,
          "private": "eyJlMmJmYjczMC1lY2FhLTExZTYtOGY4OC0zNDM2M2JjN2M0YzAiOnsiY3JlYXRlIjozMDAwMDAwMDAwMDAsImRlbGV0ZSI6NzIwMDAwMDAwMDAwMCwidXBkYXRlIjo3MjAwMDAwMDAwMDAwfSwic2NoZW1hX3ZlcnNpb24iOiIxIn0="
        },
        {
          "index_key": 40,
          "schema_version": 1,
          "attributes": {
            "arn": "arn:aws:kinesis:us-east-1:209479308486:stream/test2-stream-41",
            "encryption_type": "NONE",
            "enforce_consumer_deletion": false,
            "id": "arn:aws:kinesis:us-east-1:209479308486:stream/test2-stream-41",
            "kms_key_id": "",
            "name": "test2-stream-41",
            "retention_period": 2160,
            "shard_count": 1,
            "shard_level_metrics": [],
            "stream_mode_details": [
              {
                "stream_mode": "PROVISIONED"
              }
            ],
            "tags": {
              "Environment": "sandbox",
              "Operator": "Benedict.Chan"
            },
            "tags_all": {
              "Environment": "sandbox",
              "Operator": "Benedict.Chan"
            },
            "timeouts": null
          },
          "sensitive_attributes": [],
          "identity_schema_version": 0,
          "private": "eyJlMmJmYjczMC1lY2FhLTExZTYtOGY4OC0zNDM2M2JjN2M0YzAiOnsiY3JlYXRlIjozMDAwMDAwMDAwMDAsImRlbGV0ZSI6NzIwMDAwMDAwMDAwMCwidXBkYXRlIjo3MjAwMDAwMDAwMDAwfSwic2NoZW1hX3ZlcnNpb24iOiIxIn0="
        },
        {
          "index_key": 41,
          "schema_version": 1,
          "attributes": {
            "arn": "arn:aws:kinesis:us-east-1:209479308486:stream/test2-stream-42",
            "encryption_type": "NONE",
            "enforce_consumer_deletion": false,
            "id": "arn:aws:kinesis:us-east-1:209479308486:stream/test2-stream-42",
            "kms_key_id": "",
            "name": "test2-stream-42",
            "retention_period": 2160,
            "shard_count": 1,
            "shard_level_metrics": [],
            "stream_mode_details": [
              {
                "stream_mode": "PROVISIONED"
              }
            ],
            "tags": {
              "Environment": "sandbox",
              "Operator": "Benedict.Chan"
            },
            "tags_all": {
              "Environment": "sandbox",
              "Operator": "Benedict.Chan"
            },
            "timeouts": null
          },
          "sensitive_attributes": [],
          "identity_schema_version": 0,
          "private": "eyJlMmJmYjczMC1lY2FhLTExZTYtOGY4OC0zNDM2M2JjN2M0YzAiOnsiY3JlYXRlIjozMDAwMDAwMDAwMDAsImRlbGV0ZSI6NzIwMDAwMDAwMDAwMCwidXBkYXRlIjo3MjAwMDAwMDAwMDAwfSwic2NoZW1hX3ZlcnNpb24iOiIxIn0="
        },
        {
          "index_key": 42,
          "schema_version": 1,
          "attributes": {
            "arn": "arn:aws:kinesis:us-east-1:209479308486:stream/test2-stream-43",
            "encryption_type": "NONE",
            "enforce_consumer_deletion": false,
            "id": "arn:aws:kinesis:us-east-1:209479308486:stream/test2-stream-43",
            "kms_key_id": "",
            "name": "test2-stream-43",
            "retention_period": 2160,
            "shard_count": 1,
            "shard_level_metrics": [],
            "stream_mode_details": [
              {
                "stream_mode": "PROVISIONED"
              }
            ],
            "tags": {
              "Environment": "sandbox",
              "Operator": "Benedict.Chan"
            },
            "tags_all": {
              "Environment": "sandbox",
              "Operator": "Benedict.Chan"
            },
            "timeouts": null
          },
          "sensitive_attributes": [],
          "identity_schema_version": 0,
          "private": "eyJlMmJmYjczMC1lY2FhLTExZTYtOGY4OC0zNDM2M2JjN2M0YzAiOnsiY3JlYXRlIjozMDAwMDAwMDAwMDAsImRlbGV0ZSI6NzIwMDAwMDAwMDAwMCwidXBkYXRlIjo3MjAwMDAwMDAwMDAwfSwic2NoZW1hX3ZlcnNpb24iOiIxIn0="
        },
        {
          "index_key": 43,
          "schema_version": 1,
          "attributes": {
            "arn": "arn:aws:kinesis:us-east-1:209479308486:stream/test2-stream-44",
            "encryption_type": "NONE",
            "enforce_consumer_deletion": false,
            "id": "arn:aws:kinesis:us-east-1:209479308486:stream/test2-stream-44",
            "kms_key_id": "",
            "name": "test2-stream-44",
            "retention_period": 2160,
            "shard_count": 1,
            "shard_level_metrics": [],
            "stream_mode_details": [
              {
                "stream_mode": "PROVISIONED"
              }
            ],
            "tags": {
              "Environment": "sandbox",
              "Operator": "Benedict.Chan"
            },
            "tags_all": {
              "Environment": "sandbox",
              "Operator": "Benedict.Chan"
            },
            "timeouts": null
          },
          "sensitive_attributes": [],
          "identity_schema_version": 0,
          "private": "eyJlMmJmYjczMC1lY2FhLTExZTYtOGY4OC0zNDM2M2JjN2M0YzAiOnsiY3JlYXRlIjozMDAwMDAwMDAwMDAsImRlbGV0ZSI6NzIwMDAwMDAwMDAwMCwidXBkYXRlIjo3MjAwMDAwMDAwMDAwfSwic2NoZW1hX3ZlcnNpb24iOiIxIn0="
        },
        {
          "index_key": 44,
          "schema_version": 1,
          "attributes": {
            "arn": "arn:aws:kinesis:us-east-1:209479308486:stream/test2-stream-45",
            "encryption_type": "NONE",
            "enforce_consumer_deletion": false,
            "id": "arn:aws:kinesis:us-east-1:209479308486:stream/test2-stream-45",
            "kms_key_id": "",
            "name": "test2-stream-45",
            "retention_period": 2160,
            "shard_count": 1,
            "shard_level_metrics": [],
            "stream_mode_details": [
              {
                "stream_mode": "PROVISIONED"
              }
            ],
            "tags": {
              "Environment": "sandbox",
              "Operator": "Benedict.Chan"
            },
            "tags_all": {
              "Environment": "sandbox",
              "Operator": "Benedict.Chan"
            },
            "timeouts": null
          },
          "sensitive_attributes": [],
          "identity_schema_version": 0,
          "private": "eyJlMmJmYjczMC1lY2FhLTExZTYtOGY4OC0zNDM2M2JjN2M0YzAiOnsiY3JlYXRlIjozMDAwMDAwMDAwMDAsImRlbGV0ZSI6NzIwMDAwMDAwMDAwMCwidXBkYXRlIjo3MjAwMDAwMDAwMDAwfSwic2NoZW1hX3ZlcnNpb24iOiIxIn0="
        },
        {
          "index_key": 45,
          "schema_version": 1,
          "attributes": {
            "arn": "arn:aws:kinesis:us-east-1:209479308486:stream/test2-stream-46",
            "encryption_type": "NONE",
            "enforce_consumer_deletion": false,
            "id": "arn:aws:kinesis:us-east-1:209479308486:stream/test2-stream-46",
            "kms_key_id": "",
            "name": "test2-stream-46",
            "retention_period": 2160,
            "shard_count": 1,
            "shard_level_metrics": [],
            "stream_mode_details": [
              {
                "stream_mode": "PROVISIONED"
              }
            ],
            "tags": {
              "Environment": "sandbox",
              "Operator": "Benedict.Chan"
            },
            "tags_all": {
              "Environment": "sandbox",
              "Operator": "Benedict.Chan"
            },
            "timeouts": null
          },
          "sensitive_attributes": [],
          "identity_schema_version": 0,
          "private": "eyJlMmJmYjczMC1lY2FhLTExZTYtOGY4OC0zNDM2M2JjN2M0YzAiOnsiY3JlYXRlIjozMDAwMDAwMDAwMDAsImRlbGV0ZSI6NzIwMDAwMDAwMDAwMCwidXBkYXRlIjo3MjAwMDAwMDAwMDAwfSwic2NoZW1hX3ZlcnNpb24iOiIxIn0="
        },
        {
          "index_key": 46,
          "schema_version": 1,
          "attributes": {
            "arn": "arn:aws:kinesis:us-east-1:209479308486:stream/test2-stream-47",
            "encryption_type": "NONE",
            "enforce_consumer_deletion": false,
            "id": "arn:aws:kinesis:us-east-1:209479308486:stream/test2-stream-47",
            "kms_key_id": "",
            "name": "test2-stream-47",
            "retention_period": 2160,
            "shard_count": 1,
            "shard_level_metrics": [],
            "stream_mode_details": [
              {
                "stream_mode": "PROVISIONED"
              }
            ],
            "tags": {
              "Environment": "sandbox",
              "Operator": "Benedict.Chan"
            },
            "tags_all": {
              "Environment": "sandbox",
              "Operator": "Benedict.Chan"
            },
            "timeouts": null
          },
          "sensitive_attributes": [],
          "identity_schema_version": 0,
          "private": "eyJlMmJmYjczMC1lY2FhLTExZTYtOGY4OC0zNDM2M2JjN2M0YzAiOnsiY3JlYXRlIjozMDAwMDAwMDAwMDAsImRlbGV0ZSI6NzIwMDAwMDAwMDAwMCwidXBkYXRlIjo3MjAwMDAwMDAwMDAwfSwic2NoZW1hX3ZlcnNpb24iOiIxIn0="
        },
        {
          "index_key": 47,
          "schema_version": 1,
          "attributes": {
            "arn": "arn:aws:kinesis:us-east-1:209479308486:stream/test2-stream-48",
            "encryption_type": "NONE",
            "enforce_consumer_deletion": false,
            "id": "arn:aws:kinesis:us-east-1:209479308486:stream/test2-stream-48",
            "kms_key_id": "",
            "name": "test2-stream-48",
            "retention_period": 2160,
            "shard_count": 1,
            "shard_level_metrics": [],
            "stream_mode_details": [
              {
                "stream_mode": "PROVISIONED"
              }
            ],
            "tags": {
              "Environment": "sandbox",
              "Operator": "Benedict.Chan"
            },
            "tags_all": {
              "Environment": "sandbox",
              "Operator": "Benedict.Chan"
            },
            "timeouts": null
          },
          "sensitive_attributes": [],
          "identity_schema_version": 0,
          "private": "eyJlMmJmYjczMC1lY2FhLTExZTYtOGY4OC0zNDM2M2JjN2M0YzAiOnsiY3JlYXRlIjozMDAwMDAwMDAwMDAsImRlbGV0ZSI6NzIwMDAwMDAwMDAwMCwidXBkYXRlIjo3MjAwMDAwMDAwMDAwfSwic2NoZW1hX3ZlcnNpb24iOiIxIn0="
        },
        {
          "index_key": 48,
          "schema_version": 1,
          "attributes": {
            "arn": "arn:aws:kinesis:us-east-1:209479308486:stream/test2-stream-49",
            "encryption_type": "NONE",
            "enforce_consumer_deletion": false,
            "id": "arn:aws:kinesis:us-east-1:209479308486:stream/test2-stream-49",
            "kms_key_id": "",
            "name": "test2-stream-49",
            "retention_period": 2160,
            "shard_count": 1,
            "shard_level_metrics": [],
            "stream_mode_details": [
              {
                "stream_mode": "PROVISIONED"
              }
            ],
            "tags": {
              "Environment": "sandbox",
              "Operator": "Benedict.Chan"
            },
            "tags_all": {
              "Environment": "sandbox",
              "Operator": "Benedict.Chan"
            },
            "timeouts": null
          },
          "sensitive_attributes": [],
          "identity_schema_version": 0,
          "private": "eyJlMmJmYjczMC1lY2FhLTExZTYtOGY4OC0zNDM2M2JjN2M0YzAiOnsiY3JlYXRlIjozMDAwMDAwMDAwMDAsImRlbGV0ZSI6NzIwMDAwMDAwMDAwMCwidXBkYXRlIjo3MjAwMDAwMDAwMDAwfSwic2NoZW1hX3ZlcnNpb24iOiIxIn0="
        },
        {
          "index_key": 49,
          "schema_version": 1,
          "attributes": {
            "arn": "arn:aws:kinesis:us-east-1:209479308486:stream/test2-stream-50",
            "encryption_type": "NONE",
            "enforce_consumer_deletion": false,
            "id": "arn:aws:kinesis:us-east-1:209479308486:stream/test2-stream-50",
            "kms_key_id": "",
            "name": "test2-stream-50",
            "retention_period": 2160,
            "shard_count": 1,
            "shard_level_metrics": [],
            "stream_mode_details": [
              {
                "stream_mode": "PROVISIONED"
              }
            ],
            "tags": {
              "Environment": "sandbox",
              "Operator": "Benedict.Chan"
            },
            "tags_all": {
              "Environment": "sandbox",
              "Operator": "Benedict.Chan"
            },
            "timeouts": null
          },
          "sensitive_attributes": [],
          "identity_schema_version": 0,
          "private": "eyJlMmJmYjczMC1lY2FhLTExZTYtOGY4OC0zNDM2M2JjN2M0YzAiOnsiY3JlYXRlIjozMDAwMDAwMDAwMDAsImRlbGV0ZSI6NzIwMDAwMDAwMDAwMCwidXBkYXRlIjo3MjAwMDAwMDAwMDAwfSwic2NoZW1hX3ZlcnNpb24iOiIxIn0="
        }
      ]
    },
    {
      "module": "module.vpc",
      "mode": "data",
      "type": "aws_ami",
      "name": "nat",
      "provider": "provider[\"registry.terraform.io/hashicorp/aws\"]",
      "instances": [
        {
          "schema_version": 0,
          "attributes": {
            "architecture": "x86_64",
            "arn": "arn:aws:ec2:us-east-1::image/ami-0c8380aa4368b10f5",
            "block_device_mappings": [
              {
                "device_name": "/dev/xvda",
                "ebs": {
                  "delete_on_termination": "true",
                  "encrypted": "false",
                  "iops": "3000",
                  "snapshot_id": "snap-088f2d6eedecf5139",
                  "throughput": "125",
                  "volume_initialization_rate": "0",
                  "volume_size": "8",
                  "volume_type": "gp3"
                },
                "no_device": "",
                "virtual_name": ""
              }
            ],
            "boot_mode": "uefi-preferred",
            "creation_date": "2026-07-03T15:32:03.000Z",
            "deprecation_time": "",
            "description": "",
            "ena_support": true,
            "executable_users": null,
            "filter": [
              {
                "name": "architecture",
                "values": [
                  "x86_64"
                ]
              },
              {
                "name": "name",
                "values": [
                  "etleap-nat-gateway-x86_64-*"
                ]
              },
              {
                "name": "root-device-type",
                "values": [
                  "ebs"
                ]
              },
              {
                "name": "virtualization-type",
                "values": [
                  "hvm"
                ]
              }
            ],
            "hypervisor": "xen",
            "id": "ami-0c8380aa4368b10f5",
            "image_id": "ami-0c8380aa4368b10f5",
            "image_location": "223848809711/etleap-nat-gateway-x86_64-al2023-hvm-20260703-1528-ebs",
            "image_owner_alias": "",
            "image_type": "machine",
            "imds_support": "v2.0",
            "include_deprecated": false,
            "kernel_id": "",
            "last_launched_time": "",
            "most_recent": true,
            "name": "etleap-nat-gateway-x86_64-al2023-hvm-20260703-1528-ebs",
            "name_regex": "^etleap-nat-gateway-*",
            "owner_id": "223848809711",
            "owners": [
              "223848809711"
            ],
            "platform": "",
            "platform_details": "Linux/UNIX",
            "product_codes": [],
            "public": false,
            "ramdisk_id": "",
            "root_device_name": "/dev/xvda",
            "root_device_type": "ebs",
            "root_snapshot_id": "snap-088f2d6eedecf5139",
            "sriov_net_support": "simple",
            "state": "available",
            "state_reason": {
              "code": "UNSET",
              "message": "UNSET"
            },
            "tags": {},
            "timeouts": null,
            "tpm_support": "",
            "uefi_data": null,
            "usage_operation": "RunInstances",
            "virtualization_type": "hvm"
          },
          "sensitive_attributes": [],
          "identity_schema_version": 0
        }
      ]
    },
    {
      "module": "module.vpc",
      "mode": "data",
      "type": "aws_caller_identity",
      "name": "current",
      "provider": "provider[\"registry.terraform.io/hashicorp/aws\"]",
      "instances": [
        {
          "schema_version": 0,
          "attributes": {
            "account_id": "209479308486",
            "arn": "arn:aws:sts::209479308486:assumed-role/Etleap-Role-Admin-Privileges/Benedict.Chan",
            "id": "209479308486",
            "user_id": "AROATBRPQSTDP5B772OVI:Benedict.Chan"
          },
          "sensitive_attributes": [],
          "identity_schema_version": 0
        }
      ]
    },
    {
      "module": "module.vpc",
      "mode": "data",
      "type": "aws_ec2_instance_type",
      "name": "dms_instance_type",
      "provider": "provider[\"registry.terraform.io/hashicorp/aws\"]",
      "instances": [
        {
          "schema_version": 0,
          "attributes": {
            "auto_recovery_supported": true,
            "bandwidth_weightings": [],
            "bare_metal": false,
            "boot_modes": [
              "legacy-bios",
              "uefi"
            ],
            "burstable_performance_supported": true,
            "current_generation": true,
            "dedicated_hosts_supported": true,
            "default_cores": 1,
            "default_network_card_index": 0,
            "default_threads_per_core": 2,
            "default_vcpus": 2,
            "ebs_encryption_support": "supported",
            "ebs_nvme_support": "required",
            "ebs_optimized_support": "default",
            "ebs_performance_baseline_bandwidth": 174,
            "ebs_performance_baseline_iops": 1000,
            "ebs_performance_baseline_throughput": 21.75,
            "ebs_performance_maximum_bandwidth": 2085,
            "ebs_performance_maximum_iops": 11800,
            "ebs_performance_maximum_throughput": 260.625,
            "efa_maximum_interfaces": null,
            "efa_supported": false,
            "ena_srd_supported": false,
            "ena_support": "required",
            "encryption_in_transit_supported": false,
            "fpgas": [],
            "free_tier_eligible": true,
            "gpus": [],
            "hibernation_supported": true,
            "hypervisor": "nitro",
            "id": "t3.small",
            "inference_accelerators": [],
            "instance_disks": [],
            "instance_storage_supported": false,
            "instance_type": "t3.small",
            "ipv6_supported": true,
            "maximum_ipv4_addresses_per_interface": 4,
            "maximum_ipv6_addresses_per_interface": 4,
            "maximum_network_cards": 1,
            "maximum_network_interfaces": 3,
            "media_accelerators": [],
            "memory_size": 2048,
            "network_cards": [
              {
                "baseline_bandwidth": 0.128,
                "index": 0,
                "maximum_interfaces": 3,
                "peak_bandwidth": 5,
                "performance": "Up to 5 Gigabit"
              }
            ],
            "network_performance": "Up to 5 Gigabit",
            "neuron_devices": [],
            "nitro_enclaves_support": "unsupported",
            "nitro_tpm_support": "supported",
            "nitro_tpm_supported_versions": [
              "2.0"
            ],
            "phc_support": "unsupported",
            "supported_architectures": [
              "x86_64"
            ],
            "supported_cpu_features": [],
            "supported_placement_strategies": [
              "partition",
              "spread"
            ],
            "supported_root_device_types": [
              "ebs"
            ],
            "supported_usages_classes": [
              "on-demand",
              "spot"
            ],
            "supported_virtualization_types": [
              "hvm"
            ],
            "sustained_clock_speed": 2.5,
            "timeouts": null,
            "total_fpga_memory": null,
            "total_gpu_memory": null,
            "total_inference_memory": null,
            "total_instance_storage": null,
            "total_media_memory": null,
            "total_neuron_device_memory": null,
            "valid_cores": [
              1
            ],
            "valid_threads_per_core": [
              1,
              2
            ]
          },
          "sensitive_attributes": [],
          "identity_schema_version": 0
        }
      ]
    },
    {
      "module": "module.vpc",
      "mode": "data",
      "type": "aws_iam_policy_document",
      "name": "dms_assume_role",
      "provider": "provider[\"registry.terraform.io/hashicorp/aws\"]",
      "instances": [
        {
          "schema_version": 0,
          "attributes": {
            "id": "2802189373",
            "json": "{\n  \"Version\": \"2012-10-17\",\n  \"Statement\": [\n    {\n      \"Sid\": \"1\",\n      \"Effect\": \"Allow\",\n      \"Action\": \"sts:AssumeRole\",\n      \"Principal\": {\n        \"Service\": \"dms.amazonaws.com\"\n      }\n    }\n  ]\n}",
            "minified_json": "{\"Version\":\"2012-10-17\",\"Statement\":[{\"Sid\":\"1\",\"Effect\":\"Allow\",\"Action\":\"sts:AssumeRole\",\"Principal\":{\"Service\":\"dms.amazonaws.com\"}}]}",
            "override_json": null,
            "override_policy_documents": null,
            "policy_id": null,
            "source_json": null,
            "source_policy_documents": null,
            "statement": [
              {
                "actions": [
                  "sts:AssumeRole"
                ],
                "condition": [],
                "effect": "Allow",
                "not_actions": [],
                "not_principals": [],
                "not_resources": [],
                "principals": [
                  {
                    "identifiers": [
                      "dms.amazonaws.com"
                    ],
                    "type": "Service"
                  }
                ],
                "resources": [],
                "sid": "1"
              }
            ],
            "version": "2012-10-17"
          },
          "sensitive_attributes": [],
          "identity_schema_version": 0
        }
      ]
    },
    {
      "module": "module.vpc",
      "mode": "data",
      "type": "aws_instance",
      "name": "emr-master",
      "provider": "provider[\"registry.terraform.io/hashicorp/aws\"]",
      "instances": [
        {
          "schema_version": 0,
          "attributes": {
            "ami": "ami-087ed8cedf87833d1",
            "arn": "arn:aws:ec2:us-east-1:209479308486:instance/i-077aec37eb529e4a1",
            "associate_public_ip_address": false,
            "availability_zone": "us-east-1b",
            "credit_specification": [],
            "disable_api_stop": false,
            "disable_api_termination": false,
            "ebs_block_device": [
              {
                "delete_on_termination": true,
                "device_name": "/dev/sdb",
                "encrypted": true,
                "iops": 3000,
                "kms_key_id": "arn:aws:kms:us-east-1:209479308486:key/1ba927cb-5216-4003-a8c2-1c2b20f074f8",
                "snapshot_id": "",
                "tags": {
                  "Deployment": "test2",
                  "Environment": "sandbox",
                  "Name": "Etleap EMR test2",
                  "Operator": "Benedict.Chan"
                },
                "throughput": 125,
                "volume_id": "vol-095329870d3342343",
                "volume_size": 128,
                "volume_type": "gp3"
              }
            ],
            "ebs_optimized": false,
            "enclave_options": [
              {
                "enabled": false
              }
            ],
            "ephemeral_block_device": [],
            "filter": [
              {
                "name": "network-interface.private-dns-name",
                "values": [
                  "ip-172-22-5-61.ec2.internal"
                ]
              }
            ],
            "get_password_data": false,
            "get_user_data": false,
            "host_id": "",
            "host_resource_group_arn": "",
            "iam_instance_profile": "EtleapEMRProfile-test2-9cb94f",
            "id": "i-077aec37eb529e4a1",
            "instance_id": null,
            "instance_state": "running",
            "instance_tags": null,
            "instance_type": "m7i.xlarge",
            "ipv6_addresses": [],
            "key_name": "Etleap-Benedict",
            "launch_time": "2026-07-15T08:40:04Z",
            "maintenance_options": [
              {
                "auto_recovery": "default"
              }
            ],
            "metadata_options": [
              {
                "http_endpoint": "enabled",
                "http_protocol_ipv6": "disabled",
                "http_put_response_hop_limit": 2,
                "http_tokens": "required",
                "instance_metadata_tags": "disabled"
              }
            ],
            "monitoring": false,
            "network_interface_id": "eni-0e2cbcd325a05d007",
            "outpost_arn": "",
            "password_data": null,
            "placement_group": "",
            "placement_partition_number": 0,
            "private_dns": "ip-172-22-5-61.ec2.internal",
            "private_dns_name_options": [
              {
                "enable_resource_name_dns_a_record": false,
                "enable_resource_name_dns_aaaa_record": false,
                "hostname_type": "ip-name"
              }
            ],
            "private_ip": "172.22.5.61",
            "public_dns": "",
            "public_ip": "",
            "root_block_device": [
              {
                "delete_on_termination": true,
                "device_name": "/dev/xvda",
                "encrypted": true,
                "iops": 3000,
                "kms_key_id": "arn:aws:kms:us-east-1:209479308486:key/1ba927cb-5216-4003-a8c2-1c2b20f074f8",
                "tags": {
                  "Deployment": "test2",
                  "Environment": "sandbox",
                  "Name": "Etleap EMR test2",
                  "Operator": "Benedict.Chan"
                },
                "throughput": 125,
                "volume_id": "vol-0332f530cc7434749",
                "volume_size": 15,
                "volume_type": "gp3"
              }
            ],
            "secondary_private_ips": [],
            "security_groups": [],
            "source_dest_check": true,
            "subnet_id": "subnet-0ba0b865118de2ace",
            "tags": {
              "Deployment": "test2",
              "Environment": "sandbox",
              "Name": "Etleap EMR test2",
              "Operator": "Benedict.Chan"
            },
            "tenancy": "default",
            "timeouts": null,
            "user_data": "1252b2b95de15a9ed28d71757c1c98a0628751ba",
            "user_data_base64": null,
            "vpc_security_group_ids": [
              "sg-00b3f498e5f1b171d",
              "sg-09d12e2964da7c4f7"
            ]
          },
          "sensitive_attributes": [],
          "identity_schema_version": 0
        }
      ]
    },
    {
      "module": "module.vpc",
      "mode": "data",
      "type": "aws_instances",
      "name": "emr-core",
      "provider": "provider[\"registry.terraform.io/hashicorp/aws\"]",
      "instances": [
        {
          "schema_version": 0,
          "attributes": {
            "filter": [
              {
                "name": "tag:aws:elasticmapreduce:instance-group-role",
                "values": [
                  "CORE"
                ]
              },
              {
                "name": "tag:aws:elasticmapreduce:job-flow-id",
                "values": [
                  "j-3CLUJTEOO7MIB"
                ]
              }
            ],
            "id": "us-east-1",
            "ids": [
              "i-06e0a221777507c0d"
            ],
            "instance_state_names": null,
            "instance_tags": null,
            "ipv6_addresses": [],
            "private_ips": [
              "172.22.5.118"
            ],
            "public_ips": [],
            "timeouts": null
          },
          "sensitive_attributes": [],
          "identity_schema_version": 0
        }
      ]
    },
    {
      "module": "module.vpc",
      "mode": "data",
      "type": "aws_region",
      "name": "current",
      "provider": "provider[\"registry.terraform.io/hashicorp/aws\"]",
      "instances": [
        {
          "schema_version": 0,
          "attributes": {
            "description": "US East (N. Virginia)",
            "endpoint": "ec2.us-east-1.amazonaws.com",
            "id": "us-east-1",
            "name": "us-east-1"
          },
          "sensitive_attributes": [],
          "identity_schema_version": 0
        }
      ]
    },
    {
      "module": "module.vpc",
      "mode": "managed",
      "type": "aws_acm_certificate",
      "name": "etleap",
      "provider": "provider[\"registry.terraform.io/hashicorp/aws\"]",
      "instances": [
        {
          "index_key": 0,
          "schema_version": 0,
          "attributes": {
            "arn": "arn:aws:acm:us-east-1:209479308486:certificate/862da0c5-655e-4469-89ef-b19ed30cf9bc",
            "certificate_authority_arn": "",
            "certificate_body": "-----BEGIN CERTIFICATE-----\nMIIDjDCCAnQCCQD2k2Ed3CYo6TANBgkqhkiG9w0BAQsFADCBhzELMAkGA1UEBhMC\nVVMxEzARBgNVBAgMCkNhbGlmb3JuaWExFjAUBgNVBAcMDVNhbiBGcmFuY2lzY28x\nDzANBgNVBAoMBkV0bGVhcDEXMBUGA1UEAwwOdnBjLmV0bGVhcC5jb20xITAfBgkq\nhkiG9w0BCQEWEnN1cHBvcnRAZXRsZWFwLmNvbTAeFw0yMTA2MTQyMDUyMDlaFw0z\nMTA2MTIyMDUyMDlaMIGHMQswCQYDVQQGEwJVUzETMBEGA1UECAwKQ2FsaWZvcm5p\nYTEWMBQGA1UEBwwNU2FuIEZyYW5jaXNjbzEPMA0GA1UECgwGRXRsZWFwMRcwFQYD\nVQQDDA52cGMuZXRsZWFwLmNvbTEhMB8GCSqGSIb3DQEJARYSc3VwcG9ydEBldGxl\nYXAuY29tMIIBIjANBgkqhkiG9w0BAQEFAAOCAQ8AMIIBCgKCAQEA1lLRynHyyfKz\nRpWNfuWO+DgBanlNbLjbTFEq977UFeD8dwJeSpdrZSGHoe0S/yCQco0INcBP7mDQ\nna39csggL4JrxfK90SrvAb599N8na0CM3UfmRSQAXslNNt+Ayav9aYOv7N2/I+7L\nbgtrYmUuB0ELQEZY1Ri0AEtfNgEDjaM5ntXB4d40qqIA8m0KZae4oDp7txhPkBMY\nO9sFzifQ4sfxi2pA6dmPg1s3Tf07GZaZO/hNrAKKVY2B5At/Ses7ve+2staEY/od\nha18yYrFA4pzrLNYL4hLrLxxS1mXiz4Pw8dPLET6mVVNJY496br81RoRihaJk1oF\n+p9TLiEjXQIDAQABMA0GCSqGSIb3DQEBCwUAA4IBAQBBrqOQK/9XUkKMMdfScgRX\nVNlnlPx1SdXVS5I8A/YgYUrSWib56BG8ZmZb114oIeMRFmQ7s3HNhEX7O+h78hZd\nG+WDJEN725s+CjVH0DCO/QkVC10lSj7Ld0o2haQ5mFHxzP9o53XCvgU4lDg782Yw\n8G/Zukr69WR3WAE9UQ3j7nnnDKBIjr1qEhGPOe4PfXKaptn48wYiUe2nf8CkPddf\nLsJyvVWWiNQJjiSQcJv3nmv2Oc/vwXBQGh42STXB6CLcyBaIA9V67k+Cja/FVgG9\nra/KO7XPQUtpIvjtMc3Gmr2WlfJcBhbD+kHi0bBNbV6nV+7yR4HEbYxX/cHw74Pl\n-----END CERTIFICATE-----\n",
            "certificate_chain": null,
            "domain_name": "vpc.etleap.com",
            "domain_validation_options": [],
            "early_renewal_duration": "",
            "id": "arn:aws:acm:us-east-1:209479308486:certificate/862da0c5-655e-4469-89ef-b19ed30cf9bc",
            "key_algorithm": "RSA_2048",
            "not_after": "2031-06-12T20:52:09Z",
            "not_before": "2021-06-14T20:52:09Z",
            "options": [
              {
                "certificate_transparency_logging_preference": "DISABLED"
              }
            ],
            "pending_renewal": false,
            "private_key": "-----BEGIN RSA PRIVATE KEY-----\nMIIEpAIBAAKCAQEA1lLRynHyyfKzRpWNfuWO+DgBanlNbLjbTFEq977UFeD8dwJe\nSpdrZSGHoe0S/yCQco0INcBP7mDQna39csggL4JrxfK90SrvAb599N8na0CM3Ufm\nRSQAXslNNt+Ayav9aYOv7N2/I+7LbgtrYmUuB0ELQEZY1Ri0AEtfNgEDjaM5ntXB\n4d40qqIA8m0KZae4oDp7txhPkBMYO9sFzifQ4sfxi2pA6dmPg1s3Tf07GZaZO/hN\nrAKKVY2B5At/Ses7ve+2staEY/odha18yYrFA4pzrLNYL4hLrLxxS1mXiz4Pw8dP\nLET6mVVNJY496br81RoRihaJk1oF+p9TLiEjXQIDAQABAoIBAHNvE/N3wA6pG4nu\nztEEDyb98zVHtD3UqrjGFuBs9Yn7Lb9jlSmTuJI1pvm92Ld08JfiAgQBWovHtVTX\n+2QxCbTNCAMLpNTdzPEhinGzJ2YK1FPyf8HJjDGBNodRheoZKloERWLMZECUQxk4\nKVRLrqjVjZvGx92uenSWI+fQT/uea4ec+emZaDqLk4ni8jLGuZCFfotv1fVX1PBG\njUPkCs/EGMjZWy8uXLMI2MCHvko7E5BhJF531J/V+vILiyMzvmBNzQcE3Os0URVF\nKZo2M2rvAefbPgKpvcAnd6OVobjK8e0ROJBbRwpi4oeRLnd6eqcRbBs8WlIGGJdd\nNrf3vfkCgYEA+NsRVvAB2BBBZ2LbLyLD9GpvBu+qZtlPps+JSRUlEqvCVcda40A/\nxnsmVFBcmK2WO/NmrkaxCcD1vrfZvxLG5ZfdmPCrqdTJEJbPswoS33Dmkuhk642K\ncGoTxVStDrMbBsAlMx4Q6/8vFREyIv55RObXZVng0NdUlonkV7mWaqMCgYEA3Hn2\nN5QA30tIWMVDliWKDNP3AdWGh03G+vHmck74GxAzIsllmSiNac+GKP8pUwV0hcGu\nWgzDcjkMA86apJejRgEU4IbQPbN1tycwEasppQRbWLetuT/PAIoHjQf4I9enQhsm\n8yAPa+4iWqRPabhhbPUQEgYOBkLmn0DDd5TBGf8CgYEAhlz5wr/5rugv+BtXDt8t\ngDVLVypmDfv9VqqtjEkfaDJWzivCNfsFtCvf6Rwusrze5eWopiZDBmoqBVyM8+62\nd1aE7kPb2+mo2g0jfZ7Ny9jQlbdmbgxRGBseK6hpfAtWZ1GthCkSp+lzSWOsd1qA\nraQZ3n4ltXzeDh3LrVXmEhMCgYBM+Mdc3+7uBfpcA4J1COYJVHcHzOQKmLy/H3S0\ns50q1Z0EqAswTVgReMH9zhc/RMhJajTUe2BAoGnxak/S5p258ua2/Fn3MJAIQUYm\n5PrFAaBieL3NztkV9xprwjx/Ruq9yXzvpGG97IVR38tZvWVGBMh3gmWjCfg54QJc\n3TINQQKBgQDDAb0f4sl12Sx94T7coNYWSauFGlewyCj8eE8gZhGE8/f4JJv6qkN0\nn1+9T4RSQRmRimDgKCdXzZlz5j7vBg6/lMC41s/HGaGywofh3mj//cgnXb/10AqE\n6HQlxCRmQvkQmRaST9VEUcKNSYaHaBD9aiLjg0yEb1Ei8lcn8zQdQw==\n-----END RSA PRIVATE KEY-----\n",
            "renewal_eligibility": "INELIGIBLE",
            "renewal_summary": [],
            "status": "ISSUED",
            "subject_alternative_names": [
              "vpc.etleap.com"
            ],
            "tags": {
              "Deployment": "test2",
              "Environment": "sandbox",
              "Name": "Etleap Default",
              "Operator": "Benedict.Chan"
            },
            "tags_all": {
              "Deployment": "test2",
              "Environment": "sandbox",
              "Name": "Etleap Default",
              "Operator": "Benedict.Chan"
            },
            "type": "IMPORTED",
            "validation_emails": [],
            "validation_method": "NONE",
            "validation_option": []
          },
          "sensitive_attributes": [
            [
              {
                "type": "get_attr",
                "value": "private_key"
              }
            ]
          ],
          "identity_schema_version": 0,
          "private": "bnVsbA==",
          "create_before_destroy": true
        }
      ]
    },
    {
      "module": "module.vpc",
      "mode": "managed",
      "type": "aws_cloudwatch_event_rule",
      "name": "emr_spot_capacity_shortage",
      "provider": "provider[\"registry.terraform.io/hashicorp/aws\"]",
      "instances": [
        {
          "schema_version": 1,
          "attributes": {
            "arn": "arn:aws:events:us-east-1:209479308486:rule/etleap-test2-emr-scaling-events",
            "description": "Capture EMR Instance Fleet Resize events indicating spot capacity shortage",
            "event_bus_name": "default",
            "event_pattern": "{\"detail\":{\"clusterId\":[\"j-3CLUJTEOO7MIB\"],\"severity\":[\"WARNING\"]},\"detail-type\":[\"EMR Instance Fleet Resize\"],\"source\":[\"aws.emr\"]}",
            "force_destroy": false,
            "id": "etleap-test2-emr-scaling-events",
            "is_enabled": true,
            "name": "etleap-test2-emr-scaling-events",
            "name_prefix": "",
            "role_arn": "",
            "schedule_expression": "",
            "state": "ENABLED",
            "tags": {
              "Deployment": "test2",
              "Environment": "sandbox",
              "Name": "Etleap EMR Spot Capacity Shortage",
              "Operator": "Benedict.Chan"
            },
            "tags_all": {
              "Deployment": "test2",
              "Environment": "sandbox",
              "Name": "Etleap EMR Spot Capacity Shortage",
              "Operator": "Benedict.Chan"
            }
          },
          "sensitive_attributes": [],
          "identity_schema_version": 0,
          "private": "eyJzY2hlbWFfdmVyc2lvbiI6IjEifQ==",
          "dependencies": [
            "aws_key_pair.ssh",
            "module.vpc.aws_emr_cluster.emr",
            "module.vpc.aws_emr_security_configuration.emrfs_sse_kms",
            "module.vpc.aws_iam_instance_profile.emr_profile",
            "module.vpc.aws_iam_role.emr",
            "module.vpc.aws_iam_role.emr_default_role",
            "module.vpc.aws_instance.nat",
            "module.vpc.aws_kms_key.etleap_emr_ebs_encryption_key",
            "module.vpc.aws_network_interface.zookeeper",
            "module.vpc.aws_s3_bucket.intermediate",
            "module.vpc.aws_s3_object.customer_post_install_script",
            "module.vpc.aws_security_group.emr",
            "module.vpc.aws_security_group.emr-master-managed",
            "module.vpc.aws_security_group.emr-service-access-managed",
            "module.vpc.aws_security_group.emr-slave-managed",
            "module.vpc.aws_security_group.nat",
            "module.vpc.aws_security_group.zookeeper",
            "module.vpc.aws_subnet.a_private",
            "module.vpc.aws_subnet.b_private",
            "module.vpc.aws_subnet.b_public",
            "module.vpc.aws_subnet.c_private",
            "module.vpc.aws_vpc.etleap",
            "module.vpc.data.aws_ami.nat",
            "module.vpc.data.aws_caller_identity.current",
            "module.vpc.data.aws_region.current",
            "module.vpc.null_resource.emr_configuration_change",
            "module.vpc.random_id.deployment_random"
          ]
        }
      ]
    },
    {
      "module": "module.vpc",
      "mode": "managed",
      "type": "aws_cloudwatch_metric_alarm",
      "name": "app_running",
      "provider": "provider[\"registry.terraform.io/hashicorp/aws\"]",
      "instances": [
        {
          "schema_version": 1,
          "attributes": {
            "actions_enabled": true,
            "alarm_actions": [],
            "alarm_description": "",
            "alarm_name": "Etleap - test2 - App is running",
            "arn": "arn:aws:cloudwatch:us-east-1:209479308486:alarm:Etleap - test2 - App is running",
            "comparison_operator": "LessThanThreshold",
            "datapoints_to_alarm": 0,
            "dimensions": {
              "Deployment": "test2"
            },
            "evaluate_low_sample_count_percentiles": "",
            "evaluation_periods": 5,
            "extended_statistic": "",
            "id": "Etleap - test2 - App is running",
            "insufficient_data_actions": [],
            "metric_name": "AppRunning",
            "metric_query": [],
            "namespace": "Etleap/EC2",
            "ok_actions": [],
            "period": 60,
            "statistic": "Sum",
            "tags": {
              "Deployment": "test2",
              "Environment": "sandbox",
              "Operator": "Benedict.Chan"
            },
            "tags_all": {
              "Deployment": "test2",
              "Environment": "sandbox",
              "Operator": "Benedict.Chan"
            },
            "threshold": 1,
            "threshold_metric_id": "",
            "treat_missing_data": "missing",
            "unit": ""
          },
          "sensitive_attributes": [],
          "identity_schema_version": 0,
          "private": "eyJzY2hlbWFfdmVyc2lvbiI6IjEifQ=="
        }
      ]
    },
    {
      "module": "module.vpc",
      "mode": "managed",
      "type": "aws_cloudwatch_metric_alarm",
      "name": "database_extractor_running",
      "provider": "provider[\"registry.terraform.io/hashicorp/aws\"]",
      "instances": [
        {
          "schema_version": 1,
          "attributes": {
            "actions_enabled": true,
            "alarm_actions": [],
            "alarm_description": "",
            "alarm_name": "Etleap - test2 - Database extractor is running",
            "arn": "arn:aws:cloudwatch:us-east-1:209479308486:alarm:Etleap - test2 - Database extractor is running",
            "comparison_operator": "LessThanThreshold",
            "datapoints_to_alarm": 0,
            "dimensions": {
              "Deployment": "test2"
            },
            "evaluate_low_sample_count_percentiles": "",
            "evaluation_periods": 3,
            "extended_statistic": "",
            "id": "Etleap - test2 - Database extractor is running",
            "insufficient_data_actions": [],
            "metric_name": "DatabaseExtractorRunning",
            "metric_query": [],
            "namespace": "Etleap/EC2",
            "ok_actions": [],
            "period": 300,
            "statistic": "Sum",
            "tags": {
              "Deployment": "test2",
              "Environment": "sandbox",
              "Operator": "Benedict.Chan"
            },
            "tags_all": {
              "Deployment": "test2",
              "Environment": "sandbox",
              "Operator": "Benedict.Chan"
            },
            "threshold": 1,
            "threshold_metric_id": "",
            "treat_missing_data": "breaching",
            "unit": ""
          },
          "sensitive_attributes": [],
          "identity_schema_version": 0,
          "private": "eyJzY2hlbWFfdmVyc2lvbiI6IjEifQ=="
        }
      ]
    },
    {
      "module": "module.vpc",
      "mode": "managed",
      "type": "aws_cloudwatch_metric_alarm",
      "name": "dms_available_memory",
      "provider": "provider[\"registry.terraform.io/hashicorp/aws\"]",
      "instances": [
        {
          "index_key": 0,
          "schema_version": 1,
          "attributes": {
            "actions_enabled": true,
            "alarm_actions": [],
            "alarm_description": "",
            "alarm_name": "Etleap - test2 - DMS Available Memory \u003c= 10%",
            "arn": "arn:aws:cloudwatch:us-east-1:209479308486:alarm:Etleap - test2 - DMS Available Memory \u003c= 10%",
            "comparison_operator": "LessThanOrEqualToThreshold",
            "datapoints_to_alarm": 0,
            "dimensions": {
              "ReplicationInstanceIdentifier": "etleap-dms-test2-9cb94f"
            },
            "evaluate_low_sample_count_percentiles": "",
            "evaluation_periods": 3,
            "extended_statistic": "",
            "id": "Etleap - test2 - DMS Available Memory \u003c= 10%",
            "insufficient_data_actions": [],
            "metric_name": "AvailableMemory",
            "metric_query": [],
            "namespace": "AWS/DMS",
            "ok_actions": [],
            "period": 300,
            "statistic": "Average",
            "tags": {
              "Deployment": "test2",
              "Environment": "sandbox",
              "Operator": "Benedict.Chan"
            },
            "tags_all": {
              "Deployment": "test2",
              "Environment": "sandbox",
              "Operator": "Benedict.Chan"
            },
            "threshold": 214748364.8,
            "threshold_metric_id": "",
            "treat_missing_data": "missing",
            "unit": ""
          },
          "sensitive_attributes": [],
          "identity_schema_version": 0,
          "private": "eyJzY2hlbWFfdmVyc2lvbiI6IjEifQ==",
          "dependencies": [
            "module.vpc.aws_dms_replication_instance.dms",
            "module.vpc.aws_dms_replication_subnet_group.dms",
            "module.vpc.aws_security_group.dms",
            "module.vpc.aws_subnet.a_private",
            "module.vpc.aws_subnet.b_private",
            "module.vpc.aws_vpc.etleap",
            "module.vpc.data.aws_ec2_instance_type.dms_instance_type",
            "module.vpc.data.aws_region.current",
            "module.vpc.random_id.deployment_random"
          ]
        }
      ]
    },
    {
      "module": "module.vpc",
      "mode": "managed",
      "type": "aws_cloudwatch_metric_alarm",
      "name": "dms_cpu",
      "provider": "provider[\"registry.terraform.io/hashicorp/aws\"]",
      "instances": [
        {
          "schema_version": 1,
          "attributes": {
            "actions_enabled": true,
            "alarm_actions": [],
            "alarm_description": "",
            "alarm_name": "Etleap - test2 - DMS 80% CPU",
            "arn": "arn:aws:cloudwatch:us-east-1:209479308486:alarm:Etleap - test2 - DMS 80% CPU",
            "comparison_operator": "GreaterThanThreshold",
            "datapoints_to_alarm": 0,
            "dimensions": {},
            "evaluate_low_sample_count_percentiles": "",
            "evaluation_periods": 5,
            "extended_statistic": "",
            "id": "Etleap - test2 - DMS 80% CPU",
            "insufficient_data_actions": [],
            "metric_name": "CPUUtilization",
            "metric_query": [],
            "namespace": "AWS/DMS",
            "ok_actions": [],
            "period": 300,
            "statistic": "Average",
            "tags": {
              "Deployment": "test2",
              "Environment": "sandbox",
              "Operator": "Benedict.Chan"
            },
            "tags_all": {
              "Deployment": "test2",
              "Environment": "sandbox",
              "Operator": "Benedict.Chan"
            },
            "threshold": 80,
            "threshold_metric_id": "",
            "treat_missing_data": "missing",
            "unit": ""
          },
          "sensitive_attributes": [],
          "identity_schema_version": 0,
          "private": "eyJzY2hlbWFfdmVyc2lvbiI6IjEifQ=="
        }
      ]
    },
    {
      "module": "module.vpc",
      "mode": "managed",
      "type": "aws_cloudwatch_metric_alarm",
      "name": "dms_disk",
      "provider": "provider[\"registry.terraform.io/hashicorp/aws\"]",
      "instances": [
        {
          "index_key": 0,
          "schema_version": 1,
          "attributes": {
            "actions_enabled": true,
            "alarm_actions": [],
            "alarm_description": "",
            "alarm_name": "Etleap - test2 - DMS Disk Space 125GB Remaining",
            "arn": "arn:aws:cloudwatch:us-east-1:209479308486:alarm:Etleap - test2 - DMS Disk Space 125GB Remaining",
            "comparison_operator": "LessThanOrEqualToThreshold",
            "datapoints_to_alarm": 3,
            "dimensions": {
              "ReplicationInstanceIdentifier": "etleap-dms-test2-9cb94f"
            },
            "evaluate_low_sample_count_percentiles": "",
            "evaluation_periods": 3,
            "extended_statistic": "",
            "id": "Etleap - test2 - DMS Disk Space 125GB Remaining",
            "insufficient_data_actions": [],
            "metric_name": "FreeStorageSpace",
            "metric_query": [],
            "namespace": "AWS/DMS",
            "ok_actions": [],
            "period": 300,
            "statistic": "Average",
            "tags": {
              "Deployment": "test2",
              "Environment": "sandbox",
              "Operator": "Benedict.Chan"
            },
            "tags_all": {
              "Deployment": "test2",
              "Environment": "sandbox",
              "Operator": "Benedict.Chan"
            },
            "threshold": 134217728000,
            "threshold_metric_id": "",
            "treat_missing_data": "missing",
            "unit": ""
          },
          "sensitive_attributes": [],
          "identity_schema_version": 0,
          "private": "eyJzY2hlbWFfdmVyc2lvbiI6IjEifQ==",
          "dependencies": [
            "module.vpc.aws_dms_replication_instance.dms",
            "module.vpc.aws_dms_replication_subnet_group.dms",
            "module.vpc.aws_security_group.dms",
            "module.vpc.aws_subnet.a_private",
            "module.vpc.aws_subnet.b_private",
            "module.vpc.aws_vpc.etleap",
            "module.vpc.data.aws_region.current",
            "module.vpc.random_id.deployment_random"
          ]
        }
      ]
    },
    {
      "module": "module.vpc",
      "mode": "managed",
      "type": "aws_cloudwatch_metric_alarm",
      "name": "dms_freeable_memory",
      "provider": "provider[\"registry.terraform.io/hashicorp/aws\"]",
      "instances": [
        {
          "index_key": 0,
          "schema_version": 1,
          "attributes": {
            "actions_enabled": true,
            "alarm_actions": [],
            "alarm_description": "",
            "alarm_name": "Etleap - test2 - DMS Freeable Memory \u003c= 10%",
            "arn": "arn:aws:cloudwatch:us-east-1:209479308486:alarm:Etleap - test2 - DMS Freeable Memory \u003c= 10%",
            "comparison_operator": "LessThanOrEqualToThreshold",
            "datapoints_to_alarm": 0,
            "dimensions": {},
            "evaluate_low_sample_count_percentiles": "",
            "evaluation_periods": 3,
            "extended_statistic": "",
            "id": "Etleap - test2 - DMS Freeable Memory \u003c= 10%",
            "insufficient_data_actions": [],
            "metric_name": "FreeableMemory",
            "metric_query": [],
            "namespace": "AWS/DMS",
            "ok_actions": [],
            "period": 300,
            "statistic": "Average",
            "tags": {
              "Deployment": "test2",
              "Environment": "sandbox",
              "Operator": "Benedict.Chan"
            },
            "tags_all": {
              "Deployment": "test2",
              "Environment": "sandbox",
              "Operator": "Benedict.Chan"
            },
            "threshold": 214748364.8,
            "threshold_metric_id": "",
            "treat_missing_data": "missing",
            "unit": ""
          },
          "sensitive_attributes": [],
          "identity_schema_version": 0,
          "private": "eyJzY2hlbWFfdmVyc2lvbiI6IjEifQ==",
          "dependencies": [
            "module.vpc.data.aws_ec2_instance_type.dms_instance_type"
          ]
        }
      ]
    },
    {
      "module": "module.vpc",
      "mode": "managed",
      "type": "aws_cloudwatch_metric_alarm",
      "name": "emr_cluster_running",
      "provider": "provider[\"registry.terraform.io/hashicorp/aws\"]",
      "instances": [
        {
          "index_key": 0,
          "schema_version": 1,
          "attributes": {
            "actions_enabled": true,
            "alarm_actions": [],
            "alarm_description": "",
            "alarm_name": "Etleap - test2 - EMR Cluster Running",
            "arn": "arn:aws:cloudwatch:us-east-1:209479308486:alarm:Etleap - test2 - EMR Cluster Running",
            "comparison_operator": "LessThanThreshold",
            "datapoints_to_alarm": 0,
            "dimensions": {
              "JobFlowId": "j-3CLUJTEOO7MIB"
            },
            "evaluate_low_sample_count_percentiles": "",
            "evaluation_periods": 3,
            "extended_statistic": "",
            "id": "Etleap - test2 - EMR Cluster Running",
            "insufficient_data_actions": [],
            "metric_name": "CoreNodesRunning",
            "metric_query": [],
            "namespace": "AWS/ElasticMapReduce",
            "ok_actions": [],
            "period": 300,
            "statistic": "Average",
            "tags": {
              "Deployment": "test2",
              "Environment": "sandbox",
              "Operator": "Benedict.Chan"
            },
            "tags_all": {
              "Deployment": "test2",
              "Environment": "sandbox",
              "Operator": "Benedict.Chan"
            },
            "threshold": 1,
            "threshold_metric_id": "",
            "treat_missing_data": "breaching",
            "unit": ""
          },
          "sensitive_attributes": [],
          "identity_schema_version": 0,
          "private": "eyJzY2hlbWFfdmVyc2lvbiI6IjEifQ==",
          "dependencies": [
            "aws_key_pair.ssh",
            "module.vpc.aws_emr_cluster.emr",
            "module.vpc.aws_emr_security_configuration.emrfs_sse_kms",
            "module.vpc.aws_iam_instance_profile.emr_profile",
            "module.vpc.aws_iam_role.emr",
            "module.vpc.aws_iam_role.emr_default_role",
            "module.vpc.aws_instance.nat",
            "module.vpc.aws_kms_key.etleap_emr_ebs_encryption_key",
            "module.vpc.aws_network_interface.zookeeper",
            "module.vpc.aws_s3_bucket.intermediate",
            "module.vpc.aws_s3_object.customer_post_install_script",
            "module.vpc.aws_security_group.emr",
            "module.vpc.aws_security_group.emr-master-managed",
            "module.vpc.aws_security_group.emr-service-access-managed",
            "module.vpc.aws_security_group.emr-slave-managed",
            "module.vpc.aws_security_group.nat",
            "module.vpc.aws_security_group.zookeeper",
            "module.vpc.aws_subnet.a_private",
            "module.vpc.aws_subnet.b_private",
            "module.vpc.aws_subnet.b_public",
            "module.vpc.aws_subnet.c_private",
            "module.vpc.aws_vpc.etleap",
            "module.vpc.data.aws_ami.nat",
            "module.vpc.data.aws_caller_identity.current",
            "module.vpc.data.aws_region.current",
            "module.vpc.null_resource.emr_configuration_change",
            "module.vpc.random_id.deployment_random"
          ]
        }
      ]
    },
    {
      "module": "module.vpc",
      "mode": "managed",
      "type": "aws_cloudwatch_metric_alarm",
      "name": "emr_core_cpu",
      "provider": "provider[\"registry.terraform.io/hashicorp/aws\"]",
      "instances": [
        {
          "index_key": 0,
          "schema_version": 1,
          "attributes": {
            "actions_enabled": true,
            "alarm_actions": [],
            "alarm_description": "",
            "alarm_name": "Etleap - test2 - EMR Core 80% CPU",
            "arn": "arn:aws:cloudwatch:us-east-1:209479308486:alarm:Etleap - test2 - EMR Core 80% CPU",
            "comparison_operator": "GreaterThanThreshold",
            "datapoints_to_alarm": 0,
            "dimensions": {},
            "evaluate_low_sample_count_percentiles": "",
            "evaluation_periods": 3,
            "extended_statistic": "",
            "id": "Etleap - test2 - EMR Core 80% CPU",
            "insufficient_data_actions": [],
            "metric_name": "",
            "metric_query": [
              {
                "account_id": "",
                "expression": "",
                "id": "i_06e0a221777507c0d",
                "label": "",
                "metric": [
                  {
                    "dimensions": {
                      "InstanceId": "i-06e0a221777507c0d"
                    },
                    "metric_name": "CPUUtilization",
                    "namespace": "AWS/EC2",
                    "period": 300,
                    "stat": "Average",
                    "unit": ""
                  }
                ],
                "period": null,
                "return_data": false
              },
              {
                "account_id": null,
                "expression": "MAX(METRICS())",
                "id": "max_cpu",
                "label": "Max Core CPU",
                "metric": [],
                "period": null,
                "return_data": true
              }
            ],
            "namespace": "",
            "ok_actions": [],
            "period": 0,
            "statistic": "",
            "tags": {
              "Deployment": "test2",
              "Environment": "sandbox",
              "Operator": "Benedict.Chan"
            },
            "tags_all": {
              "Deployment": "test2",
              "Environment": "sandbox",
              "Operator": "Benedict.Chan"
            },
            "threshold": 80,
            "threshold_metric_id": "",
            "treat_missing_data": "missing",
            "unit": ""
          },
          "sensitive_attributes": [],
          "identity_schema_version": 0,
          "private": "eyJzY2hlbWFfdmVyc2lvbiI6IjEifQ==",
          "dependencies": [
            "aws_key_pair.ssh",
            "module.vpc.aws_emr_cluster.emr",
            "module.vpc.aws_emr_security_configuration.emrfs_sse_kms",
            "module.vpc.aws_iam_instance_profile.emr_profile",
            "module.vpc.aws_iam_role.emr",
            "module.vpc.aws_iam_role.emr_default_role",
            "module.vpc.aws_instance.nat",
            "module.vpc.aws_kms_key.etleap_emr_ebs_encryption_key",
            "module.vpc.aws_network_interface.zookeeper",
            "module.vpc.aws_s3_bucket.intermediate",
            "module.vpc.aws_s3_object.customer_post_install_script",
            "module.vpc.aws_security_group.emr",
            "module.vpc.aws_security_group.emr-master-managed",
            "module.vpc.aws_security_group.emr-service-access-managed",
            "module.vpc.aws_security_group.emr-slave-managed",
            "module.vpc.aws_security_group.nat",
            "module.vpc.aws_security_group.zookeeper",
            "module.vpc.aws_subnet.a_private",
            "module.vpc.aws_subnet.b_private",
            "module.vpc.aws_subnet.b_public",
            "module.vpc.aws_subnet.c_private",
            "module.vpc.aws_vpc.etleap",
            "module.vpc.data.aws_ami.nat",
            "module.vpc.data.aws_caller_identity.current",
            "module.vpc.data.aws_instances.emr-core",
            "module.vpc.data.aws_region.current",
            "module.vpc.null_resource.emr_configuration_change",
            "module.vpc.random_id.deployment_random"
          ]
        }
      ]
    },
    {
      "module": "module.vpc",
      "mode": "managed",
      "type": "aws_cloudwatch_metric_alarm",
      "name": "emr_hdfs_utilization",
      "provider": "provider[\"registry.terraform.io/hashicorp/aws\"]",
      "instances": [
        {
          "index_key": 0,
          "schema_version": 1,
          "attributes": {
            "actions_enabled": true,
            "alarm_actions": [],
            "alarm_description": "",
            "alarm_name": "Etleap - test2 - 60% Disk EMR HDFS",
            "arn": "arn:aws:cloudwatch:us-east-1:209479308486:alarm:Etleap - test2 - 60% Disk EMR HDFS",
            "comparison_operator": "GreaterThanThreshold",
            "datapoints_to_alarm": 0,
            "dimensions": {
              "JobFlowId": "j-3CLUJTEOO7MIB"
            },
            "evaluate_low_sample_count_percentiles": "",
            "evaluation_periods": 3,
            "extended_statistic": "",
            "id": "Etleap - test2 - 60% Disk EMR HDFS",
            "insufficient_data_actions": [],
            "metric_name": "HDFSUtilization",
            "metric_query": [],
            "namespace": "AWS/ElasticMapReduce",
            "ok_actions": [],
            "period": 300,
            "statistic": "Maximum",
            "tags": {
              "Deployment": "test2",
              "Environment": "sandbox",
              "Operator": "Benedict.Chan"
            },
            "tags_all": {
              "Deployment": "test2",
              "Environment": "sandbox",
              "Operator": "Benedict.Chan"
            },
            "threshold": 60,
            "threshold_metric_id": "",
            "treat_missing_data": "missing",
            "unit": ""
          },
          "sensitive_attributes": [],
          "identity_schema_version": 0,
          "private": "eyJzY2hlbWFfdmVyc2lvbiI6IjEifQ==",
          "dependencies": [
            "aws_key_pair.ssh",
            "module.vpc.aws_emr_cluster.emr",
            "module.vpc.aws_emr_security_configuration.emrfs_sse_kms",
            "module.vpc.aws_iam_instance_profile.emr_profile",
            "module.vpc.aws_iam_role.emr",
            "module.vpc.aws_iam_role.emr_default_role",
            "module.vpc.aws_instance.nat",
            "module.vpc.aws_kms_key.etleap_emr_ebs_encryption_key",
            "module.vpc.aws_network_interface.zookeeper",
            "module.vpc.aws_s3_bucket.intermediate",
            "module.vpc.aws_s3_object.customer_post_install_script",
            "module.vpc.aws_security_group.emr",
            "module.vpc.aws_security_group.emr-master-managed",
            "module.vpc.aws_security_group.emr-service-access-managed",
            "module.vpc.aws_security_group.emr-slave-managed",
            "module.vpc.aws_security_group.nat",
            "module.vpc.aws_security_group.zookeeper",
            "module.vpc.aws_subnet.a_private",
            "module.vpc.aws_subnet.b_private",
            "module.vpc.aws_subnet.b_public",
            "module.vpc.aws_subnet.c_private",
            "module.vpc.aws_vpc.etleap",
            "module.vpc.data.aws_ami.nat",
            "module.vpc.data.aws_caller_identity.current",
            "module.vpc.data.aws_region.current",
            "module.vpc.null_resource.emr_configuration_change",
            "module.vpc.random_id.deployment_random"
          ]
        }
      ]
    },
    {
      "module": "module.vpc",
      "mode": "managed",
      "type": "aws_cloudwatch_metric_alarm",
      "name": "emr_missing_blocks",
      "provider": "provider[\"registry.terraform.io/hashicorp/aws\"]",
      "instances": [
        {
          "index_key": 0,
          "schema_version": 1,
          "attributes": {
            "actions_enabled": true,
            "alarm_actions": [],
            "alarm_description": "",
            "alarm_name": "Etleap - test2 - EMR Missing Blocks",
            "arn": "arn:aws:cloudwatch:us-east-1:209479308486:alarm:Etleap - test2 - EMR Missing Blocks",
            "comparison_operator": "GreaterThanThreshold",
            "datapoints_to_alarm": 0,
            "dimensions": {
              "JobFlowId": "j-3CLUJTEOO7MIB"
            },
            "evaluate_low_sample_count_percentiles": "",
            "evaluation_periods": 3,
            "extended_statistic": "",
            "id": "Etleap - test2 - EMR Missing Blocks",
            "insufficient_data_actions": [],
            "metric_name": "MissingBlocks",
            "metric_query": [],
            "namespace": "AWS/ElasticMapReduce",
            "ok_actions": [],
            "period": 300,
            "statistic": "Minimum",
            "tags": {
              "Deployment": "test2",
              "Environment": "sandbox",
              "Operator": "Benedict.Chan"
            },
            "tags_all": {
              "Deployment": "test2",
              "Environment": "sandbox",
              "Operator": "Benedict.Chan"
            },
            "threshold": 0,
            "threshold_metric_id": "",
            "treat_missing_data": "missing",
            "unit": ""
          },
          "sensitive_attributes": [],
          "identity_schema_version": 0,
          "private": "eyJzY2hlbWFfdmVyc2lvbiI6IjEifQ==",
          "dependencies": [
            "aws_key_pair.ssh",
            "module.vpc.aws_emr_cluster.emr",
            "module.vpc.aws_emr_security_configuration.emrfs_sse_kms",
            "module.vpc.aws_iam_instance_profile.emr_profile",
            "module.vpc.aws_iam_role.emr",
            "module.vpc.aws_iam_role.emr_default_role",
            "module.vpc.aws_instance.nat",
            "module.vpc.aws_kms_key.etleap_emr_ebs_encryption_key",
            "module.vpc.aws_network_interface.zookeeper",
            "module.vpc.aws_s3_bucket.intermediate",
            "module.vpc.aws_s3_object.customer_post_install_script",
            "module.vpc.aws_security_group.emr",
            "module.vpc.aws_security_group.emr-master-managed",
            "module.vpc.aws_security_group.emr-service-access-managed",
            "module.vpc.aws_security_group.emr-slave-managed",
            "module.vpc.aws_security_group.nat",
            "module.vpc.aws_security_group.zookeeper",
            "module.vpc.aws_subnet.a_private",
            "module.vpc.aws_subnet.b_private",
            "module.vpc.aws_subnet.b_public",
            "module.vpc.aws_subnet.c_private",
            "module.vpc.aws_vpc.etleap",
            "module.vpc.data.aws_ami.nat",
            "module.vpc.data.aws_caller_identity.current",
            "module.vpc.data.aws_region.current",
            "module.vpc.null_resource.emr_configuration_change",
            "module.vpc.random_id.deployment_random"
          ]
        }
      ]
    },
    {
      "module": "module.vpc",
      "mode": "managed",
      "type": "aws_cloudwatch_metric_alarm",
      "name": "emr_namenode_disk",
      "provider": "provider[\"registry.terraform.io/hashicorp/aws\"]",
      "instances": [
        {
          "schema_version": 1,
          "attributes": {
            "actions_enabled": true,
            "alarm_actions": [],
            "alarm_description": "",
            "alarm_name": "Etleap - test2 - 80% Disk EMR NameNode",
            "arn": "arn:aws:cloudwatch:us-east-1:209479308486:alarm:Etleap - test2 - 80% Disk EMR NameNode",
            "comparison_operator": "GreaterThanThreshold",
            "datapoints_to_alarm": 0,
            "dimensions": {
              "Device": "NameNode",
              "InstanceId": "i-077aec37eb529e4a1"
            },
            "evaluate_low_sample_count_percentiles": "",
            "evaluation_periods": 3,
            "extended_statistic": "",
            "id": "Etleap - test2 - 80% Disk EMR NameNode",
            "insufficient_data_actions": [],
            "metric_name": "Disk",
            "metric_query": [],
            "namespace": "Etleap/EC2",
            "ok_actions": [],
            "period": 600,
            "statistic": "Maximum",
            "tags": {
              "Deployment": "test2",
              "Environment": "sandbox",
              "Operator": "Benedict.Chan"
            },
            "tags_all": {
              "Deployment": "test2",
              "Environment": "sandbox",
              "Operator": "Benedict.Chan"
            },
            "threshold": 80,
            "threshold_metric_id": "",
            "treat_missing_data": "missing",
            "unit": ""
          },
          "sensitive_attributes": [],
          "identity_schema_version": 0,
          "private": "eyJzY2hlbWFfdmVyc2lvbiI6IjEifQ==",
          "dependencies": [
            "aws_key_pair.ssh",
            "module.vpc.aws_emr_cluster.emr",
            "module.vpc.aws_emr_security_configuration.emrfs_sse_kms",
            "module.vpc.aws_iam_instance_profile.emr_profile",
            "module.vpc.aws_iam_role.emr",
            "module.vpc.aws_iam_role.emr_default_role",
            "module.vpc.aws_instance.nat",
            "module.vpc.aws_kms_key.etleap_emr_ebs_encryption_key",
            "module.vpc.aws_network_interface.zookeeper",
            "module.vpc.aws_s3_bucket.intermediate",
            "module.vpc.aws_s3_object.customer_post_install_script",
            "module.vpc.aws_security_group.emr",
            "module.vpc.aws_security_group.emr-master-managed",
            "module.vpc.aws_security_group.emr-service-access-managed",
            "module.vpc.aws_security_group.emr-slave-managed",
            "module.vpc.aws_security_group.nat",
            "module.vpc.aws_security_group.zookeeper",
            "module.vpc.aws_subnet.a_private",
            "module.vpc.aws_subnet.b_private",
            "module.vpc.aws_subnet.b_public",
            "module.vpc.aws_subnet.c_private",
            "module.vpc.aws_vpc.etleap",
            "module.vpc.data.aws_ami.nat",
            "module.vpc.data.aws_caller_identity.current",
            "module.vpc.data.aws_instance.emr-master",
            "module.vpc.data.aws_region.current",
            "module.vpc.null_resource.emr_configuration_change",
            "module.vpc.random_id.deployment_random"
          ]
        }
      ]
    },
    {
      "module": "module.vpc",
      "mode": "managed",
      "type": "aws_cloudwatch_metric_alarm",
      "name": "emr_unhealthy_nodes",
      "provider": "provider[\"registry.terraform.io/hashicorp/aws\"]",
      "instances": [
        {
          "index_key": 0,
          "schema_version": 1,
          "attributes": {
            "actions_enabled": true,
            "alarm_actions": [],
            "alarm_description": "",
            "alarm_name": "Etleap - test2 - EMR Unhealthy Nodes",
            "arn": "arn:aws:cloudwatch:us-east-1:209479308486:alarm:Etleap - test2 - EMR Unhealthy Nodes",
            "comparison_operator": "GreaterThanThreshold",
            "datapoints_to_alarm": 0,
            "dimensions": {
              "JobFlowId": "j-3CLUJTEOO7MIB"
            },
            "evaluate_low_sample_count_percentiles": "",
            "evaluation_periods": 3,
            "extended_statistic": "",
            "id": "Etleap - test2 - EMR Unhealthy Nodes",
            "insufficient_data_actions": [],
            "metric_name": "MRUnhealthyNodes",
            "metric_query": [],
            "namespace": "AWS/ElasticMapReduce",
            "ok_actions": [],
            "period": 300,
            "statistic": "Minimum",
            "tags": {
              "Deployment": "test2",
              "Environment": "sandbox",
              "Operator": "Benedict.Chan"
            },
            "tags_all": {
              "Deployment": "test2",
              "Environment": "sandbox",
              "Operator": "Benedict.Chan"
            },
            "threshold": 0,
            "threshold_metric_id": "",
            "treat_missing_data": "missing",
            "unit": ""
          },
          "sensitive_attributes": [],
          "identity_schema_version": 0,
          "private": "eyJzY2hlbWFfdmVyc2lvbiI6IjEifQ==",
          "dependencies": [
            "aws_key_pair.ssh",
            "module.vpc.aws_emr_cluster.emr",
            "module.vpc.aws_emr_security_configuration.emrfs_sse_kms",
            "module.vpc.aws_iam_instance_profile.emr_profile",
            "module.vpc.aws_iam_role.emr",
            "module.vpc.aws_iam_role.emr_default_role",
            "module.vpc.aws_instance.nat",
            "module.vpc.aws_kms_key.etleap_emr_ebs_encryption_key",
            "module.vpc.aws_network_interface.zookeeper",
            "module.vpc.aws_s3_bucket.intermediate",
            "module.vpc.aws_s3_object.customer_post_install_script",
            "module.vpc.aws_security_group.emr",
            "module.vpc.aws_security_group.emr-master-managed",
            "module.vpc.aws_security_group.emr-service-access-managed",
            "module.vpc.aws_security_group.emr-slave-managed",
            "module.vpc.aws_security_group.nat",
            "module.vpc.aws_security_group.zookeeper",
            "module.vpc.aws_subnet.a_private",
            "module.vpc.aws_subnet.b_private",
            "module.vpc.aws_subnet.b_public",
            "module.vpc.aws_subnet.c_private",
            "module.vpc.aws_vpc.etleap",
            "module.vpc.data.aws_ami.nat",
            "module.vpc.data.aws_caller_identity.current",
            "module.vpc.data.aws_region.current",
            "module.vpc.null_resource.emr_configuration_change",
            "module.vpc.random_id.deployment_random"
          ]
        }
      ]
    },
    {
      "module": "module.vpc",
      "mode": "managed",
      "type": "aws_cloudwatch_metric_alarm",
      "name": "job_gc",
      "provider": "provider[\"registry.terraform.io/hashicorp/aws\"]",
      "instances": [
        {
          "index_key": 0,
          "schema_version": 1,
          "attributes": {
            "actions_enabled": true,
            "alarm_actions": [],
            "alarm_description": "",
            "alarm_name": "Etleap - test2 - High Job GC Activity",
            "arn": "arn:aws:cloudwatch:us-east-1:209479308486:alarm:Etleap - test2 - High Job GC Activity",
            "comparison_operator": "GreaterThanThreshold",
            "datapoints_to_alarm": 10,
            "dimensions": {},
            "evaluate_low_sample_count_percentiles": "",
            "evaluation_periods": 10,
            "extended_statistic": "",
            "id": "Etleap - test2 - High Job GC Activity",
            "insufficient_data_actions": [],
            "metric_name": "",
            "metric_query": [
              {
                "account_id": "",
                "expression": "",
                "id": "m1",
                "label": "",
                "metric": [
                  {
                    "dimensions": {
                      "Env": "test2",
                      "class": "JVMMetricsService",
                      "id": "gcMetrics",
                      "level": "INFO",
                      "local-hostname": "ip-172-22-5-133.ec2.internal",
                      "type": "GAUGE"
                    },
                    "metric_name": "GC Stop-the-World Time",
                    "namespace": "Etleap/Java",
                    "period": 60,
                    "stat": "Maximum",
                    "unit": ""
                  }
                ],
                "period": 0,
                "return_data": false
              },
              {
                "account_id": "",
                "expression": "100*(((RATE(m1)+ABS(RATE(m1)))/2)/1000)",
                "id": "e1",
                "label": "GC Stop-the-World Pct",
                "metric": [],
                "period": 0,
                "return_data": true
              }
            ],
            "namespace": "",
            "ok_actions": [],
            "period": 0,
            "statistic": "",
            "tags": {
              "Deployment": "test2",
              "Environment": "sandbox",
              "Operator": "Benedict.Chan"
            },
            "tags_all": {
              "Deployment": "test2",
              "Environment": "sandbox",
              "Operator": "Benedict.Chan"
            },
            "threshold": 25,
            "threshold_metric_id": "",
            "treat_missing_data": "missing",
            "unit": ""
          },
          "sensitive_attributes": [],
          "identity_schema_version": 0,
          "private": "eyJzY2hlbWFfdmVyc2lvbiI6IjEifQ==",
          "dependencies": [
            "module.vpc.aws_network_interface.main_app",
            "module.vpc.aws_security_group.app",
            "module.vpc.aws_subnet.b_private",
            "module.vpc.aws_vpc.etleap",
            "module.vpc.data.aws_region.current"
          ]
        }
      ]
    },
    {
      "module": "module.vpc",
      "mode": "managed",
      "type": "aws_cloudwatch_metric_alarm",
      "name": "job_running",
      "provider": "provider[\"registry.terraform.io/hashicorp/aws\"]",
      "instances": [
        {
          "schema_version": 1,
          "attributes": {
            "actions_enabled": true,
            "alarm_actions": [],
            "alarm_description": "",
            "alarm_name": "Etleap - test2 - Job is running",
            "arn": "arn:aws:cloudwatch:us-east-1:209479308486:alarm:Etleap - test2 - Job is running",
            "comparison_operator": "LessThanThreshold",
            "datapoints_to_alarm": 0,
            "dimensions": {
              "Deployment": "test2"
            },
            "evaluate_low_sample_count_percentiles": "",
            "evaluation_periods": 10,
            "extended_statistic": "",
            "id": "Etleap - test2 - Job is running",
            "insufficient_data_actions": [],
            "metric_name": "JobRunning",
            "metric_query": [],
            "namespace": "Etleap/EC2",
            "ok_actions": [],
            "period": 60,
            "statistic": "Sum",
            "tags": {
              "Deployment": "test2",
              "Environment": "sandbox",
              "Operator": "Benedict.Chan"
            },
            "tags_all": {
              "Deployment": "test2",
              "Environment": "sandbox",
              "Operator": "Benedict.Chan"
            },
            "threshold": 1,
            "threshold_metric_id": "",
            "treat_missing_data": "missing",
            "unit": ""
          },
          "sensitive_attributes": [],
          "identity_schema_version": 0,
          "private": "eyJzY2hlbWFfdmVyc2lvbiI6IjEifQ=="
        }
      ]
    },
    {
      "module": "module.vpc",
      "mode": "managed",
      "type": "aws_cloudwatch_metric_alarm",
      "name": "kinesis_running_main_app",
      "provider": "provider[\"registry.terraform.io/hashicorp/aws\"]",
      "instances": [
        {
          "index_key": 0,
          "schema_version": 1,
          "attributes": {
            "actions_enabled": true,
            "alarm_actions": [],
            "alarm_description": "",
            "alarm_name": "Etleap - test2 - main_app - Kinesis Agent not running",
            "arn": "arn:aws:cloudwatch:us-east-1:209479308486:alarm:Etleap - test2 - main_app - Kinesis Agent not running",
            "comparison_operator": "LessThanThreshold",
            "datapoints_to_alarm": 0,
            "dimensions": {
              "Deployment": "test2",
              "InstanceId": "i-04eb87e92425e5635"
            },
            "evaluate_low_sample_count_percentiles": "",
            "evaluation_periods": 10,
            "extended_statistic": "",
            "id": "Etleap - test2 - main_app - Kinesis Agent not running",
            "insufficient_data_actions": [],
            "metric_name": "AwsKinesisRunning",
            "metric_query": [],
            "namespace": "Etleap/EC2",
            "ok_actions": [],
            "period": 60,
            "statistic": "Average",
            "tags": {
              "Deployment": "test2",
              "Environment": "sandbox",
              "Operator": "Benedict.Chan"
            },
            "tags_all": {
              "Deployment": "test2",
              "Environment": "sandbox",
              "Operator": "Benedict.Chan"
            },
            "threshold": 1,
            "threshold_metric_id": "",
            "treat_missing_data": "notBreaching",
            "unit": ""
          },
          "sensitive_attributes": [],
          "identity_schema_version": 0,
          "private": "eyJzY2hlbWFfdmVyc2lvbiI6IjEifQ==",
          "dependencies": [
            "aws_key_pair.ssh",
            "module.vpc.aws_cognito_identity_pool.etleap_azure_identity_pool",
            "module.vpc.aws_db_instance.db",
            "module.vpc.aws_db_parameter_group.mysql8-4-etleap",
            "module.vpc.aws_db_subnet_group.db",
            "module.vpc.aws_dms_replication_instance.dms",
            "module.vpc.aws_dms_replication_subnet_group.dms",
            "module.vpc.aws_dynamodb_table.activity-log",
            "module.vpc.aws_emr_cluster.emr",
            "module.vpc.aws_emr_security_configuration.emrfs_sse_kms",
            "module.vpc.aws_glue_catalog_database.iceberg_system_tables_db",
            "module.vpc.aws_iam_instance_profile.app",
            "module.vpc.aws_iam_instance_profile.emr_profile",
            "module.vpc.aws_iam_role.app",
            "module.vpc.aws_iam_role.dms",
            "module.vpc.aws_iam_role.emr",
            "module.vpc.aws_iam_role.emr_default_role",
            "module.vpc.aws_iam_role.intermediate",
            "module.vpc.aws_instance.nat",
            "module.vpc.aws_internet_gateway.etleap",
            "module.vpc.aws_kms_key.etleap_emr_ebs_encryption_key",
            "module.vpc.aws_kms_key.etleap_encryption_key",
            "module.vpc.aws_lb.app",
            "module.vpc.aws_network_interface.main_app",
            "module.vpc.aws_network_interface.zookeeper",
            "module.vpc.aws_route.prod_public",
            "module.vpc.aws_route_table.public",
            "module.vpc.aws_s3_bucket.intermediate",
            "module.vpc.aws_s3_object.customer_post_install_script",
            "module.vpc.aws_s3_object.db_init_script",
            "module.vpc.aws_s3_object.influx_db_init_script",
            "module.vpc.aws_secretsmanager_secret.influx_db_api_token",
            "module.vpc.aws_security_group.app",
            "module.vpc.aws_security_group.db",
            "module.vpc.aws_security_group.dms",
            "module.vpc.aws_security_group.emr",
            "module.vpc.aws_security_group.emr-master-managed",
            "module.vpc.aws_security_group.emr-service-access-managed",
            "module.vpc.aws_security_group.emr-slave-managed",
            "module.vpc.aws_security_group.influxdb",
            "module.vpc.aws_security_group.nat",
            "module.vpc.aws_security_group.zookeeper",
            "module.vpc.aws_ssm_parameter.emr_cluster_id",
            "module.vpc.aws_subnet.a_private",
            "module.vpc.aws_subnet.a_public",
            "module.vpc.aws_subnet.b_private",
            "module.vpc.aws_subnet.b_public",
            "module.vpc.aws_subnet.c_private",
            "module.vpc.aws_timestreaminfluxdb_db_instance.influx_db",
            "module.vpc.aws_vpc.etleap",
            "module.vpc.data.aws_ami.nat",
            "module.vpc.data.aws_caller_identity.current",
            "module.vpc.data.aws_iam_policy_document.dms_assume_role",
            "module.vpc.data.aws_region.current",
            "module.vpc.data.aws_secretsmanager_secret_version.influx_db_password",
            "module.vpc.module.admin_password.aws_secretsmanager_secret.secret",
            "module.vpc.module.db_password.aws_secretsmanager_secret.secret",
            "module.vpc.module.db_root_password.aws_secretsmanager_secret.secret",
            "module.vpc.module.db_root_password.aws_secretsmanager_secret_version.secret",
            "module.vpc.module.db_root_password.random_password.secret_value",
            "module.vpc.module.db_support_password.aws_secretsmanager_secret.secret",
            "module.vpc.module.deployment_secret.aws_secretsmanager_secret.secret",
            "module.vpc.module.elva.aws_iam_user.elva",
            "module.vpc.module.elva.aws_lb.elva",
            "module.vpc.module.elva.aws_security_group.elva-elb",
            "module.vpc.module.inbound_queue.aws_sns_topic.etleap-inbound",
            "module.vpc.module.inbound_queue.aws_sqs_queue.etleap-inbound",
            "module.vpc.module.inbound_queue.aws_sqs_queue.etleap-inbound-dlq",
            "module.vpc.module.influx_db_password.aws_secretsmanager_secret.secret",
            "module.vpc.module.influx_db_password.aws_secretsmanager_secret_version.secret",
            "module.vpc.module.influx_db_password.random_password.secret_value",
            "module.vpc.module.main_app.aws_instance.app",
            "module.vpc.module.setup_password.aws_secretsmanager_secret.secret",
            "module.vpc.module.setup_password.aws_secretsmanager_secret_version.secret",
            "module.vpc.module.setup_password.random_password.secret_value",
            "module.vpc.null_resource.are_influx_db_hostname_and_password_valid",
            "module.vpc.null_resource.emr_configuration_change",
            "module.vpc.random_id.deployment_random"
          ]
        }
      ]
    },
    {
      "module": "module.vpc",
      "mode": "managed",
      "type": "aws_cloudwatch_metric_alarm",
      "name": "main_app_disk_docker",
      "provider": "provider[\"registry.terraform.io/hashicorp/aws\"]",
      "instances": [
        {
          "index_key": 0,
          "schema_version": 1,
          "attributes": {
            "actions_enabled": true,
            "alarm_actions": [],
            "alarm_description": "",
            "alarm_name": "Etleap - test2 - Main Node 90% Disk Docker",
            "arn": "arn:aws:cloudwatch:us-east-1:209479308486:alarm:Etleap - test2 - Main Node 90% Disk Docker",
            "comparison_operator": "GreaterThanThreshold",
            "datapoints_to_alarm": 0,
            "dimensions": {
              "Device": "Docker",
              "InstanceId": "i-04eb87e92425e5635"
            },
            "evaluate_low_sample_count_percentiles": "",
            "evaluation_periods": 1,
            "extended_statistic": "",
            "id": "Etleap - test2 - Main Node 90% Disk Docker",
            "insufficient_data_actions": [],
            "metric_name": "Disk",
            "metric_query": [],
            "namespace": "Etleap/EC2",
            "ok_actions": [],
            "period": 60,
            "statistic": "Maximum",
            "tags": {
              "Deployment": "test2",
              "Environment": "sandbox",
              "Operator": "Benedict.Chan"
            },
            "tags_all": {
              "Deployment": "test2",
              "Environment": "sandbox",
              "Operator": "Benedict.Chan"
            },
            "threshold": 90,
            "threshold_metric_id": "",
            "treat_missing_data": "missing",
            "unit": ""
          },
          "sensitive_attributes": [],
          "identity_schema_version": 0,
          "private": "eyJzY2hlbWFfdmVyc2lvbiI6IjEifQ==",
          "dependencies": [
            "aws_key_pair.ssh",
            "module.vpc.aws_cognito_identity_pool.etleap_azure_identity_pool",
            "module.vpc.aws_db_instance.db",
            "module.vpc.aws_db_parameter_group.mysql8-4-etleap",
            "module.vpc.aws_db_subnet_group.db",
            "module.vpc.aws_dms_replication_instance.dms",
            "module.vpc.aws_dms_replication_subnet_group.dms",
            "module.vpc.aws_dynamodb_table.activity-log",
            "module.vpc.aws_emr_cluster.emr",
            "module.vpc.aws_emr_security_configuration.emrfs_sse_kms",
            "module.vpc.aws_glue_catalog_database.iceberg_system_tables_db",
            "module.vpc.aws_iam_instance_profile.app",
            "module.vpc.aws_iam_instance_profile.emr_profile",
            "module.vpc.aws_iam_role.app",
            "module.vpc.aws_iam_role.dms",
            "module.vpc.aws_iam_role.emr",
            "module.vpc.aws_iam_role.emr_default_role",
            "module.vpc.aws_iam_role.intermediate",
            "module.vpc.aws_instance.nat",
            "module.vpc.aws_internet_gateway.etleap",
            "module.vpc.aws_kms_key.etleap_emr_ebs_encryption_key",
            "module.vpc.aws_kms_key.etleap_encryption_key",
            "module.vpc.aws_lb.app",
            "module.vpc.aws_network_interface.main_app",
            "module.vpc.aws_network_interface.zookeeper",
            "module.vpc.aws_route.prod_public",
            "module.vpc.aws_route_table.public",
            "module.vpc.aws_s3_bucket.intermediate",
            "module.vpc.aws_s3_object.customer_post_install_script",
            "module.vpc.aws_s3_object.db_init_script",
            "module.vpc.aws_s3_object.influx_db_init_script",
            "module.vpc.aws_secretsmanager_secret.influx_db_api_token",
            "module.vpc.aws_security_group.app",
            "module.vpc.aws_security_group.db",
            "module.vpc.aws_security_group.dms",
            "module.vpc.aws_security_group.emr",
            "module.vpc.aws_security_group.emr-master-managed",
            "module.vpc.aws_security_group.emr-service-access-managed",
            "module.vpc.aws_security_group.emr-slave-managed",
            "module.vpc.aws_security_group.influxdb",
            "module.vpc.aws_security_group.nat",
            "module.vpc.aws_security_group.zookeeper",
            "module.vpc.aws_ssm_parameter.emr_cluster_id",
            "module.vpc.aws_subnet.a_private",
            "module.vpc.aws_subnet.a_public",
            "module.vpc.aws_subnet.b_private",
            "module.vpc.aws_subnet.b_public",
            "module.vpc.aws_subnet.c_private",
            "module.vpc.aws_timestreaminfluxdb_db_instance.influx_db",
            "module.vpc.aws_vpc.etleap",
            "module.vpc.data.aws_ami.nat",
            "module.vpc.data.aws_caller_identity.current",
            "module.vpc.data.aws_iam_policy_document.dms_assume_role",
            "module.vpc.data.aws_region.current",
            "module.vpc.data.aws_secretsmanager_secret_version.influx_db_password",
            "module.vpc.module.admin_password.aws_secretsmanager_secret.secret",
            "module.vpc.module.db_password.aws_secretsmanager_secret.secret",
            "module.vpc.module.db_root_password.aws_secretsmanager_secret.secret",
            "module.vpc.module.db_root_password.aws_secretsmanager_secret_version.secret",
            "module.vpc.module.db_root_password.random_password.secret_value",
            "module.vpc.module.db_support_password.aws_secretsmanager_secret.secret",
            "module.vpc.module.deployment_secret.aws_secretsmanager_secret.secret",
            "module.vpc.module.elva.aws_iam_user.elva",
            "module.vpc.module.elva.aws_lb.elva",
            "module.vpc.module.elva.aws_security_group.elva-elb",
            "module.vpc.module.inbound_queue.aws_sns_topic.etleap-inbound",
            "module.vpc.module.inbound_queue.aws_sqs_queue.etleap-inbound",
            "module.vpc.module.inbound_queue.aws_sqs_queue.etleap-inbound-dlq",
            "module.vpc.module.influx_db_password.aws_secretsmanager_secret.secret",
            "module.vpc.module.influx_db_password.aws_secretsmanager_secret_version.secret",
            "module.vpc.module.influx_db_password.random_password.secret_value",
            "module.vpc.module.main_app.aws_instance.app",
            "module.vpc.module.setup_password.aws_secretsmanager_secret.secret",
            "module.vpc.module.setup_password.aws_secretsmanager_secret_version.secret",
            "module.vpc.module.setup_password.random_password.secret_value",
            "module.vpc.null_resource.are_influx_db_hostname_and_password_valid",
            "module.vpc.null_resource.emr_configuration_change",
            "module.vpc.random_id.deployment_random"
          ]
        }
      ]
    },
    {
      "module": "module.vpc",
      "mode": "managed",
      "type": "aws_cloudwatch_metric_alarm",
      "name": "main_app_disk_root",
      "provider": "provider[\"registry.terraform.io/hashicorp/aws\"]",
      "instances": [
        {
          "index_key": 0,
          "schema_version": 1,
          "attributes": {
            "actions_enabled": true,
            "alarm_actions": [],
            "alarm_description": "",
            "alarm_name": "Etleap - test2 - Main Node 90% Disk Root",
            "arn": "arn:aws:cloudwatch:us-east-1:209479308486:alarm:Etleap - test2 - Main Node 90% Disk Root",
            "comparison_operator": "GreaterThanThreshold",
            "datapoints_to_alarm": 0,
            "dimensions": {
              "Device": "Root",
              "InstanceId": "i-04eb87e92425e5635"
            },
            "evaluate_low_sample_count_percentiles": "",
            "evaluation_periods": 1,
            "extended_statistic": "",
            "id": "Etleap - test2 - Main Node 90% Disk Root",
            "insufficient_data_actions": [],
            "metric_name": "Disk",
            "metric_query": [],
            "namespace": "Etleap/EC2",
            "ok_actions": [],
            "period": 60,
            "statistic": "Maximum",
            "tags": {
              "Deployment": "test2",
              "Environment": "sandbox",
              "Operator": "Benedict.Chan"
            },
            "tags_all": {
              "Deployment": "test2",
              "Environment": "sandbox",
              "Operator": "Benedict.Chan"
            },
            "threshold": 90,
            "threshold_metric_id": "",
            "treat_missing_data": "missing",
            "unit": ""
          },
          "sensitive_attributes": [],
          "identity_schema_version": 0,
          "private": "eyJzY2hlbWFfdmVyc2lvbiI6IjEifQ==",
          "dependencies": [
            "aws_key_pair.ssh",
            "module.vpc.aws_cognito_identity_pool.etleap_azure_identity_pool",
            "module.vpc.aws_db_instance.db",
            "module.vpc.aws_db_parameter_group.mysql8-4-etleap",
            "module.vpc.aws_db_subnet_group.db",
            "module.vpc.aws_dms_replication_instance.dms",
            "module.vpc.aws_dms_replication_subnet_group.dms",
            "module.vpc.aws_dynamodb_table.activity-log",
            "module.vpc.aws_emr_cluster.emr",
            "module.vpc.aws_emr_security_configuration.emrfs_sse_kms",
            "module.vpc.aws_glue_catalog_database.iceberg_system_tables_db",
            "module.vpc.aws_iam_instance_profile.app",
            "module.vpc.aws_iam_instance_profile.emr_profile",
            "module.vpc.aws_iam_role.app",
            "module.vpc.aws_iam_role.dms",
            "module.vpc.aws_iam_role.emr",
            "module.vpc.aws_iam_role.emr_default_role",
            "module.vpc.aws_iam_role.intermediate",
            "module.vpc.aws_instance.nat",
            "module.vpc.aws_internet_gateway.etleap",
            "module.vpc.aws_kms_key.etleap_emr_ebs_encryption_key",
            "module.vpc.aws_kms_key.etleap_encryption_key",
            "module.vpc.aws_lb.app",
            "module.vpc.aws_network_interface.main_app",
            "module.vpc.aws_network_interface.zookeeper",
            "module.vpc.aws_route.prod_public",
            "module.vpc.aws_route_table.public",
            "module.vpc.aws_s3_bucket.intermediate",
            "module.vpc.aws_s3_object.customer_post_install_script",
            "module.vpc.aws_s3_object.db_init_script",
            "module.vpc.aws_s3_object.influx_db_init_script",
            "module.vpc.aws_secretsmanager_secret.influx_db_api_token",
            "module.vpc.aws_security_group.app",
            "module.vpc.aws_security_group.db",
            "module.vpc.aws_security_group.dms",
            "module.vpc.aws_security_group.emr",
            "module.vpc.aws_security_group.emr-master-managed",
            "module.vpc.aws_security_group.emr-service-access-managed",
            "module.vpc.aws_security_group.emr-slave-managed",
            "module.vpc.aws_security_group.influxdb",
            "module.vpc.aws_security_group.nat",
            "module.vpc.aws_security_group.zookeeper",
            "module.vpc.aws_ssm_parameter.emr_cluster_id",
            "module.vpc.aws_subnet.a_private",
            "module.vpc.aws_subnet.a_public",
            "module.vpc.aws_subnet.b_private",
            "module.vpc.aws_subnet.b_public",
            "module.vpc.aws_subnet.c_private",
            "module.vpc.aws_timestreaminfluxdb_db_instance.influx_db",
            "module.vpc.aws_vpc.etleap",
            "module.vpc.data.aws_ami.nat",
            "module.vpc.data.aws_caller_identity.current",
            "module.vpc.data.aws_iam_policy_document.dms_assume_role",
            "module.vpc.data.aws_region.current",
            "module.vpc.data.aws_secretsmanager_secret_version.influx_db_password",
            "module.vpc.module.admin_password.aws_secretsmanager_secret.secret",
            "module.vpc.module.db_password.aws_secretsmanager_secret.secret",
            "module.vpc.module.db_root_password.aws_secretsmanager_secret.secret",
            "module.vpc.module.db_root_password.aws_secretsmanager_secret_version.secret",
            "module.vpc.module.db_root_password.random_password.secret_value",
            "module.vpc.module.db_support_password.aws_secretsmanager_secret.secret",
            "module.vpc.module.deployment_secret.aws_secretsmanager_secret.secret",
            "module.vpc.module.elva.aws_iam_user.elva",
            "module.vpc.module.elva.aws_lb.elva",
            "module.vpc.module.elva.aws_security_group.elva-elb",
            "module.vpc.module.inbound_queue.aws_sns_topic.etleap-inbound",
            "module.vpc.module.inbound_queue.aws_sqs_queue.etleap-inbound",
            "module.vpc.module.inbound_queue.aws_sqs_queue.etleap-inbound-dlq",
            "module.vpc.module.influx_db_password.aws_secretsmanager_secret.secret",
            "module.vpc.module.influx_db_password.aws_secretsmanager_secret_version.secret",
            "module.vpc.module.influx_db_password.random_password.secret_value",
            "module.vpc.module.main_app.aws_instance.app",
            "module.vpc.module.setup_password.aws_secretsmanager_secret.secret",
            "module.vpc.module.setup_password.aws_secretsmanager_secret_version.secret",
            "module.vpc.module.setup_password.random_password.secret_value",
            "module.vpc.null_resource.are_influx_db_hostname_and_password_valid",
            "module.vpc.null_resource.emr_configuration_change",
            "module.vpc.random_id.deployment_random"
          ]
        }
      ]
    },
    {
      "module": "module.vpc",
      "mode": "managed",
      "type": "aws_cloudwatch_metric_alarm",
      "name": "main_node_cpu",
      "provider": "provider[\"registry.terraform.io/hashicorp/aws\"]",
      "instances": [
        {
          "index_key": 0,
          "schema_version": 1,
          "attributes": {
            "actions_enabled": true,
            "alarm_actions": [],
            "alarm_description": "",
            "alarm_name": "Etleap - test2 - Main Node 80% CPU",
            "arn": "arn:aws:cloudwatch:us-east-1:209479308486:alarm:Etleap - test2 - Main Node 80% CPU",
            "comparison_operator": "GreaterThanThreshold",
            "datapoints_to_alarm": 0,
            "dimensions": {
              "InstanceId": "i-04eb87e92425e5635"
            },
            "evaluate_low_sample_count_percentiles": "",
            "evaluation_periods": 3,
            "extended_statistic": "",
            "id": "Etleap - test2 - Main Node 80% CPU",
            "insufficient_data_actions": [],
            "metric_name": "CPUUtilization",
            "metric_query": [],
            "namespace": "AWS/EC2",
            "ok_actions": [],
            "period": 300,
            "statistic": "Average",
            "tags": {
              "Deployment": "test2",
              "Environment": "sandbox",
              "Operator": "Benedict.Chan"
            },
            "tags_all": {
              "Deployment": "test2",
              "Environment": "sandbox",
              "Operator": "Benedict.Chan"
            },
            "threshold": 80,
            "threshold_metric_id": "",
            "treat_missing_data": "missing",
            "unit": ""
          },
          "sensitive_attributes": [],
          "identity_schema_version": 0,
          "private": "eyJzY2hlbWFfdmVyc2lvbiI6IjEifQ==",
          "dependencies": [
            "aws_key_pair.ssh",
            "module.vpc.aws_cognito_identity_pool.etleap_azure_identity_pool",
            "module.vpc.aws_db_instance.db",
            "module.vpc.aws_db_parameter_group.mysql8-4-etleap",
            "module.vpc.aws_db_subnet_group.db",
            "module.vpc.aws_dms_replication_instance.dms",
            "module.vpc.aws_dms_replication_subnet_group.dms",
            "module.vpc.aws_dynamodb_table.activity-log",
            "module.vpc.aws_emr_cluster.emr",
            "module.vpc.aws_emr_security_configuration.emrfs_sse_kms",
            "module.vpc.aws_glue_catalog_database.iceberg_system_tables_db",
            "module.vpc.aws_iam_instance_profile.app",
            "module.vpc.aws_iam_instance_profile.emr_profile",
            "module.vpc.aws_iam_role.app",
            "module.vpc.aws_iam_role.dms",
            "module.vpc.aws_iam_role.emr",
            "module.vpc.aws_iam_role.emr_default_role",
            "module.vpc.aws_iam_role.intermediate",
            "module.vpc.aws_instance.nat",
            "module.vpc.aws_internet_gateway.etleap",
            "module.vpc.aws_kms_key.etleap_emr_ebs_encryption_key",
            "module.vpc.aws_kms_key.etleap_encryption_key",
            "module.vpc.aws_lb.app",
            "module.vpc.aws_network_interface.main_app",
            "module.vpc.aws_network_interface.zookeeper",
            "module.vpc.aws_route.prod_public",
            "module.vpc.aws_route_table.public",
            "module.vpc.aws_s3_bucket.intermediate",
            "module.vpc.aws_s3_object.customer_post_install_script",
            "module.vpc.aws_s3_object.db_init_script",
            "module.vpc.aws_s3_object.influx_db_init_script",
            "module.vpc.aws_secretsmanager_secret.influx_db_api_token",
            "module.vpc.aws_security_group.app",
            "module.vpc.aws_security_group.db",
            "module.vpc.aws_security_group.dms",
            "module.vpc.aws_security_group.emr",
            "module.vpc.aws_security_group.emr-master-managed",
            "module.vpc.aws_security_group.emr-service-access-managed",
            "module.vpc.aws_security_group.emr-slave-managed",
            "module.vpc.aws_security_group.influxdb",
            "module.vpc.aws_security_group.nat",
            "module.vpc.aws_security_group.zookeeper",
            "module.vpc.aws_ssm_parameter.emr_cluster_id",
            "module.vpc.aws_subnet.a_private",
            "module.vpc.aws_subnet.a_public",
            "module.vpc.aws_subnet.b_private",
            "module.vpc.aws_subnet.b_public",
            "module.vpc.aws_subnet.c_private",
            "module.vpc.aws_timestreaminfluxdb_db_instance.influx_db",
            "module.vpc.aws_vpc.etleap",
            "module.vpc.data.aws_ami.nat",
            "module.vpc.data.aws_caller_identity.current",
            "module.vpc.data.aws_iam_policy_document.dms_assume_role",
            "module.vpc.data.aws_region.current",
            "module.vpc.data.aws_secretsmanager_secret_version.influx_db_password",
            "module.vpc.module.admin_password.aws_secretsmanager_secret.secret",
            "module.vpc.module.db_password.aws_secretsmanager_secret.secret",
            "module.vpc.module.db_root_password.aws_secretsmanager_secret.secret",
            "module.vpc.module.db_root_password.aws_secretsmanager_secret_version.secret",
            "module.vpc.module.db_root_password.random_password.secret_value",
            "module.vpc.module.db_support_password.aws_secretsmanager_secret.secret",
            "module.vpc.module.deployment_secret.aws_secretsmanager_secret.secret",
            "module.vpc.module.elva.aws_iam_user.elva",
            "module.vpc.module.elva.aws_lb.elva",
            "module.vpc.module.elva.aws_security_group.elva-elb",
            "module.vpc.module.inbound_queue.aws_sns_topic.etleap-inbound",
            "module.vpc.module.inbound_queue.aws_sqs_queue.etleap-inbound",
            "module.vpc.module.inbound_queue.aws_sqs_queue.etleap-inbound-dlq",
            "module.vpc.module.influx_db_password.aws_secretsmanager_secret.secret",
            "module.vpc.module.influx_db_password.aws_secretsmanager_secret_version.secret",
            "module.vpc.module.influx_db_password.random_password.secret_value",
            "module.vpc.module.main_app.aws_instance.app",
            "module.vpc.module.setup_password.aws_secretsmanager_secret.secret",
            "module.vpc.module.setup_password.aws_secretsmanager_secret_version.secret",
            "module.vpc.module.setup_password.random_password.secret_value",
            "module.vpc.null_resource.are_influx_db_hostname_and_password_valid",
            "module.vpc.null_resource.emr_configuration_change",
            "module.vpc.random_id.deployment_random"
          ]
        }
      ]
    },
    {
      "module": "module.vpc",
      "mode": "managed",
      "type": "aws_cloudwatch_metric_alarm",
      "name": "nat_network",
      "provider": "provider[\"registry.terraform.io/hashicorp/aws\"]",
      "instances": [
        {
          "index_key": 0,
          "schema_version": 1,
          "attributes": {
            "actions_enabled": true,
            "alarm_actions": [],
            "alarm_description": "",
            "alarm_name": "Etleap - test2 - NAT Network Saturation",
            "arn": "arn:aws:cloudwatch:us-east-1:209479308486:alarm:Etleap - test2 - NAT Network Saturation",
            "comparison_operator": "GreaterThanThreshold",
            "datapoints_to_alarm": 0,
            "dimensions": {
              "InstanceId": "i-0e3552d99225054fa"
            },
            "evaluate_low_sample_count_percentiles": "",
            "evaluation_periods": 6,
            "extended_statistic": "",
            "id": "Etleap - test2 - NAT Network Saturation",
            "insufficient_data_actions": [],
            "metric_name": "NetworkIn",
            "metric_query": [],
            "namespace": "AWS/EC2",
            "ok_actions": [],
            "period": 900,
            "statistic": "Sum",
            "tags": {},
            "tags_all": {},
            "threshold": 78750000000,
            "threshold_metric_id": "",
            "treat_missing_data": "missing",
            "unit": ""
          },
          "sensitive_attributes": [],
          "identity_schema_version": 0,
          "private": "eyJzY2hlbWFfdmVyc2lvbiI6IjEifQ==",
          "dependencies": [
            "aws_key_pair.ssh",
            "module.vpc.aws_instance.nat",
            "module.vpc.aws_security_group.nat",
            "module.vpc.aws_subnet.b_public",
            "module.vpc.aws_vpc.etleap",
            "module.vpc.data.aws_ami.nat",
            "module.vpc.data.aws_region.current"
          ]
        }
      ]
    },
    {
      "module": "module.vpc",
      "mode": "managed",
      "type": "aws_cloudwatch_metric_alarm",
      "name": "rds_cpu",
      "provider": "provider[\"registry.terraform.io/hashicorp/aws\"]",
      "instances": [
        {
          "schema_version": 1,
          "attributes": {
            "actions_enabled": true,
            "alarm_actions": [],
            "alarm_description": "",
            "alarm_name": "Etleap - test2 - RDS CPU 90%",
            "arn": "arn:aws:cloudwatch:us-east-1:209479308486:alarm:Etleap - test2 - RDS CPU 90%",
            "comparison_operator": "GreaterThanOrEqualToThreshold",
            "datapoints_to_alarm": 0,
            "dimensions": {
              "DBInstanceIdentifier": "etleap2026061613544353550000002b"
            },
            "evaluate_low_sample_count_percentiles": "",
            "evaluation_periods": 3,
            "extended_statistic": "",
            "id": "Etleap - test2 - RDS CPU 90%",
            "insufficient_data_actions": [],
            "metric_name": "CPUUtilization",
            "metric_query": [],
            "namespace": "AWS/RDS",
            "ok_actions": [],
            "period": 300,
            "statistic": "Average",
            "tags": {
              "Deployment": "test2",
              "Environment": "sandbox",
              "Operator": "Benedict.Chan"
            },
            "tags_all": {
              "Deployment": "test2",
              "Environment": "sandbox",
              "Operator": "Benedict.Chan"
            },
            "threshold": 90,
            "threshold_metric_id": "",
            "treat_missing_data": "missing",
            "unit": ""
          },
          "sensitive_attributes": [],
          "identity_schema_version": 0,
          "private": "eyJzY2hlbWFfdmVyc2lvbiI6IjEifQ==",
          "dependencies": [
            "module.vpc.aws_db_instance.db",
            "module.vpc.aws_db_parameter_group.mysql8-4-etleap",
            "module.vpc.aws_db_subnet_group.db",
            "module.vpc.aws_security_group.db",
            "module.vpc.aws_subnet.a_private",
            "module.vpc.aws_subnet.b_private",
            "module.vpc.aws_vpc.etleap",
            "module.vpc.data.aws_region.current",
            "module.vpc.module.db_root_password.aws_secretsmanager_secret.secret",
            "module.vpc.module.db_root_password.aws_secretsmanager_secret_version.secret",
            "module.vpc.module.db_root_password.random_password.secret_value",
            "module.vpc.random_id.deployment_random"
          ]
        }
      ]
    },
    {
      "module": "module.vpc",
      "mode": "managed",
      "type": "aws_cloudwatch_metric_alarm",
      "name": "rds_disk",
      "provider": "provider[\"registry.terraform.io/hashicorp/aws\"]",
      "instances": [
        {
          "schema_version": 1,
          "attributes": {
            "actions_enabled": true,
            "alarm_actions": [],
            "alarm_description": "",
            "alarm_name": "Etleap - test2 - RDS Disk Space",
            "arn": "arn:aws:cloudwatch:us-east-1:209479308486:alarm:Etleap - test2 - RDS Disk Space",
            "comparison_operator": "LessThanOrEqualToThreshold",
            "datapoints_to_alarm": 0,
            "dimensions": {
              "DBInstanceIdentifier": "etleap2026061613544353550000002b"
            },
            "evaluate_low_sample_count_percentiles": "",
            "evaluation_periods": 1,
            "extended_statistic": "",
            "id": "Etleap - test2 - RDS Disk Space",
            "insufficient_data_actions": [],
            "metric_name": "FreeStorageSpace",
            "metric_query": [],
            "namespace": "AWS/RDS",
            "ok_actions": [],
            "period": 300,
            "statistic": "Average",
            "tags": {
              "Deployment": "test2",
              "Environment": "sandbox",
              "Operator": "Benedict.Chan"
            },
            "tags_all": {
              "Deployment": "test2",
              "Environment": "sandbox",
              "Operator": "Benedict.Chan"
            },
            "threshold": 15728640000,
            "threshold_metric_id": "",
            "treat_missing_data": "missing",
            "unit": ""
          },
          "sensitive_attributes": [],
          "identity_schema_version": 0,
          "private": "eyJzY2hlbWFfdmVyc2lvbiI6IjEifQ==",
          "dependencies": [
            "module.vpc.aws_db_instance.db",
            "module.vpc.aws_db_parameter_group.mysql8-4-etleap",
            "module.vpc.aws_db_subnet_group.db",
            "module.vpc.aws_security_group.db",
            "module.vpc.aws_subnet.a_private",
            "module.vpc.aws_subnet.b_private",
            "module.vpc.aws_vpc.etleap",
            "module.vpc.data.aws_region.current",
            "module.vpc.module.db_root_password.aws_secretsmanager_secret.secret",
            "module.vpc.module.db_root_password.aws_secretsmanager_secret_version.secret",
            "module.vpc.module.db_root_password.random_password.secret_value",
            "module.vpc.random_id.deployment_random"
          ]
        }
      ]
    },
    {
      "module": "module.vpc",
      "mode": "managed",
      "type": "aws_cloudwatch_metric_alarm",
      "name": "rds_freeable_memory",
      "provider": "provider[\"registry.terraform.io/hashicorp/aws\"]",
      "instances": [
        {
          "schema_version": 1,
          "attributes": {
            "actions_enabled": true,
            "alarm_actions": [],
            "alarm_description": "",
            "alarm_name": "Etleap - test2 - RDS Freeable Memory",
            "arn": "arn:aws:cloudwatch:us-east-1:209479308486:alarm:Etleap - test2 - RDS Freeable Memory",
            "comparison_operator": "LessThanOrEqualToThreshold",
            "datapoints_to_alarm": 0,
            "dimensions": {
              "DBInstanceIdentifier": "etleap2026061613544353550000002b"
            },
            "evaluate_low_sample_count_percentiles": "",
            "evaluation_periods": 1,
            "extended_statistic": "",
            "id": "Etleap - test2 - RDS Freeable Memory",
            "insufficient_data_actions": [],
            "metric_name": "FreeableMemory",
            "metric_query": [],
            "namespace": "AWS/RDS",
            "ok_actions": [],
            "period": 300,
            "statistic": "Average",
            "tags": {
              "Deployment": "test2",
              "Environment": "sandbox",
              "Operator": "Benedict.Chan"
            },
            "tags_all": {
              "Deployment": "test2",
              "Environment": "sandbox",
              "Operator": "Benedict.Chan"
            },
            "threshold": 524288000,
            "threshold_metric_id": "",
            "treat_missing_data": "missing",
            "unit": ""
          },
          "sensitive_attributes": [],
          "identity_schema_version": 0,
          "private": "eyJzY2hlbWFfdmVyc2lvbiI6IjEifQ==",
          "dependencies": [
            "module.vpc.aws_db_instance.db",
            "module.vpc.aws_db_parameter_group.mysql8-4-etleap",
            "module.vpc.aws_db_subnet_group.db",
            "module.vpc.aws_security_group.db",
            "module.vpc.aws_subnet.a_private",
            "module.vpc.aws_subnet.b_private",
            "module.vpc.aws_vpc.etleap",
            "module.vpc.data.aws_region.current",
            "module.vpc.module.db_root_password.aws_secretsmanager_secret.secret",
            "module.vpc.module.db_root_password.aws_secretsmanager_secret_version.secret",
            "module.vpc.module.db_root_password.random_password.secret_value",
            "module.vpc.random_id.deployment_random"
          ]
        }
      ]
    },
    {
      "module": "module.vpc",
      "mode": "managed",
      "type": "aws_cloudwatch_metric_alarm",
      "name": "zookeeper_unhealthy_nodes",
      "provider": "provider[\"registry.terraform.io/hashicorp/aws\"]",
      "instances": [
        {
          "index_key": "1",
          "schema_version": 1,
          "attributes": {
            "actions_enabled": true,
            "alarm_actions": [],
            "alarm_description": "",
            "alarm_name": "Etleap - test2 - zookeeper1 is down",
            "arn": "arn:aws:cloudwatch:us-east-1:209479308486:alarm:Etleap - test2 - zookeeper1 is down",
            "comparison_operator": "LessThanThreshold",
            "datapoints_to_alarm": 0,
            "dimensions": {
              "Deployment": "test2",
              "Instance": "zookeeper1",
              "Node": "zookeeper"
            },
            "evaluate_low_sample_count_percentiles": "",
            "evaluation_periods": 10,
            "extended_statistic": "",
            "id": "Etleap - test2 - zookeeper1 is down",
            "insufficient_data_actions": [],
            "metric_name": "Ruok",
            "metric_query": [],
            "namespace": "Etleap/ZooKeeper",
            "ok_actions": [],
            "period": 60,
            "statistic": "Average",
            "tags": {
              "Deployment": "test2",
              "Environment": "sandbox",
              "Operator": "Benedict.Chan"
            },
            "tags_all": {
              "Deployment": "test2",
              "Environment": "sandbox",
              "Operator": "Benedict.Chan"
            },
            "threshold": 1,
            "threshold_metric_id": "",
            "treat_missing_data": "missing",
            "unit": ""
          },
          "sensitive_attributes": [],
          "identity_schema_version": 0,
          "private": "eyJzY2hlbWFfdmVyc2lvbiI6IjEifQ=="
        },
        {
          "index_key": "2",
          "schema_version": 1,
          "attributes": {
            "actions_enabled": true,
            "alarm_actions": [],
            "alarm_description": "",
            "alarm_name": "Etleap - test2 - zookeeper2 is down",
            "arn": "arn:aws:cloudwatch:us-east-1:209479308486:alarm:Etleap - test2 - zookeeper2 is down",
            "comparison_operator": "LessThanThreshold",
            "datapoints_to_alarm": 0,
            "dimensions": {
              "Deployment": "test2",
              "Instance": "zookeeper2",
              "Node": "zookeeper"
            },
            "evaluate_low_sample_count_percentiles": "",
            "evaluation_periods": 10,
            "extended_statistic": "",
            "id": "Etleap - test2 - zookeeper2 is down",
            "insufficient_data_actions": [],
            "metric_name": "Ruok",
            "metric_query": [],
            "namespace": "Etleap/ZooKeeper",
            "ok_actions": [],
            "period": 60,
            "statistic": "Average",
            "tags": {
              "Deployment": "test2",
              "Environment": "sandbox",
              "Operator": "Benedict.Chan"
            },
            "tags_all": {
              "Deployment": "test2",
              "Environment": "sandbox",
              "Operator": "Benedict.Chan"
            },
            "threshold": 1,
            "threshold_metric_id": "",
            "treat_missing_data": "missing",
            "unit": ""
          },
          "sensitive_attributes": [],
          "identity_schema_version": 0,
          "private": "eyJzY2hlbWFfdmVyc2lvbiI6IjEifQ=="
        },
        {
          "index_key": "3",
          "schema_version": 1,
          "attributes": {
            "actions_enabled": true,
            "alarm_actions": [],
            "alarm_description": "",
            "alarm_name": "Etleap - test2 - zookeeper3 is down",
            "arn": "arn:aws:cloudwatch:us-east-1:209479308486:alarm:Etleap - test2 - zookeeper3 is down",
            "comparison_operator": "LessThanThreshold",
            "datapoints_to_alarm": 0,
            "dimensions": {
              "Deployment": "test2",
              "Instance": "zookeeper3",
              "Node": "zookeeper"
            },
            "evaluate_low_sample_count_percentiles": "",
            "evaluation_periods": 10,
            "extended_statistic": "",
            "id": "Etleap - test2 - zookeeper3 is down",
            "insufficient_data_actions": [],
            "metric_name": "Ruok",
            "metric_query": [],
            "namespace": "Etleap/ZooKeeper",
            "ok_actions": [],
            "period": 60,
            "statistic": "Average",
            "tags": {
              "Deployment": "test2",
              "Environment": "sandbox",
              "Operator": "Benedict.Chan"
            },
            "tags_all": {
              "Deployment": "test2",
              "Environment": "sandbox",
              "Operator": "Benedict.Chan"
            },
            "threshold": 1,
            "threshold_metric_id": "",
            "treat_missing_data": "missing",
            "unit": ""
          },
          "sensitive_attributes": [],
          "identity_schema_version": 0,
          "private": "eyJzY2hlbWFfdmVyc2lvbiI6IjEifQ=="
        }
      ]
    },
    {
      "module": "module.vpc",
      "mode": "managed",
      "type": "aws_cognito_identity_pool",
      "name": "etleap_azure_identity_pool",
      "provider": "provider[\"registry.terraform.io/hashicorp/aws\"]",
      "instances": [
        {
          "index_key": 0,
          "schema_version": 0,
          "attributes": {
            "allow_classic_flow": false,
            "allow_unauthenticated_identities": false,
            "arn": "arn:aws:cognito-identity:us-east-1:209479308486:identitypool/us-east-1:086615c6-257e-4ecf-a235-535f21eefe28",
            "cognito_identity_providers": [],
            "developer_provider_name": "etleap_azure_entra_id",
            "id": "us-east-1:086615c6-257e-4ecf-a235-535f21eefe28",
            "identity_pool_name": "Etleap - test2 - Azure Entra ID Federation",
            "openid_connect_provider_arns": [],
            "saml_provider_arns": [],
            "supported_login_providers": {},
            "tags": {},
            "tags_all": {}
          },
          "sensitive_attributes": [],
          "identity_schema_version": 0,
          "private": "bnVsbA=="
        }
      ]
    },
    {
      "module": "module.vpc",
      "mode": "managed",
      "type": "aws_db_instance",
      "name": "db",
      "provider": "provider[\"registry.terraform.io/hashicorp/aws\"]",
      "instances": [
        {
          "schema_version": 2,
          "attributes": {
            "address": "etleap2026061613544353550000002b.cnkqgwcku4dc.us-east-1.rds.amazonaws.com",
            "allocated_storage": 500,
            "allow_major_version_upgrade": false,
            "apply_immediately": false,
            "arn": "arn:aws:rds:us-east-1:209479308486:db:etleap2026061613544353550000002b",
            "auto_minor_version_upgrade": false,
            "availability_zone": "us-east-1a",
            "backup_retention_period": 7,
            "backup_target": "region",
            "backup_window": "09:41-10:11",
            "blue_green_update": [],
            "ca_cert_identifier": "rds-ca-rsa4096-g1",
            "character_set_name": "",
            "copy_tags_to_snapshot": true,
            "custom_iam_instance_profile": "",
            "customer_owned_ip_enabled": false,
            "database_insights_mode": "standard",
            "db_name": "EtleapDB",
            "db_subnet_group_name": "etleap_db_9cb94f",
            "dedicated_log_volume": false,
            "delete_automated_backups": true,
            "deletion_protection": true,
            "domain": "",
            "domain_auth_secret_arn": "",
            "domain_dns_ips": [],
            "domain_fqdn": "",
            "domain_iam_role_name": "",
            "domain_ou": "",
            "enabled_cloudwatch_logs_exports": [],
            "endpoint": "etleap2026061613544353550000002b.cnkqgwcku4dc.us-east-1.rds.amazonaws.com:3306",
            "engine": "mysql",
            "engine_lifecycle_support": "open-source-rds-extended-support",
            "engine_version": "8.4.7",
            "engine_version_actual": "8.4.7",
            "final_snapshot_identifier": null,
            "hosted_zone_id": "Z2R2ITUGPM61AM",
            "iam_database_authentication_enabled": false,
            "id": "db-BKYYABCWFVME5FT6JEZWSB6FOI",
            "identifier": "etleap2026061613544353550000002b",
            "identifier_prefix": "etleap",
            "instance_class": "db.m5.large",
            "iops": 12000,
            "kms_key_id": "arn:aws:kms:us-east-1:209479308486:key/989bcd3d-d79f-4347-8415-f1f1512b37e7",
            "latest_restorable_time": "2026-07-14T16:24:57Z",
            "license_model": "general-public-license",
            "listener_endpoint": [],
            "maintenance_window": "tue:08:01-tue:08:31",
            "manage_master_user_password": null,
            "master_user_secret": [],
            "master_user_secret_kms_key_id": null,
            "max_allocated_storage": 0,
            "monitoring_interval": 0,
            "monitoring_role_arn": "",
            "multi_az": false,
            "nchar_character_set_name": "",
            "network_type": "IPV4",
            "option_group_name": "default:mysql-8-4",
            "parameter_group_name": "etleap-mysql-8-4-9cb94f",
            "password": "YGiOoFU7wnCCQdDPSv4G",
            "password_wo": null,
            "password_wo_version": null,
            "performance_insights_enabled": true,
            "performance_insights_kms_key_id": "arn:aws:kms:us-east-1:209479308486:key/989bcd3d-d79f-4347-8415-f1f1512b37e7",
            "performance_insights_retention_period": 7,
            "port": 3306,
            "publicly_accessible": false,
            "replica_mode": "",
            "replicas": [],
            "replicate_source_db": "",
            "resource_id": "db-BKYYABCWFVME5FT6JEZWSB6FOI",
            "restore_to_point_in_time": [],
            "s3_import": [],
            "skip_final_snapshot": true,
            "snapshot_identifier": null,
            "status": "starting",
            "storage_encrypted": true,
            "storage_throughput": 500,
            "storage_type": "gp3",
            "tags": {
              "Deployment": "test2",
              "Environment": "sandbox",
              "Operator": "Benedict.Chan"
            },
            "tags_all": {
              "Deployment": "test2",
              "Environment": "sandbox",
              "Operator": "Benedict.Chan"
            },
            "timeouts": null,
            "timezone": "",
            "upgrade_storage_config": null,
            "username": "root",
            "vpc_security_group_ids": [
              "sg-0c546fe9faceb87a8"
            ]
          },
          "sensitive_attributes": [
            [
              {
                "type": "get_attr",
                "value": "password"
              }
            ],
            [
              {
                "type": "get_attr",
                "value": "password_wo"
              }
            ]
          ],
          "identity_schema_version": 0,
          "private": "eyJlMmJmYjczMC1lY2FhLTExZTYtOGY4OC0zNDM2M2JjN2M0YzAiOnsiY3JlYXRlIjozMDAwMDAwMDAwMDAwLCJkZWxldGUiOjM2MDAwMDAwMDAwMDAsInVwZGF0ZSI6NDgwMDAwMDAwMDAwMH0sInNjaGVtYV92ZXJzaW9uIjoiMiJ9",
          "dependencies": [
            "module.vpc.aws_db_parameter_group.mysql8-4-etleap",
            "module.vpc.aws_db_subnet_group.db",
            "module.vpc.aws_security_group.db",
            "module.vpc.aws_subnet.a_private",
            "module.vpc.aws_subnet.b_private",
            "module.vpc.aws_vpc.etleap",
            "module.vpc.data.aws_region.current",
            "module.vpc.module.db_root_password.aws_secretsmanager_secret.secret",
            "module.vpc.module.db_root_password.aws_secretsmanager_secret_version.secret",
            "module.vpc.module.db_root_password.random_password.secret_value",
            "module.vpc.random_id.deployment_random"
          ]
        }
      ]
    },
    {
      "module": "module.vpc",
      "mode": "managed",
      "type": "aws_db_parameter_group",
      "name": "mysql8-0-etleap",
      "provider": "provider[\"registry.terraform.io/hashicorp/aws\"]",
      "instances": [
        {
          "schema_version": 0,
          "attributes": {
            "arn": "arn:aws:rds:us-east-1:209479308486:pg:etleap-mysql8-0-9cb94f",
            "description": "MySQL 8.0 with Etleap modifications",
            "family": "mysql8.0",
            "id": "etleap-mysql8-0-9cb94f",
            "name": "etleap-mysql8-0-9cb94f",
            "name_prefix": "",
            "parameter": [
              {
                "apply_method": "immediate",
                "name": "binlog_checksum",
                "value": "none"
              },
              {
                "apply_method": "immediate",
                "name": "binlog_format",
                "value": "ROW"
              },
              {
                "apply_method": "immediate",
                "name": "character_set_server",
                "value": "latin1"
              },
              {
                "apply_method": "immediate",
                "name": "general_log",
                "value": "0"
              },
              {
                "apply_method": "immediate",
                "name": "innodb_lock_wait_timeout",
                "value": "250"
              },
              {
                "apply_method": "immediate",
                "name": "log_error_verbosity",
                "value": "2"
              },
              {
                "apply_method": "immediate",
                "name": "log_output",
                "value": "file"
              },
              {
                "apply_method": "immediate",
                "name": "long_query_time",
                "value": "0.05"
              },
              {
                "apply_method": "immediate",
                "name": "slow_query_log",
                "value": "1"
              },
              {
                "apply_method": "pending-reboot",
                "name": "character-set-client-handshake",
                "value": "0"
              },
              {
                "apply_method": "pending-reboot",
                "name": "collation_server",
                "value": "latin1_swedish_ci"
              },
              {
                "apply_method": "pending-reboot",
                "name": "innodb_log_file_size",
                "value": "5463080960"
              },
              {
                "apply_method": "pending-reboot",
                "name": "log_bin_trust_function_creators",
                "value": "1"
              },
              {
                "apply_method": "pending-reboot",
                "name": "max_allowed_packet",
                "value": "546308096"
              }
            ],
            "skip_destroy": false,
            "tags": {
              "Deployment": "test2",
              "Environment": "sandbox",
              "Operator": "Benedict.Chan"
            },
            "tags_all": {
              "Deployment": "test2",
              "Environment": "sandbox",
              "Operator": "Benedict.Chan"
            }
          },
          "sensitive_attributes": [],
          "identity_schema_version": 0,
          "private": "bnVsbA==",
          "dependencies": [
            "module.vpc.random_id.deployment_random"
          ]
        }
      ]
    },
    {
      "module": "module.vpc",
      "mode": "managed",
      "type": "aws_db_parameter_group",
      "name": "mysql8-4-etleap",
      "provider": "provider[\"registry.terraform.io/hashicorp/aws\"]",
      "instances": [
        {
          "schema_version": 0,
          "attributes": {
            "arn": "arn:aws:rds:us-east-1:209479308486:pg:etleap-mysql-8-4-9cb94f",
            "description": "MySQL 8.4 with Etleap modifications",
            "family": "mysql8.4",
            "id": "etleap-mysql-8-4-9cb94f",
            "name": "etleap-mysql-8-4-9cb94f",
            "name_prefix": "",
            "parameter": [
              {
                "apply_method": "immediate",
                "name": "binlog_checksum",
                "value": "none"
              },
              {
                "apply_method": "immediate",
                "name": "binlog_format",
                "value": "ROW"
              },
              {
                "apply_method": "immediate",
                "name": "character_set_server",
                "value": "latin1"
              },
              {
                "apply_method": "immediate",
                "name": "general_log",
                "value": "0"
              },
              {
                "apply_method": "immediate",
                "name": "innodb_lock_wait_timeout",
                "value": "250"
              },
              {
                "apply_method": "immediate",
                "name": "log_error_verbosity",
                "value": "2"
              },
              {
                "apply_method": "immediate",
                "name": "log_output",
                "value": "file"
              },
              {
                "apply_method": "immediate",
                "name": "long_query_time",
                "value": "0.05"
              },
              {
                "apply_method": "immediate",
                "name": "slow_query_log",
                "value": "1"
              },
              {
                "apply_method": "pending-reboot",
                "name": "collation_server",
                "value": "latin1_swedish_ci"
              },
              {
                "apply_method": "pending-reboot",
                "name": "innodb_redo_log_capacity",
                "value": "10737418240"
              },
              {
                "apply_method": "pending-reboot",
                "name": "log_bin_trust_function_creators",
                "value": "1"
              },
              {
                "apply_method": "pending-reboot",
                "name": "max_allowed_packet",
                "value": "546308096"
              }
            ],
            "skip_destroy": false,
            "tags": {
              "Deployment": "test2",
              "Environment": "sandbox",
              "Operator": "Benedict.Chan"
            },
            "tags_all": {
              "Deployment": "test2",
              "Environment": "sandbox",
              "Operator": "Benedict.Chan"
            }
          },
          "sensitive_attributes": [],
          "identity_schema_version": 0,
          "private": "bnVsbA==",
          "dependencies": [
            "module.vpc.random_id.deployment_random"
          ]
        }
      ]
    },
    {
      "module": "module.vpc",
      "mode": "managed",
      "type": "aws_db_subnet_group",
      "name": "db",
      "provider": "provider[\"registry.terraform.io/hashicorp/aws\"]",
      "instances": [
        {
          "schema_version": 0,
          "attributes": {
            "arn": "arn:aws:rds:us-east-1:209479308486:subgrp:etleap_db_9cb94f",
            "description": "Managed by Terraform",
            "id": "etleap_db_9cb94f",
            "name": "etleap_db_9cb94f",
            "name_prefix": "",
            "subnet_ids": [
              "subnet-068c886b86199179c",
              "subnet-0ba0b865118de2ace"
            ],
            "supported_network_types": [
              "IPV4"
            ],
            "tags": {
              "Deployment": "test2",
              "Environment": "sandbox",
              "Operator": "Benedict.Chan"
            },
            "tags_all": {
              "Deployment": "test2",
              "Environment": "sandbox",
              "Operator": "Benedict.Chan"
            },
            "vpc_id": "vpc-0a3da344f06a25bb4"
          },
          "sensitive_attributes": [],
          "identity_schema_version": 0,
          "private": "bnVsbA==",
          "dependencies": [
            "module.vpc.aws_subnet.a_private",
            "module.vpc.aws_subnet.b_private",
            "module.vpc.aws_vpc.etleap",
            "module.vpc.data.aws_region.current",
            "module.vpc.random_id.deployment_random"
          ]
        }
      ]
    },
    {
      "module": "module.vpc",
      "mode": "managed",
      "type": "aws_dms_replication_instance",
      "name": "dms",
      "provider": "provider[\"registry.terraform.io/hashicorp/aws\"]",
      "instances": [
        {
          "index_key": 0,
          "schema_version": 0,
          "attributes": {
            "allocated_storage": 250,
            "allow_major_version_upgrade": true,
            "apply_immediately": true,
            "auto_minor_version_upgrade": true,
            "availability_zone": "us-east-1b",
            "engine_version": "3.5.4",
            "id": "etleap-dms-test2-9cb94f",
            "kms_key_arn": "arn:aws:kms:us-east-1:209479308486:key/99d7c24f-1b30-4dab-bb72-294d1ef305c0",
            "multi_az": false,
            "network_type": "IPV4",
            "preferred_maintenance_window": "sun:10:30-sun:14:30",
            "publicly_accessible": true,
            "replication_instance_arn": "arn:aws:dms:us-east-1:209479308486:rep:NTFVEHC4GNECRKJHWXI7A72NFU",
            "replication_instance_class": "dms.t3.small",
            "replication_instance_id": "etleap-dms-test2-9cb94f",
            "replication_instance_private_ips": [
              "172.22.5.81"
            ],
            "replication_instance_public_ips": [
              "54.166.83.242"
            ],
            "replication_subnet_group_id": "etleap-dms-test2-9cb94f",
            "tags": {
              "Deployment": "test2",
              "Environment": "sandbox",
              "Name": "Etleap DMS test2",
              "Operator": "Benedict.Chan"
            },
            "tags_all": {
              "Deployment": "test2",
              "Environment": "sandbox",
              "Name": "Etleap DMS test2",
              "Operator": "Benedict.Chan"
            },
            "timeouts": null,
            "vpc_security_group_ids": [
              "sg-0ed7ddcc0d8382d2f"
            ]
          },
          "sensitive_attributes": [],
          "identity_schema_version": 0,
          "private": "eyJlMmJmYjczMC1lY2FhLTExZTYtOGY4OC0zNDM2M2JjN2M0YzAiOnsiY3JlYXRlIjoyNDAwMDAwMDAwMDAwLCJkZWxldGUiOjE4MDAwMDAwMDAwMDAsInVwZGF0ZSI6MTgwMDAwMDAwMDAwMH19",
          "dependencies": [
            "module.vpc.aws_dms_replication_subnet_group.dms",
            "module.vpc.aws_security_group.dms",
            "module.vpc.aws_subnet.a_private",
            "module.vpc.aws_subnet.b_private",
            "module.vpc.aws_vpc.etleap",
            "module.vpc.data.aws_region.current",
            "module.vpc.random_id.deployment_random"
          ]
        }
      ]
    },
    {
      "module": "module.vpc",
      "mode": "managed",
      "type": "aws_dms_replication_subnet_group",
      "name": "dms",
      "provider": "provider[\"registry.terraform.io/hashicorp/aws\"]",
      "instances": [
        {
          "index_key": 0,
          "schema_version": 0,
          "attributes": {
            "id": "etleap-dms-test2-9cb94f",
            "replication_subnet_group_arn": "arn:aws:dms:us-east-1:209479308486:subgrp:etleap-dms-test2-9cb94f",
            "replication_subnet_group_description": "DMS Subnet Group",
            "replication_subnet_group_id": "etleap-dms-test2-9cb94f",
            "subnet_ids": [
              "subnet-068c886b86199179c",
              "subnet-0ba0b865118de2ace"
            ],
            "tags": {
              "Deployment": "test2",
              "Environment": "sandbox",
              "Name": "Etleap DMS Subnet Group",
              "Operator": "Benedict.Chan"
            },
            "tags_all": {
              "Deployment": "test2",
              "Environment": "sandbox",
              "Name": "Etleap DMS Subnet Group",
              "Operator": "Benedict.Chan"
            },
            "vpc_id": "vpc-0a3da344f06a25bb4"
          },
          "sensitive_attributes": [],
          "identity_schema_version": 0,
          "private": "bnVsbA==",
          "dependencies": [
            "module.vpc.aws_subnet.a_private",
            "module.vpc.aws_subnet.b_private",
            "module.vpc.aws_vpc.etleap",
            "module.vpc.data.aws_region.current",
            "module.vpc.random_id.deployment_random"
          ]
        }
      ]
    },
    {
      "module": "module.vpc",
      "mode": "managed",
      "type": "aws_dynamodb_table",
      "name": "activity-log",
      "provider": "provider[\"registry.terraform.io/hashicorp/aws\"]",
      "instances": [
        {
          "schema_version": 1,
          "attributes": {
            "arn": "arn:aws:dynamodb:us-east-1:209479308486:table/EtleapActivityLog-test2",
            "attribute": [
              {
                "name": "BatchUuidTimestamp",
                "type": "S"
              },
              {
                "name": "LogTimestamp",
                "type": "S"
              },
              {
                "name": "ProjectActivityTypeIsError",
                "type": "S"
              }
            ],
            "billing_mode": "PAY_PER_REQUEST",
            "deletion_protection_enabled": true,
            "global_secondary_index": [],
            "hash_key": "ProjectActivityTypeIsError",
            "id": "EtleapActivityLog-test2",
            "import_table": [],
            "local_secondary_index": [
              {
                "name": "BatchUuidTimestampIndex",
                "non_key_attributes": [],
                "projection_type": "KEYS_ONLY",
                "range_key": "BatchUuidTimestamp"
              }
            ],
            "name": "EtleapActivityLog-test2",
            "on_demand_throughput": [],
            "point_in_time_recovery": [
              {
                "enabled": true,
                "recovery_period_in_days": 35
              }
            ],
            "range_key": "LogTimestamp",
            "read_capacity": 0,
            "replica": [],
            "restore_date_time": null,
            "restore_source_name": null,
            "restore_source_table_arn": null,
            "restore_to_latest_time": null,
            "server_side_encryption": [],
            "stream_arn": "",
            "stream_enabled": false,
            "stream_label": "",
            "stream_view_type": "",
            "table_class": "STANDARD",
            "tags": {
              "Deployment": "test2",
              "Environment": "sandbox",
              "Operator": "Benedict.Chan"
            },
            "tags_all": {
              "Deployment": "test2",
              "Environment": "sandbox",
              "Operator": "Benedict.Chan"
            },
            "timeouts": null,
            "ttl": [
              {
                "attribute_name": "",
                "enabled": false
              }
            ],
            "write_capacity": 0
          },
          "sensitive_attributes": [],
          "identity_schema_version": 0,
          "private": "eyJlMmJmYjczMC1lY2FhLTExZTYtOGY4OC0zNDM2M2JjN2M0YzAiOnsiY3JlYXRlIjoxODAwMDAwMDAwMDAwLCJkZWxldGUiOjYwMDAwMDAwMDAwMCwidXBkYXRlIjozNjAwMDAwMDAwMDAwfSwic2NoZW1hX3ZlcnNpb24iOiIxIn0="
        }
      ]
    },
    {
      "module": "module.vpc",
      "mode": "managed",
      "type": "aws_eip",
      "name": "nat",
      "provider": "provider[\"registry.terraform.io/hashicorp/aws\"]",
      "instances": [
        {
          "index_key": 0,
          "schema_version": 0,
          "attributes": {
            "address": null,
            "allocation_id": "eipalloc-039a6f7d36d7df40e",
            "arn": "arn:aws:ec2:us-east-1:209479308486:elastic-ip/eipalloc-039a6f7d36d7df40e",
            "associate_with_private_ip": null,
            "association_id": "",
            "carrier_ip": "",
            "customer_owned_ip": "",
            "customer_owned_ipv4_pool": "",
            "domain": "vpc",
            "id": "eipalloc-039a6f7d36d7df40e",
            "instance": "",
            "ipam_pool_id": null,
            "network_border_group": "us-east-1",
            "network_interface": "",
            "private_dns": null,
            "private_ip": "",
            "ptr_record": "",
            "public_dns": "ec2-32-194-76-241.compute-1.amazonaws.com",
            "public_ip": "32.194.76.241",
            "public_ipv4_pool": "amazon",
            "tags": {
              "Deployment": "test2",
              "Environment": "sandbox",
              "Operator": "Benedict.Chan"
            },
            "tags_all": {
              "Deployment": "test2",
              "Environment": "sandbox",
              "Operator": "Benedict.Chan"
            },
            "timeouts": null,
            "vpc": true
          },
          "sensitive_attributes": [],
          "identity_schema_version": 0,
          "private": "eyJlMmJmYjczMC1lY2FhLTExZTYtOGY4OC0zNDM2M2JjN2M0YzAiOnsiZGVsZXRlIjoxODAwMDAwMDAwMDAsInJlYWQiOjkwMDAwMDAwMDAwMCwidXBkYXRlIjozMDAwMDAwMDAwMDB9fQ=="
        }
      ]
    },
    {
      "module": "module.vpc",
      "mode": "managed",
      "type": "aws_eip_association",
      "name": "nat",
      "provider": "provider[\"registry.terraform.io/hashicorp/aws\"]",
      "instances": [
        {
          "index_key": 0,
          "schema_version": 0,
          "attributes": {
            "allocation_id": "eipalloc-039a6f7d36d7df40e",
            "allow_reassociation": null,
            "id": "eipassoc-036a2e3f12bb43e69",
            "instance_id": "i-0e3552d99225054fa",
            "network_interface_id": "eni-0a7becc68145533ad",
            "private_ip_address": "172.22.7.122",
            "public_ip": "32.194.76.241"
          },
          "sensitive_attributes": [],
          "identity_schema_version": 0,
          "private": "bnVsbA==",
          "dependencies": [
            "aws_key_pair.ssh",
            "module.vpc.aws_eip.nat",
            "module.vpc.aws_instance.nat",
            "module.vpc.aws_security_group.nat",
            "module.vpc.aws_subnet.b_public",
            "module.vpc.aws_vpc.etleap",
            "module.vpc.data.aws_ami.nat",
            "module.vpc.data.aws_region.current"
          ]
        }
      ]
    },
    {
      "module": "module.vpc",
      "mode": "managed",
      "type": "aws_emr_cluster",
      "name": "emr",
      "provider": "provider[\"registry.terraform.io/hashicorp/aws\"]",
      "instances": [
        {
          "schema_version": 0,
          "attributes": {
            "additional_info": null,
            "applications": [
              "Hadoop",
              "Spark"
            ],
            "arn": "arn:aws:elasticmapreduce:us-east-1:209479308486:cluster/j-3CLUJTEOO7MIB",
            "auto_termination_policy": [],
            "autoscaling_role": "",
            "bootstrap_action": [
              {
                "args": [],
                "name": "Configure Fair Scheduler",
                "path": "s3://etleap-emr-us-east-1/conf-hadoop2/download-fair-scheduler-config-v2.sh"
              },
              {
                "args": [],
                "name": "Add Etleap-provided JARs",
                "path": "s3://etleap-emr-us-east-1/conf-hadoop2/add-app-provided-libs.sh"
              },
              {
                "args": [],
                "name": "Replace the Java keystore with Etleap's",
                "path": "s3://etleap-emr-us-east-1/conf-hadoop2/install-etleap-keystore.sh"
              },
              {
                "args": [
                  "test2",
                  "172.22.5.82",
                  "false"
                ],
                "name": "Install Kinesis Agent",
                "path": "s3://etleap-emr-us-east-1/conf-hadoop2/install-kinesis-agent.sh"
              },
              {
                "args": [],
                "name": "Set TCP keepalive",
                "path": "s3://etleap-emr-us-east-1/conf-hadoop2/set-tcp-keepalive.sh"
              },
              {
                "args": [],
                "name": "Copy HDFS init script",
                "path": "s3://etleap-emr-us-east-1/conf-hadoop2/copy-hdfs-init-v3.sh"
              },
              {
                "args": [
                  "etleap-emr-us-east-1"
                ],
                "name": "Apply EMR hotfix for autoscaling bug",
                "path": "s3://etleap-emr-us-east-1/conf-hadoop2/replace_hadoop_rpms.sh"
              },
              {
                "args": [],
                "name": "Install HDFS crontab",
                "path": "s3://etleap-emr-us-east-1/conf-hadoop2/install-hdfs-crontab.sh"
              },
              {
                "args": [],
                "name": "Reglarly clean up EMR heap dumps",
                "path": "s3://etleap-emr-us-east-1/conf-hadoop2/clean-java-heap-dumps.sh"
              },
              {
                "args": [],
                "name": "Install node label script",
                "path": "s3://etleap-emr-us-east-1/conf-hadoop2/install-node-label-script.sh"
              }
            ],
            "cluster_state": "RUNNING",
            "configurations": null,
            "configurations_json": "[{\"Classification\":\"hadoop-env\",\"Configurations\":[{\"Classification\":\"export\",\"Properties\":{\"JAVA_HOME\":\"/usr/lib/jvm/java-1.8.0\"}}],\"Properties\":{}},{\"Classification\":\"yarn-site\",\"Properties\":{\"yarn.node-labels.enabled\":\"true\",\"yarn.nodemanager.remote-app-log-dir\":\"/log\",\"yarn.resourcemanager.nodemanager-graceful-decommission-timeout-secs\":\"-1\",\"yarn.nodemanager.node-labels.provider.fetch-interval-ms\":\"300000\",\"yarn.nodemanager.env-whitelist\":\"JAVA_HOME,HADOOP_COMMON_HOME,HADOOP_HDFS_HOME,HADOOP_CONF_DIR,CLASSPATH_PREPEND_DISTCACHE,HADOOP_YARN_HOME,HADOOP_MAPRED_HOME,PATH,LANG\",\"yarn.nodemanager.local-dirs\":\"/mnt/yarn\",\"yarn.nodemanager.node-labels.provider.script.path\":\"/etc/hadoop/conf/get-node-label.sh\",\"yarn.resourcemanager.scheduler.class\":\"org.apache.hadoop.yarn.server.resourcemanager.scheduler.fair.FairScheduler\",\"yarn.node-labels.configuration-type\":\"distributed\",\"yarn.node-labels.am.default-node-label-expression\":\"TASK\",\"yarn.scheduler.fair.preemption\":\"true\",\"yarn.log-aggregation-enable\":\"true\",\"yarn.nodemanager.node-labels.provider\":\"script\",\"yarn.timeline-service.enabled\":\"false\",\"yarn.log-aggregation.retain-seconds\":\"7200\",\"yarn.system-metrics-publisher.enabled\":\"false\"}},{\"Classification\":\"yarn-env\",\"Configurations\":[{\"Classification\":\"export\",\"Properties\":{\"YARN_RESOURCEMANAGER_OPTS\":\"\\\"-Dcom.sun.management.jmxremote -Dcom.sun.management.jmxremote.authenticate=false -Dcom.sun.management.jmxremote.ssl=false -Dcom.sun.management.jmxremote.port=8001 -XX:+HeapDumpOnOutOfMemoryError -XX:HeapDumpPath=/mnt/tmp\\\"\",\"JAVA_HOME\":\"/usr/lib/jvm/java-1.8.0\",\"YARN_RESOURCEMANAGER_HEAPSIZE\":\"4832\"}}],\"Properties\":{}},{\"Classification\":\"capacity-scheduler\",\"Properties\":{\"yarn.scheduler.capacity.root.accessible-node-labels.CORE.capacity\":\"0\",\"yarn.scheduler.capacity.root.accessible-node-labels.TASK.capacity\":\"100\",\"yarn.scheduler.capacity.root.default.accessible-node-labels.CORE.capacity\":\"0\",\"yarn.scheduler.capacity.root.default.accessible-node-labels.TASK.capacity\":\"100\"}},{\"Classification\":\"core-site\",\"Properties\":{\"fs.s3.buffer.dir\":\"/mnt/s3\",\"fs.s3.impl\":\"com.amazon.ws.emr.hadoop.fs.EmrFileSystem\"}},{\"Classification\":\"hdfs-site\",\"Properties\":{\"dfs.namenode.name.dir\":\"file:///mnt/namenode\",\"dfs.namenode.num.extra.edits.retained\":\"100000\",\"dfs.datanode.data.dir\":\"file:///mnt1/hdfs\",\"dfs.namenode.max.extra.edits.segments.retained\":\"1000\"}},{\"Classification\":\"mapred-site\",\"Properties\":{\"mapreduce.cluster.local.dir\":\"/mnt/mapred\",\"mapreduce.fileoutputcommitter.algorithm.version\":\"1\",\"mapreduce.job.counters.counter.name.max\":\"255\",\"mapreduce.job.counters.max\":\"512\",\"mapreduce.client.submit.file.replication\":\"2\"}},{\"Classification\":\"spark-defaults\",\"Properties\":{\"spark.history.fs.cleaner.enabled\":\"true\",\"spark.history.fs.cleaner.interval\":\"1h\",\"spark.history.fs.cleaner.maxAge\":\"3h\",\"spark.yarn.appMasterEnv.JAVA_HOME\":\"/usr/lib/jvm/java-1.8.0\",\"spark.executorEnv.JAVA_HOME\":\"/usr/lib/jvm/java-1.8.0\"}},{\"Classification\":\"spark-env\",\"Configurations\":[{\"Classification\":\"export\",\"Properties\":{\"JAVA_HOME\":\"/usr/lib/jvm/java-1.8.0\"}}],\"Properties\":{}},{\"Classification\":\"container-log4j\",\"Properties\":{\"log4j.threshold\":\"WARN\"}},{\"Classification\":\"container-executor\",\"Configurations\":[{\"Classification\":\"docker\",\"Properties\":{\"docker.allowed.ro-mounts\":\"/usr/lib,/usr/share,/etc/hadoop/conf,/etc/passwd,/etc/group\",\"docker.trusted.registries\":\"841591717599.dkr.ecr.us-east-1.amazonaws.com\"}}],\"Properties\":{}}]",
            "core_instance_fleet": [
              {
                "id": "if-1BM7BQY9M3XH7",
                "instance_type_configs": [
                  {
                    "bid_price": "",
                    "bid_price_as_percentage_of_on_demand_price": 100,
                    "configurations": [],
                    "ebs_config": [
                      {
                        "iops": null,
                        "size": 512,
                        "type": "gp3",
                        "volumes_per_instance": 2
                      }
                    ],
                    "instance_type": "r7i.xlarge",
                    "weighted_capacity": 1
                  }
                ],
                "launch_specifications": [
                  {
                    "on_demand_specification": [
                      {
                        "allocation_strategy": "lowest-price"
                      }
                    ],
                    "spot_specification": []
                  }
                ],
                "name": "CORE",
                "provisioned_on_demand_capacity": 1,
                "provisioned_spot_capacity": 0,
                "target_on_demand_capacity": 1,
                "target_spot_capacity": 0
              }
            ],
            "core_instance_group": null,
            "custom_ami_id": "",
            "ebs_root_volume_size": 0,
            "ec2_attributes": [
              {
                "additional_master_security_groups": "sg-09d12e2964da7c4f7",
                "additional_slave_security_groups": "sg-09d12e2964da7c4f7",
                "emr_managed_master_security_group": "sg-00b3f498e5f1b171d",
                "emr_managed_slave_security_group": "sg-00cf5a532a6f7fd85",
                "instance_profile": "EtleapEMRProfile-test2-9cb94f",
                "key_name": "Etleap-Benedict",
                "service_access_security_group": "sg-08e7327bb8afa4b5e",
                "subnet_id": "subnet-0ba0b865118de2ace",
                "subnet_ids": [
                  "subnet-0ba0b865118de2ace"
                ]
              }
            ],
            "id": "j-3CLUJTEOO7MIB",
            "keep_job_flow_alive_when_no_steps": true,
            "kerberos_attributes": [],
            "list_steps_states": null,
            "log_encryption_kms_key_id": "",
            "log_uri": "s3n://etleap-intermediate-test2-9cb94f/emr-logs/",
            "master_instance_fleet": [
              {
                "id": "if-1OJ6MP6W3F73I",
                "instance_type_configs": [
                  {
                    "bid_price": "",
                    "bid_price_as_percentage_of_on_demand_price": 100,
                    "configurations": [],
                    "ebs_config": [
                      {
                        "iops": null,
                        "size": 128,
                        "type": "gp3",
                        "volumes_per_instance": 1
                      }
                    ],
                    "instance_type": "m7i.xlarge",
                    "weighted_capacity": 1
                  }
                ],
                "launch_specifications": [
                  {
                    "on_demand_specification": [
                      {
                        "allocation_strategy": "lowest-price"
                      }
                    ],
                    "spot_specification": []
                  }
                ],
                "name": "MASTER",
                "provisioned_on_demand_capacity": 1,
                "provisioned_spot_capacity": 0,
                "target_on_demand_capacity": 1,
                "target_spot_capacity": 0
              }
            ],
            "master_instance_group": null,
            "master_public_dns": "ip-172-22-5-61.ec2.internal",
            "name": "Etleap EMR",
            "placement_group_config": null,
            "release_label": "emr-7.12.0",
            "scale_down_behavior": "TERMINATE_AT_TASK_COMPLETION",
            "security_configuration": "EMRFS-SSE-KMS-test2-V1-SSE-S3--1ba927cb-5216-4003-a8c2-1c2b20f074f8",
            "service_role": "EtleapEMR_DefaultRole-test2-9cb94f",
            "step": [
              {
                "action_on_failure": "CANCEL_AND_WAIT",
                "hadoop_jar_step": [
                  {
                    "args": [
                      "bash",
                      "/hdfs-init.sh"
                    ],
                    "jar": "command-runner.jar",
                    "main_class": "",
                    "properties": null
                  }
                ],
                "name": "Initialize HDFS"
              },
              {
                "action_on_failure": "CANCEL_AND_WAIT",
                "hadoop_jar_step": [
                  {
                    "args": [
                      "s3://etleap-emr-us-east-1/conf-hadoop2/install-flink-historyserver.sh"
                    ],
                    "jar": "s3://us-east-1.elasticmapreduce/libs/script-runner/script-runner.jar",
                    "main_class": "",
                    "properties": null
                  }
                ],
                "name": "Install Flink History Server"
              }
            ],
            "step_concurrency_level": 1,
            "tags": {
              "Deployment": "test2",
              "Environment": "sandbox",
              "Name": "Etleap EMR test2",
              "Operator": "Benedict.Chan"
            },
            "tags_all": {
              "Deployment": "test2",
              "Environment": "sandbox",
              "Name": "Etleap EMR test2",
              "Operator": "Benedict.Chan"
            },
            "termination_protection": false,
            "unhealthy_node_replacement": false,
            "visible_to_all_users": true
          },
          "sensitive_attributes": [],
          "identity_schema_version": 0,
          "private": "bnVsbA==",
          "dependencies": [
            "aws_key_pair.ssh",
            "module.vpc.aws_emr_security_configuration.emrfs_sse_kms",
            "module.vpc.aws_iam_instance_profile.emr_profile",
            "module.vpc.aws_iam_role.emr",
            "module.vpc.aws_iam_role.emr_default_role",
            "module.vpc.aws_instance.nat",
            "module.vpc.aws_kms_key.etleap_emr_ebs_encryption_key",
            "module.vpc.aws_network_interface.zookeeper",
            "module.vpc.aws_s3_bucket.intermediate",
            "module.vpc.aws_s3_object.customer_post_install_script",
            "module.vpc.aws_security_group.emr",
            "module.vpc.aws_security_group.emr-master-managed",
            "module.vpc.aws_security_group.emr-service-access-managed",
            "module.vpc.aws_security_group.emr-slave-managed",
            "module.vpc.aws_security_group.nat",
            "module.vpc.aws_security_group.zookeeper",
            "module.vpc.aws_subnet.a_private",
            "module.vpc.aws_subnet.b_private",
            "module.vpc.aws_subnet.b_public",
            "module.vpc.aws_subnet.c_private",
            "module.vpc.aws_vpc.etleap",
            "module.vpc.data.aws_ami.nat",
            "module.vpc.data.aws_caller_identity.current",
            "module.vpc.data.aws_region.current",
            "module.vpc.null_resource.emr_configuration_change",
            "module.vpc.random_id.deployment_random"
          ],
          "create_before_destroy": true
        }
      ]
    },
    {
      "module": "module.vpc",
      "mode": "managed",
      "type": "aws_emr_instance_fleet",
      "name": "task_spot_xlarge",
      "provider": "provider[\"registry.terraform.io/hashicorp/aws\"]",
      "instances": [
        {
          "index_key": 0,
          "schema_version": 0,
          "attributes": {
            "cluster_id": "j-3CLUJTEOO7MIB",
            "id": "if-36WVFUKQNJ0GJ",
            "instance_type_configs": [
              {
                "bid_price": "",
                "bid_price_as_percentage_of_on_demand_price": 100,
                "configurations": [],
                "ebs_config": [
                  {
                    "iops": null,
                    "size": 192,
                    "type": "gp3",
                    "volumes_per_instance": 1
                  }
                ],
                "instance_type": "c6a.4xlarge",
                "weighted_capacity": 6
              },
              {
                "bid_price": "",
                "bid_price_as_percentage_of_on_demand_price": 100,
                "configurations": [],
                "ebs_config": [
                  {
                    "iops": null,
                    "size": 192,
                    "type": "gp3",
                    "volumes_per_instance": 1
                  }
                ],
                "instance_type": "c6i.4xlarge",
                "weighted_capacity": 6
              },
              {
                "bid_price": "",
                "bid_price_as_percentage_of_on_demand_price": 100,
                "configurations": [],
                "ebs_config": [
                  {
                    "iops": null,
                    "size": 192,
                    "type": "gp3",
                    "volumes_per_instance": 1
                  }
                ],
                "instance_type": "c7a.4xlarge",
                "weighted_capacity": 6
              },
              {
                "bid_price": "",
                "bid_price_as_percentage_of_on_demand_price": 100,
                "configurations": [],
                "ebs_config": [
                  {
                    "iops": null,
                    "size": 192,
                    "type": "gp3",
                    "volumes_per_instance": 1
                  }
                ],
                "instance_type": "c7i.4xlarge",
                "weighted_capacity": 6
              },
              {
                "bid_price": "",
                "bid_price_as_percentage_of_on_demand_price": 100,
                "configurations": [],
                "ebs_config": [
                  {
                    "iops": null,
                    "size": 192,
                    "type": "gp3",
                    "volumes_per_instance": 1
                  }
                ],
                "instance_type": "m6a.2xlarge",
                "weighted_capacity": 6
              },
              {
                "bid_price": "",
                "bid_price_as_percentage_of_on_demand_price": 100,
                "configurations": [],
                "ebs_config": [
                  {
                    "iops": null,
                    "size": 192,
                    "type": "gp3",
                    "volumes_per_instance": 1
                  }
                ],
                "instance_type": "m6i.2xlarge",
                "weighted_capacity": 6
              },
              {
                "bid_price": "",
                "bid_price_as_percentage_of_on_demand_price": 100,
                "configurations": [],
                "ebs_config": [
                  {
                    "iops": null,
                    "size": 192,
                    "type": "gp3",
                    "volumes_per_instance": 1
                  }
                ],
                "instance_type": "m7a.2xlarge",
                "weighted_capacity": 6
              },
              {
                "bid_price": "",
                "bid_price_as_percentage_of_on_demand_price": 100,
                "configurations": [],
                "ebs_config": [
                  {
                    "iops": null,
                    "size": 192,
                    "type": "gp3",
                    "volumes_per_instance": 1
                  }
                ],
                "instance_type": "m7i.2xlarge",
                "weighted_capacity": 6
              },
              {
                "bid_price": "",
                "bid_price_as_percentage_of_on_demand_price": 100,
                "configurations": [],
                "ebs_config": [
                  {
                    "iops": null,
                    "size": 448,
                    "type": "gp3",
                    "volumes_per_instance": 1
                  }
                ],
                "instance_type": "c6a.8xlarge",
                "weighted_capacity": 14
              },
              {
                "bid_price": "",
                "bid_price_as_percentage_of_on_demand_price": 100,
                "configurations": [],
                "ebs_config": [
                  {
                    "iops": null,
                    "size": 448,
                    "type": "gp3",
                    "volumes_per_instance": 1
                  }
                ],
                "instance_type": "c6i.8xlarge",
                "weighted_capacity": 14
              },
              {
                "bid_price": "",
                "bid_price_as_percentage_of_on_demand_price": 100,
                "configurations": [],
                "ebs_config": [
                  {
                    "iops": null,
                    "size": 448,
                    "type": "gp3",
                    "volumes_per_instance": 1
                  }
                ],
                "instance_type": "c7a.8xlarge",
                "weighted_capacity": 14
              },
              {
                "bid_price": "",
                "bid_price_as_percentage_of_on_demand_price": 100,
                "configurations": [],
                "ebs_config": [
                  {
                    "iops": null,
                    "size": 448,
                    "type": "gp3",
                    "volumes_per_instance": 1
                  }
                ],
                "instance_type": "c7i.8xlarge",
                "weighted_capacity": 14
              },
              {
                "bid_price": "",
                "bid_price_as_percentage_of_on_demand_price": 100,
                "configurations": [],
                "ebs_config": [
                  {
                    "iops": null,
                    "size": 448,
                    "type": "gp3",
                    "volumes_per_instance": 1
                  }
                ],
                "instance_type": "m6a.4xlarge",
                "weighted_capacity": 14
              },
              {
                "bid_price": "",
                "bid_price_as_percentage_of_on_demand_price": 100,
                "configurations": [],
                "ebs_config": [
                  {
                    "iops": null,
                    "size": 448,
                    "type": "gp3",
                    "volumes_per_instance": 1
                  }
                ],
                "instance_type": "m6i.4xlarge",
                "weighted_capacity": 14
              },
              {
                "bid_price": "",
                "bid_price_as_percentage_of_on_demand_price": 100,
                "configurations": [],
                "ebs_config": [
                  {
                    "iops": null,
                    "size": 448,
                    "type": "gp3",
                    "volumes_per_instance": 1
                  }
                ],
                "instance_type": "m7a.4xlarge",
                "weighted_capacity": 14
              },
              {
                "bid_price": "",
                "bid_price_as_percentage_of_on_demand_price": 100,
                "configurations": [],
                "ebs_config": [
                  {
                    "iops": null,
                    "size": 448,
                    "type": "gp3",
                    "volumes_per_instance": 1
                  }
                ],
                "instance_type": "m7i.4xlarge",
                "weighted_capacity": 14
              },
              {
                "bid_price": "",
                "bid_price_as_percentage_of_on_demand_price": 100,
                "configurations": [],
                "ebs_config": [
                  {
                    "iops": null,
                    "size": 96,
                    "type": "gp3",
                    "volumes_per_instance": 1
                  }
                ],
                "instance_type": "c6a.2xlarge",
                "weighted_capacity": 3
              },
              {
                "bid_price": "",
                "bid_price_as_percentage_of_on_demand_price": 100,
                "configurations": [],
                "ebs_config": [
                  {
                    "iops": null,
                    "size": 96,
                    "type": "gp3",
                    "volumes_per_instance": 1
                  }
                ],
                "instance_type": "c6i.2xlarge",
                "weighted_capacity": 3
              },
              {
                "bid_price": "",
                "bid_price_as_percentage_of_on_demand_price": 100,
                "configurations": [],
                "ebs_config": [
                  {
                    "iops": null,
                    "size": 96,
                    "type": "gp3",
                    "volumes_per_instance": 1
                  }
                ],
                "instance_type": "c7a.2xlarge",
                "weighted_capacity": 3
              },
              {
                "bid_price": "",
                "bid_price_as_percentage_of_on_demand_price": 100,
                "configurations": [],
                "ebs_config": [
                  {
                    "iops": null,
                    "size": 96,
                    "type": "gp3",
                    "volumes_per_instance": 1
                  }
                ],
                "instance_type": "c7i.2xlarge",
                "weighted_capacity": 3
              },
              {
                "bid_price": "",
                "bid_price_as_percentage_of_on_demand_price": 100,
                "configurations": [],
                "ebs_config": [
                  {
                    "iops": null,
                    "size": 96,
                    "type": "gp3",
                    "volumes_per_instance": 1
                  }
                ],
                "instance_type": "m6a.xlarge",
                "weighted_capacity": 3
              },
              {
                "bid_price": "",
                "bid_price_as_percentage_of_on_demand_price": 100,
                "configurations": [],
                "ebs_config": [
                  {
                    "iops": null,
                    "size": 96,
                    "type": "gp3",
                    "volumes_per_instance": 1
                  }
                ],
                "instance_type": "m6i.xlarge",
                "weighted_capacity": 3
              },
              {
                "bid_price": "",
                "bid_price_as_percentage_of_on_demand_price": 100,
                "configurations": [],
                "ebs_config": [
                  {
                    "iops": null,
                    "size": 96,
                    "type": "gp3",
                    "volumes_per_instance": 1
                  }
                ],
                "instance_type": "m7a.xlarge",
                "weighted_capacity": 3
              },
              {
                "bid_price": "",
                "bid_price_as_percentage_of_on_demand_price": 100,
                "configurations": [],
                "ebs_config": [
                  {
                    "iops": null,
                    "size": 96,
                    "type": "gp3",
                    "volumes_per_instance": 1
                  }
                ],
                "instance_type": "m7i.xlarge",
                "weighted_capacity": 3
              }
            ],
            "launch_specifications": [
              {
                "on_demand_specification": [],
                "spot_specification": [
                  {
                    "allocation_strategy": "price-capacity-optimized",
                    "block_duration_minutes": 0,
                    "timeout_action": "SWITCH_TO_ON_DEMAND",
                    "timeout_duration_minutes": 30
                  }
                ]
              }
            ],
            "name": "TASK SPOT",
            "provisioned_on_demand_capacity": 0,
            "provisioned_spot_capacity": 0,
            "target_on_demand_capacity": 0,
            "target_spot_capacity": 2
          },
          "sensitive_attributes": [],
          "identity_schema_version": 0,
          "private": "bnVsbA==",
          "dependencies": [
            "aws_key_pair.ssh",
            "module.vpc.aws_emr_cluster.emr",
            "module.vpc.aws_emr_security_configuration.emrfs_sse_kms",
            "module.vpc.aws_iam_instance_profile.emr_profile",
            "module.vpc.aws_iam_role.emr",
            "module.vpc.aws_iam_role.emr_default_role",
            "module.vpc.aws_instance.nat",
            "module.vpc.aws_kms_key.etleap_emr_ebs_encryption_key",
            "module.vpc.aws_network_interface.zookeeper",
            "module.vpc.aws_s3_bucket.intermediate",
            "module.vpc.aws_s3_object.customer_post_install_script",
            "module.vpc.aws_security_group.emr",
            "module.vpc.aws_security_group.emr-master-managed",
            "module.vpc.aws_security_group.emr-service-access-managed",
            "module.vpc.aws_security_group.emr-slave-managed",
            "module.vpc.aws_security_group.nat",
            "module.vpc.aws_security_group.zookeeper",
            "module.vpc.aws_subnet.a_private",
            "module.vpc.aws_subnet.b_private",
            "module.vpc.aws_subnet.b_public",
            "module.vpc.aws_subnet.c_private",
            "module.vpc.aws_vpc.etleap",
            "module.vpc.data.aws_ami.nat",
            "module.vpc.data.aws_caller_identity.current",
            "module.vpc.data.aws_region.current",
            "module.vpc.null_resource.emr_configuration_change",
            "module.vpc.random_id.deployment_random"
          ]
        }
      ]
    },
    {
      "module": "module.vpc",
      "mode": "managed",
      "type": "aws_emr_security_configuration",
      "name": "emrfs_sse_kms",
      "provider": "provider[\"registry.terraform.io/hashicorp/aws\"]",
      "instances": [
        {
          "schema_version": 0,
          "attributes": {
            "configuration": "{\"EncryptionConfiguration\":{\"AtRestEncryptionConfiguration\":{\"LocalDiskEncryptionConfiguration\":{\"AwsKmsKey\":\"arn:aws:kms:us-east-1:209479308486:key/1ba927cb-5216-4003-a8c2-1c2b20f074f8\",\"EnableEbsEncryption\":true,\"EncryptionKeyProviderType\":\"AwsKms\"},\"S3EncryptionConfiguration\":{\"EncryptionMode\":\"SSE-S3\"}},\"EnableAtRestEncryption\":true,\"EnableInTransitEncryption\":false}}",
            "creation_date": "2026-06-16T13:54:44Z",
            "id": "EMRFS-SSE-KMS-test2-V1-SSE-S3--1ba927cb-5216-4003-a8c2-1c2b20f074f8",
            "name": "EMRFS-SSE-KMS-test2-V1-SSE-S3--1ba927cb-5216-4003-a8c2-1c2b20f074f8",
            "name_prefix": ""
          },
          "sensitive_attributes": [],
          "identity_schema_version": 0,
          "private": "bnVsbA==",
          "dependencies": [
            "module.vpc.aws_iam_role.emr",
            "module.vpc.aws_iam_role.emr_default_role",
            "module.vpc.aws_kms_key.etleap_emr_ebs_encryption_key",
            "module.vpc.data.aws_caller_identity.current",
            "module.vpc.random_id.deployment_random"
          ],
          "create_before_destroy": true
        }
      ]
    },
    {
      "module": "module.vpc",
      "mode": "managed",
      "type": "aws_glue_catalog_database",
      "name": "iceberg_system_tables_db",
      "provider": "provider[\"registry.terraform.io/hashicorp/aws\"]",
      "instances": [
        {
          "schema_version": 0,
          "attributes": {
            "arn": "arn:aws:glue:us-east-1:209479308486:database/etleap_test2_iceberg_system_tables",
            "catalog_id": "209479308486",
            "create_table_default_permission": [
              {
                "permissions": [
                  "ALL"
                ],
                "principal": [
                  {
                    "data_lake_principal_identifier": "IAM_ALLOWED_PRINCIPALS"
                  }
                ]
              }
            ],
            "description": "Glue database to catalog iceberg system tables required for certain pipeline operations, such as schema change tracking and parsing error detection, for Iceberg pipelines",
            "federated_database": [],
            "id": "209479308486:etleap_test2_iceberg_system_tables",
            "location_uri": "",
            "name": "etleap_test2_iceberg_system_tables",
            "parameters": {},
            "tags": {},
            "tags_all": {},
            "target_database": []
          },
          "sensitive_attributes": [],
          "identity_schema_version": 0,
          "private": "bnVsbA=="
        }
      ]
    },
    {
      "module": "module.vpc",
      "mode": "managed",
      "type": "aws_iam_instance_profile",
      "name": "app",
      "provider": "provider[\"registry.terraform.io/hashicorp/aws\"]",
      "instances": [
        {
          "schema_version": 0,
          "attributes": {
            "arn": "arn:aws:iam::209479308486:instance-profile/EtleapApp-test2-9cb94f",
            "create_date": "2026-06-16T13:54:26Z",
            "id": "EtleapApp-test2-9cb94f",
            "name": "EtleapApp-test2-9cb94f",
            "name_prefix": "",
            "path": "/",
            "role": "EtleapApp-test2-9cb94f",
            "tags": {
              "Deployment": "test2",
              "Environment": "sandbox",
              "Operator": "Benedict.Chan"
            },
            "tags_all": {
              "Deployment": "test2",
              "Environment": "sandbox",
              "Operator": "Benedict.Chan"
            },
            "unique_id": "AIPATBRPQSTDDNE5NXHQW"
          },
          "sensitive_attributes": [],
          "identity_schema_version": 0,
          "private": "bnVsbA==",
          "dependencies": [
            "module.vpc.aws_iam_role.app",
            "module.vpc.random_id.deployment_random"
          ]
        }
      ]
    },
    {
      "module": "module.vpc",
      "mode": "managed",
      "type": "aws_iam_instance_profile",
      "name": "emr_profile",
      "provider": "provider[\"registry.terraform.io/hashicorp/aws\"]",
      "instances": [
        {
          "schema_version": 0,
          "attributes": {
            "arn": "arn:aws:iam::209479308486:instance-profile/EtleapEMRProfile-test2-9cb94f",
            "create_date": "2026-06-16T13:54:26Z",
            "id": "EtleapEMRProfile-test2-9cb94f",
            "name": "EtleapEMRProfile-test2-9cb94f",
            "name_prefix": "",
            "path": "/",
            "role": "EtleapEMR-test2-9cb94f",
            "tags": {
              "Deployment": "test2",
              "Environment": "sandbox",
              "Operator": "Benedict.Chan"
            },
            "tags_all": {
              "Deployment": "test2",
              "Environment": "sandbox",
              "Operator": "Benedict.Chan"
            },
            "unique_id": "AIPATBRPQSTDPWO4NK42L"
          },
          "sensitive_attributes": [],
          "identity_schema_version": 0,
          "private": "bnVsbA==",
          "dependencies": [
            "module.vpc.aws_iam_role.emr",
            "module.vpc.random_id.deployment_random"
          ],
          "create_before_destroy": true
        }
      ]
    },
    {
      "module": "module.vpc",
      "mode": "managed",
      "type": "aws_iam_instance_profile",
      "name": "zookeeper",
      "provider": "provider[\"registry.terraform.io/hashicorp/aws\"]",
      "instances": [
        {
          "schema_version": 0,
          "attributes": {
            "arn": "arn:aws:iam::209479308486:instance-profile/Etleap-Zookeeper_iam_profile-test2-9cb94f",
            "create_date": "2026-06-16T13:54:26Z",
            "id": "Etleap-Zookeeper_iam_profile-test2-9cb94f",
            "name": "Etleap-Zookeeper_iam_profile-test2-9cb94f",
            "name_prefix": "",
            "path": "/",
            "role": "Etleapzookeeper-test2-9cb94f",
            "tags": {
              "Deployment": "test2",
              "Environment": "sandbox",
              "Operator": "Benedict.Chan"
            },
            "tags_all": {
              "Deployment": "test2",
              "Environment": "sandbox",
              "Operator": "Benedict.Chan"
            },
            "unique_id": "AIPATBRPQSTDFOAKYB2N2"
          },
          "sensitive_attributes": [],
          "identity_schema_version": 0,
          "private": "bnVsbA==",
          "dependencies": [
            "module.vpc.aws_iam_role.zookeeper",
            "module.vpc.random_id.deployment_random"
          ]
        }
      ]
    },
    {
      "module": "module.vpc",
      "mode": "managed",
      "type": "aws_iam_policy",
      "name": "app_various_limited",
      "provider": "provider[\"registry.terraform.io/hashicorp/aws\"]",
      "instances": [
        {
          "schema_version": 0,
          "attributes": {
            "arn": "arn:aws:iam::209479308486:policy/Etleap-test2-App-Various-Limited-Policy",
            "attachment_count": 1,
            "description": "",
            "id": "arn:aws:iam::209479308486:policy/Etleap-test2-App-Various-Limited-Policy",
            "name": "Etleap-test2-App-Various-Limited-Policy",
            "name_prefix": "",
            "path": "/",
            "policy": "{\"Statement\":[{\"Action\":[\"ec2:DescribeInstances\",\"ec2:DescribeVpcs\",\"ec2:DescribeSubnets\",\"ec2:DescribeSpotInstanceRequests\",\"autoscaling:DescribeAutoScalingInstances\",\"elasticmapreduce:ListInstanceFleets\",\"elasticmapreduce:ModifyInstanceFleet\"],\"Effect\":\"Allow\",\"Resource\":[\"*\"],\"Sid\":\"EC2Describe\"},{\"Action\":\"secretsmanager:PutSecretValue\",\"Effect\":\"Allow\",\"Resource\":\"arn:aws:secretsmanager:us-east-1:209479308486:secret:EtleapInfluxDbApiToken-test2-9cb94f-J8Mgvo\",\"Sid\":\"InfluxDbApiTokenSecretPut\"},{\"Action\":[\"kinesis:ListStreams\"],\"Effect\":\"Allow\",\"Resource\":\"*\",\"Sid\":\"ListKinesisStreams\"},{\"Action\":[\"kinesis:ListShards\",\"kinesis:GetShardIterator\",\"kinesis:GetRecords\",\"kinesis:DescribeStream\",\"kinesis:PutRecord*\",\"kinesis:CreateStream\",\"kinesis:IncreaseStreamRetentionPeriod\",\"kinesis:DeleteStream\"],\"Effect\":\"Allow\",\"Resource\":[\"arn:aws:kinesis:us-east-1:209479308486:stream/etleap-test2-*\"],\"Sid\":\"ManageKinesisStreams\"},{\"Action\":[\"s3:GetObject\"],\"Effect\":\"Allow\",\"Resource\":[\"arn:aws:s3:::etleap-intermediate-test2-9cb94f/init-scripts/*\"],\"Sid\":\"InitScriptsGet\"},{\"Action\":[\"dynamodb:BatchGetItem\",\"dynamodb:BatchWriteItem\",\"dynamodb:ConditionCheckItem\",\"dynamodb:PutItem\",\"dynamodb:DescribeTable\",\"dynamodb:DeleteItem\",\"dynamodb:GetItem\",\"dynamodb:Scan\",\"dynamodb:Query\",\"dynamodb:UpdateItem\"],\"Effect\":\"Allow\",\"Resource\":[\"arn:aws:dynamodb:us-east-1:209479308486:table/EtleapActivityLog-test2\",\"arn:aws:dynamodb:us-east-1:209479308486:table/EtleapActivityLog-test2/index/*\"],\"Sid\":\"DynamoDBTableAccess\"},{\"Action\":\"sns:Publish\",\"Effect\":\"Allow\",\"Resource\":\"*\",\"Sid\":\"SnsAllowPublishToAny\"},{\"Action\":[\"sqs:ReceiveMessage\",\"sqs:DeleteMessage\",\"sqs:GetQueueUrl\",\"sqs:GetQueueAttributes\"],\"Effect\":\"Allow\",\"Resource\":[\"arn:aws:sqs:us-east-1:841591717599:Etleap-test2-github-app-webhooks-queue\"],\"Sid\":\"GitHubWebhooksSqsGetReceiveDelete\"}],\"Version\":\"2012-10-17\"}",
            "policy_id": "ANPATBRPQSTDLVZKVQ6VF",
            "tags": {
              "Deployment": "test2",
              "Environment": "sandbox",
              "Operator": "Benedict.Chan"
            },
            "tags_all": {
              "Deployment": "test2",
              "Environment": "sandbox",
              "Operator": "Benedict.Chan"
            }
          },
          "sensitive_attributes": [],
          "identity_schema_version": 0,
          "private": "bnVsbA==",
          "dependencies": [
            "aws_key_pair.ssh",
            "module.vpc.aws_cognito_identity_pool.etleap_azure_identity_pool",
            "module.vpc.aws_db_instance.db",
            "module.vpc.aws_db_parameter_group.mysql8-4-etleap",
            "module.vpc.aws_db_subnet_group.db",
            "module.vpc.aws_dms_replication_instance.dms",
            "module.vpc.aws_dms_replication_subnet_group.dms",
            "module.vpc.aws_dynamodb_table.activity-log",
            "module.vpc.aws_emr_cluster.emr",
            "module.vpc.aws_emr_security_configuration.emrfs_sse_kms",
            "module.vpc.aws_glue_catalog_database.iceberg_system_tables_db",
            "module.vpc.aws_iam_instance_profile.emr_profile",
            "module.vpc.aws_iam_role.app",
            "module.vpc.aws_iam_role.dms",
            "module.vpc.aws_iam_role.emr",
            "module.vpc.aws_iam_role.emr_default_role",
            "module.vpc.aws_iam_role.intermediate",
            "module.vpc.aws_instance.nat",
            "module.vpc.aws_kms_key.etleap_emr_ebs_encryption_key",
            "module.vpc.aws_kms_key.etleap_encryption_key",
            "module.vpc.aws_lb.app",
            "module.vpc.aws_network_interface.zookeeper",
            "module.vpc.aws_s3_bucket.intermediate",
            "module.vpc.aws_s3_object.customer_post_install_script",
            "module.vpc.aws_secretsmanager_secret.influx_db_api_token",
            "module.vpc.aws_security_group.app",
            "module.vpc.aws_security_group.db",
            "module.vpc.aws_security_group.dms",
            "module.vpc.aws_security_group.emr",
            "module.vpc.aws_security_group.emr-master-managed",
            "module.vpc.aws_security_group.emr-service-access-managed",
            "module.vpc.aws_security_group.emr-slave-managed",
            "module.vpc.aws_security_group.influxdb",
            "module.vpc.aws_security_group.nat",
            "module.vpc.aws_security_group.zookeeper",
            "module.vpc.aws_ssm_parameter.emr_cluster_id",
            "module.vpc.aws_subnet.a_private",
            "module.vpc.aws_subnet.a_public",
            "module.vpc.aws_subnet.b_private",
            "module.vpc.aws_subnet.b_public",
            "module.vpc.aws_subnet.c_private",
            "module.vpc.aws_timestreaminfluxdb_db_instance.influx_db",
            "module.vpc.aws_vpc.etleap",
            "module.vpc.data.aws_ami.nat",
            "module.vpc.data.aws_caller_identity.current",
            "module.vpc.data.aws_iam_policy_document.dms_assume_role",
            "module.vpc.data.aws_region.current",
            "module.vpc.data.aws_secretsmanager_secret_version.influx_db_password",
            "module.vpc.module.admin_password.aws_secretsmanager_secret.secret",
            "module.vpc.module.db_password.aws_secretsmanager_secret.secret",
            "module.vpc.module.db_root_password.aws_secretsmanager_secret.secret",
            "module.vpc.module.db_root_password.aws_secretsmanager_secret_version.secret",
            "module.vpc.module.db_root_password.random_password.secret_value",
            "module.vpc.module.db_support_password.aws_secretsmanager_secret.secret",
            "module.vpc.module.deployment_secret.aws_secretsmanager_secret.secret",
            "module.vpc.module.elva.aws_iam_user.elva",
            "module.vpc.module.elva.aws_lb.elva",
            "module.vpc.module.elva.aws_security_group.elva-elb",
            "module.vpc.module.inbound_queue.aws_sns_topic.etleap-inbound",
            "module.vpc.module.inbound_queue.aws_sqs_queue.etleap-inbound",
            "module.vpc.module.inbound_queue.aws_sqs_queue.etleap-inbound-dlq",
            "module.vpc.module.influx_db_password.aws_secretsmanager_secret.secret",
            "module.vpc.module.influx_db_password.aws_secretsmanager_secret_version.secret",
            "module.vpc.module.influx_db_password.random_password.secret_value",
            "module.vpc.module.setup_password.aws_secretsmanager_secret.secret",
            "module.vpc.module.setup_password.aws_secretsmanager_secret_version.secret",
            "module.vpc.module.setup_password.random_password.secret_value",
            "module.vpc.null_resource.are_influx_db_hostname_and_password_valid",
            "module.vpc.null_resource.emr_configuration_change",
            "module.vpc.random_id.deployment_random"
          ]
        }
      ]
    },
    {
      "module": "module.vpc",
      "mode": "managed",
      "type": "aws_iam_policy",
      "name": "assume_data_roles",
      "provider": "provider[\"registry.terraform.io/hashicorp/aws\"]",
      "instances": [
        {
          "schema_version": 0,
          "attributes": {
            "arn": "arn:aws:iam::209479308486:policy/Etleap_assume_data_roles-test2-9cb94f",
            "attachment_count": 3,
            "description": "",
            "id": "arn:aws:iam::209479308486:policy/Etleap_assume_data_roles-test2-9cb94f",
            "name": "Etleap_assume_data_roles-test2-9cb94f",
            "name_prefix": "",
            "path": "/",
            "policy": "{\"Statement\":[{\"Action\":[\"sts:AssumeRole\"],\"Effect\":\"Allow\",\"Resource\":[\"arn:aws:iam::841591717599:role/*\",\"arn:aws:iam::209479308486:role/EtleapIntermediate-test2-9cb94f\"],\"Sid\":\"AllowEtleapRoles\"},{\"Action\":[\"sts:AssumeRole\"],\"Effect\":\"Allow\",\"Resource\":[\"*\"],\"Sid\":\"AllowOtherRoles\"}],\"Version\":\"2012-10-17\"}",
            "policy_id": "ANPATBRPQSTDMLECYHWOR",
            "tags": {
              "Deployment": "test2",
              "Environment": "sandbox",
              "Operator": "Benedict.Chan"
            },
            "tags_all": {
              "Deployment": "test2",
              "Environment": "sandbox",
              "Operator": "Benedict.Chan"
            }
          },
          "sensitive_attributes": [],
          "identity_schema_version": 0,
          "private": "bnVsbA==",
          "dependencies": [
            "module.vpc.aws_iam_role.app",
            "module.vpc.aws_iam_role.emr",
            "module.vpc.aws_iam_role.intermediate",
            "module.vpc.module.elva.aws_iam_user.elva",
            "module.vpc.random_id.deployment_random"
          ]
        }
      ]
    },
    {
      "module": "module.vpc",
      "mode": "managed",
      "type": "aws_iam_policy",
      "name": "assume_etleap_roles",
      "provider": "provider[\"registry.terraform.io/hashicorp/aws\"]",
      "instances": [
        {
          "schema_version": 0,
          "attributes": {
            "arn": "arn:aws:iam::209479308486:policy/Etleap_assume_etleap_roles-test2-9cb94f",
            "attachment_count": 1,
            "description": "",
            "id": "arn:aws:iam::209479308486:policy/Etleap_assume_etleap_roles-test2-9cb94f",
            "name": "Etleap_assume_etleap_roles-test2-9cb94f",
            "name_prefix": "",
            "path": "/",
            "policy": "{\"Statement\":[{\"Action\":[\"sts:AssumeRole\"],\"Effect\":\"Allow\",\"Resource\":[\"arn:aws:iam::841591717599:role/*\"],\"Sid\":\"AllowEtleapRoles\"}],\"Version\":\"2012-10-17\"}",
            "policy_id": "ANPATBRPQSTDHJHGG55L2",
            "tags": {
              "Deployment": "test2",
              "Environment": "sandbox",
              "Operator": "Benedict.Chan"
            },
            "tags_all": {
              "Deployment": "test2",
              "Environment": "sandbox",
              "Operator": "Benedict.Chan"
            }
          },
          "sensitive_attributes": [],
          "identity_schema_version": 0,
          "private": "bnVsbA==",
          "dependencies": [
            "module.vpc.random_id.deployment_random"
          ]
        }
      ]
    },
    {
      "module": "module.vpc",
      "mode": "managed",
      "type": "aws_iam_policy",
      "name": "cloudwatch_metric_data",
      "provider": "provider[\"registry.terraform.io/hashicorp/aws\"]",
      "instances": [
        {
          "schema_version": 0,
          "attributes": {
            "arn": "arn:aws:iam::209479308486:policy/EtleapMetricData-test2-9cb94f",
            "attachment_count": 2,
            "description": "",
            "id": "arn:aws:iam::209479308486:policy/EtleapMetricData-test2-9cb94f",
            "name": "EtleapMetricData-test2-9cb94f",
            "name_prefix": "",
            "path": "/",
            "policy": "{\"Statement\":[{\"Action\":[\"cloudwatch:GetMetricData\",\"cloudwatch:PutMetricData\"],\"Effect\":\"Allow\",\"Resource\":[\"*\"]}],\"Version\":\"2012-10-17\"}",
            "policy_id": "ANPATBRPQSTDCEYNACZBP",
            "tags": {
              "Deployment": "test2",
              "Environment": "sandbox",
              "Operator": "Benedict.Chan"
            },
            "tags_all": {
              "Deployment": "test2",
              "Environment": "sandbox",
              "Operator": "Benedict.Chan"
            }
          },
          "sensitive_attributes": [],
          "identity_schema_version": 0,
          "private": "bnVsbA==",
          "dependencies": [
            "module.vpc.random_id.deployment_random"
          ]
        }
      ]
    },
    {
      "module": "module.vpc",
      "mode": "managed",
      "type": "aws_iam_policy",
      "name": "cognito_open_id_token",
      "provider": "provider[\"registry.terraform.io/hashicorp/aws\"]",
      "instances": [
        {
          "index_key": 0,
          "schema_version": 0,
          "attributes": {
            "arn": "arn:aws:iam::209479308486:policy/EtleapCognitoOpenIdToken-test2-9cb94f",
            "attachment_count": 2,
            "description": "",
            "id": "arn:aws:iam::209479308486:policy/EtleapCognitoOpenIdToken-test2-9cb94f",
            "name": "EtleapCognitoOpenIdToken-test2-9cb94f",
            "name_prefix": "",
            "path": "/",
            "policy": "{\"Statement\":[{\"Action\":[\"cognito-identity:GetOpenIdTokenForDeveloperIdentity\",\"cognito-identity:LookupDeveloperIdentity\"],\"Effect\":\"Allow\",\"Resource\":\"arn:aws:cognito-identity:us-east-1:209479308486:identitypool/us-east-1:086615c6-257e-4ecf-a235-535f21eefe28\",\"Sid\":\"CognitoIdentityPoolAccess\"}],\"Version\":\"2012-10-17\"}",
            "policy_id": "ANPATBRPQSTDGE7MQZOY7",
            "tags": {},
            "tags_all": {}
          },
          "sensitive_attributes": [],
          "identity_schema_version": 0,
          "private": "bnVsbA==",
          "dependencies": [
            "module.vpc.aws_cognito_identity_pool.etleap_azure_identity_pool",
            "module.vpc.random_id.deployment_random"
          ]
        }
      ]
    },
    {
      "module": "module.vpc",
      "mode": "managed",
      "type": "aws_iam_policy",
      "name": "dms_s3",
      "provider": "provider[\"registry.terraform.io/hashicorp/aws\"]",
      "instances": [
        {
          "index_key": 0,
          "schema_version": 0,
          "attributes": {
            "arn": "arn:aws:iam::209479308486:policy/Etleap-DMS-S3-Access-test2-9cb94f",
            "attachment_count": 1,
            "description": "",
            "id": "arn:aws:iam::209479308486:policy/Etleap-DMS-S3-Access-test2-9cb94f",
            "name": "Etleap-DMS-S3-Access-test2-9cb94f",
            "name_prefix": "",
            "path": "/",
            "policy": "{\"Statement\":[{\"Action\":[\"s3:PutObject\",\"s3:PutObjectAcl\",\"s3:DeleteObject\",\"s3:PutObjectTagging\",\"s3:ListBucket\"],\"Effect\":\"Allow\",\"Resource\":[\"arn:aws:s3:::etleap-intermediate-test2-9cb94f\",\"arn:aws:s3:::etleap-intermediate-test2-9cb94f/*\"]},{\"Action\":[\"kinesis:DescribeStream\",\"kinesis:PutRecords\",\"kinesis:PutRecord\"],\"Effect\":\"Allow\",\"Resource\":[\"arn:aws:kinesis:us-east-1:209479308486:stream/etleap-test2-dms-*\"]}],\"Version\":\"2012-10-17\"}",
            "policy_id": "ANPATBRPQSTDA4BU2UZJC",
            "tags": {
              "Deployment": "test2",
              "Environment": "sandbox",
              "Operator": "Benedict.Chan"
            },
            "tags_all": {
              "Deployment": "test2",
              "Environment": "sandbox",
              "Operator": "Benedict.Chan"
            }
          },
          "sensitive_attributes": [],
          "identity_schema_version": 0,
          "private": "bnVsbA==",
          "dependencies": [
            "module.vpc.aws_s3_bucket.intermediate",
            "module.vpc.data.aws_caller_identity.current",
            "module.vpc.data.aws_region.current",
            "module.vpc.random_id.deployment_random"
          ]
        }
      ]
    },
    {
      "module": "module.vpc",
      "mode": "managed",
      "type": "aws_iam_policy",
      "name": "emr_default_instance_fleet",
      "provider": "provider[\"registry.terraform.io/hashicorp/aws\"]",
      "instances": [
        {
          "schema_version": 0,
          "attributes": {
            "arn": "arn:aws:iam::209479308486:policy/EtleapEMRInstanceFleet-test2-9cb94f",
            "attachment_count": 1,
            "description": "",
            "id": "arn:aws:iam::209479308486:policy/EtleapEMRInstanceFleet-test2-9cb94f",
            "name": "EtleapEMRInstanceFleet-test2-9cb94f",
            "name_prefix": "",
            "path": "/",
            "policy": "{\"Statement\":[{\"Action\":\"iam:PassRole\",\"Condition\":{\"StringLike\":{\"iam:PassedToService\":\"ec2.amazonaws.com*\"}},\"Effect\":\"Allow\",\"Resource\":\"arn:aws:iam::209479308486:role/EtleapEMR_DefaultRole-test2-9cb94f\",\"Sid\":\"PassRoleForEC2\"},{\"Action\":\"ec2:CreateLaunchTemplateVersion\",\"Effect\":\"Allow\",\"Resource\":\"*\",\"Sid\":\"AllowCreateLaunchTemplate\"}],\"Version\":\"2012-10-17\"}",
            "policy_id": "ANPATBRPQSTDDVB42YSAY",
            "tags": {
              "Deployment": "test2",
              "Environment": "sandbox",
              "Operator": "Benedict.Chan"
            },
            "tags_all": {
              "Deployment": "test2",
              "Environment": "sandbox",
              "Operator": "Benedict.Chan"
            }
          },
          "sensitive_attributes": [],
          "identity_schema_version": 0,
          "private": "bnVsbA==",
          "dependencies": [
            "module.vpc.aws_iam_role.emr_default_role",
            "module.vpc.random_id.deployment_random"
          ]
        }
      ]
    },
    {
      "module": "module.vpc",
      "mode": "managed",
      "type": "aws_iam_policy",
      "name": "emr_ebs_kms_encryption_policy",
      "provider": "provider[\"registry.terraform.io/hashicorp/aws\"]",
      "instances": [
        {
          "schema_version": 0,
          "attributes": {
            "arn": "arn:aws:iam::209479308486:policy/EtleapEMREbsKmsEncryptionPolicy-test2-9cb94f",
            "attachment_count": 2,
            "description": "",
            "id": "arn:aws:iam::209479308486:policy/EtleapEMREbsKmsEncryptionPolicy-test2-9cb94f",
            "name": "EtleapEMREbsKmsEncryptionPolicy-test2-9cb94f",
            "name_prefix": "",
            "path": "/",
            "policy": "{\"Statement\":[{\"Action\":[\"kms:Encrypt\",\"kms:Decrypt\",\"kms:ReEncrypt*\",\"kms:GenerateDataKey*\",\"kms:DescribeKey\",\"kms:CreateGrant\",\"kms:ListGrants\"],\"Effect\":\"Allow\",\"Resource\":[\"arn:aws:kms:us-east-1:209479308486:key/1ba927cb-5216-4003-a8c2-1c2b20f074f8\"]}],\"Version\":\"2012-10-17\"}",
            "policy_id": "ANPATBRPQSTDLGXMRCT52",
            "tags": {},
            "tags_all": {}
          },
          "sensitive_attributes": [],
          "identity_schema_version": 0,
          "private": "bnVsbA==",
          "dependencies": [
            "module.vpc.aws_iam_role.emr",
            "module.vpc.aws_iam_role.emr_default_role",
            "module.vpc.aws_kms_key.etleap_emr_ebs_encryption_key",
            "module.vpc.data.aws_caller_identity.current",
            "module.vpc.random_id.deployment_random"
          ]
        }
      ]
    },
    {
      "module": "module.vpc",
      "mode": "managed",
      "type": "aws_iam_policy",
      "name": "emr_kms_encryption_policy",
      "provider": "provider[\"registry.terraform.io/hashicorp/aws\"]",
      "instances": [
        {
          "schema_version": 0,
          "attributes": {
            "arn": "arn:aws:iam::209479308486:policy/EtleapEMRKmsEncryptionPolicy-test2-9cb94f",
            "attachment_count": 1,
            "description": "",
            "id": "arn:aws:iam::209479308486:policy/EtleapEMRKmsEncryptionPolicy-test2-9cb94f",
            "name": "EtleapEMRKmsEncryptionPolicy-test2-9cb94f",
            "name_prefix": "",
            "path": "/",
            "policy": "{\"Statement\":[{\"Action\":[\"kms:Encrypt\",\"kms:GenerateDataKey\"],\"Effect\":\"Allow\",\"Resource\":[\"arn:aws:kms:us-east-1:209479308486:key/cefa0f13-f636-488c-a118-0720e0f546c4\"]}],\"Version\":\"2012-10-17\"}",
            "policy_id": "ANPATBRPQSTDGOWACDKBE",
            "tags": {},
            "tags_all": {}
          },
          "sensitive_attributes": [],
          "identity_schema_version": 0,
          "private": "bnVsbA==",
          "dependencies": [
            "module.vpc.aws_kms_key.etleap_encryption_key",
            "module.vpc.data.aws_caller_identity.current",
            "module.vpc.random_id.deployment_random"
          ]
        }
      ]
    },
    {
      "module": "module.vpc",
      "mode": "managed",
      "type": "aws_iam_policy",
      "name": "emr_profile_policy",
      "provider": "provider[\"registry.terraform.io/hashicorp/aws\"]",
      "instances": [
        {
          "schema_version": 0,
          "attributes": {
            "arn": "arn:aws:iam::209479308486:policy/EtleapEMRProfilePolicy-test2-9cb94f",
            "attachment_count": 1,
            "description": "",
            "id": "arn:aws:iam::209479308486:policy/EtleapEMRProfilePolicy-test2-9cb94f",
            "name": "EtleapEMRProfilePolicy-test2-9cb94f",
            "name_prefix": "",
            "path": "/",
            "policy": "{\"Statement\":[{\"Action\":[\"cloudwatch:*\",\"ec2:Describe*\",\"elasticmapreduce:Describe*\",\"elasticmapreduce:ListBootstrapActions\",\"elasticmapreduce:ListClusters\",\"elasticmapreduce:ListInstanceFleets\",\"elasticmapreduce:ListInstances\",\"elasticmapreduce:ListSteps\",\"rds:Describe*\",\"s3:GetObject\",\"s3:ListBucket\",\"s3:PutObject\",\"s3:DeleteObject\",\"ec2:CreateVolume\",\"ec2:AttachVolume\",\"ec2:ModifyInstanceAttribute\",\"ec2:DeleteVolume\",\"ec2:CreateTags\",\"ecr:GetAuthorizationToken\",\"ecr:BatchGetImage\",\"ecr:GetDownloadUrlForLayer\"],\"Effect\":\"Allow\",\"Resource\":\"*\"}],\"Version\":\"2012-10-17\"}",
            "policy_id": "ANPATBRPQSTDD6JQ34QA3",
            "tags": {
              "Deployment": "test2",
              "Environment": "sandbox",
              "Operator": "Benedict.Chan"
            },
            "tags_all": {
              "Deployment": "test2",
              "Environment": "sandbox",
              "Operator": "Benedict.Chan"
            }
          },
          "sensitive_attributes": [],
          "identity_schema_version": 0,
          "private": "bnVsbA==",
          "dependencies": [
            "module.vpc.random_id.deployment_random"
          ]
        }
      ]
    },
    {
      "module": "module.vpc",
      "mode": "managed",
      "type": "aws_iam_policy",
      "name": "get_secrets_and_params",
      "provider": "provider[\"registry.terraform.io/hashicorp/aws\"]",
      "instances": [
        {
          "schema_version": 0,
          "attributes": {
            "arn": "arn:aws:iam::209479308486:policy/EtleapEC2SecretsAndParams-test2-9cb94f",
            "attachment_count": 2,
            "description": "",
            "id": "arn:aws:iam::209479308486:policy/EtleapEC2SecretsAndParams-test2-9cb94f",
            "name": "EtleapEC2SecretsAndParams-test2-9cb94f",
            "name_prefix": "",
            "path": "/",
            "policy": "{\"Statement\":[{\"Action\":[\"secretsmanager:GetSecretValue\"],\"Effect\":\"Allow\",\"Resource\":[\"arn:aws:secretsmanager:us-east-1:209479308486:secret:Etleap*\",\"arn:aws:secretsmanager:us-east-1:841591717599:secret:test2/*\"]},{\"Action\":[\"ssm:GetParameter\"],\"Effect\":\"Allow\",\"Resource\":[\"arn:aws:ssm:us-east-1:209479308486:parameter/etleap*\"]},{\"Action\":[\"kms:Decrypt\"],\"Condition\":{\"StringEquals\":{\"kms:ViaService\":\"secretsmanager.us-east-1.amazonaws.com\"}},\"Effect\":\"Allow\",\"Resource\":\"*\"}],\"Version\":\"2012-10-17\"}",
            "policy_id": "ANPATBRPQSTDGR4TWGW4A",
            "tags": {
              "Deployment": "test2",
              "Environment": "sandbox",
              "Operator": "Benedict.Chan"
            },
            "tags_all": {
              "Deployment": "test2",
              "Environment": "sandbox",
              "Operator": "Benedict.Chan"
            }
          },
          "sensitive_attributes": [],
          "identity_schema_version": 0,
          "private": "bnVsbA==",
          "dependencies": [
            "module.vpc.data.aws_caller_identity.current",
            "module.vpc.data.aws_region.current",
            "module.vpc.random_id.deployment_random"
          ]
        }
      ]
    },
    {
      "module": "module.vpc",
      "mode": "managed",
      "type": "aws_iam_policy",
      "name": "iceberg_system_tables_access",
      "provider": "provider[\"registry.terraform.io/hashicorp/aws\"]",
      "instances": [
        {
          "schema_version": 0,
          "attributes": {
            "arn": "arn:aws:iam::209479308486:policy/Etleap-test2-App-IcebergSystemTable-Limited-Policy",
            "attachment_count": 2,
            "description": "The permissions required to interact with the tables in the etleap_test2_iceberg_system_tables catalog",
            "id": "arn:aws:iam::209479308486:policy/Etleap-test2-App-IcebergSystemTable-Limited-Policy",
            "name": "Etleap-test2-App-IcebergSystemTable-Limited-Policy",
            "name_prefix": "",
            "path": "/",
            "policy": "{\"Statement\":[{\"Action\":[\"glue:GetDatabase\",\"glue:GetTable\",\"glue:CreateTable\",\"glue:UpdateTable\",\"glue:DeleteTable\"],\"Effect\":\"Allow\",\"Resource\":[\"arn:aws:glue:us-east-1:209479308486:catalog\",\"arn:aws:glue:us-east-1:209479308486:database/etleap_test2_iceberg_system_tables\",\"arn:aws:glue:us-east-1:209479308486:table/etleap_test2_iceberg_system_tables/*\"]}],\"Version\":\"2012-10-17\"}",
            "policy_id": "ANPATBRPQSTDEE76ABUQO",
            "tags": {},
            "tags_all": {}
          },
          "sensitive_attributes": [],
          "identity_schema_version": 0,
          "private": "bnVsbA==",
          "dependencies": [
            "module.vpc.aws_glue_catalog_database.iceberg_system_tables_db",
            "module.vpc.data.aws_caller_identity.current",
            "module.vpc.data.aws_region.current"
          ]
        }
      ]
    },
    {
      "module": "module.vpc",
      "mode": "managed",
      "type": "aws_iam_policy",
      "name": "inbound-sns-sqs-manage",
      "provider": "provider[\"registry.terraform.io/hashicorp/aws\"]",
      "instances": [
        {
          "schema_version": 0,
          "attributes": {
            "arn": "arn:aws:iam::209479308486:policy/Etleap-inbound-sns-sqs-manage-test2-9cb94f",
            "attachment_count": 1,
            "description": "",
            "id": "arn:aws:iam::209479308486:policy/Etleap-inbound-sns-sqs-manage-test2-9cb94f",
            "name": "Etleap-inbound-sns-sqs-manage-test2-9cb94f",
            "name_prefix": "",
            "path": "/",
            "policy": "{\"Id\":\"SqsAllowManagement\",\"Statement\":[{\"Action\":\"sqs:*\",\"Effect\":\"Allow\",\"Resource\":\"arn:aws:sqs:us-east-1:209479308486:etleap-inbound-test2\",\"Sid\":\"SqsAllowAll\"},{\"Action\":\"sns:*\",\"Effect\":\"Allow\",\"Resource\":\"arn:aws:sns:us-east-1:209479308486:etleap-inbound-test2\",\"Sid\":\"SnsAllowAll\"}],\"Version\":\"2012-10-17\"}",
            "policy_id": "ANPATBRPQSTDCNDXV3AYT",
            "tags": {
              "Deployment": "test2",
              "Environment": "sandbox",
              "Operator": "Benedict.Chan"
            },
            "tags_all": {
              "Deployment": "test2",
              "Environment": "sandbox",
              "Operator": "Benedict.Chan"
            }
          },
          "sensitive_attributes": [],
          "identity_schema_version": 0,
          "private": "bnVsbA==",
          "dependencies": [
            "module.vpc.module.inbound_queue.aws_sns_topic.etleap-inbound",
            "module.vpc.module.inbound_queue.aws_sqs_queue.etleap-inbound",
            "module.vpc.module.inbound_queue.aws_sqs_queue.etleap-inbound-dlq",
            "module.vpc.random_id.deployment_random"
          ]
        }
      ]
    },
    {
      "module": "module.vpc",
      "mode": "managed",
      "type": "aws_iam_policy",
      "name": "intermediate",
      "provider": "provider[\"registry.terraform.io/hashicorp/aws\"]",
      "instances": [
        {
          "schema_version": 0,
          "attributes": {
            "arn": "arn:aws:iam::209479308486:policy/EtleapIntermediate-test2-9cb94f",
            "attachment_count": 1,
            "description": "",
            "id": "arn:aws:iam::209479308486:policy/EtleapIntermediate-test2-9cb94f",
            "name": "EtleapIntermediate-test2-9cb94f",
            "name_prefix": "",
            "path": "/",
            "policy": "{\"Statement\":[{\"Action\":[\"s3:GetObject\",\"s3:ListBucket\",\"s3:PutObject\",\"s3:DeleteObject\"],\"Effect\":\"Allow\",\"Resource\":[\"arn:aws:s3:::etleap-intermediate-test2-9cb94f\",\"arn:aws:s3:::etleap-intermediate-test2-9cb94f/*\"]}],\"Version\":\"2012-10-17\"}",
            "policy_id": "ANPATBRPQSTDJKN7BZLTV",
            "tags": {
              "Deployment": "test2",
              "Environment": "sandbox",
              "Operator": "Benedict.Chan"
            },
            "tags_all": {
              "Deployment": "test2",
              "Environment": "sandbox",
              "Operator": "Benedict.Chan"
            }
          },
          "sensitive_attributes": [],
          "identity_schema_version": 0,
          "private": "bnVsbA==",
          "dependencies": [
            "module.vpc.aws_s3_bucket.intermediate",
            "module.vpc.random_id.deployment_random"
          ]
        }
      ]
    },
    {
      "module": "module.vpc",
      "mode": "managed",
      "type": "aws_iam_policy",
      "name": "job_manage_dms",
      "provider": "provider[\"registry.terraform.io/hashicorp/aws\"]",
      "instances": [
        {
          "index_key": 0,
          "schema_version": 0,
          "attributes": {
            "arn": "arn:aws:iam::209479308486:policy/Etleap-Manage-DMS-test2-9cb94f",
            "attachment_count": 1,
            "description": "",
            "id": "arn:aws:iam::209479308486:policy/Etleap-Manage-DMS-test2-9cb94f",
            "name": "Etleap-Manage-DMS-test2-9cb94f",
            "name_prefix": "",
            "path": "/",
            "policy": "{\"Statement\":[{\"Action\":[\"dms:DescribeReplicationTasks\",\"dms:CreateReplicationTask\",\"dms:ModifyReplicationTask\",\"dms:DeleteReplicationTask\",\"dms:StartReplicationTask\",\"dms:StopReplicationTask\",\"dms:DescribeEndpoints\",\"dms:CreateEndpoint\",\"dms:ModifyEndpoint\",\"dms:DeleteEndpoint\",\"dms:DescribeTableStatistics\",\"dms:TestConnection\",\"dms:DescribeConnections\",\"dms:ImportCertificate\",\"dms:DescribeCertificates\",\"dms:DeleteCertificate\"],\"Effect\":\"Allow\",\"Resource\":\"*\"},{\"Action\":\"logs:FilterLogEvents\",\"Effect\":\"Allow\",\"Resource\":\"arn:aws:logs:us-east-1:209479308486:log-group:dms-tasks-etleap-dms-test2-9cb94f:*\"},{\"Action\":[\"iam:GetRole\",\"iam:PassRole\"],\"Effect\":\"Allow\",\"Resource\":\"arn:aws:iam::209479308486:role/Etleap-dms-role-test2-9cb94f\"}],\"Version\":\"2012-10-17\"}",
            "policy_id": "ANPATBRPQSTDNA25CTTXS",
            "tags": {
              "Deployment": "test2",
              "Environment": "sandbox",
              "Operator": "Benedict.Chan"
            },
            "tags_all": {
              "Deployment": "test2",
              "Environment": "sandbox",
              "Operator": "Benedict.Chan"
            }
          },
          "sensitive_attributes": [],
          "identity_schema_version": 0,
          "private": "bnVsbA==",
          "dependencies": [
            "module.vpc.aws_dms_replication_instance.dms",
            "module.vpc.aws_dms_replication_subnet_group.dms",
            "module.vpc.aws_iam_role.dms",
            "module.vpc.aws_security_group.dms",
            "module.vpc.aws_subnet.a_private",
            "module.vpc.aws_subnet.b_private",
            "module.vpc.aws_vpc.etleap",
            "module.vpc.data.aws_caller_identity.current",
            "module.vpc.data.aws_iam_policy_document.dms_assume_role",
            "module.vpc.data.aws_region.current",
            "module.vpc.random_id.deployment_random"
          ]
        }
      ]
    },
    {
      "module": "module.vpc",
      "mode": "managed",
      "type": "aws_iam_policy",
      "name": "kinesis_emr_permissions_policy",
      "provider": "provider[\"registry.terraform.io/hashicorp/aws\"]",
      "instances": [
        {
          "schema_version": 0,
          "attributes": {
            "arn": "arn:aws:iam::209479308486:policy/EtleapEMRKinesisPermissionPolicy-test2-9cb94f",
            "attachment_count": 1,
            "description": "",
            "id": "arn:aws:iam::209479308486:policy/EtleapEMRKinesisPermissionPolicy-test2-9cb94f",
            "name": "EtleapEMRKinesisPermissionPolicy-test2-9cb94f",
            "name_prefix": "",
            "path": "/",
            "policy": "{\"Statement\":[{\"Action\":[\"kinesis:ListShards\",\"kinesis:GetShardIterator\",\"kinesis:GetRecords\",\"kinesis:DescribeStream\",\"kinesis:PutRecord*\"],\"Effect\":\"Allow\",\"Resource\":[\"arn:aws:kinesis:us-east-1:209479308486:stream/etleap-test2-*\"]}],\"Version\":\"2012-10-17\"}",
            "policy_id": "ANPATBRPQSTDKFDM3IA3G",
            "tags": {},
            "tags_all": {}
          },
          "sensitive_attributes": [],
          "identity_schema_version": 0,
          "private": "bnVsbA==",
          "dependencies": [
            "module.vpc.data.aws_caller_identity.current",
            "module.vpc.data.aws_region.current",
            "module.vpc.random_id.deployment_random"
          ]
        }
      ]
    },
    {
      "module": "module.vpc",
      "mode": "managed",
      "type": "aws_iam_policy",
      "name": "s3_input_policy",
      "provider": "provider[\"registry.terraform.io/hashicorp/aws\"]",
      "instances": [
        {
          "index_key": 0,
          "schema_version": 0,
          "attributes": {
            "arn": "arn:aws:iam::209479308486:policy/EtleapInput-test2-9cb94f",
            "attachment_count": 1,
            "description": "",
            "id": "arn:aws:iam::209479308486:policy/EtleapInput-test2-9cb94f",
            "name": "EtleapInput-test2-9cb94f",
            "name_prefix": "",
            "path": "/",
            "policy": "{\"Statement\":[{\"Action\":[\"s3:GetObject\",\"s3:ListBucket\"],\"Effect\":\"Allow\",\"Resource\":[\"arn:aws:s3:::benedict-dev-test\",\"arn:aws:s3:::benedict-dev-test/*\"]},{\"Action\":[\"s3:GetObject\",\"s3:ListBucket\",\"s3:PutObject\",\"s3:DeleteObject\"],\"Effect\":\"Allow\",\"Resource\":[\"arn:aws:s3:::etleap-intermediate-test2-9cb94f\",\"arn:aws:s3:::etleap-intermediate-test2-9cb94f/*\"]}],\"Version\":\"2012-10-17\"}",
            "policy_id": "ANPATBRPQSTDMG5LBO7JV",
            "tags": {
              "Deployment": "test2",
              "Environment": "sandbox",
              "Operator": "Benedict.Chan"
            },
            "tags_all": {
              "Deployment": "test2",
              "Environment": "sandbox",
              "Operator": "Benedict.Chan"
            }
          },
          "sensitive_attributes": [],
          "identity_schema_version": 0,
          "private": "bnVsbA==",
          "dependencies": [
            "module.vpc.aws_s3_bucket.intermediate",
            "module.vpc.random_id.deployment_random"
          ]
        }
      ]
    },
    {
      "module": "module.vpc",
      "mode": "managed",
      "type": "aws_iam_policy",
      "name": "support_autoscaling_emr_rds_sns_read",
      "provider": "provider[\"registry.terraform.io/hashicorp/aws\"]",
      "instances": [
        {
          "index_key": 0,
          "schema_version": 0,
          "attributes": {
            "arn": "arn:aws:iam::209479308486:policy/Etleap-test2-Support-Autoscaling_EMR_RDS_SNS-Read-Policy",
            "attachment_count": 1,
            "description": "List resources related to Auto Scaling, EMR, RDS, and SNS.",
            "id": "arn:aws:iam::209479308486:policy/Etleap-test2-Support-Autoscaling_EMR_RDS_SNS-Read-Policy",
            "name": "Etleap-test2-Support-Autoscaling_EMR_RDS_SNS-Read-Policy",
            "name_prefix": "",
            "path": "/",
            "policy": "{\"Statement\":[{\"Action\":[\"autoscaling:Describe*\",\"elasticmapreduce:Describe*\",\"elasticmapreduce:List*\",\"rds:Describe*\",\"sns:List*\"],\"Effect\":\"Allow\",\"Resource\":\"*\"}],\"Version\":\"2012-10-17\"}",
            "policy_id": "ANPATBRPQSTDAXMRHGFFI",
            "tags": {
              "Deployment": "test2",
              "Environment": "sandbox",
              "Operator": "Benedict.Chan"
            },
            "tags_all": {
              "Deployment": "test2",
              "Environment": "sandbox",
              "Operator": "Benedict.Chan"
            }
          },
          "sensitive_attributes": [],
          "identity_schema_version": 0,
          "private": "bnVsbA=="
        }
      ]
    },
    {
      "module": "module.vpc",
      "mode": "managed",
      "type": "aws_iam_policy",
      "name": "support_cloudwatch_read",
      "provider": "provider[\"registry.terraform.io/hashicorp/aws\"]",
      "instances": [
        {
          "index_key": 0,
          "schema_version": 0,
          "attributes": {
            "arn": "arn:aws:iam::209479308486:policy/Etleap-test2-Support-Cloudwatch-Read-Policy",
            "attachment_count": 1,
            "description": "List and read metric data from CloudWatch.",
            "id": "arn:aws:iam::209479308486:policy/Etleap-test2-Support-Cloudwatch-Read-Policy",
            "name": "Etleap-test2-Support-Cloudwatch-Read-Policy",
            "name_prefix": "",
            "path": "/",
            "policy": "{\"Statement\":[{\"Action\":[\"cloudwatch:List*\",\"cloudwatch:Describe*\",\"cloudwatch:GetMetricData\"],\"Effect\":\"Allow\",\"Resource\":\"*\"}],\"Version\":\"2012-10-17\"}",
            "policy_id": "ANPATBRPQSTDBB42VTMRZ",
            "tags": {
              "Deployment": "test2",
              "Environment": "sandbox",
              "Operator": "Benedict.Chan"
            },
            "tags_all": {
              "Deployment": "test2",
              "Environment": "sandbox",
              "Operator": "Benedict.Chan"
            }
          },
          "sensitive_attributes": [],
          "identity_schema_version": 0,
          "private": "bnVsbA=="
        }
      ]
    },
    {
      "module": "module.vpc",
      "mode": "managed",
      "type": "aws_iam_policy",
      "name": "support_ec2_read",
      "provider": "provider[\"registry.terraform.io/hashicorp/aws\"]",
      "instances": [
        {
          "index_key": 0,
          "schema_version": 0,
          "attributes": {
            "arn": "arn:aws:iam::209479308486:policy/Etleap-test2-Support-EC2-Read-Policy",
            "attachment_count": 1,
            "description": "Describe EC2 instances, network interfaces, images, addresses, subnets, tags, and volumes.",
            "id": "arn:aws:iam::209479308486:policy/Etleap-test2-Support-EC2-Read-Policy",
            "name": "Etleap-test2-Support-EC2-Read-Policy",
            "name_prefix": "",
            "path": "/",
            "policy": "{\"Statement\":[{\"Action\":[\"ec2:DescribeInstances\",\"ec2:DescribeNetworkInterfaces\",\"ec2:DescribeImages\",\"ec2:DescribeAddresses\",\"ec2:DescribeSubnets\",\"ec2:DescribeTags\",\"ec2:DescribeVolumes\"],\"Effect\":\"Allow\",\"Resource\":\"*\"}],\"Version\":\"2012-10-17\"}",
            "policy_id": "ANPATBRPQSTDD47TDMNQR",
            "tags": {
              "Deployment": "test2",
              "Environment": "sandbox",
              "Operator": "Benedict.Chan"
            },
            "tags_all": {
              "Deployment": "test2",
              "Environment": "sandbox",
              "Operator": "Benedict.Chan"
            }
          },
          "sensitive_attributes": [],
          "identity_schema_version": 0,
          "private": "bnVsbA=="
        }
      ]
    },
    {
      "module": "module.vpc",
      "mode": "managed",
      "type": "aws_iam_policy",
      "name": "support_logs_dms_limited",
      "provider": "provider[\"registry.terraform.io/hashicorp/aws\"]",
      "instances": [
        {
          "index_key": 0,
          "schema_version": 0,
          "attributes": {
            "arn": "arn:aws:iam::209479308486:policy/Etleap-test2-Support-Logs_DMS-Limited-Policy",
            "attachment_count": 1,
            "description": "DMS-related resource access, only if CDC support is enabled for the deployment. Includes read of the deployment's DMS replication instance's CloudWatch log group, list resources related to DMS, and full CRUD of the deployment's DMS resources, including endpoints, replication tasks, and assessments.",
            "id": "arn:aws:iam::209479308486:policy/Etleap-test2-Support-Logs_DMS-Limited-Policy",
            "name": "Etleap-test2-Support-Logs_DMS-Limited-Policy",
            "name_prefix": "",
            "path": "/",
            "policy": "{\"Statement\":[{\"Action\":[\"logs:Describe*\"],\"Effect\":\"Allow\",\"Resource\":\"*\"},{\"Action\":[\"logs:Get*\",\"logs:FilterLogEvents\",\"logs:ListTagsForResource\"],\"Effect\":\"Allow\",\"Resource\":[\"arn:aws:logs:us-east-1:209479308486:log-group:dms-tasks-etleap-dms-test2-9cb94f:*\"]},{\"Action\":[\"dms:Describe*\",\"dms:List*\"],\"Effect\":\"Allow\",\"Resource\":\"*\"},{\"Action\":[\"dms:AddTagsToResource\",\"dms:AssociateExtensionPack\",\"dms:Cancel\",\"dms:CreateReplicationConfig\",\"dms:CreateReplicationTask\",\"dms:ModifyInstanceProfile\",\"dms:Refresh*\",\"dms:StartDataMigration\",\"dms:Stop*\",\"dms:Update*\"],\"Condition\":{\"StringEquals\":{\"aws:ResourceTag/Deployment\":\"test2\"}},\"Effect\":\"Allow\",\"Resource\":\"*\"},{\"Action\":[\"dms:Describe*\",\"dms:StartReplicationTask\",\"dms:ModifyReplicationTask\",\"dms:StopReplicationTask\",\"dms:MoveReplicationTask\",\"dms:DeleteReplicationTask\",\"dms:StartReplication\",\"dms:StartReplicationTaskAssessment\",\"dms:StartReplicationTaskAssessmentRun\",\"dms:StopReplication\",\"dms:CreateEndpoint*\",\"dms:ModifyEndpoint\",\"dms:DeleteEndpoint\",\"dms:TestConnection\"],\"Effect\":\"Allow\",\"Resource\":[\"arn:aws:dms:us-east-1:209479308486:task:*\",\"arn:aws:dms:us-east-1:209479308486:endpoint:*\"]},{\"Action\":[\"dms:TestConnection\"],\"Effect\":\"Allow\",\"Resource\":[\"arn:aws:dms:us-east-1:209479308486:rep:*\"]}],\"Version\":\"2012-10-17\"}",
            "policy_id": "ANPATBRPQSTDD2GA6Y7CO",
            "tags": {
              "Deployment": "test2",
              "Environment": "sandbox",
              "Operator": "Benedict.Chan"
            },
            "tags_all": {
              "Deployment": "test2",
              "Environment": "sandbox",
              "Operator": "Benedict.Chan"
            }
          },
          "sensitive_attributes": [],
          "identity_schema_version": 0,
          "private": "bnVsbA==",
          "dependencies": [
            "module.vpc.aws_dms_replication_instance.dms",
            "module.vpc.aws_dms_replication_subnet_group.dms",
            "module.vpc.aws_security_group.dms",
            "module.vpc.aws_subnet.a_private",
            "module.vpc.aws_subnet.b_private",
            "module.vpc.aws_vpc.etleap",
            "module.vpc.data.aws_caller_identity.current",
            "module.vpc.data.aws_region.current",
            "module.vpc.random_id.deployment_random"
          ]
        }
      ]
    },
    {
      "module": "module.vpc",
      "mode": "managed",
      "type": "aws_iam_policy",
      "name": "support_s3_read",
      "provider": "provider[\"registry.terraform.io/hashicorp/aws\"]",
      "instances": [
        {
          "index_key": 0,
          "schema_version": 0,
          "attributes": {
            "arn": "arn:aws:iam::209479308486:policy/Etleap-test2-Support-S3-EMR-Read-Policy",
            "attachment_count": 1,
            "description": "",
            "id": "arn:aws:iam::209479308486:policy/Etleap-test2-Support-S3-EMR-Read-Policy",
            "name": "Etleap-test2-Support-S3-EMR-Read-Policy",
            "name_prefix": "",
            "path": "/",
            "policy": "{\"Statement\":[{\"Action\":\"s3:ListBucket\",\"Condition\":{\"StringLike\":{\"s3:prefix\":[\"emr-logs/*\"]}},\"Effect\":\"Allow\",\"Resource\":\"arn:aws:s3:::etleap-intermediate-test2-9cb94f\",\"Sid\":\"AllowListingOfEMRLogs\"},{\"Action\":\"s3:GetObject\",\"Effect\":\"Allow\",\"Resource\":\"arn:aws:s3:::etleap-intermediate-test2-9cb94f/emr-logs/*\",\"Sid\":\"AllowReadEMRLogs\"}],\"Version\":\"2012-10-17\"}",
            "policy_id": "ANPATBRPQSTDBQ346NSKK",
            "tags": {
              "Deployment": "test2",
              "Environment": "sandbox",
              "Operator": "Benedict.Chan"
            },
            "tags_all": {
              "Deployment": "test2",
              "Environment": "sandbox",
              "Operator": "Benedict.Chan"
            }
          },
          "sensitive_attributes": [],
          "identity_schema_version": 0,
          "private": "bnVsbA==",
          "dependencies": [
            "module.vpc.aws_s3_bucket.intermediate",
            "module.vpc.random_id.deployment_random"
          ]
        }
      ]
    },
    {
      "module": "module.vpc",
      "mode": "managed",
      "type": "aws_iam_policy",
      "name": "support_secretsmanager_limited",
      "provider": "provider[\"registry.terraform.io/hashicorp/aws\"]",
      "instances": [
        {
          "index_key": 0,
          "schema_version": 0,
          "attributes": {
            "arn": "arn:aws:iam::209479308486:policy/Etleap-test2-Support-Secretsmanager-Limited-Policy",
            "attachment_count": 1,
            "description": "Read the deployment's database's support user's password from Secrets Manager.",
            "id": "arn:aws:iam::209479308486:policy/Etleap-test2-Support-Secretsmanager-Limited-Policy",
            "name": "Etleap-test2-Support-Secretsmanager-Limited-Policy",
            "name_prefix": "",
            "path": "/",
            "policy": "{\"Statement\":[{\"Action\":[\"secretsmanager:GetResourcePolicy\",\"secretsmanager:GetSecretValue\",\"secretsmanager:DescribeSecret\",\"secretsmanager:ListSecretVersionIds\"],\"Effect\":\"Allow\",\"Resource\":[\"arn:aws:secretsmanager:us-east-1:209479308486:secret:Etleap-test2-DBSupportPassword-J8Mgvo\"]}],\"Version\":\"2012-10-17\"}",
            "policy_id": "ANPATBRPQSTDPHV7Z7ZS4",
            "tags": {
              "Deployment": "test2",
              "Environment": "sandbox",
              "Operator": "Benedict.Chan"
            },
            "tags_all": {
              "Deployment": "test2",
              "Environment": "sandbox",
              "Operator": "Benedict.Chan"
            }
          },
          "sensitive_attributes": [],
          "identity_schema_version": 0,
          "private": "bnVsbA==",
          "dependencies": [
            "module.vpc.module.db_support_password.aws_secretsmanager_secret.secret"
          ]
        }
      ]
    },
    {
      "module": "module.vpc",
      "mode": "managed",
      "type": "aws_iam_policy",
      "name": "support_sns_read",
      "provider": "provider[\"registry.terraform.io/hashicorp/aws\"]",
      "instances": [
        {
          "index_key": 0,
          "schema_version": 0,
          "attributes": {
            "arn": "arn:aws:iam::209479308486:policy/Etleap-test2-Support-SNS-Read-Policy",
            "attachment_count": 1,
            "description": "List SNS topics and queues related to the deployment.",
            "id": "arn:aws:iam::209479308486:policy/Etleap-test2-Support-SNS-Read-Policy",
            "name": "Etleap-test2-Support-SNS-Read-Policy",
            "name_prefix": "",
            "path": "/",
            "policy": "{\"Statement\":[{\"Action\":[\"sns:Get*\"],\"Condition\":{\"StringEquals\":{\"aws:ResourceTag/Deployment\":\"test2\"}},\"Effect\":\"Allow\",\"Resource\":[\"arn:aws:sns:us-east-1:209479308486:etleap-inbound-test2\",\"arn:aws:sqs:us-east-1:209479308486:etleap-inbound-test2\"]}],\"Version\":\"2012-10-17\"}",
            "policy_id": "ANPATBRPQSTDLXZTAELAJ",
            "tags": {
              "Deployment": "test2",
              "Environment": "sandbox",
              "Operator": "Benedict.Chan"
            },
            "tags_all": {
              "Deployment": "test2",
              "Environment": "sandbox",
              "Operator": "Benedict.Chan"
            }
          },
          "sensitive_attributes": [],
          "identity_schema_version": 0,
          "private": "bnVsbA==",
          "dependencies": [
            "module.vpc.module.inbound_queue.aws_sns_topic.etleap-inbound",
            "module.vpc.module.inbound_queue.aws_sqs_queue.etleap-inbound",
            "module.vpc.module.inbound_queue.aws_sqs_queue.etleap-inbound-dlq"
          ]
        }
      ]
    },
    {
      "module": "module.vpc",
      "mode": "managed",
      "type": "aws_iam_policy",
      "name": "support_ssm_limited",
      "provider": "provider[\"registry.terraform.io/hashicorp/aws\"]",
      "instances": [
        {
          "index_key": 0,
          "schema_version": 0,
          "attributes": {
            "arn": "arn:aws:iam::209479308486:policy/Etleap-test2-Support-SSM-Limited-Policy",
            "attachment_count": 1,
            "description": "Start, stop, and resume Port Forwarding to the DB (RDS) instance and SOCKS proxy (using SSM sessions) specifically using the deployment's app instance.",
            "id": "arn:aws:iam::209479308486:policy/Etleap-test2-Support-SSM-Limited-Policy",
            "name": "Etleap-test2-Support-SSM-Limited-Policy",
            "name_prefix": "",
            "path": "/",
            "policy": "{\"Statement\":[{\"Action\":[\"ssm:StartSession\",\"ssm:TerminateSession\",\"ssm:ResumeSession\",\"ssm:DescribeSessions\",\"ssm:DescribeInstanceInformation\",\"ssm:GetConnectionStatus\",\"ssm:DescribeInstanceProperties\"],\"Effect\":\"Allow\",\"Resource\":[\"arn:aws:ec2:*:209479308486:session/${aws:username}-*\",\"arn:aws:ec2:*:209479308486:instance/i-04eb87e92425e5635\",\"arn:aws:ssm:*:209479308486:document/PortForwardingSocks-test2\",\"arn:aws:ssm:*:209479308486:document/PortForwardingDB-test2\"]}],\"Version\":\"2012-10-17\"}",
            "policy_id": "ANPATBRPQSTDIOIXNOF74",
            "tags": {
              "Deployment": "test2",
              "Environment": "sandbox",
              "Operator": "Benedict.Chan"
            },
            "tags_all": {
              "Deployment": "test2",
              "Environment": "sandbox",
              "Operator": "Benedict.Chan"
            }
          },
          "sensitive_attributes": [],
          "identity_schema_version": 0,
          "private": "bnVsbA==",
          "dependencies": [
            "aws_key_pair.ssh",
            "module.vpc.aws_cognito_identity_pool.etleap_azure_identity_pool",
            "module.vpc.aws_db_instance.db",
            "module.vpc.aws_db_parameter_group.mysql8-4-etleap",
            "module.vpc.aws_db_subnet_group.db",
            "module.vpc.aws_dms_replication_instance.dms",
            "module.vpc.aws_dms_replication_subnet_group.dms",
            "module.vpc.aws_dynamodb_table.activity-log",
            "module.vpc.aws_emr_cluster.emr",
            "module.vpc.aws_emr_security_configuration.emrfs_sse_kms",
            "module.vpc.aws_glue_catalog_database.iceberg_system_tables_db",
            "module.vpc.aws_iam_instance_profile.app",
            "module.vpc.aws_iam_instance_profile.emr_profile",
            "module.vpc.aws_iam_role.app",
            "module.vpc.aws_iam_role.dms",
            "module.vpc.aws_iam_role.emr",
            "module.vpc.aws_iam_role.emr_default_role",
            "module.vpc.aws_iam_role.intermediate",
            "module.vpc.aws_instance.nat",
            "module.vpc.aws_internet_gateway.etleap",
            "module.vpc.aws_kms_key.etleap_emr_ebs_encryption_key",
            "module.vpc.aws_kms_key.etleap_encryption_key",
            "module.vpc.aws_lb.app",
            "module.vpc.aws_network_interface.main_app",
            "module.vpc.aws_network_interface.zookeeper",
            "module.vpc.aws_route.prod_public",
            "module.vpc.aws_route_table.public",
            "module.vpc.aws_s3_bucket.intermediate",
            "module.vpc.aws_s3_object.customer_post_install_script",
            "module.vpc.aws_s3_object.db_init_script",
            "module.vpc.aws_s3_object.influx_db_init_script",
            "module.vpc.aws_secretsmanager_secret.influx_db_api_token",
            "module.vpc.aws_security_group.app",
            "module.vpc.aws_security_group.db",
            "module.vpc.aws_security_group.dms",
            "module.vpc.aws_security_group.emr",
            "module.vpc.aws_security_group.emr-master-managed",
            "module.vpc.aws_security_group.emr-service-access-managed",
            "module.vpc.aws_security_group.emr-slave-managed",
            "module.vpc.aws_security_group.influxdb",
            "module.vpc.aws_security_group.nat",
            "module.vpc.aws_security_group.zookeeper",
            "module.vpc.aws_ssm_parameter.emr_cluster_id",
            "module.vpc.aws_subnet.a_private",
            "module.vpc.aws_subnet.a_public",
            "module.vpc.aws_subnet.b_private",
            "module.vpc.aws_subnet.b_public",
            "module.vpc.aws_subnet.c_private",
            "module.vpc.aws_timestreaminfluxdb_db_instance.influx_db",
            "module.vpc.aws_vpc.etleap",
            "module.vpc.data.aws_ami.nat",
            "module.vpc.data.aws_caller_identity.current",
            "module.vpc.data.aws_iam_policy_document.dms_assume_role",
            "module.vpc.data.aws_region.current",
            "module.vpc.data.aws_secretsmanager_secret_version.influx_db_password",
            "module.vpc.module.admin_password.aws_secretsmanager_secret.secret",
            "module.vpc.module.db_password.aws_secretsmanager_secret.secret",
            "module.vpc.module.db_root_password.aws_secretsmanager_secret.secret",
            "module.vpc.module.db_root_password.aws_secretsmanager_secret_version.secret",
            "module.vpc.module.db_root_password.random_password.secret_value",
            "module.vpc.module.db_support_password.aws_secretsmanager_secret.secret",
            "module.vpc.module.deployment_secret.aws_secretsmanager_secret.secret",
            "module.vpc.module.elva.aws_iam_user.elva",
            "module.vpc.module.elva.aws_lb.elva",
            "module.vpc.module.elva.aws_security_group.elva-elb",
            "module.vpc.module.inbound_queue.aws_sns_topic.etleap-inbound",
            "module.vpc.module.inbound_queue.aws_sqs_queue.etleap-inbound",
            "module.vpc.module.inbound_queue.aws_sqs_queue.etleap-inbound-dlq",
            "module.vpc.module.influx_db_password.aws_secretsmanager_secret.secret",
            "module.vpc.module.influx_db_password.aws_secretsmanager_secret_version.secret",
            "module.vpc.module.influx_db_password.random_password.secret_value",
            "module.vpc.module.main_app.aws_instance.app",
            "module.vpc.module.setup_password.aws_secretsmanager_secret.secret",
            "module.vpc.module.setup_password.aws_secretsmanager_secret_version.secret",
            "module.vpc.module.setup_password.random_password.secret_value",
            "module.vpc.null_resource.are_influx_db_hostname_and_password_valid",
            "module.vpc.null_resource.emr_configuration_change",
            "module.vpc.random_id.deployment_random"
          ]
        }
      ]
    },
    {
      "module": "module.vpc",
      "mode": "managed",
      "type": "aws_iam_policy",
      "name": "support_ssm_read",
      "provider": "provider[\"registry.terraform.io/hashicorp/aws\"]",
      "instances": [
        {
          "index_key": 0,
          "schema_version": 0,
          "attributes": {
            "arn": "arn:aws:iam::209479308486:policy/Etleap-test2-Support-SSM-Read-Policy",
            "attachment_count": 1,
            "description": "Read the deployment's Parameter Store parameters.",
            "id": "arn:aws:iam::209479308486:policy/Etleap-test2-Support-SSM-Read-Policy",
            "name": "Etleap-test2-Support-SSM-Read-Policy",
            "name_prefix": "",
            "path": "/",
            "policy": "{\"Statement\":[{\"Action\":[\"ssm:GetParametersByPath\",\"ssm:GetParameters\",\"ssm:GetParameter\"],\"Effect\":\"Allow\",\"Resource\":\"arn:aws:ssm:us-east-1:209479308486:parameter/etleap/test2/*\"},{\"Action\":\"ssm:DescribeParameters\",\"Effect\":\"Allow\",\"Resource\":\"*\"}],\"Version\":\"2012-10-17\"}",
            "policy_id": "ANPATBRPQSTDFHTURFB3M",
            "tags": {
              "Deployment": "test2",
              "Environment": "sandbox",
              "Operator": "Benedict.Chan"
            },
            "tags_all": {
              "Deployment": "test2",
              "Environment": "sandbox",
              "Operator": "Benedict.Chan"
            }
          },
          "sensitive_attributes": [],
          "identity_schema_version": 0,
          "private": "bnVsbA==",
          "dependencies": [
            "module.vpc.data.aws_caller_identity.current",
            "module.vpc.data.aws_region.current"
          ]
        }
      ]
    },
    {
      "module": "module.vpc",
      "mode": "managed",
      "type": "aws_iam_policy",
      "name": "support_support_full",
      "provider": "provider[\"registry.terraform.io/hashicorp/aws\"]",
      "instances": [
        {
          "index_key": 0,
          "schema_version": 0,
          "attributes": {
            "arn": "arn:aws:iam::209479308486:policy/Etleap-test2-Support-Support-Full-Policy",
            "attachment_count": 1,
            "description": "Full access to AWS Support.",
            "id": "arn:aws:iam::209479308486:policy/Etleap-test2-Support-Support-Full-Policy",
            "name": "Etleap-test2-Support-Support-Full-Policy",
            "name_prefix": "",
            "path": "/",
            "policy": "{\"Statement\":[{\"Action\":[\"support:*\"],\"Effect\":\"Allow\",\"Resource\":\"*\"}],\"Version\":\"2012-10-17\"}",
            "policy_id": "ANPATBRPQSTDDYCJOXODX",
            "tags": {
              "Deployment": "test2",
              "Environment": "sandbox",
              "Operator": "Benedict.Chan"
            },
            "tags_all": {
              "Deployment": "test2",
              "Environment": "sandbox",
              "Operator": "Benedict.Chan"
            }
          },
          "sensitive_attributes": [],
          "identity_schema_version": 0,
          "private": "bnVsbA=="
        }
      ]
    },
    {
      "module": "module.vpc",
      "mode": "managed",
      "type": "aws_iam_policy",
      "name": "zookeeper_read_init_script_policy",
      "provider": "provider[\"registry.terraform.io/hashicorp/aws\"]",
      "instances": [
        {
          "schema_version": 0,
          "attributes": {
            "arn": "arn:aws:iam::209479308486:policy/Etleap-test2-Zookeeper-Init-Scripts-Read-Policy",
            "attachment_count": 1,
            "description": "",
            "id": "arn:aws:iam::209479308486:policy/Etleap-test2-Zookeeper-Init-Scripts-Read-Policy",
            "name": "Etleap-test2-Zookeeper-Init-Scripts-Read-Policy",
            "name_prefix": "",
            "path": "/",
            "policy": "{\"Statement\":[{\"Action\":[\"s3:GetObject\"],\"Effect\":\"Allow\",\"Resource\":[\"arn:aws:s3:::etleap-intermediate-test2-9cb94f/init-scripts/*\"],\"Sid\":\"InitScriptsGet\"}],\"Version\":\"2012-10-17\"}",
            "policy_id": "ANPATBRPQSTDNQAGLLX3X",
            "tags": {
              "Deployment": "test2",
              "Environment": "sandbox",
              "Operator": "Benedict.Chan"
            },
            "tags_all": {
              "Deployment": "test2",
              "Environment": "sandbox",
              "Operator": "Benedict.Chan"
            }
          },
          "sensitive_attributes": [],
          "identity_schema_version": 0,
          "private": "bnVsbA==",
          "dependencies": [
            "module.vpc.aws_s3_bucket.intermediate",
            "module.vpc.random_id.deployment_random"
          ]
        }
      ]
    },
    {
      "module": "module.vpc",
      "mode": "managed",
      "type": "aws_iam_policy_attachment",
      "name": "allow-sqs-app",
      "provider": "provider[\"registry.terraform.io/hashicorp/aws\"]",
      "instances": [
        {
          "schema_version": 0,
          "attributes": {
            "groups": [],
            "id": "allow-sqs-app",
            "name": "allow-sqs-app",
            "policy_arn": "arn:aws:iam::209479308486:policy/Etleap-inbound-sns-sqs-manage-test2-9cb94f",
            "roles": [
              "EtleapApp-test2-9cb94f"
            ],
            "users": []
          },
          "sensitive_attributes": [],
          "identity_schema_version": 0,
          "private": "bnVsbA==",
          "dependencies": [
            "module.vpc.aws_iam_policy.inbound-sns-sqs-manage",
            "module.vpc.aws_iam_role.app",
            "module.vpc.module.inbound_queue.aws_sns_topic.etleap-inbound",
            "module.vpc.module.inbound_queue.aws_sqs_queue.etleap-inbound",
            "module.vpc.module.inbound_queue.aws_sqs_queue.etleap-inbound-dlq",
            "module.vpc.random_id.deployment_random"
          ]
        }
      ]
    },
    {
      "module": "module.vpc",
      "mode": "managed",
      "type": "aws_iam_policy_attachment",
      "name": "app_various_limited",
      "provider": "provider[\"registry.terraform.io/hashicorp/aws\"]",
      "instances": [
        {
          "schema_version": 0,
          "attributes": {
            "groups": [],
            "id": "Etleap App Specific Permissions",
            "name": "Etleap App Specific Permissions",
            "policy_arn": "arn:aws:iam::209479308486:policy/Etleap-test2-App-Various-Limited-Policy",
            "roles": [
              "EtleapApp-test2-9cb94f"
            ],
            "users": []
          },
          "sensitive_attributes": [],
          "identity_schema_version": 0,
          "private": "bnVsbA==",
          "dependencies": [
            "aws_key_pair.ssh",
            "module.vpc.aws_cognito_identity_pool.etleap_azure_identity_pool",
            "module.vpc.aws_db_instance.db",
            "module.vpc.aws_db_parameter_group.mysql8-4-etleap",
            "module.vpc.aws_db_subnet_group.db",
            "module.vpc.aws_dms_replication_instance.dms",
            "module.vpc.aws_dms_replication_subnet_group.dms",
            "module.vpc.aws_dynamodb_table.activity-log",
            "module.vpc.aws_emr_cluster.emr",
            "module.vpc.aws_emr_security_configuration.emrfs_sse_kms",
            "module.vpc.aws_glue_catalog_database.iceberg_system_tables_db",
            "module.vpc.aws_iam_instance_profile.emr_profile",
            "module.vpc.aws_iam_policy.app_various_limited",
            "module.vpc.aws_iam_role.app",
            "module.vpc.aws_iam_role.dms",
            "module.vpc.aws_iam_role.emr",
            "module.vpc.aws_iam_role.emr_default_role",
            "module.vpc.aws_iam_role.intermediate",
            "module.vpc.aws_instance.nat",
            "module.vpc.aws_kms_key.etleap_emr_ebs_encryption_key",
            "module.vpc.aws_kms_key.etleap_encryption_key",
            "module.vpc.aws_lb.app",
            "module.vpc.aws_network_interface.zookeeper",
            "module.vpc.aws_s3_bucket.intermediate",
            "module.vpc.aws_s3_object.customer_post_install_script",
            "module.vpc.aws_secretsmanager_secret.influx_db_api_token",
            "module.vpc.aws_security_group.app",
            "module.vpc.aws_security_group.db",
            "module.vpc.aws_security_group.dms",
            "module.vpc.aws_security_group.emr",
            "module.vpc.aws_security_group.emr-master-managed",
            "module.vpc.aws_security_group.emr-service-access-managed",
            "module.vpc.aws_security_group.emr-slave-managed",
            "module.vpc.aws_security_group.influxdb",
            "module.vpc.aws_security_group.nat",
            "module.vpc.aws_security_group.zookeeper",
            "module.vpc.aws_ssm_parameter.emr_cluster_id",
            "module.vpc.aws_subnet.a_private",
            "module.vpc.aws_subnet.a_public",
            "module.vpc.aws_subnet.b_private",
            "module.vpc.aws_subnet.b_public",
            "module.vpc.aws_subnet.c_private",
            "module.vpc.aws_timestreaminfluxdb_db_instance.influx_db",
            "module.vpc.aws_vpc.etleap",
            "module.vpc.data.aws_ami.nat",
            "module.vpc.data.aws_caller_identity.current",
            "module.vpc.data.aws_iam_policy_document.dms_assume_role",
            "module.vpc.data.aws_region.current",
            "module.vpc.data.aws_secretsmanager_secret_version.influx_db_password",
            "module.vpc.module.admin_password.aws_secretsmanager_secret.secret",
            "module.vpc.module.db_password.aws_secretsmanager_secret.secret",
            "module.vpc.module.db_root_password.aws_secretsmanager_secret.secret",
            "module.vpc.module.db_root_password.aws_secretsmanager_secret_version.secret",
            "module.vpc.module.db_root_password.random_password.secret_value",
            "module.vpc.module.db_support_password.aws_secretsmanager_secret.secret",
            "module.vpc.module.deployment_secret.aws_secretsmanager_secret.secret",
            "module.vpc.module.elva.aws_iam_user.elva",
            "module.vpc.module.elva.aws_lb.elva",
            "module.vpc.module.elva.aws_security_group.elva-elb",
            "module.vpc.module.inbound_queue.aws_sns_topic.etleap-inbound",
            "module.vpc.module.inbound_queue.aws_sqs_queue.etleap-inbound",
            "module.vpc.module.inbound_queue.aws_sqs_queue.etleap-inbound-dlq",
            "module.vpc.module.influx_db_password.aws_secretsmanager_secret.secret",
            "module.vpc.module.influx_db_password.aws_secretsmanager_secret_version.secret",
            "module.vpc.module.influx_db_password.random_password.secret_value",
            "module.vpc.module.setup_password.aws_secretsmanager_secret.secret",
            "module.vpc.module.setup_password.aws_secretsmanager_secret_version.secret",
            "module.vpc.module.setup_password.random_password.secret_value",
            "module.vpc.null_resource.are_influx_db_hostname_and_password_valid",
            "module.vpc.null_resource.emr_configuration_change",
            "module.vpc.random_id.deployment_random"
          ]
        }
      ]
    },
    {
      "module": "module.vpc",
      "mode": "managed",
      "type": "aws_iam_policy_attachment",
      "name": "assume_data_roles",
      "provider": "provider[\"registry.terraform.io/hashicorp/aws\"]",
      "instances": [
        {
          "schema_version": 0,
          "attributes": {
            "groups": [],
            "id": "App and EMR assume data role",
            "name": "App and EMR assume data role",
            "policy_arn": "arn:aws:iam::209479308486:policy/Etleap_assume_data_roles-test2-9cb94f",
            "roles": [
              "EtleapApp-test2-9cb94f",
              "EtleapEMR-test2-9cb94f",
              "EtleapEMR_DefaultRole-test2-9cb94f"
            ],
            "users": []
          },
          "sensitive_attributes": [],
          "identity_schema_version": 0,
          "private": "bnVsbA==",
          "dependencies": [
            "module.vpc.aws_iam_policy.assume_data_roles",
            "module.vpc.aws_iam_role.app",
            "module.vpc.aws_iam_role.emr",
            "module.vpc.aws_iam_role.emr_default_role",
            "module.vpc.aws_iam_role.intermediate",
            "module.vpc.module.elva.aws_iam_user.elva",
            "module.vpc.random_id.deployment_random"
          ]
        }
      ]
    },
    {
      "module": "module.vpc",
      "mode": "managed",
      "type": "aws_iam_policy_attachment",
      "name": "cloudwatch_metric_data",
      "provider": "provider[\"registry.terraform.io/hashicorp/aws\"]",
      "instances": [
        {
          "schema_version": 0,
          "attributes": {
            "groups": [],
            "id": "Etleap Get and Put Metric Data",
            "name": "Etleap Get and Put Metric Data",
            "policy_arn": "arn:aws:iam::209479308486:policy/EtleapMetricData-test2-9cb94f",
            "roles": [
              "EtleapApp-test2-9cb94f",
              "Etleapzookeeper-test2-9cb94f"
            ],
            "users": []
          },
          "sensitive_attributes": [],
          "identity_schema_version": 0,
          "private": "bnVsbA==",
          "dependencies": [
            "module.vpc.aws_iam_policy.cloudwatch_metric_data",
            "module.vpc.aws_iam_role.app",
            "module.vpc.aws_iam_role.zookeeper",
            "module.vpc.random_id.deployment_random"
          ]
        }
      ]
    },
    {
      "module": "module.vpc",
      "mode": "managed",
      "type": "aws_iam_policy_attachment",
      "name": "cognito_open_id_token",
      "provider": "provider[\"registry.terraform.io/hashicorp/aws\"]",
      "instances": [
        {
          "index_key": 0,
          "schema_version": 0,
          "attributes": {
            "groups": [],
            "id": "EtleapCognitoOpenIDTokenPolicy-test2-9cb94f",
            "name": "EtleapCognitoOpenIDTokenPolicy-test2-9cb94f",
            "policy_arn": "arn:aws:iam::209479308486:policy/EtleapCognitoOpenIdToken-test2-9cb94f",
            "roles": [
              "EtleapApp-test2-9cb94f",
              "EtleapEMR-test2-9cb94f"
            ],
            "users": []
          },
          "sensitive_attributes": [],
          "identity_schema_version": 0,
          "private": "bnVsbA==",
          "dependencies": [
            "module.vpc.aws_cognito_identity_pool.etleap_azure_identity_pool",
            "module.vpc.aws_iam_policy.cognito_open_id_token",
            "module.vpc.aws_iam_role.app",
            "module.vpc.aws_iam_role.emr",
            "module.vpc.random_id.deployment_random"
          ]
        }
      ]
    },
    {
      "module": "module.vpc",
      "mode": "managed",
      "type": "aws_iam_policy_attachment",
      "name": "iceberg_system_tables_access_attachment",
      "provider": "provider[\"registry.terraform.io/hashicorp/aws\"]",
      "instances": [
        {
          "schema_version": 0,
          "attributes": {
            "groups": [],
            "id": "Etleap-test2-App-IcebergSystemTable-Limited-Policy",
            "name": "Etleap-test2-App-IcebergSystemTable-Limited-Policy",
            "policy_arn": "arn:aws:iam::209479308486:policy/Etleap-test2-App-IcebergSystemTable-Limited-Policy",
            "roles": [
              "EtleapApp-test2-9cb94f",
              "EtleapEMR-test2-9cb94f"
            ],
            "users": []
          },
          "sensitive_attributes": [],
          "identity_schema_version": 0,
          "private": "bnVsbA==",
          "dependencies": [
            "module.vpc.aws_glue_catalog_database.iceberg_system_tables_db",
            "module.vpc.aws_iam_policy.iceberg_system_tables_access",
            "module.vpc.aws_iam_role.app",
            "module.vpc.aws_iam_role.emr",
            "module.vpc.data.aws_caller_identity.current",
            "module.vpc.data.aws_region.current",
            "module.vpc.random_id.deployment_random"
          ]
        }
      ]
    },
    {
      "module": "module.vpc",
      "mode": "managed",
      "type": "aws_iam_policy_attachment",
      "name": "intermediate",
      "provider": "provider[\"registry.terraform.io/hashicorp/aws\"]",
      "instances": [
        {
          "schema_version": 0,
          "attributes": {
            "groups": [],
            "id": "Intermediate Bucket Access",
            "name": "Intermediate Bucket Access",
            "policy_arn": "arn:aws:iam::209479308486:policy/EtleapIntermediate-test2-9cb94f",
            "roles": [
              "EtleapIntermediate-test2-9cb94f"
            ],
            "users": []
          },
          "sensitive_attributes": [],
          "identity_schema_version": 0,
          "private": "bnVsbA==",
          "dependencies": [
            "module.vpc.aws_iam_policy.intermediate",
            "module.vpc.aws_iam_role.app",
            "module.vpc.aws_iam_role.emr",
            "module.vpc.aws_iam_role.intermediate",
            "module.vpc.aws_s3_bucket.intermediate",
            "module.vpc.module.elva.aws_iam_user.elva",
            "module.vpc.random_id.deployment_random"
          ]
        }
      ]
    },
    {
      "module": "module.vpc",
      "mode": "managed",
      "type": "aws_iam_policy_attachment",
      "name": "kinesis_emr_permissions_policy",
      "provider": "provider[\"registry.terraform.io/hashicorp/aws\"]",
      "instances": [
        {
          "schema_version": 0,
          "attributes": {
            "groups": [],
            "id": "EtleapEMRKinesisPermissionPolicy-test2-9cb94f",
            "name": "EtleapEMRKinesisPermissionPolicy-test2-9cb94f",
            "policy_arn": "arn:aws:iam::209479308486:policy/EtleapEMRKinesisPermissionPolicy-test2-9cb94f",
            "roles": [
              "EtleapEMR-test2-9cb94f"
            ],
            "users": []
          },
          "sensitive_attributes": [],
          "identity_schema_version": 0,
          "private": "bnVsbA==",
          "dependencies": [
            "module.vpc.aws_iam_policy.kinesis_emr_permissions_policy",
            "module.vpc.aws_iam_role.emr",
            "module.vpc.data.aws_caller_identity.current",
            "module.vpc.data.aws_region.current",
            "module.vpc.random_id.deployment_random"
          ]
        }
      ]
    },
    {
      "module": "module.vpc",
      "mode": "managed",
      "type": "aws_iam_policy_attachment",
      "name": "s3_input",
      "provider": "provider[\"registry.terraform.io/hashicorp/aws\"]",
      "instances": [
        {
          "index_key": 0,
          "schema_version": 0,
          "attributes": {
            "groups": [],
            "id": "Input Bucket Access",
            "name": "Input Bucket Access",
            "policy_arn": "arn:aws:iam::209479308486:policy/EtleapInput-test2-9cb94f",
            "roles": [
              "EtleapInput-test2-9cb94f"
            ],
            "users": []
          },
          "sensitive_attributes": [],
          "identity_schema_version": 0,
          "private": "bnVsbA==",
          "dependencies": [
            "module.vpc.aws_iam_policy.s3_input_policy",
            "module.vpc.aws_iam_role.s3_input_role",
            "module.vpc.aws_s3_bucket.intermediate",
            "module.vpc.data.aws_caller_identity.current",
            "module.vpc.random_id.deployment_random"
          ]
        }
      ]
    },
    {
      "module": "module.vpc",
      "mode": "managed",
      "type": "aws_iam_policy_attachment",
      "name": "secrets",
      "provider": "provider[\"registry.terraform.io/hashicorp/aws\"]",
      "instances": [
        {
          "schema_version": 0,
          "attributes": {
            "groups": [],
            "id": "Get Deployment Secret",
            "name": "Get Deployment Secret",
            "policy_arn": "arn:aws:iam::209479308486:policy/EtleapEC2SecretsAndParams-test2-9cb94f",
            "roles": [
              "EtleapApp-test2-9cb94f",
              "Etleapzookeeper-test2-9cb94f"
            ],
            "users": []
          },
          "sensitive_attributes": [],
          "identity_schema_version": 0,
          "private": "bnVsbA==",
          "dependencies": [
            "module.vpc.aws_iam_policy.get_secrets_and_params",
            "module.vpc.aws_iam_role.app",
            "module.vpc.aws_iam_role.zookeeper",
            "module.vpc.data.aws_caller_identity.current",
            "module.vpc.data.aws_region.current",
            "module.vpc.random_id.deployment_random"
          ]
        }
      ]
    },
    {
      "module": "module.vpc",
      "mode": "managed",
      "type": "aws_iam_role",
      "name": "app",
      "provider": "provider[\"registry.terraform.io/hashicorp/aws\"]",
      "instances": [
        {
          "schema_version": 0,
          "attributes": {
            "arn": "arn:aws:iam::209479308486:role/EtleapApp-test2-9cb94f",
            "assume_role_policy": "{\"Statement\":[{\"Action\":\"sts:AssumeRole\",\"Effect\":\"Allow\",\"Principal\":{\"Service\":\"ec2.amazonaws.com\"},\"Sid\":\"\"}],\"Version\":\"2012-10-17\"}",
            "create_date": "2026-06-16T13:54:26Z",
            "description": "",
            "force_detach_policies": false,
            "id": "EtleapApp-test2-9cb94f",
            "inline_policy": [],
            "managed_policy_arns": [
              "arn:aws:iam::209479308486:policy/Etleap-Manage-DMS-test2-9cb94f",
              "arn:aws:iam::209479308486:policy/Etleap-inbound-sns-sqs-manage-test2-9cb94f",
              "arn:aws:iam::209479308486:policy/Etleap-test2-App-IcebergSystemTable-Limited-Policy",
              "arn:aws:iam::209479308486:policy/Etleap-test2-App-Various-Limited-Policy",
              "arn:aws:iam::209479308486:policy/EtleapCognitoOpenIdToken-test2-9cb94f",
              "arn:aws:iam::209479308486:policy/EtleapEC2SecretsAndParams-test2-9cb94f",
              "arn:aws:iam::209479308486:policy/EtleapMetricData-test2-9cb94f",
              "arn:aws:iam::209479308486:policy/Etleap_assume_data_roles-test2-9cb94f",
              "arn:aws:iam::aws:policy/AmazonEC2ContainerRegistryReadOnly",
              "arn:aws:iam::aws:policy/AmazonSSMManagedInstanceCore"
            ],
            "max_session_duration": 3600,
            "name": "EtleapApp-test2-9cb94f",
            "name_prefix": "",
            "path": "/",
            "permissions_boundary": "",
            "tags": {
              "Deployment": "test2",
              "Environment": "sandbox",
              "Operator": "Benedict.Chan"
            },
            "tags_all": {
              "Deployment": "test2",
              "Environment": "sandbox",
              "Operator": "Benedict.Chan"
            },
            "unique_id": "AROATBRPQSTDI5HS27VPA"
          },
          "sensitive_attributes": [],
          "identity_schema_version": 0,
          "private": "bnVsbA==",
          "dependencies": [
            "module.vpc.random_id.deployment_random"
          ],
          "create_before_destroy": true
        }
      ]
    },
    {
      "module": "module.vpc",
      "mode": "managed",
      "type": "aws_iam_role",
      "name": "dms",
      "provider": "provider[\"registry.terraform.io/hashicorp/aws\"]",
      "instances": [
        {
          "index_key": 0,
          "schema_version": 0,
          "attributes": {
            "arn": "arn:aws:iam::209479308486:role/Etleap-dms-role-test2-9cb94f",
            "assume_role_policy": "{\"Statement\":[{\"Action\":\"sts:AssumeRole\",\"Effect\":\"Allow\",\"Principal\":{\"Service\":\"dms.amazonaws.com\"},\"Sid\":\"1\"}],\"Version\":\"2012-10-17\"}",
            "create_date": "2026-06-16T13:54:26Z",
            "description": "",
            "force_detach_policies": false,
            "id": "Etleap-dms-role-test2-9cb94f",
            "inline_policy": [],
            "managed_policy_arns": [
              "arn:aws:iam::209479308486:policy/Etleap-DMS-S3-Access-test2-9cb94f"
            ],
            "max_session_duration": 3600,
            "name": "Etleap-dms-role-test2-9cb94f",
            "name_prefix": "",
            "path": "/",
            "permissions_boundary": "",
            "tags": {
              "Deployment": "test2",
              "Environment": "sandbox",
              "Operator": "Benedict.Chan"
            },
            "tags_all": {
              "Deployment": "test2",
              "Environment": "sandbox",
              "Operator": "Benedict.Chan"
            },
            "unique_id": "AROATBRPQSTDP22RH6FFR"
          },
          "sensitive_attributes": [],
          "identity_schema_version": 0,
          "private": "bnVsbA==",
          "dependencies": [
            "module.vpc.data.aws_iam_policy_document.dms_assume_role",
            "module.vpc.random_id.deployment_random"
          ]
        }
      ]
    },
    {
      "module": "module.vpc",
      "mode": "managed",
      "type": "aws_iam_role",
      "name": "emr",
      "provider": "provider[\"registry.terraform.io/hashicorp/aws\"]",
      "instances": [
        {
          "schema_version": 0,
          "attributes": {
            "arn": "arn:aws:iam::209479308486:role/EtleapEMR-test2-9cb94f",
            "assume_role_policy": "{\"Statement\":[{\"Action\":\"sts:AssumeRole\",\"Effect\":\"Allow\",\"Principal\":{\"Service\":\"ec2.amazonaws.com\"},\"Sid\":\"\"}],\"Version\":\"2008-10-17\"}",
            "create_date": "2026-06-16T13:54:26Z",
            "description": "",
            "force_detach_policies": false,
            "id": "EtleapEMR-test2-9cb94f",
            "inline_policy": [],
            "managed_policy_arns": [
              "arn:aws:iam::209479308486:policy/Etleap-test2-App-IcebergSystemTable-Limited-Policy",
              "arn:aws:iam::209479308486:policy/EtleapCognitoOpenIdToken-test2-9cb94f",
              "arn:aws:iam::209479308486:policy/EtleapEMREbsKmsEncryptionPolicy-test2-9cb94f",
              "arn:aws:iam::209479308486:policy/EtleapEMRKinesisPermissionPolicy-test2-9cb94f",
              "arn:aws:iam::209479308486:policy/EtleapEMRKmsEncryptionPolicy-test2-9cb94f",
              "arn:aws:iam::209479308486:policy/EtleapEMRProfilePolicy-test2-9cb94f",
              "arn:aws:iam::209479308486:policy/Etleap_assume_data_roles-test2-9cb94f",
              "arn:aws:iam::aws:policy/AmazonSSMManagedInstanceCore"
            ],
            "max_session_duration": 3600,
            "name": "EtleapEMR-test2-9cb94f",
            "name_prefix": "",
            "path": "/",
            "permissions_boundary": "",
            "tags": {
              "Deployment": "test2",
              "Environment": "sandbox",
              "Operator": "Benedict.Chan"
            },
            "tags_all": {
              "Deployment": "test2",
              "Environment": "sandbox",
              "Operator": "Benedict.Chan"
            },
            "unique_id": "AROATBRPQSTDJNRSF7IC3"
          },
          "sensitive_attributes": [],
          "identity_schema_version": 0,
          "private": "bnVsbA==",
          "dependencies": [
            "module.vpc.random_id.deployment_random"
          ],
          "create_before_destroy": true
        }
      ]
    },
    {
      "module": "module.vpc",
      "mode": "managed",
      "type": "aws_iam_role",
      "name": "emr_default_role",
      "provider": "provider[\"registry.terraform.io/hashicorp/aws\"]",
      "instances": [
        {
          "schema_version": 0,
          "attributes": {
            "arn": "arn:aws:iam::209479308486:role/EtleapEMR_DefaultRole-test2-9cb94f",
            "assume_role_policy": "{\"Statement\":[{\"Action\":\"sts:AssumeRole\",\"Effect\":\"Allow\",\"Principal\":{\"Service\":\"elasticmapreduce.amazonaws.com\"},\"Sid\":\"\"}],\"Version\":\"2008-10-17\"}",
            "create_date": "2026-06-16T13:54:26Z",
            "description": "",
            "force_detach_policies": false,
            "id": "EtleapEMR_DefaultRole-test2-9cb94f",
            "inline_policy": [],
            "managed_policy_arns": [
              "arn:aws:iam::209479308486:policy/EtleapEMREbsKmsEncryptionPolicy-test2-9cb94f",
              "arn:aws:iam::209479308486:policy/EtleapEMRInstanceFleet-test2-9cb94f",
              "arn:aws:iam::209479308486:policy/Etleap_assume_data_roles-test2-9cb94f",
              "arn:aws:iam::aws:policy/service-role/AmazonElasticMapReduceRole"
            ],
            "max_session_duration": 3600,
            "name": "EtleapEMR_DefaultRole-test2-9cb94f",
            "name_prefix": "",
            "path": "/",
            "permissions_boundary": "",
            "tags": {
              "Deployment": "test2",
              "Environment": "sandbox",
              "Operator": "Benedict.Chan"
            },
            "tags_all": {
              "Deployment": "test2",
              "Environment": "sandbox",
              "Operator": "Benedict.Chan"
            },
            "unique_id": "AROATBRPQSTDDOPYRQJRS"
          },
          "sensitive_attributes": [],
          "identity_schema_version": 0,
          "private": "bnVsbA==",
          "dependencies": [
            "module.vpc.random_id.deployment_random"
          ],
          "create_before_destroy": true
        }
      ]
    },
    {
      "module": "module.vpc",
      "mode": "managed",
      "type": "aws_iam_role",
      "name": "intermediate",
      "provider": "provider[\"registry.terraform.io/hashicorp/aws\"]",
      "instances": [
        {
          "schema_version": 0,
          "attributes": {
            "arn": "arn:aws:iam::209479308486:role/EtleapIntermediate-test2-9cb94f",
            "assume_role_policy": "{\"Statement\":[{\"Action\":\"sts:AssumeRole\",\"Condition\":{\"StringEquals\":{\"sts:ExternalId\":\"test2\"}},\"Effect\":\"Allow\",\"Principal\":{\"AWS\":[\"arn:aws:iam::209479308486:role/EtleapApp-test2-9cb94f\",\"arn:aws:iam::209479308486:role/EtleapEMR-test2-9cb94f\"]}}],\"Version\":\"2012-10-17\"}",
            "create_date": "2026-06-16T13:54:37Z",
            "description": "",
            "force_detach_policies": false,
            "id": "EtleapIntermediate-test2-9cb94f",
            "inline_policy": [],
            "managed_policy_arns": [
              "arn:aws:iam::209479308486:policy/EtleapIntermediate-test2-9cb94f"
            ],
            "max_session_duration": 14400,
            "name": "EtleapIntermediate-test2-9cb94f",
            "name_prefix": "",
            "path": "/",
            "permissions_boundary": "",
            "tags": {
              "Deployment": "test2",
              "Environment": "sandbox",
              "Operator": "Benedict.Chan"
            },
            "tags_all": {
              "Deployment": "test2",
              "Environment": "sandbox",
              "Operator": "Benedict.Chan"
            },
            "unique_id": "AROATBRPQSTDK6WJCR6T4"
          },
          "sensitive_attributes": [],
          "identity_schema_version": 0,
          "private": "bnVsbA==",
          "dependencies": [
            "module.vpc.aws_iam_role.app",
            "module.vpc.aws_iam_role.emr",
            "module.vpc.module.elva.aws_iam_user.elva",
            "module.vpc.random_id.deployment_random"
          ]
        }
      ]
    },
    {
      "module": "module.vpc",
      "mode": "managed",
      "type": "aws_iam_role",
      "name": "s3_input_role",
      "provider": "provider[\"registry.terraform.io/hashicorp/aws\"]",
      "instances": [
        {
          "index_key": 0,
          "schema_version": 0,
          "attributes": {
            "arn": "arn:aws:iam::209479308486:role/EtleapInput-test2-9cb94f",
            "assume_role_policy": "{\"Statement\":[{\"Action\":\"sts:AssumeRole\",\"Condition\":{\"StringEquals\":{\"sts:ExternalId\":\"test2\"}},\"Effect\":\"Allow\",\"Principal\":{\"AWS\":\"arn:aws:iam::209479308486:root\"}}],\"Version\":\"2012-10-17\"}",
            "create_date": "2026-06-16T13:54:26Z",
            "description": "",
            "force_detach_policies": false,
            "id": "EtleapInput-test2-9cb94f",
            "inline_policy": [],
            "managed_policy_arns": [
              "arn:aws:iam::209479308486:policy/EtleapInput-test2-9cb94f"
            ],
            "max_session_duration": 3600,
            "name": "EtleapInput-test2-9cb94f",
            "name_prefix": "",
            "path": "/",
            "permissions_boundary": "",
            "tags": {
              "Deployment": "test2",
              "Environment": "sandbox",
              "Operator": "Benedict.Chan"
            },
            "tags_all": {
              "Deployment": "test2",
              "Environment": "sandbox",
              "Operator": "Benedict.Chan"
            },
            "unique_id": "AROATBRPQSTDKRNIUN5R2"
          },
          "sensitive_attributes": [],
          "identity_schema_version": 0,
          "private": "bnVsbA==",
          "dependencies": [
            "module.vpc.data.aws_caller_identity.current",
            "module.vpc.random_id.deployment_random"
          ]
        }
      ]
    },
    {
      "module": "module.vpc",
      "mode": "managed",
      "type": "aws_iam_role",
      "name": "support",
      "provider": "provider[\"registry.terraform.io/hashicorp/aws\"]",
      "instances": [
        {
          "index_key": 0,
          "schema_version": 0,
          "attributes": {
            "arn": "arn:aws:iam::209479308486:role/Etleap-test2-Support-Role",
            "assume_role_policy": "{\"Statement\":[{\"Action\":\"sts:AssumeRole\",\"Condition\":{\"Bool\":{\"aws:MultiFactorAuthPresent\":\"true\"},\"StringLike\":{\"sts:RoleSessionName\":\"${aws:username}\"}},\"Effect\":\"Allow\",\"Principal\":{\"AWS\":[\"arn:aws:iam::841591717599:root\"]}}],\"Version\":\"2012-10-17\"}",
            "create_date": "2026-06-16T13:54:26Z",
            "description": "Role for Etleap's support team.",
            "force_detach_policies": false,
            "id": "Etleap-test2-Support-Role",
            "inline_policy": [],
            "managed_policy_arns": [
              "arn:aws:iam::209479308486:policy/Etleap-test2-Support-Autoscaling_EMR_RDS_SNS-Read-Policy",
              "arn:aws:iam::209479308486:policy/Etleap-test2-Support-Cloudwatch-Read-Policy",
              "arn:aws:iam::209479308486:policy/Etleap-test2-Support-EC2-Read-Policy",
              "arn:aws:iam::209479308486:policy/Etleap-test2-Support-Logs_DMS-Limited-Policy",
              "arn:aws:iam::209479308486:policy/Etleap-test2-Support-S3-EMR-Read-Policy",
              "arn:aws:iam::209479308486:policy/Etleap-test2-Support-SNS-Read-Policy",
              "arn:aws:iam::209479308486:policy/Etleap-test2-Support-SSM-Limited-Policy",
              "arn:aws:iam::209479308486:policy/Etleap-test2-Support-SSM-Read-Policy",
              "arn:aws:iam::209479308486:policy/Etleap-test2-Support-Secretsmanager-Limited-Policy",
              "arn:aws:iam::209479308486:policy/Etleap-test2-Support-Support-Full-Policy"
            ],
            "max_session_duration": 28800,
            "name": "Etleap-test2-Support-Role",
            "name_prefix": "",
            "path": "/",
            "permissions_boundary": "",
            "tags": {
              "Deployment": "test2",
              "Environment": "sandbox",
              "Operator": "Benedict.Chan"
            },
            "tags_all": {
              "Deployment": "test2",
              "Environment": "sandbox",
              "Operator": "Benedict.Chan"
            },
            "unique_id": "AROATBRPQSTDFMIQWKFBZ"
          },
          "sensitive_attributes": [],
          "identity_schema_version": 0,
          "private": "bnVsbA=="
        }
      ]
    },
    {
      "module": "module.vpc",
      "mode": "managed",
      "type": "aws_iam_role",
      "name": "zookeeper",
      "provider": "provider[\"registry.terraform.io/hashicorp/aws\"]",
      "instances": [
        {
          "schema_version": 0,
          "attributes": {
            "arn": "arn:aws:iam::209479308486:role/Etleapzookeeper-test2-9cb94f",
            "assume_role_policy": "{\"Statement\":[{\"Action\":\"sts:AssumeRole\",\"Effect\":\"Allow\",\"Principal\":{\"Service\":\"ec2.amazonaws.com\"},\"Sid\":\"\"}],\"Version\":\"2012-10-17\"}",
            "create_date": "2026-06-16T13:54:26Z",
            "description": "",
            "force_detach_policies": false,
            "id": "Etleapzookeeper-test2-9cb94f",
            "inline_policy": [],
            "managed_policy_arns": [
              "arn:aws:iam::209479308486:policy/Etleap-test2-Zookeeper-Init-Scripts-Read-Policy",
              "arn:aws:iam::209479308486:policy/EtleapEC2SecretsAndParams-test2-9cb94f",
              "arn:aws:iam::209479308486:policy/EtleapMetricData-test2-9cb94f",
              "arn:aws:iam::209479308486:policy/Etleap_assume_etleap_roles-test2-9cb94f",
              "arn:aws:iam::aws:policy/AmazonSSMManagedInstanceCore"
            ],
            "max_session_duration": 3600,
            "name": "Etleapzookeeper-test2-9cb94f",
            "name_prefix": "",
            "path": "/",
            "permissions_boundary": "",
            "tags": {
              "Deployment": "test2",
              "Environment": "sandbox",
              "Operator": "Benedict.Chan"
            },
            "tags_all": {
              "Deployment": "test2",
              "Environment": "sandbox",
              "Operator": "Benedict.Chan"
            },
            "unique_id": "AROATBRPQSTDI5W2JNN55"
          },
          "sensitive_attributes": [],
          "identity_schema_version": 0,
          "private": "bnVsbA==",
          "dependencies": [
            "module.vpc.random_id.deployment_random"
          ]
        }
      ]
    },
    {
      "module": "module.vpc",
      "mode": "managed",
      "type": "aws_iam_role_policy_attachment",
      "name": "app-ssm",
      "provider": "provider[\"registry.terraform.io/hashicorp/aws\"]",
      "instances": [
        {
          "index_key": 0,
          "schema_version": 0,
          "attributes": {
            "id": "EtleapApp-test2-9cb94f-20260616135426896900000011",
            "policy_arn": "arn:aws:iam::aws:policy/AmazonSSMManagedInstanceCore",
            "role": "EtleapApp-test2-9cb94f"
          },
          "sensitive_attributes": [],
          "identity_schema_version": 0,
          "private": "bnVsbA==",
          "dependencies": [
            "module.vpc.aws_iam_role.app",
            "module.vpc.random_id.deployment_random"
          ]
        }
      ]
    },
    {
      "module": "module.vpc",
      "mode": "managed",
      "type": "aws_iam_role_policy_attachment",
      "name": "app_dms",
      "provider": "provider[\"registry.terraform.io/hashicorp/aws\"]",
      "instances": [
        {
          "index_key": 0,
          "schema_version": 0,
          "attributes": {
            "id": "EtleapApp-test2-9cb94f-20260616140051135200000034",
            "policy_arn": "arn:aws:iam::209479308486:policy/Etleap-Manage-DMS-test2-9cb94f",
            "role": "EtleapApp-test2-9cb94f"
          },
          "sensitive_attributes": [],
          "identity_schema_version": 0,
          "private": "bnVsbA==",
          "dependencies": [
            "module.vpc.aws_dms_replication_instance.dms",
            "module.vpc.aws_dms_replication_subnet_group.dms",
            "module.vpc.aws_iam_policy.job_manage_dms",
            "module.vpc.aws_iam_role.app",
            "module.vpc.aws_iam_role.dms",
            "module.vpc.aws_security_group.dms",
            "module.vpc.aws_subnet.a_private",
            "module.vpc.aws_subnet.b_private",
            "module.vpc.aws_vpc.etleap",
            "module.vpc.data.aws_caller_identity.current",
            "module.vpc.data.aws_iam_policy_document.dms_assume_role",
            "module.vpc.data.aws_region.current",
            "module.vpc.random_id.deployment_random"
          ]
        }
      ]
    },
    {
      "module": "module.vpc",
      "mode": "managed",
      "type": "aws_iam_role_policy_attachment",
      "name": "dms_s3",
      "provider": "provider[\"registry.terraform.io/hashicorp/aws\"]",
      "instances": [
        {
          "index_key": 0,
          "schema_version": 0,
          "attributes": {
            "id": "Etleap-dms-role-test2-9cb94f-20260616135429361200000020",
            "policy_arn": "arn:aws:iam::209479308486:policy/Etleap-DMS-S3-Access-test2-9cb94f",
            "role": "Etleap-dms-role-test2-9cb94f"
          },
          "sensitive_attributes": [],
          "identity_schema_version": 0,
          "private": "bnVsbA==",
          "dependencies": [
            "module.vpc.aws_iam_policy.dms_s3",
            "module.vpc.aws_iam_role.dms",
            "module.vpc.aws_s3_bucket.intermediate",
            "module.vpc.data.aws_caller_identity.current",
            "module.vpc.data.aws_iam_policy_document.dms_assume_role",
            "module.vpc.data.aws_region.current",
            "module.vpc.random_id.deployment_random"
          ]
        }
      ]
    },
    {
      "module": "module.vpc",
      "mode": "managed",
      "type": "aws_iam_role_policy_attachment",
      "name": "ecr_readonly_access",
      "provider": "provider[\"registry.terraform.io/hashicorp/aws\"]",
      "instances": [
        {
          "schema_version": 0,
          "attributes": {
            "id": "EtleapApp-test2-9cb94f-20260616135426956300000014",
            "policy_arn": "arn:aws:iam::aws:policy/AmazonEC2ContainerRegistryReadOnly",
            "role": "EtleapApp-test2-9cb94f"
          },
          "sensitive_attributes": [],
          "identity_schema_version": 0,
          "private": "bnVsbA==",
          "dependencies": [
            "module.vpc.aws_iam_role.app",
            "module.vpc.random_id.deployment_random"
          ]
        }
      ]
    },
    {
      "module": "module.vpc",
      "mode": "managed",
      "type": "aws_iam_role_policy_attachment",
      "name": "emr-ssm",
      "provider": "provider[\"registry.terraform.io/hashicorp/aws\"]",
      "instances": [
        {
          "index_key": 0,
          "schema_version": 0,
          "attributes": {
            "id": "EtleapEMR-test2-9cb94f-20260616135426931800000012",
            "policy_arn": "arn:aws:iam::aws:policy/AmazonSSMManagedInstanceCore",
            "role": "EtleapEMR-test2-9cb94f"
          },
          "sensitive_attributes": [],
          "identity_schema_version": 0,
          "private": "bnVsbA==",
          "dependencies": [
            "module.vpc.aws_iam_role.emr",
            "module.vpc.random_id.deployment_random"
          ]
        }
      ]
    },
    {
      "module": "module.vpc",
      "mode": "managed",
      "type": "aws_iam_role_policy_attachment",
      "name": "emr_default_instance_fleet",
      "provider": "provider[\"registry.terraform.io/hashicorp/aws\"]",
      "instances": [
        {
          "schema_version": 0,
          "attributes": {
            "id": "EtleapEMR_DefaultRole-test2-9cb94f-2026061613542735430000001d",
            "policy_arn": "arn:aws:iam::209479308486:policy/EtleapEMRInstanceFleet-test2-9cb94f",
            "role": "EtleapEMR_DefaultRole-test2-9cb94f"
          },
          "sensitive_attributes": [],
          "identity_schema_version": 0,
          "private": "bnVsbA==",
          "dependencies": [
            "module.vpc.aws_iam_policy.emr_default_instance_fleet",
            "module.vpc.aws_iam_role.emr_default_role",
            "module.vpc.random_id.deployment_random"
          ]
        }
      ]
    },
    {
      "module": "module.vpc",
      "mode": "managed",
      "type": "aws_iam_role_policy_attachment",
      "name": "emr_default_role",
      "provider": "provider[\"registry.terraform.io/hashicorp/aws\"]",
      "instances": [
        {
          "schema_version": 0,
          "attributes": {
            "id": "EtleapEMR_DefaultRole-test2-9cb94f-20260616135426952300000013",
            "policy_arn": "arn:aws:iam::aws:policy/service-role/AmazonElasticMapReduceRole",
            "role": "EtleapEMR_DefaultRole-test2-9cb94f"
          },
          "sensitive_attributes": [],
          "identity_schema_version": 0,
          "private": "bnVsbA==",
          "dependencies": [
            "module.vpc.aws_iam_role.emr_default_role",
            "module.vpc.random_id.deployment_random"
          ]
        }
      ]
    },
    {
      "module": "module.vpc",
      "mode": "managed",
      "type": "aws_iam_role_policy_attachment",
      "name": "emr_ebs_kms_encryption_policy_emr",
      "provider": "provider[\"registry.terraform.io/hashicorp/aws\"]",
      "instances": [
        {
          "schema_version": 0,
          "attributes": {
            "id": "EtleapEMR-test2-9cb94f-20260616135444802000000031",
            "policy_arn": "arn:aws:iam::209479308486:policy/EtleapEMREbsKmsEncryptionPolicy-test2-9cb94f",
            "role": "EtleapEMR-test2-9cb94f"
          },
          "sensitive_attributes": [],
          "identity_schema_version": 0,
          "private": "bnVsbA==",
          "dependencies": [
            "module.vpc.aws_iam_policy.emr_ebs_kms_encryption_policy",
            "module.vpc.aws_iam_role.emr",
            "module.vpc.aws_iam_role.emr_default_role",
            "module.vpc.aws_kms_key.etleap_emr_ebs_encryption_key",
            "module.vpc.data.aws_caller_identity.current",
            "module.vpc.random_id.deployment_random"
          ]
        }
      ]
    },
    {
      "module": "module.vpc",
      "mode": "managed",
      "type": "aws_iam_role_policy_attachment",
      "name": "emr_ebs_kms_encryption_policy_emr_default",
      "provider": "provider[\"registry.terraform.io/hashicorp/aws\"]",
      "instances": [
        {
          "schema_version": 0,
          "attributes": {
            "id": "EtleapEMR_DefaultRole-test2-9cb94f-20260616135444760900000030",
            "policy_arn": "arn:aws:iam::209479308486:policy/EtleapEMREbsKmsEncryptionPolicy-test2-9cb94f",
            "role": "EtleapEMR_DefaultRole-test2-9cb94f"
          },
          "sensitive_attributes": [],
          "identity_schema_version": 0,
          "private": "bnVsbA==",
          "dependencies": [
            "module.vpc.aws_iam_policy.emr_ebs_kms_encryption_policy",
            "module.vpc.aws_iam_role.emr",
            "module.vpc.aws_iam_role.emr_default_role",
            "module.vpc.aws_kms_key.etleap_emr_ebs_encryption_key",
            "module.vpc.data.aws_caller_identity.current",
            "module.vpc.random_id.deployment_random"
          ]
        }
      ]
    },
    {
      "module": "module.vpc",
      "mode": "managed",
      "type": "aws_iam_role_policy_attachment",
      "name": "emr_kms_encryption_policy",
      "provider": "provider[\"registry.terraform.io/hashicorp/aws\"]",
      "instances": [
        {
          "schema_version": 0,
          "attributes": {
            "id": "EtleapEMR-test2-9cb94f-2026061613544431880000002f",
            "policy_arn": "arn:aws:iam::209479308486:policy/EtleapEMRKmsEncryptionPolicy-test2-9cb94f",
            "role": "EtleapEMR-test2-9cb94f"
          },
          "sensitive_attributes": [],
          "identity_schema_version": 0,
          "private": "bnVsbA==",
          "dependencies": [
            "module.vpc.aws_iam_policy.emr_kms_encryption_policy",
            "module.vpc.aws_iam_role.emr",
            "module.vpc.aws_kms_key.etleap_encryption_key",
            "module.vpc.data.aws_caller_identity.current",
            "module.vpc.random_id.deployment_random"
          ]
        }
      ]
    },
    {
      "module": "module.vpc",
      "mode": "managed",
      "type": "aws_iam_role_policy_attachment",
      "name": "emr_profile_policy",
      "provider": "provider[\"registry.terraform.io/hashicorp/aws\"]",
      "instances": [
        {
          "schema_version": 0,
          "attributes": {
            "id": "EtleapEMR-test2-9cb94f-20260616135426894200000010",
            "policy_arn": "arn:aws:iam::209479308486:policy/EtleapEMRProfilePolicy-test2-9cb94f",
            "role": "EtleapEMR-test2-9cb94f"
          },
          "sensitive_attributes": [],
          "identity_schema_version": 0,
          "private": "bnVsbA==",
          "dependencies": [
            "module.vpc.aws_iam_policy.emr_profile_policy",
            "module.vpc.aws_iam_role.emr",
            "module.vpc.random_id.deployment_random"
          ]
        }
      ]
    },
    {
      "module": "module.vpc",
      "mode": "managed",
      "type": "aws_iam_role_policy_attachment",
      "name": "support_autoscaling_emr_rds_sns_read",
      "provider": "provider[\"registry.terraform.io/hashicorp/aws\"]",
      "instances": [
        {
          "index_key": 0,
          "schema_version": 0,
          "attributes": {
            "id": "Etleap-test2-Support-Role-20260616135426959800000015",
            "policy_arn": "arn:aws:iam::209479308486:policy/Etleap-test2-Support-Autoscaling_EMR_RDS_SNS-Read-Policy",
            "role": "Etleap-test2-Support-Role"
          },
          "sensitive_attributes": [],
          "identity_schema_version": 0,
          "private": "bnVsbA==",
          "dependencies": [
            "module.vpc.aws_iam_policy.support_autoscaling_emr_rds_sns_read",
            "module.vpc.aws_iam_role.support"
          ]
        }
      ]
    },
    {
      "module": "module.vpc",
      "mode": "managed",
      "type": "aws_iam_role_policy_attachment",
      "name": "support_cloudwatch_read",
      "provider": "provider[\"registry.terraform.io/hashicorp/aws\"]",
      "instances": [
        {
          "index_key": 0,
          "schema_version": 0,
          "attributes": {
            "id": "Etleap-test2-Support-Role-20260616135426961100000016",
            "policy_arn": "arn:aws:iam::209479308486:policy/Etleap-test2-Support-Cloudwatch-Read-Policy",
            "role": "Etleap-test2-Support-Role"
          },
          "sensitive_attributes": [],
          "identity_schema_version": 0,
          "private": "bnVsbA==",
          "dependencies": [
            "module.vpc.aws_iam_policy.support_cloudwatch_read",
            "module.vpc.aws_iam_role.support"
          ]
        }
      ]
    },
    {
      "module": "module.vpc",
      "mode": "managed",
      "type": "aws_iam_role_policy_attachment",
      "name": "support_ec2_read",
      "provider": "provider[\"registry.terraform.io/hashicorp/aws\"]",
      "instances": [
        {
          "index_key": 0,
          "schema_version": 0,
          "attributes": {
            "id": "Etleap-test2-Support-Role-20260616135426979600000019",
            "policy_arn": "arn:aws:iam::209479308486:policy/Etleap-test2-Support-EC2-Read-Policy",
            "role": "Etleap-test2-Support-Role"
          },
          "sensitive_attributes": [],
          "identity_schema_version": 0,
          "private": "bnVsbA==",
          "dependencies": [
            "module.vpc.aws_iam_policy.support_ec2_read",
            "module.vpc.aws_iam_role.support"
          ]
        }
      ]
    },
    {
      "module": "module.vpc",
      "mode": "managed",
      "type": "aws_iam_role_policy_attachment",
      "name": "support_emr_read",
      "provider": "provider[\"registry.terraform.io/hashicorp/aws\"]",
      "instances": [
        {
          "index_key": 0,
          "schema_version": 0,
          "attributes": {
            "id": "Etleap-test2-Support-Role-2026061613542932460000001f",
            "policy_arn": "arn:aws:iam::209479308486:policy/Etleap-test2-Support-S3-EMR-Read-Policy",
            "role": "Etleap-test2-Support-Role"
          },
          "sensitive_attributes": [],
          "identity_schema_version": 0,
          "private": "bnVsbA==",
          "dependencies": [
            "module.vpc.aws_iam_policy.support_s3_read",
            "module.vpc.aws_iam_role.support",
            "module.vpc.aws_s3_bucket.intermediate",
            "module.vpc.random_id.deployment_random"
          ]
        }
      ]
    },
    {
      "module": "module.vpc",
      "mode": "managed",
      "type": "aws_iam_role_policy_attachment",
      "name": "support_logs_dms_limited",
      "provider": "provider[\"registry.terraform.io/hashicorp/aws\"]",
      "instances": [
        {
          "index_key": 0,
          "schema_version": 0,
          "attributes": {
            "id": "Etleap-test2-Support-Role-20260616140051105500000033",
            "policy_arn": "arn:aws:iam::209479308486:policy/Etleap-test2-Support-Logs_DMS-Limited-Policy",
            "role": "Etleap-test2-Support-Role"
          },
          "sensitive_attributes": [],
          "identity_schema_version": 0,
          "private": "bnVsbA==",
          "dependencies": [
            "module.vpc.aws_dms_replication_instance.dms",
            "module.vpc.aws_dms_replication_subnet_group.dms",
            "module.vpc.aws_iam_policy.support_logs_dms_limited",
            "module.vpc.aws_iam_role.support",
            "module.vpc.aws_security_group.dms",
            "module.vpc.aws_subnet.a_private",
            "module.vpc.aws_subnet.b_private",
            "module.vpc.aws_vpc.etleap",
            "module.vpc.data.aws_caller_identity.current",
            "module.vpc.data.aws_region.current",
            "module.vpc.random_id.deployment_random"
          ]
        }
      ]
    },
    {
      "module": "module.vpc",
      "mode": "managed",
      "type": "aws_iam_role_policy_attachment",
      "name": "support_secretsmanager_limited",
      "provider": "provider[\"registry.terraform.io/hashicorp/aws\"]",
      "instances": [
        {
          "index_key": 0,
          "schema_version": 0,
          "attributes": {
            "id": "Etleap-test2-Support-Role-2026061613542731280000001c",
            "policy_arn": "arn:aws:iam::209479308486:policy/Etleap-test2-Support-Secretsmanager-Limited-Policy",
            "role": "Etleap-test2-Support-Role"
          },
          "sensitive_attributes": [],
          "identity_schema_version": 0,
          "private": "bnVsbA==",
          "dependencies": [
            "module.vpc.aws_iam_policy.support_secretsmanager_limited",
            "module.vpc.aws_iam_role.support",
            "module.vpc.module.db_support_password.aws_secretsmanager_secret.secret"
          ]
        }
      ]
    },
    {
      "module": "module.vpc",
      "mode": "managed",
      "type": "aws_iam_role_policy_attachment",
      "name": "support_sns_read",
      "provider": "provider[\"registry.terraform.io/hashicorp/aws\"]",
      "instances": [
        {
          "index_key": 0,
          "schema_version": 0,
          "attributes": {
            "id": "Etleap-test2-Support-Role-20260616135518664600000032",
            "policy_arn": "arn:aws:iam::209479308486:policy/Etleap-test2-Support-SNS-Read-Policy",
            "role": "Etleap-test2-Support-Role"
          },
          "sensitive_attributes": [],
          "identity_schema_version": 0,
          "private": "bnVsbA==",
          "dependencies": [
            "module.vpc.aws_iam_policy.support_sns_read",
            "module.vpc.aws_iam_role.support",
            "module.vpc.module.inbound_queue.aws_sns_topic.etleap-inbound",
            "module.vpc.module.inbound_queue.aws_sqs_queue.etleap-inbound",
            "module.vpc.module.inbound_queue.aws_sqs_queue.etleap-inbound-dlq"
          ]
        }
      ]
    },
    {
      "module": "module.vpc",
      "mode": "managed",
      "type": "aws_iam_role_policy_attachment",
      "name": "support_ssm_limited",
      "provider": "provider[\"registry.terraform.io/hashicorp/aws\"]",
      "instances": [
        {
          "index_key": 0,
          "schema_version": 0,
          "attributes": {
            "id": "Etleap-test2-Support-Role-20260616140809384200000037",
            "policy_arn": "arn:aws:iam::209479308486:policy/Etleap-test2-Support-SSM-Limited-Policy",
            "role": "Etleap-test2-Support-Role"
          },
          "sensitive_attributes": [],
          "identity_schema_version": 0,
          "private": "bnVsbA==",
          "dependencies": [
            "aws_key_pair.ssh",
            "module.vpc.aws_cognito_identity_pool.etleap_azure_identity_pool",
            "module.vpc.aws_db_instance.db",
            "module.vpc.aws_db_parameter_group.mysql8-4-etleap",
            "module.vpc.aws_db_subnet_group.db",
            "module.vpc.aws_dms_replication_instance.dms",
            "module.vpc.aws_dms_replication_subnet_group.dms",
            "module.vpc.aws_dynamodb_table.activity-log",
            "module.vpc.aws_emr_cluster.emr",
            "module.vpc.aws_emr_security_configuration.emrfs_sse_kms",
            "module.vpc.aws_glue_catalog_database.iceberg_system_tables_db",
            "module.vpc.aws_iam_instance_profile.app",
            "module.vpc.aws_iam_instance_profile.emr_profile",
            "module.vpc.aws_iam_policy.support_ssm_limited",
            "module.vpc.aws_iam_role.app",
            "module.vpc.aws_iam_role.dms",
            "module.vpc.aws_iam_role.emr",
            "module.vpc.aws_iam_role.emr_default_role",
            "module.vpc.aws_iam_role.intermediate",
            "module.vpc.aws_iam_role.support",
            "module.vpc.aws_instance.nat",
            "module.vpc.aws_internet_gateway.etleap",
            "module.vpc.aws_kms_key.etleap_emr_ebs_encryption_key",
            "module.vpc.aws_kms_key.etleap_encryption_key",
            "module.vpc.aws_lb.app",
            "module.vpc.aws_network_interface.main_app",
            "module.vpc.aws_network_interface.zookeeper",
            "module.vpc.aws_route.prod_public",
            "module.vpc.aws_route_table.public",
            "module.vpc.aws_s3_bucket.intermediate",
            "module.vpc.aws_s3_object.customer_post_install_script",
            "module.vpc.aws_s3_object.db_init_script",
            "module.vpc.aws_s3_object.influx_db_init_script",
            "module.vpc.aws_secretsmanager_secret.influx_db_api_token",
            "module.vpc.aws_security_group.app",
            "module.vpc.aws_security_group.db",
            "module.vpc.aws_security_group.dms",
            "module.vpc.aws_security_group.emr",
            "module.vpc.aws_security_group.emr-master-managed",
            "module.vpc.aws_security_group.emr-service-access-managed",
            "module.vpc.aws_security_group.emr-slave-managed",
            "module.vpc.aws_security_group.influxdb",
            "module.vpc.aws_security_group.nat",
            "module.vpc.aws_security_group.zookeeper",
            "module.vpc.aws_ssm_parameter.emr_cluster_id",
            "module.vpc.aws_subnet.a_private",
            "module.vpc.aws_subnet.a_public",
            "module.vpc.aws_subnet.b_private",
            "module.vpc.aws_subnet.b_public",
            "module.vpc.aws_subnet.c_private",
            "module.vpc.aws_timestreaminfluxdb_db_instance.influx_db",
            "module.vpc.aws_vpc.etleap",
            "module.vpc.data.aws_ami.nat",
            "module.vpc.data.aws_caller_identity.current",
            "module.vpc.data.aws_iam_policy_document.dms_assume_role",
            "module.vpc.data.aws_region.current",
            "module.vpc.data.aws_secretsmanager_secret_version.influx_db_password",
            "module.vpc.module.admin_password.aws_secretsmanager_secret.secret",
            "module.vpc.module.db_password.aws_secretsmanager_secret.secret",
            "module.vpc.module.db_root_password.aws_secretsmanager_secret.secret",
            "module.vpc.module.db_root_password.aws_secretsmanager_secret_version.secret",
            "module.vpc.module.db_root_password.random_password.secret_value",
            "module.vpc.module.db_support_password.aws_secretsmanager_secret.secret",
            "module.vpc.module.deployment_secret.aws_secretsmanager_secret.secret",
            "module.vpc.module.elva.aws_iam_user.elva",
            "module.vpc.module.elva.aws_lb.elva",
            "module.vpc.module.elva.aws_security_group.elva-elb",
            "module.vpc.module.inbound_queue.aws_sns_topic.etleap-inbound",
            "module.vpc.module.inbound_queue.aws_sqs_queue.etleap-inbound",
            "module.vpc.module.inbound_queue.aws_sqs_queue.etleap-inbound-dlq",
            "module.vpc.module.influx_db_password.aws_secretsmanager_secret.secret",
            "module.vpc.module.influx_db_password.aws_secretsmanager_secret_version.secret",
            "module.vpc.module.influx_db_password.random_password.secret_value",
            "module.vpc.module.main_app.aws_instance.app",
            "module.vpc.module.setup_password.aws_secretsmanager_secret.secret",
            "module.vpc.module.setup_password.aws_secretsmanager_secret_version.secret",
            "module.vpc.module.setup_password.random_password.secret_value",
            "module.vpc.null_resource.are_influx_db_hostname_and_password_valid",
            "module.vpc.null_resource.emr_configuration_change",
            "module.vpc.random_id.deployment_random"
          ]
        }
      ]
    },
    {
      "module": "module.vpc",
      "mode": "managed",
      "type": "aws_iam_role_policy_attachment",
      "name": "support_ssm_read_limited",
      "provider": "provider[\"registry.terraform.io/hashicorp/aws\"]",
      "instances": [
        {
          "index_key": 0,
          "schema_version": 0,
          "attributes": {
            "id": "Etleap-test2-Support-Role-20260616135426962600000017",
            "policy_arn": "arn:aws:iam::209479308486:policy/Etleap-test2-Support-SSM-Read-Policy",
            "role": "Etleap-test2-Support-Role"
          },
          "sensitive_attributes": [],
          "identity_schema_version": 0,
          "private": "bnVsbA==",
          "dependencies": [
            "module.vpc.aws_iam_policy.support_ssm_read",
            "module.vpc.aws_iam_role.support",
            "module.vpc.data.aws_caller_identity.current",
            "module.vpc.data.aws_region.current"
          ]
        }
      ]
    },
    {
      "module": "module.vpc",
      "mode": "managed",
      "type": "aws_iam_role_policy_attachment",
      "name": "support_support_full",
      "provider": "provider[\"registry.terraform.io/hashicorp/aws\"]",
      "instances": [
        {
          "index_key": 0,
          "schema_version": 0,
          "attributes": {
            "id": "Etleap-test2-Support-Role-2026061613542702580000001b",
            "policy_arn": "arn:aws:iam::209479308486:policy/Etleap-test2-Support-Support-Full-Policy",
            "role": "Etleap-test2-Support-Role"
          },
          "sensitive_attributes": [],
          "identity_schema_version": 0,
          "private": "bnVsbA==",
          "dependencies": [
            "module.vpc.aws_iam_policy.support_support_full",
            "module.vpc.aws_iam_role.support"
          ]
        }
      ]
    },
    {
      "module": "module.vpc",
      "mode": "managed",
      "type": "aws_iam_role_policy_attachment",
      "name": "zookeeper-ssm",
      "provider": "provider[\"registry.terraform.io/hashicorp/aws\"]",
      "instances": [
        {
          "index_key": 0,
          "schema_version": 0,
          "attributes": {
            "id": "Etleapzookeeper-test2-9cb94f-2026061613542698490000001a",
            "policy_arn": "arn:aws:iam::aws:policy/AmazonSSMManagedInstanceCore",
            "role": "Etleapzookeeper-test2-9cb94f"
          },
          "sensitive_attributes": [],
          "identity_schema_version": 0,
          "private": "bnVsbA==",
          "dependencies": [
            "module.vpc.aws_iam_role.zookeeper",
            "module.vpc.random_id.deployment_random"
          ]
        }
      ]
    },
    {
      "module": "module.vpc",
      "mode": "managed",
      "type": "aws_iam_role_policy_attachment",
      "name": "zookeeper_read_init_script",
      "provider": "provider[\"registry.terraform.io/hashicorp/aws\"]",
      "instances": [
        {
          "schema_version": 0,
          "attributes": {
            "id": "Etleapzookeeper-test2-9cb94f-2026061613542929560000001e",
            "policy_arn": "arn:aws:iam::209479308486:policy/Etleap-test2-Zookeeper-Init-Scripts-Read-Policy",
            "role": "Etleapzookeeper-test2-9cb94f"
          },
          "sensitive_attributes": [],
          "identity_schema_version": 0,
          "private": "bnVsbA==",
          "dependencies": [
            "module.vpc.aws_iam_policy.zookeeper_read_init_script_policy",
            "module.vpc.aws_iam_role.zookeeper",
            "module.vpc.aws_s3_bucket.intermediate",
            "module.vpc.random_id.deployment_random"
          ]
        }
      ]
    },
    {
      "module": "module.vpc",
      "mode": "managed",
      "type": "aws_iam_role_policy_attachment",
      "name": "zookepeer_assume_etleap_roles",
      "provider": "provider[\"registry.terraform.io/hashicorp/aws\"]",
      "instances": [
        {
          "schema_version": 0,
          "attributes": {
            "id": "Etleapzookeeper-test2-9cb94f-20260616135426979600000018",
            "policy_arn": "arn:aws:iam::209479308486:policy/Etleap_assume_etleap_roles-test2-9cb94f",
            "role": "Etleapzookeeper-test2-9cb94f"
          },
          "sensitive_attributes": [],
          "identity_schema_version": 0,
          "private": "bnVsbA==",
          "dependencies": [
            "module.vpc.aws_iam_policy.assume_etleap_roles",
            "module.vpc.aws_iam_role.zookeeper",
            "module.vpc.random_id.deployment_random"
          ]
        }
      ]
    },
    {
      "module": "module.vpc",
      "mode": "managed",
      "type": "aws_instance",
      "name": "nat",
      "provider": "provider[\"registry.terraform.io/hashicorp/aws\"]",
      "instances": [
        {
          "index_key": 0,
          "schema_version": 1,
          "attributes": {
            "ami": "ami-0c8380aa4368b10f5",
            "arn": "arn:aws:ec2:us-east-1:209479308486:instance/i-0e3552d99225054fa",
            "associate_public_ip_address": true,
            "availability_zone": "us-east-1b",
            "capacity_reservation_specification": [
              {
                "capacity_reservation_preference": "open",
                "capacity_reservation_target": []
              }
            ],
            "cpu_core_count": 1,
            "cpu_options": [
              {
                "amd_sev_snp": "",
                "core_count": 1,
                "threads_per_core": 2
              }
            ],
            "cpu_threads_per_core": 2,
            "credit_specification": [],
            "disable_api_stop": false,
            "disable_api_termination": false,
            "ebs_block_device": [],
            "ebs_optimized": false,
            "enable_primary_ipv6": null,
            "enclave_options": [
              {
                "enabled": false
              }
            ],
            "ephemeral_block_device": [],
            "get_password_data": false,
            "hibernation": false,
            "host_id": "",
            "host_resource_group_arn": null,
            "iam_instance_profile": "",
            "id": "i-0e3552d99225054fa",
            "instance_initiated_shutdown_behavior": "stop",
            "instance_lifecycle": "",
            "instance_market_options": [],
            "instance_state": "running",
            "instance_type": "m5n.large",
            "ipv6_address_count": 0,
            "ipv6_addresses": [],
            "key_name": "Etleap-Benedict",
            "launch_template": [],
            "maintenance_options": [
              {
                "auto_recovery": "default"
              }
            ],
            "metadata_options": [
              {
                "http_endpoint": "enabled",
                "http_protocol_ipv6": "disabled",
                "http_put_response_hop_limit": 2,
                "http_tokens": "required",
                "instance_metadata_tags": "disabled"
              }
            ],
            "monitoring": false,
            "network_interface": [],
            "outpost_arn": "",
            "password_data": "",
            "placement_group": "",
            "placement_partition_number": 0,
            "primary_network_interface_id": "eni-0a7becc68145533ad",
            "private_dns": "ip-172-22-7-122.ec2.internal",
            "private_dns_name_options": [
              {
                "enable_resource_name_dns_a_record": false,
                "enable_resource_name_dns_aaaa_record": false,
                "hostname_type": "ip-name"
              }
            ],
            "private_ip": "172.22.7.122",
            "public_dns": "ec2-100-26-101-171.compute-1.amazonaws.com",
            "public_ip": "100.26.101.171",
            "root_block_device": [
              {
                "delete_on_termination": true,
                "device_name": "/dev/xvda",
                "encrypted": true,
                "iops": 3000,
                "kms_key_id": "arn:aws:kms:us-east-1:209479308486:key/68a29d3d-82f9-4fe5-9f4c-4345c12efc3c",
                "tags": null,
                "tags_all": {},
                "throughput": 125,
                "volume_id": "vol-0bf41dd12241235d6",
                "volume_size": 32,
                "volume_type": "gp3"
              }
            ],
            "secondary_private_ips": [],
            "security_groups": [],
            "source_dest_check": false,
            "spot_instance_request_id": "",
            "subnet_id": "subnet-0be8e11b37ab2010f",
            "tags": {
              "Deployment": "test2",
              "Environment": "sandbox",
              "Name": "Etleap NAT test2",
              "Operator": "Benedict.Chan"
            },
            "tags_all": {
              "Deployment": "test2",
              "Environment": "sandbox",
              "Name": "Etleap NAT test2",
              "Operator": "Benedict.Chan"
            },
            "tenancy": "default",
            "timeouts": null,
            "user_data": null,
            "user_data_base64": null,
            "user_data_replace_on_change": false,
            "volume_tags": {
              "Deployment": "test2",
              "Environment": "sandbox",
              "Name": "Etleap NAT",
              "Operator": "Benedict.Chan"
            },
            "vpc_security_group_ids": [
              "sg-0be47893ef9e46a13"
            ]
          },
          "sensitive_attributes": [],
          "identity_schema_version": 0,
          "private": "eyJlMmJmYjczMC1lY2FhLTExZTYtOGY4OC0zNDM2M2JjN2M0YzAiOnsiY3JlYXRlIjo2MDAwMDAwMDAwMDAsImRlbGV0ZSI6MTIwMDAwMDAwMDAwMCwicmVhZCI6OTAwMDAwMDAwMDAwLCJ1cGRhdGUiOjYwMDAwMDAwMDAwMH0sInNjaGVtYV92ZXJzaW9uIjoiMSJ9",
          "dependencies": [
            "aws_key_pair.ssh",
            "module.vpc.aws_security_group.nat",
            "module.vpc.aws_subnet.b_public",
            "module.vpc.aws_vpc.etleap",
            "module.vpc.data.aws_ami.nat",
            "module.vpc.data.aws_region.current"
          ],
          "create_before_destroy": true
        }
      ]
    },
    {
      "module": "module.vpc",
      "mode": "managed",
      "type": "aws_instance",
      "name": "zookeeper",
      "provider": "provider[\"registry.terraform.io/hashicorp/aws\"]",
      "instances": [
        {
          "index_key": "1",
          "schema_version": 1,
          "attributes": {
            "ami": "ami-0e0a4106402da2799",
            "arn": "arn:aws:ec2:us-east-1:209479308486:instance/i-019dfa31475cdfe7c",
            "associate_public_ip_address": false,
            "availability_zone": "us-east-1b",
            "capacity_reservation_specification": [
              {
                "capacity_reservation_preference": "open",
                "capacity_reservation_target": []
              }
            ],
            "cpu_core_count": 1,
            "cpu_options": [
              {
                "amd_sev_snp": "",
                "core_count": 1,
                "threads_per_core": 2
              }
            ],
            "cpu_threads_per_core": 2,
            "credit_specification": [
              {
                "cpu_credits": "unlimited"
              }
            ],
            "disable_api_stop": false,
            "disable_api_termination": false,
            "ebs_block_device": [
              {
                "delete_on_termination": true,
                "device_name": "/dev/xvdb",
                "encrypted": true,
                "iops": 3000,
                "kms_key_id": "arn:aws:kms:us-east-1:209479308486:key/68a29d3d-82f9-4fe5-9f4c-4345c12efc3c",
                "snapshot_id": "snap-0c7b7b571eb55b55e",
                "tags": {},
                "tags_all": {},
                "throughput": 125,
                "volume_id": "vol-0828a325b9f54430b",
                "volume_size": 32,
                "volume_type": "gp3"
              }
            ],
            "ebs_optimized": false,
            "enable_primary_ipv6": null,
            "enclave_options": [
              {
                "enabled": false
              }
            ],
            "ephemeral_block_device": [],
            "get_password_data": false,
            "hibernation": false,
            "host_id": "",
            "host_resource_group_arn": null,
            "iam_instance_profile": "Etleap-Zookeeper_iam_profile-test2-9cb94f",
            "id": "i-019dfa31475cdfe7c",
            "instance_initiated_shutdown_behavior": "stop",
            "instance_lifecycle": "",
            "instance_market_options": [],
            "instance_state": "running",
            "instance_type": "t3.small",
            "ipv6_address_count": 0,
            "ipv6_addresses": [],
            "key_name": "Etleap-Benedict",
            "launch_template": [],
            "maintenance_options": [
              {
                "auto_recovery": "default"
              }
            ],
            "metadata_options": [
              {
                "http_endpoint": "enabled",
                "http_protocol_ipv6": "disabled",
                "http_put_response_hop_limit": 2,
                "http_tokens": "required",
                "instance_metadata_tags": "disabled"
              }
            ],
            "monitoring": false,
            "network_interface": [
              {
                "delete_on_termination": false,
                "device_index": 0,
                "network_card_index": 0,
                "network_interface_id": "eni-076b5440ab92b555b"
              }
            ],
            "outpost_arn": "",
            "password_data": "",
            "placement_group": "",
            "placement_partition_number": 0,
            "primary_network_interface_id": "eni-076b5440ab92b555b",
            "private_dns": "ip-172-22-5-82.ec2.internal",
            "private_dns_name_options": [
              {
                "enable_resource_name_dns_a_record": false,
                "enable_resource_name_dns_aaaa_record": false,
                "hostname_type": "ip-name"
              }
            ],
            "private_ip": "172.22.5.82",
            "public_dns": "",
            "public_ip": "",
            "root_block_device": [
              {
                "delete_on_termination": true,
                "device_name": "/dev/sda1",
                "encrypted": true,
                "iops": 3000,
                "kms_key_id": "arn:aws:kms:us-east-1:209479308486:key/68a29d3d-82f9-4fe5-9f4c-4345c12efc3c",
                "tags": null,
                "tags_all": {},
                "throughput": 125,
                "volume_id": "vol-012971a59db302158",
                "volume_size": 32,
                "volume_type": "gp3"
              }
            ],
            "secondary_private_ips": [],
            "security_groups": [],
            "source_dest_check": true,
            "spot_instance_request_id": "",
            "subnet_id": "subnet-0ba0b865118de2ace",
            "tags": {
              "Deployment": "test2",
              "Environment": "sandbox",
              "Name": "Etleap zookeeper1 test2",
              "Operator": "Benedict.Chan"
            },
            "tags_all": {
              "Deployment": "test2",
              "Environment": "sandbox",
              "Name": "Etleap zookeeper1 test2",
              "Operator": "Benedict.Chan"
            },
            "tenancy": "default",
            "timeouts": null,
            "user_data": "e4f2093d2d1665dda400ec5249ee68ed426e7c77",
            "user_data_base64": null,
            "user_data_replace_on_change": true,
            "volume_tags": {
              "Deployment": "test2",
              "Environment": "sandbox",
              "Name": "Etleap zookeeper1 test2",
              "Operator": "Benedict.Chan"
            },
            "vpc_security_group_ids": [
              "sg-0e2357864c06db9c1"
            ]
          },
          "sensitive_attributes": [],
          "identity_schema_version": 0,
          "private": "eyJlMmJmYjczMC1lY2FhLTExZTYtOGY4OC0zNDM2M2JjN2M0YzAiOnsiY3JlYXRlIjo2MDAwMDAwMDAwMDAsImRlbGV0ZSI6MTIwMDAwMDAwMDAwMCwicmVhZCI6OTAwMDAwMDAwMDAwLCJ1cGRhdGUiOjYwMDAwMDAwMDAwMH0sInNjaGVtYV92ZXJzaW9uIjoiMSJ9",
          "dependencies": [
            "aws_key_pair.ssh",
            "module.vpc.aws_iam_instance_profile.zookeeper",
            "module.vpc.aws_iam_role.zookeeper",
            "module.vpc.aws_network_interface.zookeeper",
            "module.vpc.aws_s3_bucket.intermediate",
            "module.vpc.aws_s3_object.customer_post_install_script",
            "module.vpc.aws_security_group.zookeeper",
            "module.vpc.aws_subnet.a_private",
            "module.vpc.aws_subnet.b_private",
            "module.vpc.aws_subnet.c_private",
            "module.vpc.aws_vpc.etleap",
            "module.vpc.data.aws_region.current",
            "module.vpc.module.deployment_secret.aws_secretsmanager_secret.secret",
            "module.vpc.random_id.deployment_random"
          ]
        },
        {
          "index_key": "2",
          "schema_version": 1,
          "attributes": {
            "ami": "ami-0e0a4106402da2799",
            "arn": "arn:aws:ec2:us-east-1:209479308486:instance/i-06f462a6b2d3cb150",
            "associate_public_ip_address": false,
            "availability_zone": "us-east-1c",
            "capacity_reservation_specification": [
              {
                "capacity_reservation_preference": "open",
                "capacity_reservation_target": []
              }
            ],
            "cpu_core_count": 1,
            "cpu_options": [
              {
                "amd_sev_snp": "",
                "core_count": 1,
                "threads_per_core": 2
              }
            ],
            "cpu_threads_per_core": 2,
            "credit_specification": [
              {
                "cpu_credits": "unlimited"
              }
            ],
            "disable_api_stop": false,
            "disable_api_termination": false,
            "ebs_block_device": [
              {
                "delete_on_termination": true,
                "device_name": "/dev/xvdb",
                "encrypted": true,
                "iops": 3000,
                "kms_key_id": "arn:aws:kms:us-east-1:209479308486:key/68a29d3d-82f9-4fe5-9f4c-4345c12efc3c",
                "snapshot_id": "snap-0c7b7b571eb55b55e",
                "tags": {},
                "tags_all": {},
                "throughput": 125,
                "volume_id": "vol-0dddba3ef8268da26",
                "volume_size": 32,
                "volume_type": "gp3"
              }
            ],
            "ebs_optimized": false,
            "enable_primary_ipv6": null,
            "enclave_options": [
              {
                "enabled": false
              }
            ],
            "ephemeral_block_device": [],
            "get_password_data": false,
            "hibernation": false,
            "host_id": "",
            "host_resource_group_arn": null,
            "iam_instance_profile": "Etleap-Zookeeper_iam_profile-test2-9cb94f",
            "id": "i-06f462a6b2d3cb150",
            "instance_initiated_shutdown_behavior": "stop",
            "instance_lifecycle": "",
            "instance_market_options": [],
            "instance_state": "running",
            "instance_type": "t3.small",
            "ipv6_address_count": 0,
            "ipv6_addresses": [],
            "key_name": "Etleap-Benedict",
            "launch_template": [],
            "maintenance_options": [
              {
                "auto_recovery": "default"
              }
            ],
            "metadata_options": [
              {
                "http_endpoint": "enabled",
                "http_protocol_ipv6": "disabled",
                "http_put_response_hop_limit": 2,
                "http_tokens": "required",
                "instance_metadata_tags": "disabled"
              }
            ],
            "monitoring": false,
            "network_interface": [
              {
                "delete_on_termination": false,
                "device_index": 0,
                "network_card_index": 0,
                "network_interface_id": "eni-09e3004f92ca244e9"
              }
            ],
            "outpost_arn": "",
            "password_data": "",
            "placement_group": "",
            "placement_partition_number": 0,
            "primary_network_interface_id": "eni-09e3004f92ca244e9",
            "private_dns": "ip-172-22-6-181.ec2.internal",
            "private_dns_name_options": [
              {
                "enable_resource_name_dns_a_record": false,
                "enable_resource_name_dns_aaaa_record": false,
                "hostname_type": "ip-name"
              }
            ],
            "private_ip": "172.22.6.181",
            "public_dns": "",
            "public_ip": "",
            "root_block_device": [
              {
                "delete_on_termination": true,
                "device_name": "/dev/sda1",
                "encrypted": true,
                "iops": 3000,
                "kms_key_id": "arn:aws:kms:us-east-1:209479308486:key/68a29d3d-82f9-4fe5-9f4c-4345c12efc3c",
                "tags": null,
                "tags_all": {},
                "throughput": 125,
                "volume_id": "vol-07dbcbdfd16ef26f0",
                "volume_size": 32,
                "volume_type": "gp3"
              }
            ],
            "secondary_private_ips": [],
            "security_groups": [],
            "source_dest_check": true,
            "spot_instance_request_id": "",
            "subnet_id": "subnet-0ef6095787e00a891",
            "tags": {
              "Deployment": "test2",
              "Environment": "sandbox",
              "Name": "Etleap zookeeper2 test2",
              "Operator": "Benedict.Chan"
            },
            "tags_all": {
              "Deployment": "test2",
              "Environment": "sandbox",
              "Name": "Etleap zookeeper2 test2",
              "Operator": "Benedict.Chan"
            },
            "tenancy": "default",
            "timeouts": null,
            "user_data": "066c6f80b8e4030ca1e775f43ebf3fde622a46bc",
            "user_data_base64": null,
            "user_data_replace_on_change": true,
            "volume_tags": {
              "Deployment": "test2",
              "Environment": "sandbox",
              "Name": "Etleap zookeeper2 test2",
              "Operator": "Benedict.Chan"
            },
            "vpc_security_group_ids": [
              "sg-0e2357864c06db9c1"
            ]
          },
          "sensitive_attributes": [],
          "identity_schema_version": 0,
          "private": "eyJlMmJmYjczMC1lY2FhLTExZTYtOGY4OC0zNDM2M2JjN2M0YzAiOnsiY3JlYXRlIjo2MDAwMDAwMDAwMDAsImRlbGV0ZSI6MTIwMDAwMDAwMDAwMCwicmVhZCI6OTAwMDAwMDAwMDAwLCJ1cGRhdGUiOjYwMDAwMDAwMDAwMH0sInNjaGVtYV92ZXJzaW9uIjoiMSJ9",
          "dependencies": [
            "aws_key_pair.ssh",
            "module.vpc.aws_iam_instance_profile.zookeeper",
            "module.vpc.aws_iam_role.zookeeper",
            "module.vpc.aws_network_interface.zookeeper",
            "module.vpc.aws_s3_bucket.intermediate",
            "module.vpc.aws_s3_object.customer_post_install_script",
            "module.vpc.aws_security_group.zookeeper",
            "module.vpc.aws_subnet.a_private",
            "module.vpc.aws_subnet.b_private",
            "module.vpc.aws_subnet.c_private",
            "module.vpc.aws_vpc.etleap",
            "module.vpc.data.aws_region.current",
            "module.vpc.module.deployment_secret.aws_secretsmanager_secret.secret",
            "module.vpc.random_id.deployment_random"
          ]
        },
        {
          "index_key": "3",
          "schema_version": 1,
          "attributes": {
            "ami": "ami-0e0a4106402da2799",
            "arn": "arn:aws:ec2:us-east-1:209479308486:instance/i-0cba2f6ea0d1ff7e2",
            "associate_public_ip_address": false,
            "availability_zone": "us-east-1a",
            "capacity_reservation_specification": [
              {
                "capacity_reservation_preference": "open",
                "capacity_reservation_target": []
              }
            ],
            "cpu_core_count": 1,
            "cpu_options": [
              {
                "amd_sev_snp": "",
                "core_count": 1,
                "threads_per_core": 2
              }
            ],
            "cpu_threads_per_core": 2,
            "credit_specification": [
              {
                "cpu_credits": "unlimited"
              }
            ],
            "disable_api_stop": false,
            "disable_api_termination": false,
            "ebs_block_device": [
              {
                "delete_on_termination": true,
                "device_name": "/dev/xvdb",
                "encrypted": true,
                "iops": 3000,
                "kms_key_id": "arn:aws:kms:us-east-1:209479308486:key/68a29d3d-82f9-4fe5-9f4c-4345c12efc3c",
                "snapshot_id": "snap-0c7b7b571eb55b55e",
                "tags": {},
                "tags_all": {},
                "throughput": 125,
                "volume_id": "vol-0fa0dcfbe9c28ec02",
                "volume_size": 32,
                "volume_type": "gp3"
              }
            ],
            "ebs_optimized": false,
            "enable_primary_ipv6": null,
            "enclave_options": [
              {
                "enabled": false
              }
            ],
            "ephemeral_block_device": [],
            "get_password_data": false,
            "hibernation": false,
            "host_id": "",
            "host_resource_group_arn": null,
            "iam_instance_profile": "Etleap-Zookeeper_iam_profile-test2-9cb94f",
            "id": "i-0cba2f6ea0d1ff7e2",
            "instance_initiated_shutdown_behavior": "stop",
            "instance_lifecycle": "",
            "instance_market_options": [],
            "instance_state": "running",
            "instance_type": "t3.small",
            "ipv6_address_count": 0,
            "ipv6_addresses": [],
            "key_name": "Etleap-Benedict",
            "launch_template": [],
            "maintenance_options": [
              {
                "auto_recovery": "default"
              }
            ],
            "metadata_options": [
              {
                "http_endpoint": "enabled",
                "http_protocol_ipv6": "disabled",
                "http_put_response_hop_limit": 2,
                "http_tokens": "required",
                "instance_metadata_tags": "disabled"
              }
            ],
            "monitoring": false,
            "network_interface": [
              {
                "delete_on_termination": false,
                "device_index": 0,
                "network_card_index": 0,
                "network_interface_id": "eni-0a9967da28ddf65d3"
              }
            ],
            "outpost_arn": "",
            "password_data": "",
            "placement_group": "",
            "placement_partition_number": 0,
            "primary_network_interface_id": "eni-0a9967da28ddf65d3",
            "private_dns": "ip-172-22-4-184.ec2.internal",
            "private_dns_name_options": [
              {
                "enable_resource_name_dns_a_record": false,
                "enable_resource_name_dns_aaaa_record": false,
                "hostname_type": "ip-name"
              }
            ],
            "private_ip": "172.22.4.184",
            "public_dns": "",
            "public_ip": "",
            "root_block_device": [
              {
                "delete_on_termination": true,
                "device_name": "/dev/sda1",
                "encrypted": true,
                "iops": 3000,
                "kms_key_id": "arn:aws:kms:us-east-1:209479308486:key/68a29d3d-82f9-4fe5-9f4c-4345c12efc3c",
                "tags": null,
                "tags_all": {},
                "throughput": 125,
                "volume_id": "vol-013136731174a0a63",
                "volume_size": 32,
                "volume_type": "gp3"
              }
            ],
            "secondary_private_ips": [],
            "security_groups": [],
            "source_dest_check": true,
            "spot_instance_request_id": "",
            "subnet_id": "subnet-068c886b86199179c",
            "tags": {
              "Deployment": "test2",
              "Environment": "sandbox",
              "Name": "Etleap zookeeper3 test2",
              "Operator": "Benedict.Chan"
            },
            "tags_all": {
              "Deployment": "test2",
              "Environment": "sandbox",
              "Name": "Etleap zookeeper3 test2",
              "Operator": "Benedict.Chan"
            },
            "tenancy": "default",
            "timeouts": null,
            "user_data": "156cc8cc0065702bde7569d1a14d5747dc359d74",
            "user_data_base64": null,
            "user_data_replace_on_change": true,
            "volume_tags": {
              "Deployment": "test2",
              "Environment": "sandbox",
              "Name": "Etleap zookeeper3 test2",
              "Operator": "Benedict.Chan"
            },
            "vpc_security_group_ids": [
              "sg-0e2357864c06db9c1"
            ]
          },
          "sensitive_attributes": [],
          "identity_schema_version": 0,
          "private": "eyJlMmJmYjczMC1lY2FhLTExZTYtOGY4OC0zNDM2M2JjN2M0YzAiOnsiY3JlYXRlIjo2MDAwMDAwMDAwMDAsImRlbGV0ZSI6MTIwMDAwMDAwMDAwMCwicmVhZCI6OTAwMDAwMDAwMDAwLCJ1cGRhdGUiOjYwMDAwMDAwMDAwMH0sInNjaGVtYV92ZXJzaW9uIjoiMSJ9",
          "dependencies": [
            "aws_key_pair.ssh",
            "module.vpc.aws_iam_instance_profile.zookeeper",
            "module.vpc.aws_iam_role.zookeeper",
            "module.vpc.aws_network_interface.zookeeper",
            "module.vpc.aws_s3_bucket.intermediate",
            "module.vpc.aws_s3_object.customer_post_install_script",
            "module.vpc.aws_security_group.zookeeper",
            "module.vpc.aws_subnet.a_private",
            "module.vpc.aws_subnet.b_private",
            "module.vpc.aws_subnet.c_private",
            "module.vpc.aws_vpc.etleap",
            "module.vpc.data.aws_region.current",
            "module.vpc.module.deployment_secret.aws_secretsmanager_secret.secret",
            "module.vpc.random_id.deployment_random"
          ]
        }
      ]
    },
    {
      "module": "module.vpc",
      "mode": "managed",
      "type": "aws_internet_gateway",
      "name": "etleap",
      "provider": "provider[\"registry.terraform.io/hashicorp/aws\"]",
      "instances": [
        {
          "index_key": 0,
          "schema_version": 0,
          "attributes": {
            "arn": "arn:aws:ec2:us-east-1:209479308486:internet-gateway/igw-0d652707937250ab2",
            "id": "igw-0d652707937250ab2",
            "owner_id": "209479308486",
            "tags": {
              "Deployment": "test2",
              "Environment": "sandbox",
              "Name": "Etleap IG",
              "Operator": "Benedict.Chan"
            },
            "tags_all": {
              "Deployment": "test2",
              "Environment": "sandbox",
              "Name": "Etleap IG",
              "Operator": "Benedict.Chan"
            },
            "timeouts": null,
            "vpc_id": "vpc-0a3da344f06a25bb4"
          },
          "sensitive_attributes": [],
          "identity_schema_version": 0,
          "private": "eyJlMmJmYjczMC1lY2FhLTExZTYtOGY4OC0zNDM2M2JjN2M0YzAiOnsiY3JlYXRlIjoxMjAwMDAwMDAwMDAwLCJkZWxldGUiOjEyMDAwMDAwMDAwMDAsInVwZGF0ZSI6MTIwMDAwMDAwMDAwMH19",
          "dependencies": [
            "module.vpc.aws_vpc.etleap"
          ]
        }
      ]
    },
    {
      "module": "module.vpc",
      "mode": "managed",
      "type": "aws_kms_key",
      "name": "etleap_emr_ebs_encryption_key",
      "provider": "provider[\"registry.terraform.io/hashicorp/aws\"]",
      "instances": [
        {
          "index_key": 0,
          "schema_version": 0,
          "attributes": {
            "arn": "arn:aws:kms:us-east-1:209479308486:key/1ba927cb-5216-4003-a8c2-1c2b20f074f8",
            "bypass_policy_lockout_safety_check": false,
            "custom_key_store_id": "",
            "customer_master_key_spec": "SYMMETRIC_DEFAULT",
            "deletion_window_in_days": 30,
            "description": "Etleap EMR EBS encryption key",
            "enable_key_rotation": false,
            "id": "1ba927cb-5216-4003-a8c2-1c2b20f074f8",
            "is_enabled": true,
            "key_id": "1ba927cb-5216-4003-a8c2-1c2b20f074f8",
            "key_usage": "ENCRYPT_DECRYPT",
            "multi_region": false,
            "policy": "{\"Id\":\"emr-ebs-kms-policy\",\"Statement\":[{\"Action\":\"kms:*\",\"Effect\":\"Allow\",\"Principal\":{\"AWS\":\"arn:aws:iam::209479308486:root\"},\"Resource\":\"*\",\"Sid\":\"Enable IAM User Permissions\"},{\"Action\":[\"kms:Encrypt\",\"kms:Decrypt\",\"kms:ReEncrypt*\",\"kms:GenerateDataKey*\",\"kms:DescribeKey\",\"kms:CreateGrant\",\"kms:ListGrants\"],\"Effect\":\"Allow\",\"Principal\":{\"AWS\":[\"arn:aws:iam::209479308486:role/EtleapEMR-test2-9cb94f\",\"arn:aws:iam::209479308486:role/EtleapEMR_DefaultRole-test2-9cb94f\"]},\"Resource\":\"*\",\"Sid\":\"AllowEMRRoleUseOfKey\"}],\"Version\":\"2012-10-17\"}",
            "rotation_period_in_days": 0,
            "tags": {
              "Deployment": "test2",
              "Environment": "sandbox",
              "Name": "Etleap EMR EBS KMS",
              "Operator": "Benedict.Chan"
            },
            "tags_all": {
              "Deployment": "test2",
              "Environment": "sandbox",
              "Name": "Etleap EMR EBS KMS",
              "Operator": "Benedict.Chan"
            },
            "timeouts": null,
            "xks_key_id": ""
          },
          "sensitive_attributes": [],
          "identity_schema_version": 0,
          "private": "eyJlMmJmYjczMC1lY2FhLTExZTYtOGY4OC0zNDM2M2JjN2M0YzAiOnsiY3JlYXRlIjoxMjAwMDAwMDAwMDB9fQ==",
          "dependencies": [
            "module.vpc.aws_iam_role.emr",
            "module.vpc.aws_iam_role.emr_default_role",
            "module.vpc.data.aws_caller_identity.current",
            "module.vpc.random_id.deployment_random"
          ],
          "create_before_destroy": true
        }
      ]
    },
    {
      "module": "module.vpc",
      "mode": "managed",
      "type": "aws_kms_key",
      "name": "etleap_encryption_key",
      "provider": "provider[\"registry.terraform.io/hashicorp/aws\"]",
      "instances": [
        {
          "schema_version": 0,
          "attributes": {
            "arn": "arn:aws:kms:us-east-1:209479308486:key/cefa0f13-f636-488c-a118-0720e0f546c4",
            "bypass_policy_lockout_safety_check": false,
            "custom_key_store_id": "",
            "customer_master_key_spec": "SYMMETRIC_DEFAULT",
            "deletion_window_in_days": 30,
            "description": "Etleap secrets encryption key",
            "enable_key_rotation": false,
            "id": "cefa0f13-f636-488c-a118-0720e0f546c4",
            "is_enabled": true,
            "key_id": "cefa0f13-f636-488c-a118-0720e0f546c4",
            "key_usage": "ENCRYPT_DECRYPT",
            "multi_region": false,
            "policy": "{\"Id\":\"kms-key-policy-0001\",\"Statement\":[{\"Action\":\"kms:*\",\"Effect\":\"Allow\",\"Principal\":{\"AWS\":\"arn:aws:iam::209479308486:root\"},\"Resource\":\"*\",\"Sid\":\"Enable IAM User Permissions\"},{\"Action\":[\"kms:Encrypt\",\"kms:Decrypt\",\"kms:ReEncrypt*\",\"kms:GenerateDataKey*\",\"kms:DescribeKey\"],\"Effect\":\"Allow\",\"Principal\":{\"AWS\":[\"arn:aws:iam::209479308486:role/EtleapApp-test2-9cb94f\"]},\"Resource\":\"*\",\"Sid\":\"Allow use of the key\"},{\"Action\":[\"kms:CreateGrant\",\"kms:ListGrants\",\"kms:RevokeGrant\"],\"Condition\":{\"Bool\":{\"kms:GrantIsForAWSResource\":\"true\"}},\"Effect\":\"Allow\",\"Principal\":{\"AWS\":[\"arn:aws:iam::209479308486:role/EtleapApp-test2-9cb94f\"]},\"Resource\":\"*\",\"Sid\":\"Allow attachment of persistent resources\"}],\"Version\":\"2012-10-17\"}",
            "rotation_period_in_days": 0,
            "tags": {
              "Deployment": "test2",
              "Environment": "sandbox",
              "Name": "Etleap KMS",
              "Operator": "Benedict.Chan"
            },
            "tags_all": {
              "Deployment": "test2",
              "Environment": "sandbox",
              "Name": "Etleap KMS",
              "Operator": "Benedict.Chan"
            },
            "timeouts": null,
            "xks_key_id": ""
          },
          "sensitive_attributes": [],
          "identity_schema_version": 0,
          "private": "eyJlMmJmYjczMC1lY2FhLTExZTYtOGY4OC0zNDM2M2JjN2M0YzAiOnsiY3JlYXRlIjoxMjAwMDAwMDAwMDB9fQ==",
          "dependencies": [
            "module.vpc.data.aws_caller_identity.current",
            "module.vpc.random_id.deployment_random"
          ]
        }
      ]
    },
    {
      "module": "module.vpc",
      "mode": "managed",
      "type": "aws_lb",
      "name": "app",
      "provider": "provider[\"registry.terraform.io/hashicorp/aws\"]",
      "instances": [
        {
          "schema_version": 0,
          "attributes": {
            "access_logs": [
              {
                "bucket": "",
                "enabled": false,
                "prefix": ""
              }
            ],
            "arn": "arn:aws:elasticloadbalancing:us-east-1:209479308486:loadbalancer/app/etleap20260616135442225500000027/78a43f751feaf58b",
            "arn_suffix": "app/etleap20260616135442225500000027/78a43f751feaf58b",
            "client_keep_alive": 3600,
            "connection_logs": [
              {
                "bucket": "",
                "enabled": false,
                "prefix": ""
              }
            ],
            "customer_owned_ipv4_pool": "",
            "desync_mitigation_mode": "defensive",
            "dns_name": "etleap20260616135442225500000027-1671959891.us-east-1.elb.amazonaws.com",
            "dns_record_client_routing_policy": null,
            "drop_invalid_header_fields": false,
            "enable_cross_zone_load_balancing": true,
            "enable_deletion_protection": false,
            "enable_http2": true,
            "enable_tls_version_and_cipher_suite_headers": false,
            "enable_waf_fail_open": false,
            "enable_xff_client_port": false,
            "enable_zonal_shift": false,
            "enforce_security_group_inbound_rules_on_private_link_traffic": "",
            "id": "arn:aws:elasticloadbalancing:us-east-1:209479308486:loadbalancer/app/etleap20260616135442225500000027/78a43f751feaf58b",
            "idle_timeout": 300,
            "internal": false,
            "ip_address_type": "ipv4",
            "ipam_pools": [],
            "load_balancer_type": "application",
            "minimum_load_balancer_capacity": [],
            "name": "etleap20260616135442225500000027",
            "name_prefix": "etleap",
            "preserve_host_header": false,
            "security_groups": [
              "sg-0264fb166e833a732"
            ],
            "subnet_mapping": [
              {
                "allocation_id": "",
                "ipv6_address": "",
                "outpost_id": "",
                "private_ipv4_address": "",
                "subnet_id": "subnet-0be8e11b37ab2010f"
              },
              {
                "allocation_id": "",
                "ipv6_address": "",
                "outpost_id": "",
                "private_ipv4_address": "",
                "subnet_id": "subnet-0c35b4fa0399d8bcf"
              }
            ],
            "subnets": [
              "subnet-0be8e11b37ab2010f",
              "subnet-0c35b4fa0399d8bcf"
            ],
            "tags": {
              "Deployment": "test2",
              "Environment": "sandbox",
              "Name": "Etleap LB test2",
              "Operator": "Benedict.Chan"
            },
            "tags_all": {
              "Deployment": "test2",
              "Environment": "sandbox",
              "Name": "Etleap LB test2",
              "Operator": "Benedict.Chan"
            },
            "timeouts": null,
            "vpc_id": "vpc-0a3da344f06a25bb4",
            "xff_header_processing_mode": "append",
            "zone_id": "Z35SXDOTRQ7X7K"
          },
          "sensitive_attributes": [],
          "identity_schema_version": 0,
          "private": "eyJlMmJmYjczMC1lY2FhLTExZTYtOGY4OC0zNDM2M2JjN2M0YzAiOnsiY3JlYXRlIjo2MDAwMDAwMDAwMDAsImRlbGV0ZSI6NjAwMDAwMDAwMDAwLCJ1cGRhdGUiOjYwMDAwMDAwMDAwMH19",
          "dependencies": [
            "module.vpc.aws_security_group.app",
            "module.vpc.aws_subnet.a_private",
            "module.vpc.aws_subnet.a_public",
            "module.vpc.aws_subnet.b_private",
            "module.vpc.aws_subnet.b_public",
            "module.vpc.aws_vpc.etleap",
            "module.vpc.data.aws_region.current"
          ]
        }
      ]
    },
    {
      "module": "module.vpc",
      "mode": "managed",
      "type": "aws_lb_listener",
      "name": "app",
      "provider": "provider[\"registry.terraform.io/hashicorp/aws\"]",
      "instances": [
        {
          "schema_version": 0,
          "attributes": {
            "alpn_policy": null,
            "arn": "arn:aws:elasticloadbalancing:us-east-1:209479308486:listener/app/etleap20260616135442225500000027/78a43f751feaf58b/99f0c24e86dbdfe8",
            "certificate_arn": "arn:aws:acm:us-east-1:209479308486:certificate/862da0c5-655e-4469-89ef-b19ed30cf9bc",
            "default_action": [
              {
                "authenticate_cognito": [],
                "authenticate_oidc": [],
                "fixed_response": [],
                "forward": [],
                "order": 1,
                "redirect": [],
                "target_group_arn": "arn:aws:elasticloadbalancing:us-east-1:209479308486:targetgroup/Etleap20260616135438463100000023/891dfd28c8dd1b4d",
                "type": "forward"
              }
            ],
            "id": "arn:aws:elasticloadbalancing:us-east-1:209479308486:listener/app/etleap20260616135442225500000027/78a43f751feaf58b/99f0c24e86dbdfe8",
            "load_balancer_arn": "arn:aws:elasticloadbalancing:us-east-1:209479308486:loadbalancer/app/etleap20260616135442225500000027/78a43f751feaf58b",
            "mutual_authentication": [
              {
                "advertise_trust_store_ca_names": "",
                "ignore_client_certificate_expiry": false,
                "mode": "off",
                "trust_store_arn": ""
              }
            ],
            "port": 443,
            "protocol": "HTTPS",
            "routing_http_request_x_amzn_mtls_clientcert_header_name": "",
            "routing_http_request_x_amzn_mtls_clientcert_issuer_header_name": "",
            "routing_http_request_x_amzn_mtls_clientcert_leaf_header_name": "",
            "routing_http_request_x_amzn_mtls_clientcert_serial_number_header_name": "",
            "routing_http_request_x_amzn_mtls_clientcert_subject_header_name": "",
            "routing_http_request_x_amzn_mtls_clientcert_validity_header_name": "",
            "routing_http_request_x_amzn_tls_cipher_suite_header_name": "",
            "routing_http_request_x_amzn_tls_version_header_name": "",
            "routing_http_response_access_control_allow_credentials_header_value": "",
            "routing_http_response_access_control_allow_headers_header_value": "",
            "routing_http_response_access_control_allow_methods_header_value": "",
            "routing_http_response_access_control_allow_origin_header_value": "",
            "routing_http_response_access_control_expose_headers_header_value": "",
            "routing_http_response_access_control_max_age_header_value": "",
            "routing_http_response_content_security_policy_header_value": "",
            "routing_http_response_server_enabled": true,
            "routing_http_response_strict_transport_security_header_value": "",
            "routing_http_response_x_content_type_options_header_value": "",
            "routing_http_response_x_frame_options_header_value": "",
            "ssl_policy": "ELBSecurityPolicy-TLS13-1-2-2021-06",
            "tags": {
              "Deployment": "test2",
              "Environment": "sandbox",
              "Operator": "Benedict.Chan"
            },
            "tags_all": {
              "Deployment": "test2",
              "Environment": "sandbox",
              "Operator": "Benedict.Chan"
            },
            "tcp_idle_timeout_seconds": null,
            "timeouts": null
          },
          "sensitive_attributes": [],
          "identity_schema_version": 0,
          "private": "eyJlMmJmYjczMC1lY2FhLTExZTYtOGY4OC0zNDM2M2JjN2M0YzAiOnsiY3JlYXRlIjozMDAwMDAwMDAwMDAsInVwZGF0ZSI6MzAwMDAwMDAwMDAwfX0=",
          "dependencies": [
            "module.vpc.aws_acm_certificate.etleap",
            "module.vpc.aws_lb.app",
            "module.vpc.aws_lb_target_group.app",
            "module.vpc.aws_security_group.app",
            "module.vpc.aws_subnet.a_private",
            "module.vpc.aws_subnet.a_public",
            "module.vpc.aws_subnet.b_private",
            "module.vpc.aws_subnet.b_public",
            "module.vpc.aws_vpc.etleap",
            "module.vpc.data.aws_region.current"
          ]
        }
      ]
    },
    {
      "module": "module.vpc",
      "mode": "managed",
      "type": "aws_lb_target_group",
      "name": "app",
      "provider": "provider[\"registry.terraform.io/hashicorp/aws\"]",
      "instances": [
        {
          "schema_version": 0,
          "attributes": {
            "arn": "arn:aws:elasticloadbalancing:us-east-1:209479308486:targetgroup/Etleap20260616135438463100000023/891dfd28c8dd1b4d",
            "arn_suffix": "targetgroup/Etleap20260616135438463100000023/891dfd28c8dd1b4d",
            "connection_termination": null,
            "deregistration_delay": "300",
            "health_check": [
              {
                "enabled": true,
                "healthy_threshold": 3,
                "interval": 30,
                "matcher": "200,400",
                "path": "/__ver",
                "port": "traffic-port",
                "protocol": "HTTPS",
                "timeout": 5,
                "unhealthy_threshold": 3
              }
            ],
            "id": "arn:aws:elasticloadbalancing:us-east-1:209479308486:targetgroup/Etleap20260616135438463100000023/891dfd28c8dd1b4d",
            "ip_address_type": "ipv4",
            "lambda_multi_value_headers_enabled": false,
            "load_balancer_arns": [
              "arn:aws:elasticloadbalancing:us-east-1:209479308486:loadbalancer/app/etleap20260616135442225500000027/78a43f751feaf58b"
            ],
            "load_balancing_algorithm_type": "round_robin",
            "load_balancing_anomaly_mitigation": "off",
            "load_balancing_cross_zone_enabled": "use_load_balancer_configuration",
            "name": "Etleap20260616135438463100000023",
            "name_prefix": "Etleap",
            "port": 443,
            "preserve_client_ip": null,
            "protocol": "HTTPS",
            "protocol_version": "HTTP1",
            "proxy_protocol_v2": false,
            "slow_start": 0,
            "stickiness": [
              {
                "cookie_duration": 86400,
                "cookie_name": "",
                "enabled": false,
                "type": "lb_cookie"
              }
            ],
            "tags": {
              "Deployment": "test2",
              "Environment": "sandbox",
              "Operator": "Benedict.Chan"
            },
            "tags_all": {
              "Deployment": "test2",
              "Environment": "sandbox",
              "Operator": "Benedict.Chan"
            },
            "target_failover": [
              {
                "on_deregistration": null,
                "on_unhealthy": null
              }
            ],
            "target_group_health": [
              {
                "dns_failover": [
                  {
                    "minimum_healthy_targets_count": "1",
                    "minimum_healthy_targets_percentage": "off"
                  }
                ],
                "unhealthy_state_routing": [
                  {
                    "minimum_healthy_targets_count": 1,
                    "minimum_healthy_targets_percentage": "off"
                  }
                ]
              }
            ],
            "target_health_state": [
              {
                "enable_unhealthy_connection_termination": null,
                "unhealthy_draining_interval": null
              }
            ],
            "target_type": "instance",
            "vpc_id": "vpc-0a3da344f06a25bb4"
          },
          "sensitive_attributes": [],
          "identity_schema_version": 0,
          "private": "bnVsbA==",
          "dependencies": [
            "module.vpc.aws_vpc.etleap"
          ]
        }
      ]
    },
    {
      "module": "module.vpc",
      "mode": "managed",
      "type": "aws_lb_target_group_attachment",
      "name": "main_app",
      "provider": "provider[\"registry.terraform.io/hashicorp/aws\"]",
      "instances": [
        {
          "index_key": 0,
          "schema_version": 0,
          "attributes": {
            "availability_zone": null,
            "id": "arn:aws:elasticloadbalancing:us-east-1:209479308486:targetgroup/Etleap20260616135438463100000023/891dfd28c8dd1b4d-20260715084410305300000006",
            "port": 443,
            "target_group_arn": "arn:aws:elasticloadbalancing:us-east-1:209479308486:targetgroup/Etleap20260616135438463100000023/891dfd28c8dd1b4d",
            "target_id": "i-04eb87e92425e5635"
          },
          "sensitive_attributes": [],
          "identity_schema_version": 0,
          "private": "bnVsbA==",
          "dependencies": [
            "aws_key_pair.ssh",
            "module.vpc.aws_cognito_identity_pool.etleap_azure_identity_pool",
            "module.vpc.aws_db_instance.db",
            "module.vpc.aws_db_parameter_group.mysql8-4-etleap",
            "module.vpc.aws_db_subnet_group.db",
            "module.vpc.aws_dms_replication_instance.dms",
            "module.vpc.aws_dms_replication_subnet_group.dms",
            "module.vpc.aws_dynamodb_table.activity-log",
            "module.vpc.aws_emr_cluster.emr",
            "module.vpc.aws_emr_security_configuration.emrfs_sse_kms",
            "module.vpc.aws_glue_catalog_database.iceberg_system_tables_db",
            "module.vpc.aws_iam_instance_profile.app",
            "module.vpc.aws_iam_instance_profile.emr_profile",
            "module.vpc.aws_iam_role.app",
            "module.vpc.aws_iam_role.dms",
            "module.vpc.aws_iam_role.emr",
            "module.vpc.aws_iam_role.emr_default_role",
            "module.vpc.aws_iam_role.intermediate",
            "module.vpc.aws_instance.nat",
            "module.vpc.aws_internet_gateway.etleap",
            "module.vpc.aws_kms_key.etleap_emr_ebs_encryption_key",
            "module.vpc.aws_kms_key.etleap_encryption_key",
            "module.vpc.aws_lb.app",
            "module.vpc.aws_lb_target_group.app",
            "module.vpc.aws_network_interface.main_app",
            "module.vpc.aws_network_interface.zookeeper",
            "module.vpc.aws_route.prod_public",
            "module.vpc.aws_route_table.public",
            "module.vpc.aws_s3_bucket.intermediate",
            "module.vpc.aws_s3_object.customer_post_install_script",
            "module.vpc.aws_s3_object.db_init_script",
            "module.vpc.aws_s3_object.influx_db_init_script",
            "module.vpc.aws_secretsmanager_secret.influx_db_api_token",
            "module.vpc.aws_security_group.app",
            "module.vpc.aws_security_group.db",
            "module.vpc.aws_security_group.dms",
            "module.vpc.aws_security_group.emr",
            "module.vpc.aws_security_group.emr-master-managed",
            "module.vpc.aws_security_group.emr-service-access-managed",
            "module.vpc.aws_security_group.emr-slave-managed",
            "module.vpc.aws_security_group.influxdb",
            "module.vpc.aws_security_group.nat",
            "module.vpc.aws_security_group.zookeeper",
            "module.vpc.aws_ssm_parameter.emr_cluster_id",
            "module.vpc.aws_subnet.a_private",
            "module.vpc.aws_subnet.a_public",
            "module.vpc.aws_subnet.b_private",
            "module.vpc.aws_subnet.b_public",
            "module.vpc.aws_subnet.c_private",
            "module.vpc.aws_timestreaminfluxdb_db_instance.influx_db",
            "module.vpc.aws_vpc.etleap",
            "module.vpc.data.aws_ami.nat",
            "module.vpc.data.aws_caller_identity.current",
            "module.vpc.data.aws_iam_policy_document.dms_assume_role",
            "module.vpc.data.aws_region.current",
            "module.vpc.data.aws_secretsmanager_secret_version.influx_db_password",
            "module.vpc.module.admin_password.aws_secretsmanager_secret.secret",
            "module.vpc.module.db_password.aws_secretsmanager_secret.secret",
            "module.vpc.module.db_root_password.aws_secretsmanager_secret.secret",
            "module.vpc.module.db_root_password.aws_secretsmanager_secret_version.secret",
            "module.vpc.module.db_root_password.random_password.secret_value",
            "module.vpc.module.db_support_password.aws_secretsmanager_secret.secret",
            "module.vpc.module.deployment_secret.aws_secretsmanager_secret.secret",
            "module.vpc.module.elva.aws_iam_user.elva",
            "module.vpc.module.elva.aws_lb.elva",
            "module.vpc.module.elva.aws_security_group.elva-elb",
            "module.vpc.module.inbound_queue.aws_sns_topic.etleap-inbound",
            "module.vpc.module.inbound_queue.aws_sqs_queue.etleap-inbound",
            "module.vpc.module.inbound_queue.aws_sqs_queue.etleap-inbound-dlq",
            "module.vpc.module.influx_db_password.aws_secretsmanager_secret.secret",
            "module.vpc.module.influx_db_password.aws_secretsmanager_secret_version.secret",
            "module.vpc.module.influx_db_password.random_password.secret_value",
            "module.vpc.module.main_app.aws_instance.app",
            "module.vpc.module.setup_password.aws_secretsmanager_secret.secret",
            "module.vpc.module.setup_password.aws_secretsmanager_secret_version.secret",
            "module.vpc.module.setup_password.random_password.secret_value",
            "module.vpc.null_resource.are_influx_db_hostname_and_password_valid",
            "module.vpc.null_resource.emr_configuration_change",
            "module.vpc.random_id.deployment_random"
          ]
        }
      ]
    },
    {
      "module": "module.vpc",
      "mode": "managed",
      "type": "aws_network_interface",
      "name": "main_app",
      "provider": "provider[\"registry.terraform.io/hashicorp/aws\"]",
      "instances": [
        {
          "schema_version": 0,
          "attributes": {
            "arn": "arn:aws:ec2:us-east-1:209479308486:network-interface/eni-08888cdc8cb13d3df",
            "attachment": [],
            "description": "",
            "enable_primary_ipv6": null,
            "id": "eni-08888cdc8cb13d3df",
            "interface_type": "interface",
            "ipv4_prefix_count": 0,
            "ipv4_prefixes": [],
            "ipv6_address_count": 0,
            "ipv6_address_list": [],
            "ipv6_address_list_enabled": false,
            "ipv6_addresses": [],
            "ipv6_prefix_count": 0,
            "ipv6_prefixes": [],
            "mac_address": "12:5c:21:f4:57:8d",
            "outpost_arn": "",
            "owner_id": "209479308486",
            "private_dns_name": "ip-172-22-5-133.ec2.internal",
            "private_ip": "172.22.5.133",
            "private_ip_list": [
              "172.22.5.133"
            ],
            "private_ip_list_enabled": false,
            "private_ips": [
              "172.22.5.133"
            ],
            "private_ips_count": 0,
            "security_groups": [
              "sg-0264fb166e833a732"
            ],
            "source_dest_check": true,
            "subnet_id": "subnet-0ba0b865118de2ace",
            "tags": {
              "Deployment": "test2",
              "Environment": "sandbox",
              "Operator": "Benedict.Chan"
            },
            "tags_all": {
              "Deployment": "test2",
              "Environment": "sandbox",
              "Operator": "Benedict.Chan"
            }
          },
          "sensitive_attributes": [],
          "identity_schema_version": 0,
          "private": "bnVsbA==",
          "dependencies": [
            "module.vpc.aws_security_group.app",
            "module.vpc.aws_subnet.b_private",
            "module.vpc.aws_vpc.etleap",
            "module.vpc.data.aws_region.current"
          ]
        }
      ]
    },
    {
      "module": "module.vpc",
      "mode": "managed",
      "type": "aws_network_interface",
      "name": "zookeeper",
      "provider": "provider[\"registry.terraform.io/hashicorp/aws\"]",
      "instances": [
        {
          "index_key": "1",
          "schema_version": 0,
          "attributes": {
            "arn": "arn:aws:ec2:us-east-1:209479308486:network-interface/eni-076b5440ab92b555b",
            "attachment": [],
            "description": "",
            "enable_primary_ipv6": null,
            "id": "eni-076b5440ab92b555b",
            "interface_type": "interface",
            "ipv4_prefix_count": 0,
            "ipv4_prefixes": [],
            "ipv6_address_count": 0,
            "ipv6_address_list": [],
            "ipv6_address_list_enabled": false,
            "ipv6_addresses": [],
            "ipv6_prefix_count": 0,
            "ipv6_prefixes": [],
            "mac_address": "12:a6:45:be:f6:7f",
            "outpost_arn": "",
            "owner_id": "209479308486",
            "private_dns_name": "ip-172-22-5-82.ec2.internal",
            "private_ip": "172.22.5.82",
            "private_ip_list": [
              "172.22.5.82"
            ],
            "private_ip_list_enabled": false,
            "private_ips": [
              "172.22.5.82"
            ],
            "private_ips_count": 0,
            "security_groups": [
              "sg-0e2357864c06db9c1"
            ],
            "source_dest_check": true,
            "subnet_id": "subnet-0ba0b865118de2ace",
            "tags": {
              "Deployment": "test2",
              "Environment": "sandbox",
              "Operator": "Benedict.Chan"
            },
            "tags_all": {
              "Deployment": "test2",
              "Environment": "sandbox",
              "Operator": "Benedict.Chan"
            }
          },
          "sensitive_attributes": [],
          "identity_schema_version": 0,
          "private": "bnVsbA==",
          "dependencies": [
            "module.vpc.aws_security_group.zookeeper",
            "module.vpc.aws_subnet.a_private",
            "module.vpc.aws_subnet.b_private",
            "module.vpc.aws_subnet.c_private",
            "module.vpc.aws_vpc.etleap",
            "module.vpc.data.aws_region.current"
          ],
          "create_before_destroy": true
        },
        {
          "index_key": "2",
          "schema_version": 0,
          "attributes": {
            "arn": "arn:aws:ec2:us-east-1:209479308486:network-interface/eni-09e3004f92ca244e9",
            "attachment": [],
            "description": "",
            "enable_primary_ipv6": null,
            "id": "eni-09e3004f92ca244e9",
            "interface_type": "interface",
            "ipv4_prefix_count": 0,
            "ipv4_prefixes": [],
            "ipv6_address_count": 0,
            "ipv6_address_list": [],
            "ipv6_address_list_enabled": false,
            "ipv6_addresses": [],
            "ipv6_prefix_count": 0,
            "ipv6_prefixes": [],
            "mac_address": "0a:ff:ee:9a:33:53",
            "outpost_arn": "",
            "owner_id": "209479308486",
            "private_dns_name": "ip-172-22-6-181.ec2.internal",
            "private_ip": "172.22.6.181",
            "private_ip_list": [
              "172.22.6.181"
            ],
            "private_ip_list_enabled": false,
            "private_ips": [
              "172.22.6.181"
            ],
            "private_ips_count": 0,
            "security_groups": [
              "sg-0e2357864c06db9c1"
            ],
            "source_dest_check": true,
            "subnet_id": "subnet-0ef6095787e00a891",
            "tags": {
              "Deployment": "test2",
              "Environment": "sandbox",
              "Operator": "Benedict.Chan"
            },
            "tags_all": {
              "Deployment": "test2",
              "Environment": "sandbox",
              "Operator": "Benedict.Chan"
            }
          },
          "sensitive_attributes": [],
          "identity_schema_version": 0,
          "private": "bnVsbA==",
          "dependencies": [
            "module.vpc.aws_security_group.zookeeper",
            "module.vpc.aws_subnet.a_private",
            "module.vpc.aws_subnet.b_private",
            "module.vpc.aws_subnet.c_private",
            "module.vpc.aws_vpc.etleap",
            "module.vpc.data.aws_region.current"
          ],
          "create_before_destroy": true
        },
        {
          "index_key": "3",
          "schema_version": 0,
          "attributes": {
            "arn": "arn:aws:ec2:us-east-1:209479308486:network-interface/eni-0a9967da28ddf65d3",
            "attachment": [],
            "description": "",
            "enable_primary_ipv6": null,
            "id": "eni-0a9967da28ddf65d3",
            "interface_type": "interface",
            "ipv4_prefix_count": 0,
            "ipv4_prefixes": [],
            "ipv6_address_count": 0,
            "ipv6_address_list": [],
            "ipv6_address_list_enabled": false,
            "ipv6_addresses": [],
            "ipv6_prefix_count": 0,
            "ipv6_prefixes": [],
            "mac_address": "02:e8:6c:e7:e1:ff",
            "outpost_arn": "",
            "owner_id": "209479308486",
            "private_dns_name": "ip-172-22-4-184.ec2.internal",
            "private_ip": "172.22.4.184",
            "private_ip_list": [
              "172.22.4.184"
            ],
            "private_ip_list_enabled": false,
            "private_ips": [
              "172.22.4.184"
            ],
            "private_ips_count": 0,
            "security_groups": [
              "sg-0e2357864c06db9c1"
            ],
            "source_dest_check": true,
            "subnet_id": "subnet-068c886b86199179c",
            "tags": {
              "Deployment": "test2",
              "Environment": "sandbox",
              "Operator": "Benedict.Chan"
            },
            "tags_all": {
              "Deployment": "test2",
              "Environment": "sandbox",
              "Operator": "Benedict.Chan"
            }
          },
          "sensitive_attributes": [],
          "identity_schema_version": 0,
          "private": "bnVsbA==",
          "dependencies": [
            "module.vpc.aws_security_group.zookeeper",
            "module.vpc.aws_subnet.a_private",
            "module.vpc.aws_subnet.b_private",
            "module.vpc.aws_subnet.c_private",
            "module.vpc.aws_vpc.etleap",
            "module.vpc.data.aws_region.current"
          ],
          "create_before_destroy": true
        }
      ]
    },
    {
      "module": "module.vpc",
      "mode": "managed",
      "type": "aws_route",
      "name": "private",
      "provider": "provider[\"registry.terraform.io/hashicorp/aws\"]",
      "instances": [
        {
          "index_key": 0,
          "schema_version": 0,
          "attributes": {
            "carrier_gateway_id": "",
            "core_network_arn": "",
            "destination_cidr_block": "0.0.0.0/0",
            "destination_ipv6_cidr_block": "",
            "destination_prefix_list_id": "",
            "egress_only_gateway_id": "",
            "gateway_id": "",
            "id": "r-rtb-0e8c18b8d704143281080289494",
            "instance_id": "i-0e3552d99225054fa",
            "instance_owner_id": "209479308486",
            "local_gateway_id": "",
            "nat_gateway_id": "",
            "network_interface_id": "eni-0a7becc68145533ad",
            "origin": "CreateRoute",
            "route_table_id": "rtb-0e8c18b8d70414328",
            "state": "active",
            "timeouts": null,
            "transit_gateway_id": "",
            "vpc_endpoint_id": "",
            "vpc_peering_connection_id": ""
          },
          "sensitive_attributes": [],
          "identity_schema_version": 0,
          "private": "eyJlMmJmYjczMC1lY2FhLTExZTYtOGY4OC0zNDM2M2JjN2M0YzAiOnsiY3JlYXRlIjozMDAwMDAwMDAwMDAsImRlbGV0ZSI6MzAwMDAwMDAwMDAwLCJ1cGRhdGUiOjEyMDAwMDAwMDAwMH19",
          "dependencies": [
            "aws_key_pair.ssh",
            "module.vpc.aws_instance.nat",
            "module.vpc.aws_route_table.private",
            "module.vpc.aws_security_group.nat",
            "module.vpc.aws_subnet.b_public",
            "module.vpc.aws_vpc.etleap",
            "module.vpc.data.aws_ami.nat",
            "module.vpc.data.aws_region.current"
          ]
        }
      ]
    },
    {
      "module": "module.vpc",
      "mode": "managed",
      "type": "aws_route",
      "name": "prod_public",
      "provider": "provider[\"registry.terraform.io/hashicorp/aws\"]",
      "instances": [
        {
          "index_key": 0,
          "schema_version": 0,
          "attributes": {
            "carrier_gateway_id": "",
            "core_network_arn": "",
            "destination_cidr_block": "0.0.0.0/0",
            "destination_ipv6_cidr_block": "",
            "destination_prefix_list_id": "",
            "egress_only_gateway_id": "",
            "gateway_id": "igw-0d652707937250ab2",
            "id": "r-rtb-0f01ac4118dfd5f8e1080289494",
            "instance_id": "",
            "instance_owner_id": "",
            "local_gateway_id": "",
            "nat_gateway_id": "",
            "network_interface_id": "",
            "origin": "CreateRoute",
            "route_table_id": "rtb-0f01ac4118dfd5f8e",
            "state": "active",
            "timeouts": null,
            "transit_gateway_id": "",
            "vpc_endpoint_id": "",
            "vpc_peering_connection_id": ""
          },
          "sensitive_attributes": [],
          "identity_schema_version": 0,
          "private": "eyJlMmJmYjczMC1lY2FhLTExZTYtOGY4OC0zNDM2M2JjN2M0YzAiOnsiY3JlYXRlIjozMDAwMDAwMDAwMDAsImRlbGV0ZSI6MzAwMDAwMDAwMDAwLCJ1cGRhdGUiOjEyMDAwMDAwMDAwMH19",
          "dependencies": [
            "module.vpc.aws_internet_gateway.etleap",
            "module.vpc.aws_route_table.public",
            "module.vpc.aws_vpc.etleap"
          ]
        }
      ]
    },
    {
      "module": "module.vpc",
      "mode": "managed",
      "type": "aws_route_table",
      "name": "private",
      "provider": "provider[\"registry.terraform.io/hashicorp/aws\"]",
      "instances": [
        {
          "index_key": 0,
          "schema_version": 0,
          "attributes": {
            "arn": "arn:aws:ec2:us-east-1:209479308486:route-table/rtb-0e8c18b8d70414328",
            "id": "rtb-0e8c18b8d70414328",
            "owner_id": "209479308486",
            "propagating_vgws": [],
            "route": [
              {
                "carrier_gateway_id": "",
                "cidr_block": "0.0.0.0/0",
                "core_network_arn": "",
                "destination_prefix_list_id": "",
                "egress_only_gateway_id": "",
                "gateway_id": "",
                "ipv6_cidr_block": "",
                "local_gateway_id": "",
                "nat_gateway_id": "",
                "network_interface_id": "eni-04d88d5ba78891974",
                "transit_gateway_id": "",
                "vpc_endpoint_id": "",
                "vpc_peering_connection_id": ""
              }
            ],
            "tags": {
              "Deployment": "test2",
              "Environment": "sandbox",
              "Name": "Etleap Private test2",
              "Operator": "Benedict.Chan"
            },
            "tags_all": {
              "Deployment": "test2",
              "Environment": "sandbox",
              "Name": "Etleap Private test2",
              "Operator": "Benedict.Chan"
            },
            "timeouts": null,
            "vpc_id": "vpc-0a3da344f06a25bb4"
          },
          "sensitive_attributes": [],
          "identity_schema_version": 0,
          "private": "eyJlMmJmYjczMC1lY2FhLTExZTYtOGY4OC0zNDM2M2JjN2M0YzAiOnsiY3JlYXRlIjozMDAwMDAwMDAwMDAsImRlbGV0ZSI6MzAwMDAwMDAwMDAwLCJ1cGRhdGUiOjEyMDAwMDAwMDAwMH19",
          "dependencies": [
            "module.vpc.aws_vpc.etleap"
          ]
        }
      ]
    },
    {
      "module": "module.vpc",
      "mode": "managed",
      "type": "aws_route_table",
      "name": "public",
      "provider": "provider[\"registry.terraform.io/hashicorp/aws\"]",
      "instances": [
        {
          "index_key": 0,
          "schema_version": 0,
          "attributes": {
            "arn": "arn:aws:ec2:us-east-1:209479308486:route-table/rtb-0f01ac4118dfd5f8e",
            "id": "rtb-0f01ac4118dfd5f8e",
            "owner_id": "209479308486",
            "propagating_vgws": [],
            "route": [
              {
                "carrier_gateway_id": "",
                "cidr_block": "0.0.0.0/0",
                "core_network_arn": "",
                "destination_prefix_list_id": "",
                "egress_only_gateway_id": "",
                "gateway_id": "igw-0d652707937250ab2",
                "ipv6_cidr_block": "",
                "local_gateway_id": "",
                "nat_gateway_id": "",
                "network_interface_id": "",
                "transit_gateway_id": "",
                "vpc_endpoint_id": "",
                "vpc_peering_connection_id": ""
              }
            ],
            "tags": {
              "Deployment": "test2",
              "Environment": "sandbox",
              "Name": "Etleap Public test2",
              "Operator": "Benedict.Chan"
            },
            "tags_all": {
              "Deployment": "test2",
              "Environment": "sandbox",
              "Name": "Etleap Public test2",
              "Operator": "Benedict.Chan"
            },
            "timeouts": null,
            "vpc_id": "vpc-0a3da344f06a25bb4"
          },
          "sensitive_attributes": [],
          "identity_schema_version": 0,
          "private": "eyJlMmJmYjczMC1lY2FhLTExZTYtOGY4OC0zNDM2M2JjN2M0YzAiOnsiY3JlYXRlIjozMDAwMDAwMDAwMDAsImRlbGV0ZSI6MzAwMDAwMDAwMDAwLCJ1cGRhdGUiOjEyMDAwMDAwMDAwMH19",
          "dependencies": [
            "module.vpc.aws_vpc.etleap"
          ]
        }
      ]
    },
    {
      "module": "module.vpc",
      "mode": "managed",
      "type": "aws_route_table_association",
      "name": "a_private",
      "provider": "provider[\"registry.terraform.io/hashicorp/aws\"]",
      "instances": [
        {
          "index_key": 0,
          "schema_version": 0,
          "attributes": {
            "gateway_id": "",
            "id": "rtbassoc-099e3c90c29f92b08",
            "route_table_id": "rtb-0e8c18b8d70414328",
            "subnet_id": "subnet-068c886b86199179c",
            "timeouts": null
          },
          "sensitive_attributes": [],
          "identity_schema_version": 0,
          "private": "eyJlMmJmYjczMC1lY2FhLTExZTYtOGY4OC0zNDM2M2JjN2M0YzAiOnsiY3JlYXRlIjozMDAwMDAwMDAwMDAsImRlbGV0ZSI6MzAwMDAwMDAwMDAwLCJ1cGRhdGUiOjEyMDAwMDAwMDAwMH19",
          "dependencies": [
            "module.vpc.aws_route_table.private",
            "module.vpc.aws_subnet.a_private",
            "module.vpc.aws_vpc.etleap",
            "module.vpc.data.aws_region.current"
          ]
        }
      ]
    },
    {
      "module": "module.vpc",
      "mode": "managed",
      "type": "aws_route_table_association",
      "name": "a_public",
      "provider": "provider[\"registry.terraform.io/hashicorp/aws\"]",
      "instances": [
        {
          "index_key": 0,
          "schema_version": 0,
          "attributes": {
            "gateway_id": "",
            "id": "rtbassoc-0a806292d7460adb4",
            "route_table_id": "rtb-0f01ac4118dfd5f8e",
            "subnet_id": "subnet-0c35b4fa0399d8bcf",
            "timeouts": null
          },
          "sensitive_attributes": [],
          "identity_schema_version": 0,
          "private": "eyJlMmJmYjczMC1lY2FhLTExZTYtOGY4OC0zNDM2M2JjN2M0YzAiOnsiY3JlYXRlIjozMDAwMDAwMDAwMDAsImRlbGV0ZSI6MzAwMDAwMDAwMDAwLCJ1cGRhdGUiOjEyMDAwMDAwMDAwMH19",
          "dependencies": [
            "module.vpc.aws_route_table.public",
            "module.vpc.aws_subnet.a_public",
            "module.vpc.aws_vpc.etleap",
            "module.vpc.data.aws_region.current"
          ]
        }
      ]
    },
    {
      "module": "module.vpc",
      "mode": "managed",
      "type": "aws_route_table_association",
      "name": "b_private",
      "provider": "provider[\"registry.terraform.io/hashicorp/aws\"]",
      "instances": [
        {
          "index_key": 0,
          "schema_version": 0,
          "attributes": {
            "gateway_id": "",
            "id": "rtbassoc-0f0d410898f5ba52f",
            "route_table_id": "rtb-0e8c18b8d70414328",
            "subnet_id": "subnet-0ba0b865118de2ace",
            "timeouts": null
          },
          "sensitive_attributes": [],
          "identity_schema_version": 0,
          "private": "eyJlMmJmYjczMC1lY2FhLTExZTYtOGY4OC0zNDM2M2JjN2M0YzAiOnsiY3JlYXRlIjozMDAwMDAwMDAwMDAsImRlbGV0ZSI6MzAwMDAwMDAwMDAwLCJ1cGRhdGUiOjEyMDAwMDAwMDAwMH19",
          "dependencies": [
            "module.vpc.aws_route_table.private",
            "module.vpc.aws_subnet.b_private",
            "module.vpc.aws_vpc.etleap",
            "module.vpc.data.aws_region.current"
          ]
        }
      ]
    },
    {
      "module": "module.vpc",
      "mode": "managed",
      "type": "aws_route_table_association",
      "name": "b_public",
      "provider": "provider[\"registry.terraform.io/hashicorp/aws\"]",
      "instances": [
        {
          "index_key": 0,
          "schema_version": 0,
          "attributes": {
            "gateway_id": "",
            "id": "rtbassoc-085440462e59bca19",
            "route_table_id": "rtb-0f01ac4118dfd5f8e",
            "subnet_id": "subnet-0be8e11b37ab2010f",
            "timeouts": null
          },
          "sensitive_attributes": [],
          "identity_schema_version": 0,
          "private": "eyJlMmJmYjczMC1lY2FhLTExZTYtOGY4OC0zNDM2M2JjN2M0YzAiOnsiY3JlYXRlIjozMDAwMDAwMDAwMDAsImRlbGV0ZSI6MzAwMDAwMDAwMDAwLCJ1cGRhdGUiOjEyMDAwMDAwMDAwMH19",
          "dependencies": [
            "module.vpc.aws_route_table.public",
            "module.vpc.aws_subnet.b_public",
            "module.vpc.aws_vpc.etleap",
            "module.vpc.data.aws_region.current"
          ]
        }
      ]
    },
    {
      "module": "module.vpc",
      "mode": "managed",
      "type": "aws_route_table_association",
      "name": "c_private",
      "provider": "provider[\"registry.terraform.io/hashicorp/aws\"]",
      "instances": [
        {
          "index_key": 0,
          "schema_version": 0,
          "attributes": {
            "gateway_id": "",
            "id": "rtbassoc-088b8a42d6bc4929d",
            "route_table_id": "rtb-0e8c18b8d70414328",
            "subnet_id": "subnet-0ef6095787e00a891",
            "timeouts": null
          },
          "sensitive_attributes": [],
          "identity_schema_version": 0,
          "private": "eyJlMmJmYjczMC1lY2FhLTExZTYtOGY4OC0zNDM2M2JjN2M0YzAiOnsiY3JlYXRlIjozMDAwMDAwMDAwMDAsImRlbGV0ZSI6MzAwMDAwMDAwMDAwLCJ1cGRhdGUiOjEyMDAwMDAwMDAwMH19",
          "dependencies": [
            "module.vpc.aws_route_table.private",
            "module.vpc.aws_subnet.c_private",
            "module.vpc.aws_vpc.etleap",
            "module.vpc.data.aws_region.current"
          ]
        }
      ]
    },
    {
      "module": "module.vpc",
      "mode": "managed",
      "type": "aws_route_table_association",
      "name": "c_public",
      "provider": "provider[\"registry.terraform.io/hashicorp/aws\"]",
      "instances": [
        {
          "index_key": 0,
          "schema_version": 0,
          "attributes": {
            "gateway_id": "",
            "id": "rtbassoc-08ac8150dd7c1d4a6",
            "route_table_id": "rtb-0f01ac4118dfd5f8e",
            "subnet_id": "subnet-0b2e43b4281751a9d",
            "timeouts": null
          },
          "sensitive_attributes": [],
          "identity_schema_version": 0,
          "private": "eyJlMmJmYjczMC1lY2FhLTExZTYtOGY4OC0zNDM2M2JjN2M0YzAiOnsiY3JlYXRlIjozMDAwMDAwMDAwMDAsImRlbGV0ZSI6MzAwMDAwMDAwMDAwLCJ1cGRhdGUiOjEyMDAwMDAwMDAwMH19",
          "dependencies": [
            "module.vpc.aws_route_table.public",
            "module.vpc.aws_subnet.c_public",
            "module.vpc.aws_vpc.etleap",
            "module.vpc.data.aws_region.current"
          ]
        }
      ]
    },
    {
      "module": "module.vpc",
      "mode": "managed",
      "type": "aws_s3_bucket",
      "name": "intermediate",
      "provider": "provider[\"registry.terraform.io/hashicorp/aws\"]",
      "instances": [
        {
          "schema_version": 0,
          "attributes": {
            "acceleration_status": "",
            "acl": null,
            "arn": "arn:aws:s3:::etleap-intermediate-test2-9cb94f",
            "bucket": "etleap-intermediate-test2-9cb94f",
            "bucket_domain_name": "etleap-intermediate-test2-9cb94f.s3.amazonaws.com",
            "bucket_prefix": "",
            "bucket_regional_domain_name": "etleap-intermediate-test2-9cb94f.s3.us-east-1.amazonaws.com",
            "cors_rule": [],
            "force_destroy": true,
            "grant": [
              {
                "id": "42f3be84ff25f5dadb0fa927ee3d730e26457a26b6fc4ccb63b24331cce76428",
                "permissions": [
                  "FULL_CONTROL"
                ],
                "type": "CanonicalUser",
                "uri": ""
              }
            ],
            "hosted_zone_id": "Z3AQBSTGFYJSTF",
            "id": "etleap-intermediate-test2-9cb94f",
            "lifecycle_rule": [
              {
                "abort_incomplete_multipart_upload_days": 0,
                "enabled": true,
                "expiration": [
                  {
                    "date": "",
                    "days": 90,
                    "expired_object_delete_marker": false
                  }
                ],
                "id": "emr-logs",
                "noncurrent_version_expiration": [],
                "noncurrent_version_transition": [],
                "prefix": "emr-logs/",
                "tags": {},
                "transition": []
              }
            ],
            "logging": [],
            "object_lock_configuration": [],
            "object_lock_enabled": false,
            "policy": "{\"Id\":\"Intermediate\",\"Statement\":[{\"Action\":\"s3:*\",\"Condition\":{\"Bool\":{\"aws:SecureTransport\":\"false\"}},\"Effect\":\"Deny\",\"Principal\":\"*\",\"Resource\":[\"arn:aws:s3:::etleap-intermediate-test2-9cb94f\",\"arn:aws:s3:::etleap-intermediate-test2-9cb94f/*\"],\"Sid\":\"AllowSSLRequestsOnly\"}],\"Version\":\"2012-10-17\"}",
            "region": "us-east-1",
            "replication_configuration": [],
            "request_payer": "BucketOwner",
            "server_side_encryption_configuration": [
              {
                "rule": [
                  {
                    "apply_server_side_encryption_by_default": [
                      {
                        "kms_master_key_id": "",
                        "sse_algorithm": "AES256"
                      }
                    ],
                    "bucket_key_enabled": false
                  }
                ]
              }
            ],
            "tags": {
              "Deployment": "test2",
              "Environment": "sandbox",
              "Operator": "Benedict.Chan"
            },
            "tags_all": {
              "Deployment": "test2",
              "Environment": "sandbox",
              "Operator": "Benedict.Chan"
            },
            "timeouts": null,
            "versioning": [
              {
                "enabled": false,
                "mfa_delete": false
              }
            ],
            "website": [],
            "website_domain": null,
            "website_endpoint": null
          },
          "sensitive_attributes": [],
          "identity_schema_version": 0,
          "private": "eyJlMmJmYjczMC1lY2FhLTExZTYtOGY4OC0zNDM2M2JjN2M0YzAiOnsiY3JlYXRlIjoxMjAwMDAwMDAwMDAwLCJkZWxldGUiOjM2MDAwMDAwMDAwMDAsInJlYWQiOjEyMDAwMDAwMDAwMDAsInVwZGF0ZSI6MTIwMDAwMDAwMDAwMH19",
          "dependencies": [
            "module.vpc.random_id.deployment_random"
          ],
          "create_before_destroy": true
        }
      ]
    },
    {
      "module": "module.vpc",
      "mode": "managed",
      "type": "aws_s3_bucket_lifecycle_configuration",
      "name": "intermediate-lifecycle",
      "provider": "provider[\"registry.terraform.io/hashicorp/aws\"]",
      "instances": [
        {
          "schema_version": 1,
          "attributes": {
            "bucket": "etleap-intermediate-test2-9cb94f",
            "expected_bucket_owner": "",
            "id": "etleap-intermediate-test2-9cb94f",
            "rule": [
              {
                "abort_incomplete_multipart_upload": [],
                "expiration": [
                  {
                    "date": null,
                    "days": 90,
                    "expired_object_delete_marker": false
                  }
                ],
                "filter": [
                  {
                    "and": [],
                    "object_size_greater_than": null,
                    "object_size_less_than": null,
                    "prefix": "emr-logs/",
                    "tag": []
                  }
                ],
                "id": "emr-logs",
                "noncurrent_version_expiration": [],
                "noncurrent_version_transition": [],
                "prefix": "",
                "status": "Enabled",
                "transition": []
              }
            ],
            "timeouts": null,
            "transition_default_minimum_object_size": "all_storage_classes_128K"
          },
          "sensitive_attributes": [],
          "identity_schema_version": 0,
          "dependencies": [
            "module.vpc.aws_s3_bucket.intermediate",
            "module.vpc.random_id.deployment_random"
          ]
        }
      ]
    },
    {
      "module": "module.vpc",
      "mode": "managed",
      "type": "aws_s3_bucket_policy",
      "name": "intermediate",
      "provider": "provider[\"registry.terraform.io/hashicorp/aws\"]",
      "instances": [
        {
          "schema_version": 0,
          "attributes": {
            "bucket": "etleap-intermediate-test2-9cb94f",
            "id": "etleap-intermediate-test2-9cb94f",
            "policy": "{\"Id\":\"Intermediate\",\"Statement\":[{\"Action\":\"s3:*\",\"Condition\":{\"Bool\":{\"aws:SecureTransport\":\"false\"}},\"Effect\":\"Deny\",\"Principal\":\"*\",\"Resource\":[\"arn:aws:s3:::etleap-intermediate-test2-9cb94f\",\"arn:aws:s3:::etleap-intermediate-test2-9cb94f/*\"],\"Sid\":\"AllowSSLRequestsOnly\"}],\"Version\":\"2012-10-17\"}"
          },
          "sensitive_attributes": [],
          "identity_schema_version": 0,
          "private": "bnVsbA==",
          "dependencies": [
            "module.vpc.aws_s3_bucket.intermediate",
            "module.vpc.random_id.deployment_random"
          ]
        }
      ]
    },
    {
      "module": "module.vpc",
      "mode": "managed",
      "type": "aws_s3_object",
      "name": "db_init_script",
      "provider": "provider[\"registry.terraform.io/hashicorp/aws\"]",
      "instances": [
        {
          "schema_version": 0,
          "attributes": {
            "acl": null,
            "arn": "arn:aws:s3:::etleap-intermediate-test2-9cb94f/init-scripts/db_init.sh",
            "bucket": "etleap-intermediate-test2-9cb94f",
            "bucket_key_enabled": false,
            "cache_control": "",
            "checksum_algorithm": null,
            "checksum_crc32": "",
            "checksum_crc32c": "",
            "checksum_crc64nvme": "",
            "checksum_sha1": "",
            "checksum_sha256": "",
            "content": null,
            "content_base64": null,
            "content_disposition": "",
            "content_encoding": "",
            "content_language": "",
            "content_type": "application/octet-stream",
            "etag": "97ec9a3e1659f783bbd694e59c429a90",
            "force_destroy": false,
            "id": "init-scripts/db_init.sh",
            "key": "init-scripts/db_init.sh",
            "kms_key_id": null,
            "metadata": {},
            "object_lock_legal_hold_status": "",
            "object_lock_mode": "",
            "object_lock_retain_until_date": "",
            "override_provider": [],
            "server_side_encryption": "AES256",
            "source": ".terraform/modules/vpc/templates/db-init.sh",
            "source_hash": null,
            "storage_class": "STANDARD",
            "tags": {},
            "tags_all": {},
            "version_id": "",
            "website_redirect": ""
          },
          "sensitive_attributes": [],
          "identity_schema_version": 0,
          "private": "bnVsbA==",
          "dependencies": [
            "module.vpc.aws_s3_bucket.intermediate",
            "module.vpc.random_id.deployment_random"
          ]
        }
      ]
    },
    {
      "module": "module.vpc",
      "mode": "managed",
      "type": "aws_s3_object",
      "name": "influx_db_init_script",
      "provider": "provider[\"registry.terraform.io/hashicorp/aws\"]",
      "instances": [
        {
          "schema_version": 0,
          "attributes": {
            "acl": null,
            "arn": "arn:aws:s3:::etleap-intermediate-test2-9cb94f/init-scripts/influx_db_init.sh",
            "bucket": "etleap-intermediate-test2-9cb94f",
            "bucket_key_enabled": false,
            "cache_control": "",
            "checksum_algorithm": null,
            "checksum_crc32": "",
            "checksum_crc32c": "",
            "checksum_crc64nvme": "",
            "checksum_sha1": "",
            "checksum_sha256": "",
            "content": null,
            "content_base64": null,
            "content_disposition": "",
            "content_encoding": "",
            "content_language": "",
            "content_type": "application/octet-stream",
            "etag": "641d537a6c9a42c0d5038a3b44149701",
            "force_destroy": false,
            "id": "init-scripts/influx_db_init.sh",
            "key": "init-scripts/influx_db_init.sh",
            "kms_key_id": null,
            "metadata": {},
            "object_lock_legal_hold_status": "",
            "object_lock_mode": "",
            "object_lock_retain_until_date": "",
            "override_provider": [],
            "server_side_encryption": "AES256",
            "source": ".terraform/modules/vpc/templates/influx-db-init.sh",
            "source_hash": null,
            "storage_class": "STANDARD",
            "tags": {},
            "tags_all": {},
            "version_id": "",
            "website_redirect": ""
          },
          "sensitive_attributes": [],
          "identity_schema_version": 0,
          "private": "bnVsbA==",
          "dependencies": [
            "module.vpc.aws_s3_bucket.intermediate",
            "module.vpc.random_id.deployment_random"
          ]
        }
      ]
    },
    {
      "module": "module.vpc",
      "mode": "managed",
      "type": "aws_secretsmanager_secret",
      "name": "influx_db_api_token",
      "provider": "provider[\"registry.terraform.io/hashicorp/aws\"]",
      "instances": [
        {
          "schema_version": 0,
          "attributes": {
            "arn": "arn:aws:secretsmanager:us-east-1:209479308486:secret:EtleapInfluxDbApiToken-test2-9cb94f-J8Mgvo",
            "description": "",
            "force_overwrite_replica_secret": false,
            "id": "arn:aws:secretsmanager:us-east-1:209479308486:secret:EtleapInfluxDbApiToken-test2-9cb94f-J8Mgvo",
            "kms_key_id": "",
            "name": "EtleapInfluxDbApiToken-test2-9cb94f",
            "name_prefix": "",
            "policy": "",
            "recovery_window_in_days": 30,
            "replica": [],
            "tags": {},
            "tags_all": {}
          },
          "sensitive_attributes": [],
          "identity_schema_version": 0,
          "private": "bnVsbA==",
          "dependencies": [
            "module.vpc.random_id.deployment_random"
          ]
        }
      ]
    },
    {
      "module": "module.vpc",
      "mode": "managed",
      "type": "aws_security_group",
      "name": "app",
      "provider": "provider[\"registry.terraform.io/hashicorp/aws\"]",
      "instances": [
        {
          "schema_version": 1,
          "attributes": {
            "arn": "arn:aws:ec2:us-east-1:209479308486:security-group/sg-0264fb166e833a732",
            "description": "Etleap App",
            "egress": [
              {
                "cidr_blocks": [
                  "0.0.0.0/0"
                ],
                "description": "",
                "from_port": 0,
                "ipv6_cidr_blocks": [],
                "prefix_list_ids": [],
                "protocol": "-1",
                "security_groups": [],
                "self": false,
                "to_port": 0
              },
              {
                "cidr_blocks": [
                  "0.0.0.0/0"
                ],
                "description": "",
                "from_port": 443,
                "ipv6_cidr_blocks": [],
                "prefix_list_ids": [],
                "protocol": "tcp",
                "security_groups": [],
                "self": false,
                "to_port": 443
              },
              {
                "cidr_blocks": [
                  "0.0.0.0/0"
                ],
                "description": "",
                "from_port": 80,
                "ipv6_cidr_blocks": [],
                "prefix_list_ids": [],
                "protocol": "tcp",
                "security_groups": [],
                "self": false,
                "to_port": 80
              },
              {
                "cidr_blocks": [],
                "description": "",
                "from_port": 0,
                "ipv6_cidr_blocks": [],
                "prefix_list_ids": [],
                "protocol": "tcp",
                "security_groups": [
                  "sg-09d12e2964da7c4f7"
                ],
                "self": true,
                "to_port": 65535
              },
              {
                "cidr_blocks": [],
                "description": "",
                "from_port": 2181,
                "ipv6_cidr_blocks": [],
                "prefix_list_ids": [],
                "protocol": "tcp",
                "security_groups": [
                  "sg-0e2357864c06db9c1"
                ],
                "self": false,
                "to_port": 2181
              },
              {
                "cidr_blocks": [],
                "description": "",
                "from_port": 3306,
                "ipv6_cidr_blocks": [],
                "prefix_list_ids": [],
                "protocol": "tcp",
                "security_groups": [
                  "sg-0c546fe9faceb87a8"
                ],
                "self": false,
                "to_port": 3306
              },
              {
                "cidr_blocks": [],
                "description": "",
                "from_port": 8086,
                "ipv6_cidr_blocks": [],
                "prefix_list_ids": [],
                "protocol": "tcp",
                "security_groups": [
                  "sg-03f646e6afe4e9cfe"
                ],
                "self": false,
                "to_port": 8086
              }
            ],
            "id": "sg-0264fb166e833a732",
            "ingress": [
              {
                "cidr_blocks": [
                  "0.0.0.0/0"
                ],
                "description": "",
                "from_port": 22,
                "ipv6_cidr_blocks": [],
                "prefix_list_ids": [],
                "protocol": "tcp",
                "security_groups": [],
                "self": false,
                "to_port": 22
              },
              {
                "cidr_blocks": [
                  "0.0.0.0/0"
                ],
                "description": "",
                "from_port": 443,
                "ipv6_cidr_blocks": [],
                "prefix_list_ids": [],
                "protocol": "tcp",
                "security_groups": [],
                "self": false,
                "to_port": 443
              },
              {
                "cidr_blocks": [],
                "description": "",
                "from_port": 0,
                "ipv6_cidr_blocks": [],
                "prefix_list_ids": [],
                "protocol": "tcp",
                "security_groups": [
                  "sg-09d12e2964da7c4f7"
                ],
                "self": true,
                "to_port": 65535
              }
            ],
            "name": "Etleap App",
            "name_prefix": "",
            "owner_id": "209479308486",
            "revoke_rules_on_delete": false,
            "tags": {
              "Deployment": "test2",
              "Environment": "sandbox",
              "Name": "Etleap App",
              "Operator": "Benedict.Chan"
            },
            "tags_all": {
              "Deployment": "test2",
              "Environment": "sandbox",
              "Name": "Etleap App",
              "Operator": "Benedict.Chan"
            },
            "timeouts": null,
            "vpc_id": "vpc-0a3da344f06a25bb4"
          },
          "sensitive_attributes": [],
          "identity_schema_version": 0,
          "private": "eyJlMmJmYjczMC1lY2FhLTExZTYtOGY4OC0zNDM2M2JjN2M0YzAiOnsiY3JlYXRlIjo2MDAwMDAwMDAwMDAsImRlbGV0ZSI6OTAwMDAwMDAwMDAwfSwic2NoZW1hX3ZlcnNpb24iOiIxIn0=",
          "dependencies": [
            "module.vpc.aws_vpc.etleap"
          ],
          "create_before_destroy": true
        }
      ]
    },
    {
      "module": "module.vpc",
      "mode": "managed",
      "type": "aws_security_group",
      "name": "db",
      "provider": "provider[\"registry.terraform.io/hashicorp/aws\"]",
      "instances": [
        {
          "schema_version": 1,
          "attributes": {
            "arn": "arn:aws:ec2:us-east-1:209479308486:security-group/sg-0c546fe9faceb87a8",
            "description": "Etleap DB",
            "egress": [],
            "id": "sg-0c546fe9faceb87a8",
            "ingress": [
              {
                "cidr_blocks": [],
                "description": "",
                "from_port": 3306,
                "ipv6_cidr_blocks": [],
                "prefix_list_ids": [],
                "protocol": "tcp",
                "security_groups": [
                  "sg-0264fb166e833a732"
                ],
                "self": false,
                "to_port": 3306
              }
            ],
            "name": "Etleap DB",
            "name_prefix": "",
            "owner_id": "209479308486",
            "revoke_rules_on_delete": false,
            "tags": {
              "Deployment": "test2",
              "Environment": "sandbox",
              "Name": "Etleap DB",
              "Operator": "Benedict.Chan"
            },
            "tags_all": {
              "Deployment": "test2",
              "Environment": "sandbox",
              "Name": "Etleap DB",
              "Operator": "Benedict.Chan"
            },
            "timeouts": null,
            "vpc_id": "vpc-0a3da344f06a25bb4"
          },
          "sensitive_attributes": [],
          "identity_schema_version": 0,
          "private": "eyJlMmJmYjczMC1lY2FhLTExZTYtOGY4OC0zNDM2M2JjN2M0YzAiOnsiY3JlYXRlIjo2MDAwMDAwMDAwMDAsImRlbGV0ZSI6OTAwMDAwMDAwMDAwfSwic2NoZW1hX3ZlcnNpb24iOiIxIn0=",
          "dependencies": [
            "module.vpc.aws_vpc.etleap"
          ]
        }
      ]
    },
    {
      "module": "module.vpc",
      "mode": "managed",
      "type": "aws_security_group",
      "name": "dms",
      "provider": "provider[\"registry.terraform.io/hashicorp/aws\"]",
      "instances": [
        {
          "index_key": 0,
          "schema_version": 1,
          "attributes": {
            "arn": "arn:aws:ec2:us-east-1:209479308486:security-group/sg-0ed7ddcc0d8382d2f",
            "description": "DMS group",
            "egress": [
              {
                "cidr_blocks": [
                  "0.0.0.0/0"
                ],
                "description": "",
                "from_port": 0,
                "ipv6_cidr_blocks": [],
                "prefix_list_ids": [],
                "protocol": "-1",
                "security_groups": [],
                "self": false,
                "to_port": 0
              },
              {
                "cidr_blocks": [
                  "0.0.0.0/0"
                ],
                "description": "",
                "from_port": 443,
                "ipv6_cidr_blocks": [],
                "prefix_list_ids": [],
                "protocol": "tcp",
                "security_groups": [],
                "self": false,
                "to_port": 443
              }
            ],
            "id": "sg-0ed7ddcc0d8382d2f",
            "ingress": [
              {
                "cidr_blocks": [],
                "description": "",
                "from_port": 0,
                "ipv6_cidr_blocks": [],
                "prefix_list_ids": [],
                "protocol": "tcp",
                "security_groups": [
                  "sg-0264fb166e833a732"
                ],
                "self": false,
                "to_port": 65535
              }
            ],
            "name": "Etleap-DMS",
            "name_prefix": "",
            "owner_id": "209479308486",
            "revoke_rules_on_delete": false,
            "tags": {
              "Deployment": "test2",
              "Environment": "sandbox",
              "Name": "Etleap DMS Security Group",
              "Operator": "Benedict.Chan"
            },
            "tags_all": {
              "Deployment": "test2",
              "Environment": "sandbox",
              "Name": "Etleap DMS Security Group",
              "Operator": "Benedict.Chan"
            },
            "timeouts": null,
            "vpc_id": "vpc-0a3da344f06a25bb4"
          },
          "sensitive_attributes": [],
          "identity_schema_version": 0,
          "private": "eyJlMmJmYjczMC1lY2FhLTExZTYtOGY4OC0zNDM2M2JjN2M0YzAiOnsiY3JlYXRlIjo2MDAwMDAwMDAwMDAsImRlbGV0ZSI6OTAwMDAwMDAwMDAwfSwic2NoZW1hX3ZlcnNpb24iOiIxIn0=",
          "dependencies": [
            "module.vpc.aws_vpc.etleap"
          ]
        }
      ]
    },
    {
      "module": "module.vpc",
      "mode": "managed",
      "type": "aws_security_group",
      "name": "emr",
      "provider": "provider[\"registry.terraform.io/hashicorp/aws\"]",
      "instances": [
        {
          "schema_version": 1,
          "attributes": {
            "arn": "arn:aws:ec2:us-east-1:209479308486:security-group/sg-09d12e2964da7c4f7",
            "description": "Etleap EMR Security Group",
            "egress": [
              {
                "cidr_blocks": [
                  "0.0.0.0/0"
                ],
                "description": "",
                "from_port": 0,
                "ipv6_cidr_blocks": [],
                "prefix_list_ids": [],
                "protocol": "-1",
                "security_groups": [],
                "self": false,
                "to_port": 0
              },
              {
                "cidr_blocks": [
                  "0.0.0.0/0"
                ],
                "description": "",
                "from_port": 443,
                "ipv6_cidr_blocks": [],
                "prefix_list_ids": [],
                "protocol": "tcp",
                "security_groups": [],
                "self": false,
                "to_port": 443
              },
              {
                "cidr_blocks": [
                  "0.0.0.0/0"
                ],
                "description": "",
                "from_port": 80,
                "ipv6_cidr_blocks": [],
                "prefix_list_ids": [],
                "protocol": "tcp",
                "security_groups": [],
                "self": false,
                "to_port": 80
              },
              {
                "cidr_blocks": [],
                "description": "",
                "from_port": 0,
                "ipv6_cidr_blocks": [],
                "prefix_list_ids": [],
                "protocol": "tcp",
                "security_groups": [
                  "sg-0264fb166e833a732"
                ],
                "self": true,
                "to_port": 65535
              },
              {
                "cidr_blocks": [],
                "description": "",
                "from_port": 2181,
                "ipv6_cidr_blocks": [],
                "prefix_list_ids": [],
                "protocol": "tcp",
                "security_groups": [
                  "sg-0e2357864c06db9c1"
                ],
                "self": false,
                "to_port": 2181
              },
              {
                "cidr_blocks": [],
                "description": "",
                "from_port": 8086,
                "ipv6_cidr_blocks": [],
                "prefix_list_ids": [],
                "protocol": "tcp",
                "security_groups": [
                  "sg-03f646e6afe4e9cfe"
                ],
                "self": false,
                "to_port": 8086
              }
            ],
            "id": "sg-09d12e2964da7c4f7",
            "ingress": [
              {
                "cidr_blocks": [],
                "description": "",
                "from_port": 0,
                "ipv6_cidr_blocks": [],
                "prefix_list_ids": [],
                "protocol": "tcp",
                "security_groups": [
                  "sg-0264fb166e833a732"
                ],
                "self": true,
                "to_port": 65535
              }
            ],
            "name": "Etleap EMR",
            "name_prefix": "",
            "owner_id": "209479308486",
            "revoke_rules_on_delete": false,
            "tags": {
              "Deployment": "test2",
              "Environment": "sandbox",
              "Name": "Etleap EMR",
              "Operator": "Benedict.Chan"
            },
            "tags_all": {
              "Deployment": "test2",
              "Environment": "sandbox",
              "Name": "Etleap EMR",
              "Operator": "Benedict.Chan"
            },
            "timeouts": null,
            "vpc_id": "vpc-0a3da344f06a25bb4"
          },
          "sensitive_attributes": [],
          "identity_schema_version": 0,
          "private": "eyJlMmJmYjczMC1lY2FhLTExZTYtOGY4OC0zNDM2M2JjN2M0YzAiOnsiY3JlYXRlIjo2MDAwMDAwMDAwMDAsImRlbGV0ZSI6OTAwMDAwMDAwMDAwfSwic2NoZW1hX3ZlcnNpb24iOiIxIn0=",
          "dependencies": [
            "module.vpc.aws_vpc.etleap"
          ],
          "create_before_destroy": true
        }
      ]
    },
    {
      "module": "module.vpc",
      "mode": "managed",
      "type": "aws_security_group",
      "name": "emr-master-managed",
      "provider": "provider[\"registry.terraform.io/hashicorp/aws\"]",
      "instances": [
        {
          "schema_version": 1,
          "attributes": {
            "arn": "arn:aws:ec2:us-east-1:209479308486:security-group/sg-00b3f498e5f1b171d",
            "description": "Rules managed by EMR for EMR master",
            "egress": [
              {
                "cidr_blocks": [],
                "description": "",
                "from_port": 9443,
                "ipv6_cidr_blocks": [],
                "prefix_list_ids": [],
                "protocol": "tcp",
                "security_groups": [
                  "sg-08e7327bb8afa4b5e"
                ],
                "self": false,
                "to_port": 9443
              }
            ],
            "id": "sg-00b3f498e5f1b171d",
            "ingress": [
              {
                "cidr_blocks": [],
                "description": "",
                "from_port": -1,
                "ipv6_cidr_blocks": [],
                "prefix_list_ids": [],
                "protocol": "icmp",
                "security_groups": [
                  "sg-00cf5a532a6f7fd85"
                ],
                "self": true,
                "to_port": -1
              },
              {
                "cidr_blocks": [],
                "description": "",
                "from_port": 0,
                "ipv6_cidr_blocks": [],
                "prefix_list_ids": [],
                "protocol": "tcp",
                "security_groups": [
                  "sg-00cf5a532a6f7fd85"
                ],
                "self": true,
                "to_port": 65535
              },
              {
                "cidr_blocks": [],
                "description": "",
                "from_port": 0,
                "ipv6_cidr_blocks": [],
                "prefix_list_ids": [],
                "protocol": "udp",
                "security_groups": [
                  "sg-00cf5a532a6f7fd85"
                ],
                "self": true,
                "to_port": 65535
              },
              {
                "cidr_blocks": [],
                "description": "",
                "from_port": 8443,
                "ipv6_cidr_blocks": [],
                "prefix_list_ids": [],
                "protocol": "tcp",
                "security_groups": [
                  "sg-08e7327bb8afa4b5e"
                ],
                "self": false,
                "to_port": 8443
              }
            ],
            "name": "EMR Master Managed",
            "name_prefix": "",
            "owner_id": "209479308486",
            "revoke_rules_on_delete": true,
            "tags": {
              "Deployment": "test2",
              "Environment": "sandbox",
              "Name": "Etleap EMR Master (managed by EMR)",
              "Operator": "Benedict.Chan"
            },
            "tags_all": {
              "Deployment": "test2",
              "Environment": "sandbox",
              "Name": "Etleap EMR Master (managed by EMR)",
              "Operator": "Benedict.Chan"
            },
            "timeouts": null,
            "vpc_id": "vpc-0a3da344f06a25bb4"
          },
          "sensitive_attributes": [],
          "identity_schema_version": 0,
          "private": "eyJlMmJmYjczMC1lY2FhLTExZTYtOGY4OC0zNDM2M2JjN2M0YzAiOnsiY3JlYXRlIjo2MDAwMDAwMDAwMDAsImRlbGV0ZSI6OTAwMDAwMDAwMDAwfSwic2NoZW1hX3ZlcnNpb24iOiIxIn0=",
          "dependencies": [
            "module.vpc.aws_vpc.etleap"
          ],
          "create_before_destroy": true
        }
      ]
    },
    {
      "module": "module.vpc",
      "mode": "managed",
      "type": "aws_security_group",
      "name": "emr-service-access-managed",
      "provider": "provider[\"registry.terraform.io/hashicorp/aws\"]",
      "instances": [
        {
          "schema_version": 1,
          "attributes": {
            "arn": "arn:aws:ec2:us-east-1:209479308486:security-group/sg-08e7327bb8afa4b5e",
            "description": "Rules managed by EMR for EMR service access",
            "egress": [
              {
                "cidr_blocks": [],
                "description": "",
                "from_port": 8443,
                "ipv6_cidr_blocks": [],
                "prefix_list_ids": [],
                "protocol": "tcp",
                "security_groups": [
                  "sg-00b3f498e5f1b171d",
                  "sg-00cf5a532a6f7fd85"
                ],
                "self": false,
                "to_port": 8443
              }
            ],
            "id": "sg-08e7327bb8afa4b5e",
            "ingress": [
              {
                "cidr_blocks": [],
                "description": "",
                "from_port": 9443,
                "ipv6_cidr_blocks": [],
                "prefix_list_ids": [],
                "protocol": "tcp",
                "security_groups": [
                  "sg-00b3f498e5f1b171d"
                ],
                "self": false,
                "to_port": 9443
              }
            ],
            "name": "EMR Service Access Managed",
            "name_prefix": "",
            "owner_id": "209479308486",
            "revoke_rules_on_delete": true,
            "tags": {
              "Deployment": "test2",
              "Environment": "sandbox",
              "Name": "Etleap EMR Service Access (managed by EMR)",
              "Operator": "Benedict.Chan"
            },
            "tags_all": {
              "Deployment": "test2",
              "Environment": "sandbox",
              "Name": "Etleap EMR Service Access (managed by EMR)",
              "Operator": "Benedict.Chan"
            },
            "timeouts": null,
            "vpc_id": "vpc-0a3da344f06a25bb4"
          },
          "sensitive_attributes": [],
          "identity_schema_version": 0,
          "private": "eyJlMmJmYjczMC1lY2FhLTExZTYtOGY4OC0zNDM2M2JjN2M0YzAiOnsiY3JlYXRlIjo2MDAwMDAwMDAwMDAsImRlbGV0ZSI6OTAwMDAwMDAwMDAwfSwic2NoZW1hX3ZlcnNpb24iOiIxIn0=",
          "dependencies": [
            "module.vpc.aws_vpc.etleap"
          ],
          "create_before_destroy": true
        }
      ]
    },
    {
      "module": "module.vpc",
      "mode": "managed",
      "type": "aws_security_group",
      "name": "emr-slave-managed",
      "provider": "provider[\"registry.terraform.io/hashicorp/aws\"]",
      "instances": [
        {
          "schema_version": 1,
          "attributes": {
            "arn": "arn:aws:ec2:us-east-1:209479308486:security-group/sg-00cf5a532a6f7fd85",
            "description": "Rules managed by EMR for EMR slave",
            "egress": [],
            "id": "sg-00cf5a532a6f7fd85",
            "ingress": [
              {
                "cidr_blocks": [],
                "description": "",
                "from_port": -1,
                "ipv6_cidr_blocks": [],
                "prefix_list_ids": [],
                "protocol": "icmp",
                "security_groups": [
                  "sg-00b3f498e5f1b171d"
                ],
                "self": true,
                "to_port": -1
              },
              {
                "cidr_blocks": [],
                "description": "",
                "from_port": 0,
                "ipv6_cidr_blocks": [],
                "prefix_list_ids": [],
                "protocol": "tcp",
                "security_groups": [
                  "sg-00b3f498e5f1b171d"
                ],
                "self": true,
                "to_port": 65535
              },
              {
                "cidr_blocks": [],
                "description": "",
                "from_port": 0,
                "ipv6_cidr_blocks": [],
                "prefix_list_ids": [],
                "protocol": "udp",
                "security_groups": [
                  "sg-00b3f498e5f1b171d"
                ],
                "self": true,
                "to_port": 65535
              },
              {
                "cidr_blocks": [],
                "description": "",
                "from_port": 8443,
                "ipv6_cidr_blocks": [],
                "prefix_list_ids": [],
                "protocol": "tcp",
                "security_groups": [
                  "sg-08e7327bb8afa4b5e"
                ],
                "self": false,
                "to_port": 8443
              }
            ],
            "name": "EMR Slave Managed",
            "name_prefix": "",
            "owner_id": "209479308486",
            "revoke_rules_on_delete": true,
            "tags": {
              "Deployment": "test2",
              "Environment": "sandbox",
              "Name": "Etleap EMR Slave (managed by EMR)",
              "Operator": "Benedict.Chan"
            },
            "tags_all": {
              "Deployment": "test2",
              "Environment": "sandbox",
              "Name": "Etleap EMR Slave (managed by EMR)",
              "Operator": "Benedict.Chan"
            },
            "timeouts": null,
            "vpc_id": "vpc-0a3da344f06a25bb4"
          },
          "sensitive_attributes": [],
          "identity_schema_version": 0,
          "private": "eyJlMmJmYjczMC1lY2FhLTExZTYtOGY4OC0zNDM2M2JjN2M0YzAiOnsiY3JlYXRlIjo2MDAwMDAwMDAwMDAsImRlbGV0ZSI6OTAwMDAwMDAwMDAwfSwic2NoZW1hX3ZlcnNpb24iOiIxIn0=",
          "dependencies": [
            "module.vpc.aws_vpc.etleap"
          ],
          "create_before_destroy": true
        }
      ]
    },
    {
      "module": "module.vpc",
      "mode": "managed",
      "type": "aws_security_group",
      "name": "influxdb",
      "provider": "provider[\"registry.terraform.io/hashicorp/aws\"]",
      "instances": [
        {
          "index_key": 0,
          "schema_version": 1,
          "attributes": {
            "arn": "arn:aws:ec2:us-east-1:209479308486:security-group/sg-03f646e6afe4e9cfe",
            "description": "Etleap InfluxDB",
            "egress": [],
            "id": "sg-03f646e6afe4e9cfe",
            "ingress": [
              {
                "cidr_blocks": [],
                "description": "",
                "from_port": 8086,
                "ipv6_cidr_blocks": [],
                "prefix_list_ids": [],
                "protocol": "tcp",
                "security_groups": [
                  "sg-0264fb166e833a732",
                  "sg-09d12e2964da7c4f7"
                ],
                "self": false,
                "to_port": 8086
              }
            ],
            "name": "Etleap InfluxDB",
            "name_prefix": "",
            "owner_id": "209479308486",
            "revoke_rules_on_delete": false,
            "tags": {
              "Deployment": "test2",
              "Environment": "sandbox",
              "Name": "Etleap InfluxDB",
              "Operator": "Benedict.Chan"
            },
            "tags_all": {
              "Deployment": "test2",
              "Environment": "sandbox",
              "Name": "Etleap InfluxDB",
              "Operator": "Benedict.Chan"
            },
            "timeouts": null,
            "vpc_id": "vpc-0a3da344f06a25bb4"
          },
          "sensitive_attributes": [],
          "identity_schema_version": 0,
          "private": "eyJlMmJmYjczMC1lY2FhLTExZTYtOGY4OC0zNDM2M2JjN2M0YzAiOnsiY3JlYXRlIjo2MDAwMDAwMDAwMDAsImRlbGV0ZSI6OTAwMDAwMDAwMDAwfSwic2NoZW1hX3ZlcnNpb24iOiIxIn0=",
          "dependencies": [
            "module.vpc.aws_vpc.etleap"
          ]
        }
      ]
    },
    {
      "module": "module.vpc",
      "mode": "managed",
      "type": "aws_security_group",
      "name": "nat",
      "provider": "provider[\"registry.terraform.io/hashicorp/aws\"]",
      "instances": [
        {
          "index_key": 0,
          "schema_version": 1,
          "attributes": {
            "arn": "arn:aws:ec2:us-east-1:209479308486:security-group/sg-0be47893ef9e46a13",
            "description": "Etleap NAT",
            "egress": [
              {
                "cidr_blocks": [
                  "0.0.0.0/0"
                ],
                "description": "",
                "from_port": 0,
                "ipv6_cidr_blocks": [],
                "prefix_list_ids": [],
                "protocol": "tcp",
                "security_groups": [],
                "self": false,
                "to_port": 65535
              }
            ],
            "id": "sg-0be47893ef9e46a13",
            "ingress": [
              {
                "cidr_blocks": [
                  "172.22.4.0/24",
                  "172.22.5.0/24",
                  "172.22.6.0/24"
                ],
                "description": "",
                "from_port": 0,
                "ipv6_cidr_blocks": [],
                "prefix_list_ids": [],
                "protocol": "tcp",
                "security_groups": [],
                "self": false,
                "to_port": 65535
              }
            ],
            "name": "Etleap NAT",
            "name_prefix": "",
            "owner_id": "209479308486",
            "revoke_rules_on_delete": false,
            "tags": {
              "Deployment": "test2",
              "Environment": "sandbox",
              "Name": "Etleap NAT",
              "Operator": "Benedict.Chan"
            },
            "tags_all": {
              "Deployment": "test2",
              "Environment": "sandbox",
              "Name": "Etleap NAT",
              "Operator": "Benedict.Chan"
            },
            "timeouts": null,
            "vpc_id": "vpc-0a3da344f06a25bb4"
          },
          "sensitive_attributes": [],
          "identity_schema_version": 0,
          "private": "eyJlMmJmYjczMC1lY2FhLTExZTYtOGY4OC0zNDM2M2JjN2M0YzAiOnsiY3JlYXRlIjo2MDAwMDAwMDAwMDAsImRlbGV0ZSI6OTAwMDAwMDAwMDAwfSwic2NoZW1hX3ZlcnNpb24iOiIxIn0=",
          "dependencies": [
            "module.vpc.aws_vpc.etleap"
          ],
          "create_before_destroy": true
        }
      ]
    },
    {
      "module": "module.vpc",
      "mode": "managed",
      "type": "aws_security_group",
      "name": "zookeeper",
      "provider": "provider[\"registry.terraform.io/hashicorp/aws\"]",
      "instances": [
        {
          "schema_version": 1,
          "attributes": {
            "arn": "arn:aws:ec2:us-east-1:209479308486:security-group/sg-0e2357864c06db9c1",
            "description": "Managed by Terraform",
            "egress": [
              {
                "cidr_blocks": [
                  "0.0.0.0/0"
                ],
                "description": "",
                "from_port": 443,
                "ipv6_cidr_blocks": [],
                "prefix_list_ids": [],
                "protocol": "tcp",
                "security_groups": [],
                "self": false,
                "to_port": 443
              },
              {
                "cidr_blocks": [
                  "0.0.0.0/0"
                ],
                "description": "",
                "from_port": 80,
                "ipv6_cidr_blocks": [],
                "prefix_list_ids": [],
                "protocol": "tcp",
                "security_groups": [],
                "self": false,
                "to_port": 80
              },
              {
                "cidr_blocks": [],
                "description": "",
                "from_port": 2888,
                "ipv6_cidr_blocks": [],
                "prefix_list_ids": [],
                "protocol": "tcp",
                "security_groups": [],
                "self": true,
                "to_port": 2888
              },
              {
                "cidr_blocks": [],
                "description": "",
                "from_port": 3888,
                "ipv6_cidr_blocks": [],
                "prefix_list_ids": [],
                "protocol": "tcp",
                "security_groups": [],
                "self": true,
                "to_port": 3888
              }
            ],
            "id": "sg-0e2357864c06db9c1",
            "ingress": [
              {
                "cidr_blocks": [
                  "0.0.0.0/0"
                ],
                "description": "",
                "from_port": 22,
                "ipv6_cidr_blocks": [],
                "prefix_list_ids": [],
                "protocol": "tcp",
                "security_groups": [],
                "self": false,
                "to_port": 22
              },
              {
                "cidr_blocks": [],
                "description": "",
                "from_port": 2181,
                "ipv6_cidr_blocks": [],
                "prefix_list_ids": [],
                "protocol": "tcp",
                "security_groups": [
                  "sg-0264fb166e833a732",
                  "sg-09d12e2964da7c4f7"
                ],
                "self": false,
                "to_port": 2181
              },
              {
                "cidr_blocks": [],
                "description": "",
                "from_port": 2888,
                "ipv6_cidr_blocks": [],
                "prefix_list_ids": [],
                "protocol": "tcp",
                "security_groups": [],
                "self": true,
                "to_port": 2888
              },
              {
                "cidr_blocks": [],
                "description": "",
                "from_port": 3888,
                "ipv6_cidr_blocks": [],
                "prefix_list_ids": [],
                "protocol": "tcp",
                "security_groups": [],
                "self": true,
                "to_port": 3888
              }
            ],
            "name": "Etleap zookeeper",
            "name_prefix": "",
            "owner_id": "209479308486",
            "revoke_rules_on_delete": false,
            "tags": {
              "Deployment": "test2",
              "Environment": "sandbox",
              "Name": "Etleap Zookeeper",
              "Operator": "Benedict.Chan"
            },
            "tags_all": {
              "Deployment": "test2",
              "Environment": "sandbox",
              "Name": "Etleap Zookeeper",
              "Operator": "Benedict.Chan"
            },
            "timeouts": null,
            "vpc_id": "vpc-0a3da344f06a25bb4"
          },
          "sensitive_attributes": [],
          "identity_schema_version": 0,
          "private": "eyJlMmJmYjczMC1lY2FhLTExZTYtOGY4OC0zNDM2M2JjN2M0YzAiOnsiY3JlYXRlIjo2MDAwMDAwMDAwMDAsImRlbGV0ZSI6OTAwMDAwMDAwMDAwfSwic2NoZW1hX3ZlcnNpb24iOiIxIn0=",
          "dependencies": [
            "module.vpc.aws_vpc.etleap"
          ],
          "create_before_destroy": true
        }
      ]
    },
    {
      "module": "module.vpc",
      "mode": "managed",
      "type": "aws_security_group_rule",
      "name": "app-egress-2181-zookeeper",
      "provider": "provider[\"registry.terraform.io/hashicorp/aws\"]",
      "instances": [
        {
          "schema_version": 2,
          "attributes": {
            "cidr_blocks": null,
            "description": null,
            "from_port": 2181,
            "id": "sgrule-1476577702",
            "ipv6_cidr_blocks": null,
            "prefix_list_ids": null,
            "protocol": "tcp",
            "security_group_id": "sg-0264fb166e833a732",
            "security_group_rule_id": "sgr-0a70d4aeb2e3f135b",
            "self": false,
            "source_security_group_id": "sg-0e2357864c06db9c1",
            "timeouts": null,
            "to_port": 2181,
            "type": "egress"
          },
          "sensitive_attributes": [],
          "identity_schema_version": 0,
          "private": "eyJlMmJmYjczMC1lY2FhLTExZTYtOGY4OC0zNDM2M2JjN2M0YzAiOnsiY3JlYXRlIjozMDAwMDAwMDAwMDB9LCJzY2hlbWFfdmVyc2lvbiI6IjIifQ==",
          "dependencies": [
            "module.vpc.aws_security_group.app",
            "module.vpc.aws_security_group.zookeeper",
            "module.vpc.aws_vpc.etleap"
          ]
        }
      ]
    },
    {
      "module": "module.vpc",
      "mode": "managed",
      "type": "aws_security_group_rule",
      "name": "app-egress-3306-db",
      "provider": "provider[\"registry.terraform.io/hashicorp/aws\"]",
      "instances": [
        {
          "schema_version": 2,
          "attributes": {
            "cidr_blocks": null,
            "description": null,
            "from_port": 3306,
            "id": "sgrule-1367771204",
            "ipv6_cidr_blocks": null,
            "prefix_list_ids": null,
            "protocol": "tcp",
            "security_group_id": "sg-0264fb166e833a732",
            "security_group_rule_id": "sgr-0932a7e964bb48ff9",
            "self": false,
            "source_security_group_id": "sg-0c546fe9faceb87a8",
            "timeouts": null,
            "to_port": 3306,
            "type": "egress"
          },
          "sensitive_attributes": [],
          "identity_schema_version": 0,
          "private": "eyJlMmJmYjczMC1lY2FhLTExZTYtOGY4OC0zNDM2M2JjN2M0YzAiOnsiY3JlYXRlIjozMDAwMDAwMDAwMDB9LCJzY2hlbWFfdmVyc2lvbiI6IjIifQ==",
          "dependencies": [
            "module.vpc.aws_security_group.app",
            "module.vpc.aws_security_group.db",
            "module.vpc.aws_vpc.etleap"
          ]
        }
      ]
    },
    {
      "module": "module.vpc",
      "mode": "managed",
      "type": "aws_security_group_rule",
      "name": "app-egress-443",
      "provider": "provider[\"registry.terraform.io/hashicorp/aws\"]",
      "instances": [
        {
          "schema_version": 2,
          "attributes": {
            "cidr_blocks": [
              "0.0.0.0/0"
            ],
            "description": null,
            "from_port": 443,
            "id": "sgrule-1192689749",
            "ipv6_cidr_blocks": null,
            "prefix_list_ids": null,
            "protocol": "tcp",
            "security_group_id": "sg-0264fb166e833a732",
            "security_group_rule_id": "sgr-0d271cbf603987467",
            "self": false,
            "source_security_group_id": null,
            "timeouts": null,
            "to_port": 443,
            "type": "egress"
          },
          "sensitive_attributes": [],
          "identity_schema_version": 0,
          "private": "eyJlMmJmYjczMC1lY2FhLTExZTYtOGY4OC0zNDM2M2JjN2M0YzAiOnsiY3JlYXRlIjozMDAwMDAwMDAwMDB9LCJzY2hlbWFfdmVyc2lvbiI6IjIifQ==",
          "dependencies": [
            "module.vpc.aws_security_group.app",
            "module.vpc.aws_vpc.etleap"
          ]
        }
      ]
    },
    {
      "module": "module.vpc",
      "mode": "managed",
      "type": "aws_security_group_rule",
      "name": "app-egress-80",
      "provider": "provider[\"registry.terraform.io/hashicorp/aws\"]",
      "instances": [
        {
          "schema_version": 2,
          "attributes": {
            "cidr_blocks": [
              "0.0.0.0/0"
            ],
            "description": null,
            "from_port": 80,
            "id": "sgrule-3978484363",
            "ipv6_cidr_blocks": null,
            "prefix_list_ids": null,
            "protocol": "tcp",
            "security_group_id": "sg-0264fb166e833a732",
            "security_group_rule_id": "sgr-0f232763eea310645",
            "self": false,
            "source_security_group_id": null,
            "timeouts": null,
            "to_port": 80,
            "type": "egress"
          },
          "sensitive_attributes": [],
          "identity_schema_version": 0,
          "private": "eyJlMmJmYjczMC1lY2FhLTExZTYtOGY4OC0zNDM2M2JjN2M0YzAiOnsiY3JlYXRlIjozMDAwMDAwMDAwMDB9LCJzY2hlbWFfdmVyc2lvbiI6IjIifQ==",
          "dependencies": [
            "module.vpc.aws_security_group.app",
            "module.vpc.aws_vpc.etleap"
          ]
        }
      ]
    },
    {
      "module": "module.vpc",
      "mode": "managed",
      "type": "aws_security_group_rule",
      "name": "app-egress-8086-influxdb",
      "provider": "provider[\"registry.terraform.io/hashicorp/aws\"]",
      "instances": [
        {
          "index_key": 0,
          "schema_version": 2,
          "attributes": {
            "cidr_blocks": null,
            "description": null,
            "from_port": 8086,
            "id": "sgrule-3825566635",
            "ipv6_cidr_blocks": null,
            "prefix_list_ids": null,
            "protocol": "tcp",
            "security_group_id": "sg-0264fb166e833a732",
            "security_group_rule_id": "sgr-03690ec7b59882731",
            "self": false,
            "source_security_group_id": "sg-03f646e6afe4e9cfe",
            "timeouts": null,
            "to_port": 8086,
            "type": "egress"
          },
          "sensitive_attributes": [],
          "identity_schema_version": 0,
          "private": "eyJlMmJmYjczMC1lY2FhLTExZTYtOGY4OC0zNDM2M2JjN2M0YzAiOnsiY3JlYXRlIjozMDAwMDAwMDAwMDB9LCJzY2hlbWFfdmVyc2lvbiI6IjIifQ==",
          "dependencies": [
            "module.vpc.aws_security_group.app",
            "module.vpc.aws_security_group.influxdb",
            "module.vpc.aws_vpc.etleap"
          ]
        }
      ]
    },
    {
      "module": "module.vpc",
      "mode": "managed",
      "type": "aws_security_group_rule",
      "name": "app-egress-app",
      "provider": "provider[\"registry.terraform.io/hashicorp/aws\"]",
      "instances": [
        {
          "schema_version": 2,
          "attributes": {
            "cidr_blocks": null,
            "description": null,
            "from_port": 0,
            "id": "sgrule-980539195",
            "ipv6_cidr_blocks": null,
            "prefix_list_ids": null,
            "protocol": "tcp",
            "security_group_id": "sg-0264fb166e833a732",
            "security_group_rule_id": "sgr-00568ac95ab75b76d",
            "self": false,
            "source_security_group_id": "sg-0264fb166e833a732",
            "timeouts": null,
            "to_port": 65535,
            "type": "egress"
          },
          "sensitive_attributes": [],
          "identity_schema_version": 0,
          "private": "eyJlMmJmYjczMC1lY2FhLTExZTYtOGY4OC0zNDM2M2JjN2M0YzAiOnsiY3JlYXRlIjozMDAwMDAwMDAwMDB9LCJzY2hlbWFfdmVyc2lvbiI6IjIifQ==",
          "dependencies": [
            "module.vpc.aws_security_group.app",
            "module.vpc.aws_vpc.etleap"
          ]
        }
      ]
    },
    {
      "module": "module.vpc",
      "mode": "managed",
      "type": "aws_security_group_rule",
      "name": "app-egress-emr",
      "provider": "provider[\"registry.terraform.io/hashicorp/aws\"]",
      "instances": [
        {
          "schema_version": 2,
          "attributes": {
            "cidr_blocks": null,
            "description": null,
            "from_port": 0,
            "id": "sgrule-1546560575",
            "ipv6_cidr_blocks": null,
            "prefix_list_ids": null,
            "protocol": "tcp",
            "security_group_id": "sg-0264fb166e833a732",
            "security_group_rule_id": "sgr-04ce962346e03ea5c",
            "self": false,
            "source_security_group_id": "sg-09d12e2964da7c4f7",
            "timeouts": null,
            "to_port": 65535,
            "type": "egress"
          },
          "sensitive_attributes": [],
          "identity_schema_version": 0,
          "private": "eyJlMmJmYjczMC1lY2FhLTExZTYtOGY4OC0zNDM2M2JjN2M0YzAiOnsiY3JlYXRlIjozMDAwMDAwMDAwMDB9LCJzY2hlbWFfdmVyc2lvbiI6IjIifQ==",
          "dependencies": [
            "module.vpc.aws_security_group.app",
            "module.vpc.aws_security_group.emr",
            "module.vpc.aws_vpc.etleap"
          ]
        }
      ]
    },
    {
      "module": "module.vpc",
      "mode": "managed",
      "type": "aws_security_group_rule",
      "name": "app-egress-external",
      "provider": "provider[\"registry.terraform.io/hashicorp/aws\"]",
      "instances": [
        {
          "index_key": "0",
          "schema_version": 2,
          "attributes": {
            "cidr_blocks": [
              "0.0.0.0/0"
            ],
            "description": null,
            "from_port": 0,
            "id": "sgrule-56055673",
            "ipv6_cidr_blocks": null,
            "prefix_list_ids": null,
            "protocol": "-1",
            "security_group_id": "sg-0264fb166e833a732",
            "security_group_rule_id": "sgr-0679e4f74863853ff",
            "self": false,
            "source_security_group_id": null,
            "timeouts": null,
            "to_port": 0,
            "type": "egress"
          },
          "sensitive_attributes": [],
          "identity_schema_version": 0,
          "private": "eyJlMmJmYjczMC1lY2FhLTExZTYtOGY4OC0zNDM2M2JjN2M0YzAiOnsiY3JlYXRlIjozMDAwMDAwMDAwMDB9LCJzY2hlbWFfdmVyc2lvbiI6IjIifQ==",
          "dependencies": [
            "module.vpc.aws_security_group.app",
            "module.vpc.aws_vpc.etleap"
          ]
        }
      ]
    },
    {
      "module": "module.vpc",
      "mode": "managed",
      "type": "aws_security_group_rule",
      "name": "app-ingress-22",
      "provider": "provider[\"registry.terraform.io/hashicorp/aws\"]",
      "instances": [
        {
          "schema_version": 2,
          "attributes": {
            "cidr_blocks": [
              "0.0.0.0/0"
            ],
            "description": null,
            "from_port": 22,
            "id": "sgrule-1309607571",
            "ipv6_cidr_blocks": null,
            "prefix_list_ids": null,
            "protocol": "tcp",
            "security_group_id": "sg-0264fb166e833a732",
            "security_group_rule_id": "sgr-041cd0e59dee1d174",
            "self": false,
            "source_security_group_id": null,
            "timeouts": null,
            "to_port": 22,
            "type": "ingress"
          },
          "sensitive_attributes": [],
          "identity_schema_version": 0,
          "private": "eyJlMmJmYjczMC1lY2FhLTExZTYtOGY4OC0zNDM2M2JjN2M0YzAiOnsiY3JlYXRlIjozMDAwMDAwMDAwMDB9LCJzY2hlbWFfdmVyc2lvbiI6IjIifQ==",
          "dependencies": [
            "module.vpc.aws_security_group.app",
            "module.vpc.aws_vpc.etleap"
          ]
        }
      ]
    },
    {
      "module": "module.vpc",
      "mode": "managed",
      "type": "aws_security_group_rule",
      "name": "app-ingress-443",
      "provider": "provider[\"registry.terraform.io/hashicorp/aws\"]",
      "instances": [
        {
          "schema_version": 2,
          "attributes": {
            "cidr_blocks": [
              "0.0.0.0/0"
            ],
            "description": null,
            "from_port": 443,
            "id": "sgrule-2571407663",
            "ipv6_cidr_blocks": null,
            "prefix_list_ids": null,
            "protocol": "tcp",
            "security_group_id": "sg-0264fb166e833a732",
            "security_group_rule_id": "sgr-0c840d7980ceb86ce",
            "self": false,
            "source_security_group_id": null,
            "timeouts": null,
            "to_port": 443,
            "type": "ingress"
          },
          "sensitive_attributes": [],
          "identity_schema_version": 0,
          "private": "eyJlMmJmYjczMC1lY2FhLTExZTYtOGY4OC0zNDM2M2JjN2M0YzAiOnsiY3JlYXRlIjozMDAwMDAwMDAwMDB9LCJzY2hlbWFfdmVyc2lvbiI6IjIifQ==",
          "dependencies": [
            "module.vpc.aws_security_group.app",
            "module.vpc.aws_vpc.etleap"
          ]
        }
      ]
    },
    {
      "module": "module.vpc",
      "mode": "managed",
      "type": "aws_security_group_rule",
      "name": "app-ingress-app",
      "provider": "provider[\"registry.terraform.io/hashicorp/aws\"]",
      "instances": [
        {
          "schema_version": 2,
          "attributes": {
            "cidr_blocks": null,
            "description": null,
            "from_port": 0,
            "id": "sgrule-806116780",
            "ipv6_cidr_blocks": null,
            "prefix_list_ids": null,
            "protocol": "tcp",
            "security_group_id": "sg-0264fb166e833a732",
            "security_group_rule_id": "sgr-00568ac95ab75b76d",
            "self": false,
            "source_security_group_id": "sg-0264fb166e833a732",
            "timeouts": null,
            "to_port": 65535,
            "type": "ingress"
          },
          "sensitive_attributes": [],
          "identity_schema_version": 0,
          "private": "eyJlMmJmYjczMC1lY2FhLTExZTYtOGY4OC0zNDM2M2JjN2M0YzAiOnsiY3JlYXRlIjozMDAwMDAwMDAwMDB9LCJzY2hlbWFfdmVyc2lvbiI6IjIifQ==",
          "dependencies": [
            "module.vpc.aws_security_group.app",
            "module.vpc.aws_vpc.etleap"
          ]
        }
      ]
    },
    {
      "module": "module.vpc",
      "mode": "managed",
      "type": "aws_security_group_rule",
      "name": "app-ingress-dms",
      "provider": "provider[\"registry.terraform.io/hashicorp/aws\"]",
      "instances": [
        {
          "index_key": 0,
          "schema_version": 2,
          "attributes": {
            "cidr_blocks": null,
            "description": null,
            "from_port": 0,
            "id": "sgrule-3145070691",
            "ipv6_cidr_blocks": null,
            "prefix_list_ids": null,
            "protocol": "tcp",
            "security_group_id": "sg-0ed7ddcc0d8382d2f",
            "security_group_rule_id": "sgr-03cb50717cb065f54",
            "self": false,
            "source_security_group_id": "sg-0264fb166e833a732",
            "timeouts": null,
            "to_port": 65535,
            "type": "ingress"
          },
          "sensitive_attributes": [],
          "identity_schema_version": 0,
          "private": "eyJlMmJmYjczMC1lY2FhLTExZTYtOGY4OC0zNDM2M2JjN2M0YzAiOnsiY3JlYXRlIjozMDAwMDAwMDAwMDB9LCJzY2hlbWFfdmVyc2lvbiI6IjIifQ==",
          "dependencies": [
            "module.vpc.aws_security_group.app",
            "module.vpc.aws_security_group.dms",
            "module.vpc.aws_vpc.etleap"
          ]
        }
      ]
    },
    {
      "module": "module.vpc",
      "mode": "managed",
      "type": "aws_security_group_rule",
      "name": "app-ingress-emr",
      "provider": "provider[\"registry.terraform.io/hashicorp/aws\"]",
      "instances": [
        {
          "schema_version": 2,
          "attributes": {
            "cidr_blocks": null,
            "description": null,
            "from_port": 0,
            "id": "sgrule-1448292008",
            "ipv6_cidr_blocks": null,
            "prefix_list_ids": null,
            "protocol": "tcp",
            "security_group_id": "sg-0264fb166e833a732",
            "security_group_rule_id": "sgr-04ce962346e03ea5c",
            "self": false,
            "source_security_group_id": "sg-09d12e2964da7c4f7",
            "timeouts": null,
            "to_port": 65535,
            "type": "ingress"
          },
          "sensitive_attributes": [],
          "identity_schema_version": 0,
          "private": "eyJlMmJmYjczMC1lY2FhLTExZTYtOGY4OC0zNDM2M2JjN2M0YzAiOnsiY3JlYXRlIjozMDAwMDAwMDAwMDB9LCJzY2hlbWFfdmVyc2lvbiI6IjIifQ==",
          "dependencies": [
            "module.vpc.aws_security_group.app",
            "module.vpc.aws_security_group.emr",
            "module.vpc.aws_vpc.etleap"
          ]
        }
      ]
    },
    {
      "module": "module.vpc",
      "mode": "managed",
      "type": "aws_security_group_rule",
      "name": "db-ingress-3306-app",
      "provider": "provider[\"registry.terraform.io/hashicorp/aws\"]",
      "instances": [
        {
          "schema_version": 2,
          "attributes": {
            "cidr_blocks": null,
            "description": null,
            "from_port": 3306,
            "id": "sgrule-3339789420",
            "ipv6_cidr_blocks": null,
            "prefix_list_ids": null,
            "protocol": "tcp",
            "security_group_id": "sg-0c546fe9faceb87a8",
            "security_group_rule_id": "sgr-042c40dba2996bab8",
            "self": false,
            "source_security_group_id": "sg-0264fb166e833a732",
            "timeouts": null,
            "to_port": 3306,
            "type": "ingress"
          },
          "sensitive_attributes": [],
          "identity_schema_version": 0,
          "private": "eyJlMmJmYjczMC1lY2FhLTExZTYtOGY4OC0zNDM2M2JjN2M0YzAiOnsiY3JlYXRlIjozMDAwMDAwMDAwMDB9LCJzY2hlbWFfdmVyc2lvbiI6IjIifQ==",
          "dependencies": [
            "module.vpc.aws_security_group.app",
            "module.vpc.aws_security_group.db",
            "module.vpc.aws_vpc.etleap"
          ]
        }
      ]
    },
    {
      "module": "module.vpc",
      "mode": "managed",
      "type": "aws_security_group_rule",
      "name": "dms-egress-443",
      "provider": "provider[\"registry.terraform.io/hashicorp/aws\"]",
      "instances": [
        {
          "index_key": 0,
          "schema_version": 2,
          "attributes": {
            "cidr_blocks": [
              "0.0.0.0/0"
            ],
            "description": null,
            "from_port": 443,
            "id": "sgrule-2179956504",
            "ipv6_cidr_blocks": null,
            "prefix_list_ids": null,
            "protocol": "tcp",
            "security_group_id": "sg-0ed7ddcc0d8382d2f",
            "security_group_rule_id": "sgr-0cf74bf1af328187d",
            "self": false,
            "source_security_group_id": null,
            "timeouts": null,
            "to_port": 443,
            "type": "egress"
          },
          "sensitive_attributes": [],
          "identity_schema_version": 0,
          "private": "eyJlMmJmYjczMC1lY2FhLTExZTYtOGY4OC0zNDM2M2JjN2M0YzAiOnsiY3JlYXRlIjozMDAwMDAwMDAwMDB9LCJzY2hlbWFfdmVyc2lvbiI6IjIifQ==",
          "dependencies": [
            "module.vpc.aws_security_group.dms",
            "module.vpc.aws_vpc.etleap"
          ]
        }
      ]
    },
    {
      "module": "module.vpc",
      "mode": "managed",
      "type": "aws_security_group_rule",
      "name": "dms-egress-external",
      "provider": "provider[\"registry.terraform.io/hashicorp/aws\"]",
      "instances": [
        {
          "index_key": "0",
          "schema_version": 2,
          "attributes": {
            "cidr_blocks": [
              "0.0.0.0/0"
            ],
            "description": null,
            "from_port": 0,
            "id": "sgrule-3957252941",
            "ipv6_cidr_blocks": null,
            "prefix_list_ids": null,
            "protocol": "-1",
            "security_group_id": "sg-0ed7ddcc0d8382d2f",
            "security_group_rule_id": "sgr-015753b89716f8318",
            "self": false,
            "source_security_group_id": null,
            "timeouts": null,
            "to_port": 0,
            "type": "egress"
          },
          "sensitive_attributes": [],
          "identity_schema_version": 0,
          "private": "eyJlMmJmYjczMC1lY2FhLTExZTYtOGY4OC0zNDM2M2JjN2M0YzAiOnsiY3JlYXRlIjozMDAwMDAwMDAwMDB9LCJzY2hlbWFfdmVyc2lvbiI6IjIifQ==",
          "dependencies": [
            "module.vpc.aws_security_group.dms",
            "module.vpc.aws_vpc.etleap"
          ]
        }
      ]
    },
    {
      "module": "module.vpc",
      "mode": "managed",
      "type": "aws_security_group_rule",
      "name": "emr-egress-2181-zookeeper",
      "provider": "provider[\"registry.terraform.io/hashicorp/aws\"]",
      "instances": [
        {
          "schema_version": 2,
          "attributes": {
            "cidr_blocks": null,
            "description": null,
            "from_port": 2181,
            "id": "sgrule-3384764057",
            "ipv6_cidr_blocks": null,
            "prefix_list_ids": null,
            "protocol": "tcp",
            "security_group_id": "sg-09d12e2964da7c4f7",
            "security_group_rule_id": "sgr-0703e40f6e064b154",
            "self": false,
            "source_security_group_id": "sg-0e2357864c06db9c1",
            "timeouts": null,
            "to_port": 2181,
            "type": "egress"
          },
          "sensitive_attributes": [],
          "identity_schema_version": 0,
          "private": "eyJlMmJmYjczMC1lY2FhLTExZTYtOGY4OC0zNDM2M2JjN2M0YzAiOnsiY3JlYXRlIjozMDAwMDAwMDAwMDB9LCJzY2hlbWFfdmVyc2lvbiI6IjIifQ==",
          "dependencies": [
            "module.vpc.aws_security_group.emr",
            "module.vpc.aws_security_group.zookeeper",
            "module.vpc.aws_vpc.etleap"
          ]
        }
      ]
    },
    {
      "module": "module.vpc",
      "mode": "managed",
      "type": "aws_security_group_rule",
      "name": "emr-egress-443",
      "provider": "provider[\"registry.terraform.io/hashicorp/aws\"]",
      "instances": [
        {
          "schema_version": 2,
          "attributes": {
            "cidr_blocks": [
              "0.0.0.0/0"
            ],
            "description": null,
            "from_port": 443,
            "id": "sgrule-835738698",
            "ipv6_cidr_blocks": null,
            "prefix_list_ids": null,
            "protocol": "tcp",
            "security_group_id": "sg-09d12e2964da7c4f7",
            "security_group_rule_id": "sgr-068d5da5124911f17",
            "self": false,
            "source_security_group_id": null,
            "timeouts": null,
            "to_port": 443,
            "type": "egress"
          },
          "sensitive_attributes": [],
          "identity_schema_version": 0,
          "private": "eyJlMmJmYjczMC1lY2FhLTExZTYtOGY4OC0zNDM2M2JjN2M0YzAiOnsiY3JlYXRlIjozMDAwMDAwMDAwMDB9LCJzY2hlbWFfdmVyc2lvbiI6IjIifQ==",
          "dependencies": [
            "module.vpc.aws_security_group.emr",
            "module.vpc.aws_vpc.etleap"
          ]
        }
      ]
    },
    {
      "module": "module.vpc",
      "mode": "managed",
      "type": "aws_security_group_rule",
      "name": "emr-egress-80",
      "provider": "provider[\"registry.terraform.io/hashicorp/aws\"]",
      "instances": [
        {
          "schema_version": 2,
          "attributes": {
            "cidr_blocks": [
              "0.0.0.0/0"
            ],
            "description": null,
            "from_port": 80,
            "id": "sgrule-4043891166",
            "ipv6_cidr_blocks": null,
            "prefix_list_ids": null,
            "protocol": "tcp",
            "security_group_id": "sg-09d12e2964da7c4f7",
            "security_group_rule_id": "sgr-013a3e5d7adde3154",
            "self": false,
            "source_security_group_id": null,
            "timeouts": null,
            "to_port": 80,
            "type": "egress"
          },
          "sensitive_attributes": [],
          "identity_schema_version": 0,
          "private": "eyJlMmJmYjczMC1lY2FhLTExZTYtOGY4OC0zNDM2M2JjN2M0YzAiOnsiY3JlYXRlIjozMDAwMDAwMDAwMDB9LCJzY2hlbWFfdmVyc2lvbiI6IjIifQ==",
          "dependencies": [
            "module.vpc.aws_security_group.emr",
            "module.vpc.aws_vpc.etleap"
          ]
        }
      ]
    },
    {
      "module": "module.vpc",
      "mode": "managed",
      "type": "aws_security_group_rule",
      "name": "emr-egress-8086-influxdb",
      "provider": "provider[\"registry.terraform.io/hashicorp/aws\"]",
      "instances": [
        {
          "index_key": 0,
          "schema_version": 2,
          "attributes": {
            "cidr_blocks": null,
            "description": null,
            "from_port": 8086,
            "id": "sgrule-1975004308",
            "ipv6_cidr_blocks": null,
            "prefix_list_ids": null,
            "protocol": "tcp",
            "security_group_id": "sg-09d12e2964da7c4f7",
            "security_group_rule_id": "sgr-0892452599c85c4c1",
            "self": false,
            "source_security_group_id": "sg-03f646e6afe4e9cfe",
            "timeouts": null,
            "to_port": 8086,
            "type": "egress"
          },
          "sensitive_attributes": [],
          "identity_schema_version": 0,
          "private": "eyJlMmJmYjczMC1lY2FhLTExZTYtOGY4OC0zNDM2M2JjN2M0YzAiOnsiY3JlYXRlIjozMDAwMDAwMDAwMDB9LCJzY2hlbWFfdmVyc2lvbiI6IjIifQ==",
          "dependencies": [
            "module.vpc.aws_security_group.emr",
            "module.vpc.aws_security_group.influxdb",
            "module.vpc.aws_vpc.etleap"
          ]
        }
      ]
    },
    {
      "module": "module.vpc",
      "mode": "managed",
      "type": "aws_security_group_rule",
      "name": "emr-egress-app",
      "provider": "provider[\"registry.terraform.io/hashicorp/aws\"]",
      "instances": [
        {
          "schema_version": 2,
          "attributes": {
            "cidr_blocks": null,
            "description": null,
            "from_port": 0,
            "id": "sgrule-2271810563",
            "ipv6_cidr_blocks": null,
            "prefix_list_ids": null,
            "protocol": "tcp",
            "security_group_id": "sg-09d12e2964da7c4f7",
            "security_group_rule_id": "sgr-068caabfa5fbd178a",
            "self": false,
            "source_security_group_id": "sg-0264fb166e833a732",
            "timeouts": null,
            "to_port": 65535,
            "type": "egress"
          },
          "sensitive_attributes": [],
          "identity_schema_version": 0,
          "private": "eyJlMmJmYjczMC1lY2FhLTExZTYtOGY4OC0zNDM2M2JjN2M0YzAiOnsiY3JlYXRlIjozMDAwMDAwMDAwMDB9LCJzY2hlbWFfdmVyc2lvbiI6IjIifQ==",
          "dependencies": [
            "module.vpc.aws_security_group.app",
            "module.vpc.aws_security_group.emr",
            "module.vpc.aws_vpc.etleap"
          ]
        }
      ]
    },
    {
      "module": "module.vpc",
      "mode": "managed",
      "type": "aws_security_group_rule",
      "name": "emr-egress-emr",
      "provider": "provider[\"registry.terraform.io/hashicorp/aws\"]",
      "instances": [
        {
          "schema_version": 2,
          "attributes": {
            "cidr_blocks": null,
            "description": null,
            "from_port": 0,
            "id": "sgrule-3778438919",
            "ipv6_cidr_blocks": null,
            "prefix_list_ids": null,
            "protocol": "tcp",
            "security_group_id": "sg-09d12e2964da7c4f7",
            "security_group_rule_id": "sgr-06e7df8b3d4fbe4dd",
            "self": false,
            "source_security_group_id": "sg-09d12e2964da7c4f7",
            "timeouts": null,
            "to_port": 65535,
            "type": "egress"
          },
          "sensitive_attributes": [],
          "identity_schema_version": 0,
          "private": "eyJlMmJmYjczMC1lY2FhLTExZTYtOGY4OC0zNDM2M2JjN2M0YzAiOnsiY3JlYXRlIjozMDAwMDAwMDAwMDB9LCJzY2hlbWFfdmVyc2lvbiI6IjIifQ==",
          "dependencies": [
            "module.vpc.aws_security_group.emr",
            "module.vpc.aws_vpc.etleap"
          ]
        }
      ]
    },
    {
      "module": "module.vpc",
      "mode": "managed",
      "type": "aws_security_group_rule",
      "name": "emr-egress-external",
      "provider": "provider[\"registry.terraform.io/hashicorp/aws\"]",
      "instances": [
        {
          "index_key": "0",
          "schema_version": 2,
          "attributes": {
            "cidr_blocks": [
              "0.0.0.0/0"
            ],
            "description": null,
            "from_port": 0,
            "id": "sgrule-798242958",
            "ipv6_cidr_blocks": null,
            "prefix_list_ids": null,
            "protocol": "-1",
            "security_group_id": "sg-09d12e2964da7c4f7",
            "security_group_rule_id": "sgr-0dda617c5b66e27c1",
            "self": false,
            "source_security_group_id": null,
            "timeouts": null,
            "to_port": 0,
            "type": "egress"
          },
          "sensitive_attributes": [],
          "identity_schema_version": 0,
          "private": "eyJlMmJmYjczMC1lY2FhLTExZTYtOGY4OC0zNDM2M2JjN2M0YzAiOnsiY3JlYXRlIjozMDAwMDAwMDAwMDB9LCJzY2hlbWFfdmVyc2lvbiI6IjIifQ==",
          "dependencies": [
            "module.vpc.aws_security_group.emr",
            "module.vpc.aws_vpc.etleap"
          ]
        }
      ]
    },
    {
      "module": "module.vpc",
      "mode": "managed",
      "type": "aws_security_group_rule",
      "name": "emr-ingress-app",
      "provider": "provider[\"registry.terraform.io/hashicorp/aws\"]",
      "instances": [
        {
          "schema_version": 2,
          "attributes": {
            "cidr_blocks": null,
            "description": null,
            "from_port": 0,
            "id": "sgrule-414449137",
            "ipv6_cidr_blocks": null,
            "prefix_list_ids": null,
            "protocol": "tcp",
            "security_group_id": "sg-09d12e2964da7c4f7",
            "security_group_rule_id": "sgr-01ae20f01bca3968f",
            "self": false,
            "source_security_group_id": "sg-0264fb166e833a732",
            "timeouts": null,
            "to_port": 65535,
            "type": "ingress"
          },
          "sensitive_attributes": [],
          "identity_schema_version": 0,
          "private": "eyJlMmJmYjczMC1lY2FhLTExZTYtOGY4OC0zNDM2M2JjN2M0YzAiOnsiY3JlYXRlIjozMDAwMDAwMDAwMDB9LCJzY2hlbWFfdmVyc2lvbiI6IjIifQ==",
          "dependencies": [
            "module.vpc.aws_security_group.app",
            "module.vpc.aws_security_group.emr",
            "module.vpc.aws_vpc.etleap"
          ]
        }
      ]
    },
    {
      "module": "module.vpc",
      "mode": "managed",
      "type": "aws_security_group_rule",
      "name": "emr-ingress-emr",
      "provider": "provider[\"registry.terraform.io/hashicorp/aws\"]",
      "instances": [
        {
          "schema_version": 2,
          "attributes": {
            "cidr_blocks": null,
            "description": null,
            "from_port": 0,
            "id": "sgrule-2129432309",
            "ipv6_cidr_blocks": null,
            "prefix_list_ids": null,
            "protocol": "tcp",
            "security_group_id": "sg-09d12e2964da7c4f7",
            "security_group_rule_id": "sgr-0a773a94968ad3776",
            "self": false,
            "source_security_group_id": "sg-09d12e2964da7c4f7",
            "timeouts": null,
            "to_port": 65535,
            "type": "ingress"
          },
          "sensitive_attributes": [],
          "identity_schema_version": 0,
          "private": "eyJlMmJmYjczMC1lY2FhLTExZTYtOGY4OC0zNDM2M2JjN2M0YzAiOnsiY3JlYXRlIjozMDAwMDAwMDAwMDB9LCJzY2hlbWFfdmVyc2lvbiI6IjIifQ==",
          "dependencies": [
            "module.vpc.aws_security_group.emr",
            "module.vpc.aws_vpc.etleap"
          ]
        }
      ]
    },
    {
      "module": "module.vpc",
      "mode": "managed",
      "type": "aws_security_group_rule",
      "name": "emr-service-access-managed-ingress-9443-emr-master-managed",
      "provider": "provider[\"registry.terraform.io/hashicorp/aws\"]",
      "instances": [
        {
          "schema_version": 2,
          "attributes": {
            "cidr_blocks": null,
            "description": null,
            "from_port": 9443,
            "id": "sgrule-2885012979",
            "ipv6_cidr_blocks": null,
            "prefix_list_ids": null,
            "protocol": "tcp",
            "security_group_id": "sg-08e7327bb8afa4b5e",
            "security_group_rule_id": "sgr-0b52d9a07f8430e78",
            "self": false,
            "source_security_group_id": "sg-00b3f498e5f1b171d",
            "timeouts": null,
            "to_port": 9443,
            "type": "ingress"
          },
          "sensitive_attributes": [],
          "identity_schema_version": 0,
          "private": "eyJlMmJmYjczMC1lY2FhLTExZTYtOGY4OC0zNDM2M2JjN2M0YzAiOnsiY3JlYXRlIjozMDAwMDAwMDAwMDB9LCJzY2hlbWFfdmVyc2lvbiI6IjIifQ==",
          "dependencies": [
            "module.vpc.aws_security_group.emr-master-managed",
            "module.vpc.aws_security_group.emr-service-access-managed",
            "module.vpc.aws_vpc.etleap"
          ]
        }
      ]
    },
    {
      "module": "module.vpc",
      "mode": "managed",
      "type": "aws_security_group_rule",
      "name": "emr-service-master-managed-egress-9443-emr-access-managed",
      "provider": "provider[\"registry.terraform.io/hashicorp/aws\"]",
      "instances": [
        {
          "schema_version": 2,
          "attributes": {
            "cidr_blocks": null,
            "description": null,
            "from_port": 9443,
            "id": "sgrule-3532697012",
            "ipv6_cidr_blocks": null,
            "prefix_list_ids": null,
            "protocol": "tcp",
            "security_group_id": "sg-00b3f498e5f1b171d",
            "security_group_rule_id": "sgr-0aeb0723f3ea3c1cb",
            "self": false,
            "source_security_group_id": "sg-08e7327bb8afa4b5e",
            "timeouts": null,
            "to_port": 9443,
            "type": "egress"
          },
          "sensitive_attributes": [],
          "identity_schema_version": 0,
          "private": "eyJlMmJmYjczMC1lY2FhLTExZTYtOGY4OC0zNDM2M2JjN2M0YzAiOnsiY3JlYXRlIjozMDAwMDAwMDAwMDB9LCJzY2hlbWFfdmVyc2lvbiI6IjIifQ==",
          "dependencies": [
            "module.vpc.aws_security_group.emr-master-managed",
            "module.vpc.aws_security_group.emr-service-access-managed",
            "module.vpc.aws_vpc.etleap"
          ]
        }
      ]
    },
    {
      "module": "module.vpc",
      "mode": "managed",
      "type": "aws_security_group_rule",
      "name": "influxdb-ingress-8086-app",
      "provider": "provider[\"registry.terraform.io/hashicorp/aws\"]",
      "instances": [
        {
          "index_key": 0,
          "schema_version": 2,
          "attributes": {
            "cidr_blocks": null,
            "description": null,
            "from_port": 8086,
            "id": "sgrule-1375546130",
            "ipv6_cidr_blocks": null,
            "prefix_list_ids": null,
            "protocol": "tcp",
            "security_group_id": "sg-03f646e6afe4e9cfe",
            "security_group_rule_id": "sgr-08b52ffdfabd3d955",
            "self": false,
            "source_security_group_id": "sg-0264fb166e833a732",
            "timeouts": null,
            "to_port": 8086,
            "type": "ingress"
          },
          "sensitive_attributes": [],
          "identity_schema_version": 0,
          "private": "eyJlMmJmYjczMC1lY2FhLTExZTYtOGY4OC0zNDM2M2JjN2M0YzAiOnsiY3JlYXRlIjozMDAwMDAwMDAwMDB9LCJzY2hlbWFfdmVyc2lvbiI6IjIifQ==",
          "dependencies": [
            "module.vpc.aws_security_group.app",
            "module.vpc.aws_security_group.influxdb",
            "module.vpc.aws_vpc.etleap"
          ]
        }
      ]
    },
    {
      "module": "module.vpc",
      "mode": "managed",
      "type": "aws_security_group_rule",
      "name": "influxdb-ingress-8086-emr",
      "provider": "provider[\"registry.terraform.io/hashicorp/aws\"]",
      "instances": [
        {
          "index_key": 0,
          "schema_version": 2,
          "attributes": {
            "cidr_blocks": null,
            "description": null,
            "from_port": 8086,
            "id": "sgrule-933386262",
            "ipv6_cidr_blocks": null,
            "prefix_list_ids": null,
            "protocol": "tcp",
            "security_group_id": "sg-03f646e6afe4e9cfe",
            "security_group_rule_id": "sgr-079f309432f5e9e06",
            "self": false,
            "source_security_group_id": "sg-09d12e2964da7c4f7",
            "timeouts": null,
            "to_port": 8086,
            "type": "ingress"
          },
          "sensitive_attributes": [],
          "identity_schema_version": 0,
          "private": "eyJlMmJmYjczMC1lY2FhLTExZTYtOGY4OC0zNDM2M2JjN2M0YzAiOnsiY3JlYXRlIjozMDAwMDAwMDAwMDB9LCJzY2hlbWFfdmVyc2lvbiI6IjIifQ==",
          "dependencies": [
            "module.vpc.aws_security_group.emr",
            "module.vpc.aws_security_group.influxdb",
            "module.vpc.aws_vpc.etleap"
          ]
        }
      ]
    },
    {
      "module": "module.vpc",
      "mode": "managed",
      "type": "aws_security_group_rule",
      "name": "nat-egress",
      "provider": "provider[\"registry.terraform.io/hashicorp/aws\"]",
      "instances": [
        {
          "index_key": 0,
          "schema_version": 2,
          "attributes": {
            "cidr_blocks": [
              "0.0.0.0/0"
            ],
            "description": null,
            "from_port": 0,
            "id": "sgrule-1608355456",
            "ipv6_cidr_blocks": null,
            "prefix_list_ids": null,
            "protocol": "tcp",
            "security_group_id": "sg-0be47893ef9e46a13",
            "security_group_rule_id": "sgr-02ddb0a4e8a8970ba",
            "self": false,
            "source_security_group_id": null,
            "timeouts": null,
            "to_port": 65535,
            "type": "egress"
          },
          "sensitive_attributes": [],
          "identity_schema_version": 0,
          "private": "eyJlMmJmYjczMC1lY2FhLTExZTYtOGY4OC0zNDM2M2JjN2M0YzAiOnsiY3JlYXRlIjozMDAwMDAwMDAwMDB9LCJzY2hlbWFfdmVyc2lvbiI6IjIifQ==",
          "dependencies": [
            "module.vpc.aws_security_group.nat",
            "module.vpc.aws_vpc.etleap"
          ]
        }
      ]
    },
    {
      "module": "module.vpc",
      "mode": "managed",
      "type": "aws_security_group_rule",
      "name": "nat-ingress",
      "provider": "provider[\"registry.terraform.io/hashicorp/aws\"]",
      "instances": [
        {
          "index_key": 0,
          "schema_version": 2,
          "attributes": {
            "cidr_blocks": [
              "172.22.4.0/24",
              "172.22.5.0/24",
              "172.22.6.0/24"
            ],
            "description": null,
            "from_port": 0,
            "id": "sgrule-4060999087",
            "ipv6_cidr_blocks": null,
            "prefix_list_ids": null,
            "protocol": "tcp",
            "security_group_id": "sg-0be47893ef9e46a13",
            "security_group_rule_id": "",
            "self": false,
            "source_security_group_id": null,
            "timeouts": null,
            "to_port": 65535,
            "type": "ingress"
          },
          "sensitive_attributes": [],
          "identity_schema_version": 0,
          "private": "eyJlMmJmYjczMC1lY2FhLTExZTYtOGY4OC0zNDM2M2JjN2M0YzAiOnsiY3JlYXRlIjozMDAwMDAwMDAwMDB9LCJzY2hlbWFfdmVyc2lvbiI6IjIifQ==",
          "dependencies": [
            "module.vpc.aws_security_group.nat",
            "module.vpc.aws_subnet.a_private",
            "module.vpc.aws_subnet.b_private",
            "module.vpc.aws_subnet.c_private",
            "module.vpc.aws_vpc.etleap",
            "module.vpc.data.aws_region.current"
          ]
        }
      ]
    },
    {
      "module": "module.vpc",
      "mode": "managed",
      "type": "aws_security_group_rule",
      "name": "zookeeper-egress-2888-zookeeper",
      "provider": "provider[\"registry.terraform.io/hashicorp/aws\"]",
      "instances": [
        {
          "schema_version": 2,
          "attributes": {
            "cidr_blocks": null,
            "description": null,
            "from_port": 2888,
            "id": "sgrule-2135813692",
            "ipv6_cidr_blocks": null,
            "prefix_list_ids": null,
            "protocol": "tcp",
            "security_group_id": "sg-0e2357864c06db9c1",
            "security_group_rule_id": "sgr-03331b3633b8d7baf",
            "self": false,
            "source_security_group_id": "sg-0e2357864c06db9c1",
            "timeouts": null,
            "to_port": 2888,
            "type": "egress"
          },
          "sensitive_attributes": [],
          "identity_schema_version": 0,
          "private": "eyJlMmJmYjczMC1lY2FhLTExZTYtOGY4OC0zNDM2M2JjN2M0YzAiOnsiY3JlYXRlIjozMDAwMDAwMDAwMDB9LCJzY2hlbWFfdmVyc2lvbiI6IjIifQ==",
          "dependencies": [
            "module.vpc.aws_security_group.zookeeper",
            "module.vpc.aws_vpc.etleap"
          ]
        }
      ]
    },
    {
      "module": "module.vpc",
      "mode": "managed",
      "type": "aws_security_group_rule",
      "name": "zookeeper-egress-3888-zookeeper",
      "provider": "provider[\"registry.terraform.io/hashicorp/aws\"]",
      "instances": [
        {
          "schema_version": 2,
          "attributes": {
            "cidr_blocks": null,
            "description": null,
            "from_port": 3888,
            "id": "sgrule-3050759461",
            "ipv6_cidr_blocks": null,
            "prefix_list_ids": null,
            "protocol": "tcp",
            "security_group_id": "sg-0e2357864c06db9c1",
            "security_group_rule_id": "sgr-037e6fc1228a3da27",
            "self": false,
            "source_security_group_id": "sg-0e2357864c06db9c1",
            "timeouts": null,
            "to_port": 3888,
            "type": "egress"
          },
          "sensitive_attributes": [],
          "identity_schema_version": 0,
          "private": "eyJlMmJmYjczMC1lY2FhLTExZTYtOGY4OC0zNDM2M2JjN2M0YzAiOnsiY3JlYXRlIjozMDAwMDAwMDAwMDB9LCJzY2hlbWFfdmVyc2lvbiI6IjIifQ==",
          "dependencies": [
            "module.vpc.aws_security_group.zookeeper",
            "module.vpc.aws_vpc.etleap"
          ]
        }
      ]
    },
    {
      "module": "module.vpc",
      "mode": "managed",
      "type": "aws_security_group_rule",
      "name": "zookeeper-egress-443",
      "provider": "provider[\"registry.terraform.io/hashicorp/aws\"]",
      "instances": [
        {
          "schema_version": 2,
          "attributes": {
            "cidr_blocks": [
              "0.0.0.0/0"
            ],
            "description": null,
            "from_port": 443,
            "id": "sgrule-143771187",
            "ipv6_cidr_blocks": null,
            "prefix_list_ids": null,
            "protocol": "tcp",
            "security_group_id": "sg-0e2357864c06db9c1",
            "security_group_rule_id": "sgr-0e46f713099ebf736",
            "self": false,
            "source_security_group_id": null,
            "timeouts": null,
            "to_port": 443,
            "type": "egress"
          },
          "sensitive_attributes": [],
          "identity_schema_version": 0,
          "private": "eyJlMmJmYjczMC1lY2FhLTExZTYtOGY4OC0zNDM2M2JjN2M0YzAiOnsiY3JlYXRlIjozMDAwMDAwMDAwMDB9LCJzY2hlbWFfdmVyc2lvbiI6IjIifQ==",
          "dependencies": [
            "module.vpc.aws_security_group.zookeeper",
            "module.vpc.aws_vpc.etleap"
          ]
        }
      ]
    },
    {
      "module": "module.vpc",
      "mode": "managed",
      "type": "aws_security_group_rule",
      "name": "zookeeper-egress-80",
      "provider": "provider[\"registry.terraform.io/hashicorp/aws\"]",
      "instances": [
        {
          "schema_version": 2,
          "attributes": {
            "cidr_blocks": [
              "0.0.0.0/0"
            ],
            "description": null,
            "from_port": 80,
            "id": "sgrule-1781231351",
            "ipv6_cidr_blocks": null,
            "prefix_list_ids": null,
            "protocol": "tcp",
            "security_group_id": "sg-0e2357864c06db9c1",
            "security_group_rule_id": "sgr-02920a724a84110c1",
            "self": false,
            "source_security_group_id": null,
            "timeouts": null,
            "to_port": 80,
            "type": "egress"
          },
          "sensitive_attributes": [],
          "identity_schema_version": 0,
          "private": "eyJlMmJmYjczMC1lY2FhLTExZTYtOGY4OC0zNDM2M2JjN2M0YzAiOnsiY3JlYXRlIjozMDAwMDAwMDAwMDB9LCJzY2hlbWFfdmVyc2lvbiI6IjIifQ==",
          "dependencies": [
            "module.vpc.aws_security_group.zookeeper",
            "module.vpc.aws_vpc.etleap"
          ]
        }
      ]
    },
    {
      "module": "module.vpc",
      "mode": "managed",
      "type": "aws_security_group_rule",
      "name": "zookeeper-ingress-2181-app",
      "provider": "provider[\"registry.terraform.io/hashicorp/aws\"]",
      "instances": [
        {
          "schema_version": 2,
          "attributes": {
            "cidr_blocks": null,
            "description": null,
            "from_port": 2181,
            "id": "sgrule-1218072463",
            "ipv6_cidr_blocks": null,
            "prefix_list_ids": null,
            "protocol": "tcp",
            "security_group_id": "sg-0e2357864c06db9c1",
            "security_group_rule_id": "sgr-0b41ef58aa43cc738",
            "self": false,
            "source_security_group_id": "sg-0264fb166e833a732",
            "timeouts": null,
            "to_port": 2181,
            "type": "ingress"
          },
          "sensitive_attributes": [],
          "identity_schema_version": 0,
          "private": "eyJlMmJmYjczMC1lY2FhLTExZTYtOGY4OC0zNDM2M2JjN2M0YzAiOnsiY3JlYXRlIjozMDAwMDAwMDAwMDB9LCJzY2hlbWFfdmVyc2lvbiI6IjIifQ==",
          "dependencies": [
            "module.vpc.aws_security_group.app",
            "module.vpc.aws_security_group.zookeeper",
            "module.vpc.aws_vpc.etleap"
          ]
        }
      ]
    },
    {
      "module": "module.vpc",
      "mode": "managed",
      "type": "aws_security_group_rule",
      "name": "zookeeper-ingress-2181-emr",
      "provider": "provider[\"registry.terraform.io/hashicorp/aws\"]",
      "instances": [
        {
          "schema_version": 2,
          "attributes": {
            "cidr_blocks": null,
            "description": null,
            "from_port": 2181,
            "id": "sgrule-784678027",
            "ipv6_cidr_blocks": null,
            "prefix_list_ids": null,
            "protocol": "tcp",
            "security_group_id": "sg-0e2357864c06db9c1",
            "security_group_rule_id": "sgr-06bdf10b3d910c1e1",
            "self": false,
            "source_security_group_id": "sg-09d12e2964da7c4f7",
            "timeouts": null,
            "to_port": 2181,
            "type": "ingress"
          },
          "sensitive_attributes": [],
          "identity_schema_version": 0,
          "private": "eyJlMmJmYjczMC1lY2FhLTExZTYtOGY4OC0zNDM2M2JjN2M0YzAiOnsiY3JlYXRlIjozMDAwMDAwMDAwMDB9LCJzY2hlbWFfdmVyc2lvbiI6IjIifQ==",
          "dependencies": [
            "module.vpc.aws_security_group.emr",
            "module.vpc.aws_security_group.zookeeper",
            "module.vpc.aws_vpc.etleap"
          ]
        }
      ]
    },
    {
      "module": "module.vpc",
      "mode": "managed",
      "type": "aws_security_group_rule",
      "name": "zookeeper-ingress-22",
      "provider": "provider[\"registry.terraform.io/hashicorp/aws\"]",
      "instances": [
        {
          "schema_version": 2,
          "attributes": {
            "cidr_blocks": [
              "0.0.0.0/0"
            ],
            "description": null,
            "from_port": 22,
            "id": "sgrule-389755440",
            "ipv6_cidr_blocks": null,
            "prefix_list_ids": null,
            "protocol": "tcp",
            "security_group_id": "sg-0e2357864c06db9c1",
            "security_group_rule_id": "sgr-08f383a1b0b3e439b",
            "self": false,
            "source_security_group_id": null,
            "timeouts": null,
            "to_port": 22,
            "type": "ingress"
          },
          "sensitive_attributes": [],
          "identity_schema_version": 0,
          "private": "eyJlMmJmYjczMC1lY2FhLTExZTYtOGY4OC0zNDM2M2JjN2M0YzAiOnsiY3JlYXRlIjozMDAwMDAwMDAwMDB9LCJzY2hlbWFfdmVyc2lvbiI6IjIifQ==",
          "dependencies": [
            "module.vpc.aws_security_group.zookeeper",
            "module.vpc.aws_vpc.etleap"
          ]
        }
      ]
    },
    {
      "module": "module.vpc",
      "mode": "managed",
      "type": "aws_security_group_rule",
      "name": "zookeeper-ingress-2888-zookeeper",
      "provider": "provider[\"registry.terraform.io/hashicorp/aws\"]",
      "instances": [
        {
          "schema_version": 2,
          "attributes": {
            "cidr_blocks": null,
            "description": null,
            "from_port": 2888,
            "id": "sgrule-2955705615",
            "ipv6_cidr_blocks": null,
            "prefix_list_ids": null,
            "protocol": "tcp",
            "security_group_id": "sg-0e2357864c06db9c1",
            "security_group_rule_id": "sgr-07be23f5b5494e1f5",
            "self": false,
            "source_security_group_id": "sg-0e2357864c06db9c1",
            "timeouts": null,
            "to_port": 2888,
            "type": "ingress"
          },
          "sensitive_attributes": [],
          "identity_schema_version": 0,
          "private": "eyJlMmJmYjczMC1lY2FhLTExZTYtOGY4OC0zNDM2M2JjN2M0YzAiOnsiY3JlYXRlIjozMDAwMDAwMDAwMDB9LCJzY2hlbWFfdmVyc2lvbiI6IjIifQ==",
          "dependencies": [
            "module.vpc.aws_security_group.zookeeper",
            "module.vpc.aws_vpc.etleap"
          ]
        }
      ]
    },
    {
      "module": "module.vpc",
      "mode": "managed",
      "type": "aws_security_group_rule",
      "name": "zookeeper-ingress-3888-zookeeper",
      "provider": "provider[\"registry.terraform.io/hashicorp/aws\"]",
      "instances": [
        {
          "schema_version": 2,
          "attributes": {
            "cidr_blocks": null,
            "description": null,
            "from_port": 3888,
            "id": "sgrule-3566030532",
            "ipv6_cidr_blocks": null,
            "prefix_list_ids": null,
            "protocol": "tcp",
            "security_group_id": "sg-0e2357864c06db9c1",
            "security_group_rule_id": "sgr-079997b24e3a9bccb",
            "self": false,
            "source_security_group_id": "sg-0e2357864c06db9c1",
            "timeouts": null,
            "to_port": 3888,
            "type": "ingress"
          },
          "sensitive_attributes": [],
          "identity_schema_version": 0,
          "private": "eyJlMmJmYjczMC1lY2FhLTExZTYtOGY4OC0zNDM2M2JjN2M0YzAiOnsiY3JlYXRlIjozMDAwMDAwMDAwMDB9LCJzY2hlbWFfdmVyc2lvbiI6IjIifQ==",
          "dependencies": [
            "module.vpc.aws_security_group.zookeeper",
            "module.vpc.aws_vpc.etleap"
          ]
        }
      ]
    },
    {
      "module": "module.vpc",
      "mode": "managed",
      "type": "aws_ssm_document",
      "name": "portforward_db",
      "provider": "provider[\"registry.terraform.io/hashicorp/aws\"]",
      "instances": [
        {
          "index_key": 0,
          "schema_version": 0,
          "attributes": {
            "arn": "arn:aws:ssm:us-east-1:209479308486:document/PortForwardingDB-test2",
            "attachments_source": [],
            "content": "  {\n    \"schemaVersion\": \"1.0\",\n    \"description\": \"Document to start port forwarding session to DB over Session Manager restricted to 3306\",\n    \"sessionType\": \"Port\",\n    \"parameters\": {\n      \"portNumber\": {\n        \"type\": \"String\",\n        \"description\": \"(Optional) Port number of the server on the instance\",\n        \"allowedPattern\": \"^3306$\",\n        \"default\": \"3306\"\n      },\n      \"localPortNumber\": {\n        \"type\": \"String\",\n        \"description\": \"(Optional) Port number on local machine to forward traffic to. An open port is chosen at run-time if not provided\",\n        \"allowedPattern\": \"^([0-9]|[1-9][0-9]{1,3}|[1-5][0-9]{4}|6[0-4][0-9]{3}|65[0-4][0-9]{2}|655[0-2][0-9]|6553[0-5])$\",\n        \"default\": \"0\"\n      },\n      \"host\": {\n        \"type\": \"String\",\n        \"description\": \"(Optional) Hostname or IP address of the destination server\",\n        \"allowedPattern\": \"^[^,$^\u0026\\\\(\\\\)!;'\\\"\u003c\u003e\\\\`{}\\\\[\\\\]\\\\|#=]{3,}$\",\n        \"default\": \"localhost\"\n      }\n    },\n    \"properties\": {\n      \"portNumber\": \"{{ portNumber }}\",\n      \"type\": \"LocalPortForwarding\",\n      \"localPortNumber\": \"{{ localPortNumber }}\",\n      \"host\": \"{{ host }}\"\n    }\n  }\n",
            "created_date": "2026-06-16T13:54:26Z",
            "default_version": "1",
            "description": "",
            "document_format": "JSON",
            "document_type": "Session",
            "document_version": "1",
            "hash": "db4d2169def58e4b674850b12929027d1116309fadcdee973779f9f208a30cb7",
            "hash_type": "Sha256",
            "id": "PortForwardingDB-test2",
            "latest_version": "1",
            "name": "PortForwardingDB-test2",
            "owner": "209479308486",
            "parameter": [
              {
                "default_value": "3306",
                "description": "(Optional) Port number of the server on the instance",
                "name": "portNumber",
                "type": "String"
              },
              {
                "default_value": "0",
                "description": "(Optional) Port number on local machine to forward traffic to. An open port is chosen at run-time if not provided",
                "name": "localPortNumber",
                "type": "String"
              },
              {
                "default_value": "localhost",
                "description": "(Optional) Hostname or IP address of the destination server",
                "name": "host",
                "type": "String"
              }
            ],
            "permissions": {},
            "platform_types": [
              "Windows",
              "Linux",
              "MacOS"
            ],
            "schema_version": "1.0",
            "status": "Active",
            "tags": {
              "Deployment": "test2",
              "Environment": "sandbox",
              "Operator": "Benedict.Chan"
            },
            "tags_all": {
              "Deployment": "test2",
              "Environment": "sandbox",
              "Operator": "Benedict.Chan"
            },
            "target_type": "",
            "version_name": ""
          },
          "sensitive_attributes": [],
          "identity_schema_version": 0,
          "private": "bnVsbA=="
        }
      ]
    },
    {
      "module": "module.vpc",
      "mode": "managed",
      "type": "aws_ssm_document",
      "name": "portforward_socks",
      "provider": "provider[\"registry.terraform.io/hashicorp/aws\"]",
      "instances": [
        {
          "index_key": 0,
          "schema_version": 0,
          "attributes": {
            "arn": "arn:aws:ssm:us-east-1:209479308486:document/PortForwardingSocks-test2",
            "attachments_source": [],
            "content": "  {\n    \"schemaVersion\": \"1.0\",\n    \"description\": \"Document to start port forwarding session over Session Manager restricted to 1080\",\n    \"sessionType\": \"Port\",\n    \"parameters\": {\n      \"portNumber\": {\n        \"type\": \"String\",\n        \"description\": \"(Optional) Port number of the server on the instance\",\n        \"allowedPattern\": \"^1080$\",\n        \"default\": \"1080\"\n      },\n      \"localPortNumber\": {\n        \"type\": \"String\",\n        \"description\": \"(Optional) Port number on local machine to forward traffic to. An open port is chosen at run-time if not provided\",\n        \"allowedPattern\": \"^([0-9]|[1-9][0-9]{1,3}|[1-5][0-9]{4}|6[0-4][0-9]{3}|65[0-4][0-9]{2}|655[0-2][0-9]|6553[0-5])$\",\n        \"default\": \"0\"\n      }\n    },\n    \"properties\": {\n      \"portNumber\": \"{{ portNumber }}\",\n      \"type\": \"LocalPortForwarding\",\n      \"localPortNumber\": \"{{ localPortNumber }}\"\n    }\n  }\n",
            "created_date": "2026-06-16T13:54:26Z",
            "default_version": "1",
            "description": "",
            "document_format": "JSON",
            "document_type": "Session",
            "document_version": "1",
            "hash": "5bb0050bce8f0d54b3157d5d86025dd7165cd010a6d748f0f7a7fc1f46f06a15",
            "hash_type": "Sha256",
            "id": "PortForwardingSocks-test2",
            "latest_version": "1",
            "name": "PortForwardingSocks-test2",
            "owner": "209479308486",
            "parameter": [
              {
                "default_value": "1080",
                "description": "(Optional) Port number of the server on the instance",
                "name": "portNumber",
                "type": "String"
              },
              {
                "default_value": "0",
                "description": "(Optional) Port number on local machine to forward traffic to. An open port is chosen at run-time if not provided",
                "name": "localPortNumber",
                "type": "String"
              }
            ],
            "permissions": {},
            "platform_types": [
              "Windows",
              "Linux",
              "MacOS"
            ],
            "schema_version": "1.0",
            "status": "Active",
            "tags": {
              "Deployment": "test2",
              "Environment": "sandbox",
              "Operator": "Benedict.Chan"
            },
            "tags_all": {
              "Deployment": "test2",
              "Environment": "sandbox",
              "Operator": "Benedict.Chan"
            },
            "target_type": "",
            "version_name": ""
          },
          "sensitive_attributes": [],
          "identity_schema_version": 0,
          "private": "bnVsbA=="
        }
      ]
    },
    {
      "module": "module.vpc",
      "mode": "managed",
      "type": "aws_ssm_parameter",
      "name": "app_hostname",
      "provider": "provider[\"registry.terraform.io/hashicorp/aws\"]",
      "instances": [
        {
          "schema_version": 0,
          "attributes": {
            "allowed_pattern": "",
            "arn": "arn:aws:ssm:us-east-1:209479308486:parameter/etleap/test2/app_hostname",
            "data_type": "text",
            "description": "Etleap test2 - App Hostname",
            "has_value_wo": null,
            "id": "/etleap/test2/app_hostname",
            "insecure_value": null,
            "key_id": "",
            "name": "/etleap/test2/app_hostname",
            "overwrite": null,
            "tags": {
              "Deployment": "test2",
              "Environment": "sandbox",
              "Operator": "Benedict.Chan"
            },
            "tags_all": {
              "Deployment": "test2",
              "Environment": "sandbox",
              "Operator": "Benedict.Chan"
            },
            "tier": "Standard",
            "type": "String",
            "value": "etleap20260616135442225500000027-1671959891.us-east-1.elb.amazonaws.com",
            "value_wo": null,
            "value_wo_version": null,
            "version": 1
          },
          "sensitive_attributes": [
            [
              {
                "type": "get_attr",
                "value": "value"
              }
            ],
            [
              {
                "type": "get_attr",
                "value": "value_wo"
              }
            ]
          ],
          "identity_schema_version": 0,
          "private": "bnVsbA==",
          "dependencies": [
            "aws_key_pair.ssh",
            "module.vpc.aws_cognito_identity_pool.etleap_azure_identity_pool",
            "module.vpc.aws_db_instance.db",
            "module.vpc.aws_db_parameter_group.mysql8-4-etleap",
            "module.vpc.aws_db_subnet_group.db",
            "module.vpc.aws_dms_replication_instance.dms",
            "module.vpc.aws_dms_replication_subnet_group.dms",
            "module.vpc.aws_dynamodb_table.activity-log",
            "module.vpc.aws_emr_cluster.emr",
            "module.vpc.aws_emr_security_configuration.emrfs_sse_kms",
            "module.vpc.aws_glue_catalog_database.iceberg_system_tables_db",
            "module.vpc.aws_iam_instance_profile.emr_profile",
            "module.vpc.aws_iam_role.app",
            "module.vpc.aws_iam_role.dms",
            "module.vpc.aws_iam_role.emr",
            "module.vpc.aws_iam_role.emr_default_role",
            "module.vpc.aws_iam_role.intermediate",
            "module.vpc.aws_instance.nat",
            "module.vpc.aws_kms_key.etleap_emr_ebs_encryption_key",
            "module.vpc.aws_kms_key.etleap_encryption_key",
            "module.vpc.aws_lb.app",
            "module.vpc.aws_network_interface.zookeeper",
            "module.vpc.aws_s3_bucket.intermediate",
            "module.vpc.aws_s3_object.customer_post_install_script",
            "module.vpc.aws_secretsmanager_secret.influx_db_api_token",
            "module.vpc.aws_security_group.app",
            "module.vpc.aws_security_group.db",
            "module.vpc.aws_security_group.dms",
            "module.vpc.aws_security_group.emr",
            "module.vpc.aws_security_group.emr-master-managed",
            "module.vpc.aws_security_group.emr-service-access-managed",
            "module.vpc.aws_security_group.emr-slave-managed",
            "module.vpc.aws_security_group.influxdb",
            "module.vpc.aws_security_group.nat",
            "module.vpc.aws_security_group.zookeeper",
            "module.vpc.aws_ssm_parameter.emr_cluster_id",
            "module.vpc.aws_subnet.a_private",
            "module.vpc.aws_subnet.a_public",
            "module.vpc.aws_subnet.b_private",
            "module.vpc.aws_subnet.b_public",
            "module.vpc.aws_subnet.c_private",
            "module.vpc.aws_timestreaminfluxdb_db_instance.influx_db",
            "module.vpc.aws_vpc.etleap",
            "module.vpc.data.aws_ami.nat",
            "module.vpc.data.aws_caller_identity.current",
            "module.vpc.data.aws_iam_policy_document.dms_assume_role",
            "module.vpc.data.aws_region.current",
            "module.vpc.data.aws_secretsmanager_secret_version.influx_db_password",
            "module.vpc.module.admin_password.aws_secretsmanager_secret.secret",
            "module.vpc.module.db_password.aws_secretsmanager_secret.secret",
            "module.vpc.module.db_root_password.aws_secretsmanager_secret.secret",
            "module.vpc.module.db_root_password.aws_secretsmanager_secret_version.secret",
            "module.vpc.module.db_root_password.random_password.secret_value",
            "module.vpc.module.db_support_password.aws_secretsmanager_secret.secret",
            "module.vpc.module.deployment_secret.aws_secretsmanager_secret.secret",
            "module.vpc.module.elva.aws_iam_user.elva",
            "module.vpc.module.elva.aws_lb.elva",
            "module.vpc.module.elva.aws_security_group.elva-elb",
            "module.vpc.module.inbound_queue.aws_sns_topic.etleap-inbound",
            "module.vpc.module.inbound_queue.aws_sqs_queue.etleap-inbound",
            "module.vpc.module.inbound_queue.aws_sqs_queue.etleap-inbound-dlq",
            "module.vpc.module.influx_db_password.aws_secretsmanager_secret.secret",
            "module.vpc.module.influx_db_password.aws_secretsmanager_secret_version.secret",
            "module.vpc.module.influx_db_password.random_password.secret_value",
            "module.vpc.module.setup_password.aws_secretsmanager_secret.secret",
            "module.vpc.module.setup_password.aws_secretsmanager_secret_version.secret",
            "module.vpc.module.setup_password.random_password.secret_value",
            "module.vpc.null_resource.are_influx_db_hostname_and_password_valid",
            "module.vpc.null_resource.emr_configuration_change",
            "module.vpc.random_id.deployment_random"
          ]
        }
      ]
    },
    {
      "module": "module.vpc",
      "mode": "managed",
      "type": "aws_ssm_parameter",
      "name": "app_private_ip",
      "provider": "provider[\"registry.terraform.io/hashicorp/aws\"]",
      "instances": [
        {
          "schema_version": 0,
          "attributes": {
            "allowed_pattern": "",
            "arn": "arn:aws:ssm:us-east-1:209479308486:parameter/etleap/test2/app_private_ip",
            "data_type": "text",
            "description": "Etleap test2 - App Main Private IP",
            "has_value_wo": null,
            "id": "/etleap/test2/app_private_ip",
            "insecure_value": null,
            "key_id": "",
            "name": "/etleap/test2/app_private_ip",
            "overwrite": null,
            "tags": {
              "Deployment": "test2",
              "Environment": "sandbox",
              "Operator": "Benedict.Chan"
            },
            "tags_all": {
              "Deployment": "test2",
              "Environment": "sandbox",
              "Operator": "Benedict.Chan"
            },
            "tier": "Standard",
            "type": "String",
            "value": "172.22.5.133",
            "value_wo": null,
            "value_wo_version": null,
            "version": 1
          },
          "sensitive_attributes": [
            [
              {
                "type": "get_attr",
                "value": "value"
              }
            ],
            [
              {
                "type": "get_attr",
                "value": "value_wo"
              }
            ]
          ],
          "identity_schema_version": 0,
          "private": "bnVsbA==",
          "dependencies": [
            "module.vpc.aws_network_interface.main_app",
            "module.vpc.aws_security_group.app",
            "module.vpc.aws_subnet.b_private",
            "module.vpc.aws_vpc.etleap",
            "module.vpc.data.aws_region.current"
          ]
        }
      ]
    },
    {
      "module": "module.vpc",
      "mode": "managed",
      "type": "aws_ssm_parameter",
      "name": "emr_cluster_id",
      "provider": "provider[\"registry.terraform.io/hashicorp/aws\"]",
      "instances": [
        {
          "schema_version": 0,
          "attributes": {
            "allowed_pattern": "",
            "arn": "arn:aws:ssm:us-east-1:209479308486:parameter/etleap/test2/emr_cluster_id",
            "data_type": "text",
            "description": "The ID of the current active EMR cluster",
            "has_value_wo": null,
            "id": "/etleap/test2/emr_cluster_id",
            "insecure_value": null,
            "key_id": "",
            "name": "/etleap/test2/emr_cluster_id",
            "overwrite": null,
            "tags": {
              "Deployment": "test2",
              "Environment": "sandbox",
              "Operator": "Benedict.Chan"
            },
            "tags_all": {
              "Deployment": "test2",
              "Environment": "sandbox",
              "Operator": "Benedict.Chan"
            },
            "tier": "Standard",
            "type": "String",
            "value": "j-3CLUJTEOO7MIB",
            "value_wo": null,
            "value_wo_version": null,
            "version": 17
          },
          "sensitive_attributes": [
            [
              {
                "type": "get_attr",
                "value": "value"
              }
            ],
            [
              {
                "type": "get_attr",
                "value": "value_wo"
              }
            ]
          ],
          "identity_schema_version": 0,
          "private": "bnVsbA==",
          "dependencies": [
            "aws_key_pair.ssh",
            "module.vpc.aws_emr_cluster.emr",
            "module.vpc.aws_emr_security_configuration.emrfs_sse_kms",
            "module.vpc.aws_iam_instance_profile.emr_profile",
            "module.vpc.aws_iam_role.emr",
            "module.vpc.aws_iam_role.emr_default_role",
            "module.vpc.aws_instance.nat",
            "module.vpc.aws_kms_key.etleap_emr_ebs_encryption_key",
            "module.vpc.aws_network_interface.zookeeper",
            "module.vpc.aws_s3_bucket.intermediate",
            "module.vpc.aws_s3_object.customer_post_install_script",
            "module.vpc.aws_security_group.emr",
            "module.vpc.aws_security_group.emr-master-managed",
            "module.vpc.aws_security_group.emr-service-access-managed",
            "module.vpc.aws_security_group.emr-slave-managed",
            "module.vpc.aws_security_group.nat",
            "module.vpc.aws_security_group.zookeeper",
            "module.vpc.aws_subnet.a_private",
            "module.vpc.aws_subnet.b_private",
            "module.vpc.aws_subnet.b_public",
            "module.vpc.aws_subnet.c_private",
            "module.vpc.aws_vpc.etleap",
            "module.vpc.data.aws_ami.nat",
            "module.vpc.data.aws_caller_identity.current",
            "module.vpc.data.aws_region.current",
            "module.vpc.null_resource.emr_configuration_change",
            "module.vpc.random_id.deployment_random"
          ]
        }
      ]
    },
    {
      "module": "module.vpc",
      "mode": "managed",
      "type": "aws_ssm_parameter",
      "name": "emr_public_dns",
      "provider": "provider[\"registry.terraform.io/hashicorp/aws\"]",
      "instances": [
        {
          "schema_version": 0,
          "attributes": {
            "allowed_pattern": "",
            "arn": "arn:aws:ssm:us-east-1:209479308486:parameter/etleap/test2/emr_cluster_dns",
            "data_type": "text",
            "description": "Etleap test2 - EMR public DNS",
            "has_value_wo": null,
            "id": "/etleap/test2/emr_cluster_dns",
            "insecure_value": null,
            "key_id": "",
            "name": "/etleap/test2/emr_cluster_dns",
            "overwrite": null,
            "tags": {
              "Deployment": "test2",
              "Environment": "sandbox",
              "Operator": "Benedict.Chan"
            },
            "tags_all": {
              "Deployment": "test2",
              "Environment": "sandbox",
              "Operator": "Benedict.Chan"
            },
            "tier": "Standard",
            "type": "String",
            "value": "ip-172-22-5-61.ec2.internal",
            "value_wo": null,
            "value_wo_version": null,
            "version": 17
          },
          "sensitive_attributes": [
            [
              {
                "type": "get_attr",
                "value": "value"
              }
            ],
            [
              {
                "type": "get_attr",
                "value": "value_wo"
              }
            ]
          ],
          "identity_schema_version": 0,
          "private": "bnVsbA==",
          "dependencies": [
            "aws_key_pair.ssh",
            "module.vpc.aws_cognito_identity_pool.etleap_azure_identity_pool",
            "module.vpc.aws_db_instance.db",
            "module.vpc.aws_db_parameter_group.mysql8-4-etleap",
            "module.vpc.aws_db_subnet_group.db",
            "module.vpc.aws_dms_replication_instance.dms",
            "module.vpc.aws_dms_replication_subnet_group.dms",
            "module.vpc.aws_dynamodb_table.activity-log",
            "module.vpc.aws_emr_cluster.emr",
            "module.vpc.aws_emr_security_configuration.emrfs_sse_kms",
            "module.vpc.aws_glue_catalog_database.iceberg_system_tables_db",
            "module.vpc.aws_iam_instance_profile.emr_profile",
            "module.vpc.aws_iam_role.app",
            "module.vpc.aws_iam_role.dms",
            "module.vpc.aws_iam_role.emr",
            "module.vpc.aws_iam_role.emr_default_role",
            "module.vpc.aws_iam_role.intermediate",
            "module.vpc.aws_instance.nat",
            "module.vpc.aws_kms_key.etleap_emr_ebs_encryption_key",
            "module.vpc.aws_kms_key.etleap_encryption_key",
            "module.vpc.aws_lb.app",
            "module.vpc.aws_network_interface.zookeeper",
            "module.vpc.aws_s3_bucket.intermediate",
            "module.vpc.aws_s3_object.customer_post_install_script",
            "module.vpc.aws_secretsmanager_secret.influx_db_api_token",
            "module.vpc.aws_security_group.app",
            "module.vpc.aws_security_group.db",
            "module.vpc.aws_security_group.dms",
            "module.vpc.aws_security_group.emr",
            "module.vpc.aws_security_group.emr-master-managed",
            "module.vpc.aws_security_group.emr-service-access-managed",
            "module.vpc.aws_security_group.emr-slave-managed",
            "module.vpc.aws_security_group.influxdb",
            "module.vpc.aws_security_group.nat",
            "module.vpc.aws_security_group.zookeeper",
            "module.vpc.aws_ssm_parameter.emr_cluster_id",
            "module.vpc.aws_subnet.a_private",
            "module.vpc.aws_subnet.a_public",
            "module.vpc.aws_subnet.b_private",
            "module.vpc.aws_subnet.b_public",
            "module.vpc.aws_subnet.c_private",
            "module.vpc.aws_timestreaminfluxdb_db_instance.influx_db",
            "module.vpc.aws_vpc.etleap",
            "module.vpc.data.aws_ami.nat",
            "module.vpc.data.aws_caller_identity.current",
            "module.vpc.data.aws_iam_policy_document.dms_assume_role",
            "module.vpc.data.aws_region.current",
            "module.vpc.data.aws_secretsmanager_secret_version.influx_db_password",
            "module.vpc.module.admin_password.aws_secretsmanager_secret.secret",
            "module.vpc.module.db_password.aws_secretsmanager_secret.secret",
            "module.vpc.module.db_root_password.aws_secretsmanager_secret.secret",
            "module.vpc.module.db_root_password.aws_secretsmanager_secret_version.secret",
            "module.vpc.module.db_root_password.random_password.secret_value",
            "module.vpc.module.db_support_password.aws_secretsmanager_secret.secret",
            "module.vpc.module.deployment_secret.aws_secretsmanager_secret.secret",
            "module.vpc.module.elva.aws_iam_user.elva",
            "module.vpc.module.elva.aws_lb.elva",
            "module.vpc.module.elva.aws_security_group.elva-elb",
            "module.vpc.module.inbound_queue.aws_sns_topic.etleap-inbound",
            "module.vpc.module.inbound_queue.aws_sqs_queue.etleap-inbound",
            "module.vpc.module.inbound_queue.aws_sqs_queue.etleap-inbound-dlq",
            "module.vpc.module.influx_db_password.aws_secretsmanager_secret.secret",
            "module.vpc.module.influx_db_password.aws_secretsmanager_secret_version.secret",
            "module.vpc.module.influx_db_password.random_password.secret_value",
            "module.vpc.module.setup_password.aws_secretsmanager_secret.secret",
            "module.vpc.module.setup_password.aws_secretsmanager_secret_version.secret",
            "module.vpc.module.setup_password.random_password.secret_value",
            "module.vpc.null_resource.are_influx_db_hostname_and_password_valid",
            "module.vpc.null_resource.emr_configuration_change",
            "module.vpc.random_id.deployment_random"
          ]
        }
      ]
    },
    {
      "module": "module.vpc",
      "mode": "managed",
      "type": "aws_ssm_parameter",
      "name": "rds_hostname",
      "provider": "provider[\"registry.terraform.io/hashicorp/aws\"]",
      "instances": [
        {
          "schema_version": 0,
          "attributes": {
            "allowed_pattern": "",
            "arn": "arn:aws:ssm:us-east-1:209479308486:parameter/etleap/test2/rds_hostname",
            "data_type": "text",
            "description": "Etleap test2 - RDS Hostname",
            "has_value_wo": null,
            "id": "/etleap/test2/rds_hostname",
            "insecure_value": null,
            "key_id": "",
            "name": "/etleap/test2/rds_hostname",
            "overwrite": null,
            "tags": {
              "Deployment": "test2",
              "Environment": "sandbox",
              "Operator": "Benedict.Chan"
            },
            "tags_all": {
              "Deployment": "test2",
              "Environment": "sandbox",
              "Operator": "Benedict.Chan"
            },
            "tier": "Standard",
            "type": "String",
            "value": "etleap2026061613544353550000002b.cnkqgwcku4dc.us-east-1.rds.amazonaws.com",
            "value_wo": null,
            "value_wo_version": null,
            "version": 1
          },
          "sensitive_attributes": [
            [
              {
                "type": "get_attr",
                "value": "value"
              }
            ],
            [
              {
                "type": "get_attr",
                "value": "value_wo"
              }
            ]
          ],
          "identity_schema_version": 0,
          "private": "bnVsbA==",
          "dependencies": [
            "aws_key_pair.ssh",
            "module.vpc.aws_cognito_identity_pool.etleap_azure_identity_pool",
            "module.vpc.aws_db_instance.db",
            "module.vpc.aws_db_parameter_group.mysql8-4-etleap",
            "module.vpc.aws_db_subnet_group.db",
            "module.vpc.aws_dms_replication_instance.dms",
            "module.vpc.aws_dms_replication_subnet_group.dms",
            "module.vpc.aws_dynamodb_table.activity-log",
            "module.vpc.aws_emr_cluster.emr",
            "module.vpc.aws_emr_security_configuration.emrfs_sse_kms",
            "module.vpc.aws_glue_catalog_database.iceberg_system_tables_db",
            "module.vpc.aws_iam_instance_profile.emr_profile",
            "module.vpc.aws_iam_role.app",
            "module.vpc.aws_iam_role.dms",
            "module.vpc.aws_iam_role.emr",
            "module.vpc.aws_iam_role.emr_default_role",
            "module.vpc.aws_iam_role.intermediate",
            "module.vpc.aws_instance.nat",
            "module.vpc.aws_kms_key.etleap_emr_ebs_encryption_key",
            "module.vpc.aws_kms_key.etleap_encryption_key",
            "module.vpc.aws_lb.app",
            "module.vpc.aws_network_interface.zookeeper",
            "module.vpc.aws_s3_bucket.intermediate",
            "module.vpc.aws_s3_object.customer_post_install_script",
            "module.vpc.aws_secretsmanager_secret.influx_db_api_token",
            "module.vpc.aws_security_group.app",
            "module.vpc.aws_security_group.db",
            "module.vpc.aws_security_group.dms",
            "module.vpc.aws_security_group.emr",
            "module.vpc.aws_security_group.emr-master-managed",
            "module.vpc.aws_security_group.emr-service-access-managed",
            "module.vpc.aws_security_group.emr-slave-managed",
            "module.vpc.aws_security_group.influxdb",
            "module.vpc.aws_security_group.nat",
            "module.vpc.aws_security_group.zookeeper",
            "module.vpc.aws_ssm_parameter.emr_cluster_id",
            "module.vpc.aws_subnet.a_private",
            "module.vpc.aws_subnet.a_public",
            "module.vpc.aws_subnet.b_private",
            "module.vpc.aws_subnet.b_public",
            "module.vpc.aws_subnet.c_private",
            "module.vpc.aws_timestreaminfluxdb_db_instance.influx_db",
            "module.vpc.aws_vpc.etleap",
            "module.vpc.data.aws_ami.nat",
            "module.vpc.data.aws_caller_identity.current",
            "module.vpc.data.aws_iam_policy_document.dms_assume_role",
            "module.vpc.data.aws_region.current",
            "module.vpc.data.aws_secretsmanager_secret_version.influx_db_password",
            "module.vpc.module.admin_password.aws_secretsmanager_secret.secret",
            "module.vpc.module.db_password.aws_secretsmanager_secret.secret",
            "module.vpc.module.db_root_password.aws_secretsmanager_secret.secret",
            "module.vpc.module.db_root_password.aws_secretsmanager_secret_version.secret",
            "module.vpc.module.db_root_password.random_password.secret_value",
            "module.vpc.module.db_support_password.aws_secretsmanager_secret.secret",
            "module.vpc.module.deployment_secret.aws_secretsmanager_secret.secret",
            "module.vpc.module.elva.aws_iam_user.elva",
            "module.vpc.module.elva.aws_lb.elva",
            "module.vpc.module.elva.aws_security_group.elva-elb",
            "module.vpc.module.inbound_queue.aws_sns_topic.etleap-inbound",
            "module.vpc.module.inbound_queue.aws_sqs_queue.etleap-inbound",
            "module.vpc.module.inbound_queue.aws_sqs_queue.etleap-inbound-dlq",
            "module.vpc.module.influx_db_password.aws_secretsmanager_secret.secret",
            "module.vpc.module.influx_db_password.aws_secretsmanager_secret_version.secret",
            "module.vpc.module.influx_db_password.random_password.secret_value",
            "module.vpc.module.setup_password.aws_secretsmanager_secret.secret",
            "module.vpc.module.setup_password.aws_secretsmanager_secret_version.secret",
            "module.vpc.module.setup_password.random_password.secret_value",
            "module.vpc.null_resource.are_influx_db_hostname_and_password_valid",
            "module.vpc.null_resource.emr_configuration_change",
            "module.vpc.random_id.deployment_random"
          ]
        }
      ]
    },
    {
      "module": "module.vpc",
      "mode": "managed",
      "type": "aws_ssm_parameter",
      "name": "rds_password_arn",
      "provider": "provider[\"registry.terraform.io/hashicorp/aws\"]",
      "instances": [
        {
          "schema_version": 0,
          "attributes": {
            "allowed_pattern": "",
            "arn": "arn:aws:ssm:us-east-1:209479308486:parameter/etleap/test2/rds_password_arn",
            "data_type": "text",
            "description": "Etleap test2 - RDS Password ARN",
            "has_value_wo": null,
            "id": "/etleap/test2/rds_password_arn",
            "insecure_value": null,
            "key_id": "",
            "name": "/etleap/test2/rds_password_arn",
            "overwrite": null,
            "tags": {
              "Deployment": "test2",
              "Environment": "sandbox",
              "Operator": "Benedict.Chan"
            },
            "tags_all": {
              "Deployment": "test2",
              "Environment": "sandbox",
              "Operator": "Benedict.Chan"
            },
            "tier": "Standard",
            "type": "String",
            "value": "arn:aws:secretsmanager:us-east-1:209479308486:secret:EtleapDBPassword-test2-9cb94f-XpD8ww",
            "value_wo": null,
            "value_wo_version": null,
            "version": 1
          },
          "sensitive_attributes": [
            [
              {
                "type": "get_attr",
                "value": "value"
              }
            ],
            [
              {
                "type": "get_attr",
                "value": "value_wo"
              }
            ]
          ],
          "identity_schema_version": 0,
          "private": "bnVsbA==",
          "dependencies": [
            "aws_key_pair.ssh",
            "module.vpc.aws_cognito_identity_pool.etleap_azure_identity_pool",
            "module.vpc.aws_db_instance.db",
            "module.vpc.aws_db_parameter_group.mysql8-4-etleap",
            "module.vpc.aws_db_subnet_group.db",
            "module.vpc.aws_dms_replication_instance.dms",
            "module.vpc.aws_dms_replication_subnet_group.dms",
            "module.vpc.aws_dynamodb_table.activity-log",
            "module.vpc.aws_emr_cluster.emr",
            "module.vpc.aws_emr_security_configuration.emrfs_sse_kms",
            "module.vpc.aws_glue_catalog_database.iceberg_system_tables_db",
            "module.vpc.aws_iam_instance_profile.emr_profile",
            "module.vpc.aws_iam_role.app",
            "module.vpc.aws_iam_role.dms",
            "module.vpc.aws_iam_role.emr",
            "module.vpc.aws_iam_role.emr_default_role",
            "module.vpc.aws_iam_role.intermediate",
            "module.vpc.aws_instance.nat",
            "module.vpc.aws_kms_key.etleap_emr_ebs_encryption_key",
            "module.vpc.aws_kms_key.etleap_encryption_key",
            "module.vpc.aws_lb.app",
            "module.vpc.aws_network_interface.zookeeper",
            "module.vpc.aws_s3_bucket.intermediate",
            "module.vpc.aws_s3_object.customer_post_install_script",
            "module.vpc.aws_secretsmanager_secret.influx_db_api_token",
            "module.vpc.aws_security_group.app",
            "module.vpc.aws_security_group.db",
            "module.vpc.aws_security_group.dms",
            "module.vpc.aws_security_group.emr",
            "module.vpc.aws_security_group.emr-master-managed",
            "module.vpc.aws_security_group.emr-service-access-managed",
            "module.vpc.aws_security_group.emr-slave-managed",
            "module.vpc.aws_security_group.influxdb",
            "module.vpc.aws_security_group.nat",
            "module.vpc.aws_security_group.zookeeper",
            "module.vpc.aws_ssm_parameter.emr_cluster_id",
            "module.vpc.aws_subnet.a_private",
            "module.vpc.aws_subnet.a_public",
            "module.vpc.aws_subnet.b_private",
            "module.vpc.aws_subnet.b_public",
            "module.vpc.aws_subnet.c_private",
            "module.vpc.aws_timestreaminfluxdb_db_instance.influx_db",
            "module.vpc.aws_vpc.etleap",
            "module.vpc.data.aws_ami.nat",
            "module.vpc.data.aws_caller_identity.current",
            "module.vpc.data.aws_iam_policy_document.dms_assume_role",
            "module.vpc.data.aws_region.current",
            "module.vpc.data.aws_secretsmanager_secret_version.influx_db_password",
            "module.vpc.module.admin_password.aws_secretsmanager_secret.secret",
            "module.vpc.module.db_password.aws_secretsmanager_secret.secret",
            "module.vpc.module.db_root_password.aws_secretsmanager_secret.secret",
            "module.vpc.module.db_root_password.aws_secretsmanager_secret_version.secret",
            "module.vpc.module.db_root_password.random_password.secret_value",
            "module.vpc.module.db_support_password.aws_secretsmanager_secret.secret",
            "module.vpc.module.deployment_secret.aws_secretsmanager_secret.secret",
            "module.vpc.module.elva.aws_iam_user.elva",
            "module.vpc.module.elva.aws_lb.elva",
            "module.vpc.module.elva.aws_security_group.elva-elb",
            "module.vpc.module.inbound_queue.aws_sns_topic.etleap-inbound",
            "module.vpc.module.inbound_queue.aws_sqs_queue.etleap-inbound",
            "module.vpc.module.inbound_queue.aws_sqs_queue.etleap-inbound-dlq",
            "module.vpc.module.influx_db_password.aws_secretsmanager_secret.secret",
            "module.vpc.module.influx_db_password.aws_secretsmanager_secret_version.secret",
            "module.vpc.module.influx_db_password.random_password.secret_value",
            "module.vpc.module.setup_password.aws_secretsmanager_secret.secret",
            "module.vpc.module.setup_password.aws_secretsmanager_secret_version.secret",
            "module.vpc.module.setup_password.random_password.secret_value",
            "module.vpc.null_resource.are_influx_db_hostname_and_password_valid",
            "module.vpc.null_resource.emr_configuration_change",
            "module.vpc.random_id.deployment_random"
          ]
        }
      ]
    },
    {
      "module": "module.vpc",
      "mode": "managed",
      "type": "aws_ssm_parameter",
      "name": "rds_support_password_arn",
      "provider": "provider[\"registry.terraform.io/hashicorp/aws\"]",
      "instances": [
        {
          "schema_version": 0,
          "attributes": {
            "allowed_pattern": "",
            "arn": "arn:aws:ssm:us-east-1:209479308486:parameter/etleap/test2/rds_support_password_arn",
            "data_type": "text",
            "description": "Etleap test2 - RDS Support Password ARN",
            "has_value_wo": null,
            "id": "/etleap/test2/rds_support_password_arn",
            "insecure_value": null,
            "key_id": "",
            "name": "/etleap/test2/rds_support_password_arn",
            "overwrite": null,
            "tags": {
              "Deployment": "test2",
              "Environment": "sandbox",
              "Operator": "Benedict.Chan"
            },
            "tags_all": {
              "Deployment": "test2",
              "Environment": "sandbox",
              "Operator": "Benedict.Chan"
            },
            "tier": "Standard",
            "type": "String",
            "value": "arn:aws:secretsmanager:us-east-1:209479308486:secret:Etleap-test2-DBSupportPassword-J8Mgvo",
            "value_wo": null,
            "value_wo_version": null,
            "version": 1
          },
          "sensitive_attributes": [
            [
              {
                "type": "get_attr",
                "value": "value"
              }
            ],
            [
              {
                "type": "get_attr",
                "value": "value_wo"
              }
            ]
          ],
          "identity_schema_version": 0,
          "private": "bnVsbA==",
          "dependencies": [
            "aws_key_pair.ssh",
            "module.vpc.aws_cognito_identity_pool.etleap_azure_identity_pool",
            "module.vpc.aws_db_instance.db",
            "module.vpc.aws_db_parameter_group.mysql8-4-etleap",
            "module.vpc.aws_db_subnet_group.db",
            "module.vpc.aws_dms_replication_instance.dms",
            "module.vpc.aws_dms_replication_subnet_group.dms",
            "module.vpc.aws_dynamodb_table.activity-log",
            "module.vpc.aws_emr_cluster.emr",
            "module.vpc.aws_emr_security_configuration.emrfs_sse_kms",
            "module.vpc.aws_glue_catalog_database.iceberg_system_tables_db",
            "module.vpc.aws_iam_instance_profile.emr_profile",
            "module.vpc.aws_iam_role.app",
            "module.vpc.aws_iam_role.dms",
            "module.vpc.aws_iam_role.emr",
            "module.vpc.aws_iam_role.emr_default_role",
            "module.vpc.aws_iam_role.intermediate",
            "module.vpc.aws_instance.nat",
            "module.vpc.aws_kms_key.etleap_emr_ebs_encryption_key",
            "module.vpc.aws_kms_key.etleap_encryption_key",
            "module.vpc.aws_lb.app",
            "module.vpc.aws_network_interface.zookeeper",
            "module.vpc.aws_s3_bucket.intermediate",
            "module.vpc.aws_s3_object.customer_post_install_script",
            "module.vpc.aws_secretsmanager_secret.influx_db_api_token",
            "module.vpc.aws_security_group.app",
            "module.vpc.aws_security_group.db",
            "module.vpc.aws_security_group.dms",
            "module.vpc.aws_security_group.emr",
            "module.vpc.aws_security_group.emr-master-managed",
            "module.vpc.aws_security_group.emr-service-access-managed",
            "module.vpc.aws_security_group.emr-slave-managed",
            "module.vpc.aws_security_group.influxdb",
            "module.vpc.aws_security_group.nat",
            "module.vpc.aws_security_group.zookeeper",
            "module.vpc.aws_ssm_parameter.emr_cluster_id",
            "module.vpc.aws_subnet.a_private",
            "module.vpc.aws_subnet.a_public",
            "module.vpc.aws_subnet.b_private",
            "module.vpc.aws_subnet.b_public",
            "module.vpc.aws_subnet.c_private",
            "module.vpc.aws_timestreaminfluxdb_db_instance.influx_db",
            "module.vpc.aws_vpc.etleap",
            "module.vpc.data.aws_ami.nat",
            "module.vpc.data.aws_caller_identity.current",
            "module.vpc.data.aws_iam_policy_document.dms_assume_role",
            "module.vpc.data.aws_region.current",
            "module.vpc.data.aws_secretsmanager_secret_version.influx_db_password",
            "module.vpc.module.admin_password.aws_secretsmanager_secret.secret",
            "module.vpc.module.db_password.aws_secretsmanager_secret.secret",
            "module.vpc.module.db_root_password.aws_secretsmanager_secret.secret",
            "module.vpc.module.db_root_password.aws_secretsmanager_secret_version.secret",
            "module.vpc.module.db_root_password.random_password.secret_value",
            "module.vpc.module.db_support_password.aws_secretsmanager_secret.secret",
            "module.vpc.module.deployment_secret.aws_secretsmanager_secret.secret",
            "module.vpc.module.elva.aws_iam_user.elva",
            "module.vpc.module.elva.aws_lb.elva",
            "module.vpc.module.elva.aws_security_group.elva-elb",
            "module.vpc.module.inbound_queue.aws_sns_topic.etleap-inbound",
            "module.vpc.module.inbound_queue.aws_sqs_queue.etleap-inbound",
            "module.vpc.module.inbound_queue.aws_sqs_queue.etleap-inbound-dlq",
            "module.vpc.module.influx_db_password.aws_secretsmanager_secret.secret",
            "module.vpc.module.influx_db_password.aws_secretsmanager_secret_version.secret",
            "module.vpc.module.influx_db_password.random_password.secret_value",
            "module.vpc.module.setup_password.aws_secretsmanager_secret.secret",
            "module.vpc.module.setup_password.aws_secretsmanager_secret_version.secret",
            "module.vpc.module.setup_password.random_password.secret_value",
            "module.vpc.null_resource.are_influx_db_hostname_and_password_valid",
            "module.vpc.null_resource.emr_configuration_change",
            "module.vpc.random_id.deployment_random"
          ]
        }
      ]
    },
    {
      "module": "module.vpc",
      "mode": "managed",
      "type": "aws_ssm_parameter",
      "name": "rds_support_username",
      "provider": "provider[\"registry.terraform.io/hashicorp/aws\"]",
      "instances": [
        {
          "schema_version": 0,
          "attributes": {
            "allowed_pattern": "",
            "arn": "arn:aws:ssm:us-east-1:209479308486:parameter/etleap/test2/rds_support_username",
            "data_type": "text",
            "description": "Etleap test2 - RDS Support Username",
            "has_value_wo": null,
            "id": "/etleap/test2/rds_support_username",
            "insecure_value": null,
            "key_id": "",
            "name": "/etleap/test2/rds_support_username",
            "overwrite": null,
            "tags": {
              "Deployment": "test2",
              "Environment": "sandbox",
              "Operator": "Benedict.Chan"
            },
            "tags_all": {
              "Deployment": "test2",
              "Environment": "sandbox",
              "Operator": "Benedict.Chan"
            },
            "tier": "Standard",
            "type": "String",
            "value": "etleap-support",
            "value_wo": null,
            "value_wo_version": null,
            "version": 1
          },
          "sensitive_attributes": [
            [
              {
                "type": "get_attr",
                "value": "value"
              }
            ],
            [
              {
                "type": "get_attr",
                "value": "value_wo"
              }
            ]
          ],
          "identity_schema_version": 0,
          "private": "bnVsbA==",
          "dependencies": [
            "aws_key_pair.ssh",
            "module.vpc.aws_cognito_identity_pool.etleap_azure_identity_pool",
            "module.vpc.aws_db_instance.db",
            "module.vpc.aws_db_parameter_group.mysql8-4-etleap",
            "module.vpc.aws_db_subnet_group.db",
            "module.vpc.aws_dms_replication_instance.dms",
            "module.vpc.aws_dms_replication_subnet_group.dms",
            "module.vpc.aws_dynamodb_table.activity-log",
            "module.vpc.aws_emr_cluster.emr",
            "module.vpc.aws_emr_security_configuration.emrfs_sse_kms",
            "module.vpc.aws_glue_catalog_database.iceberg_system_tables_db",
            "module.vpc.aws_iam_instance_profile.emr_profile",
            "module.vpc.aws_iam_role.app",
            "module.vpc.aws_iam_role.dms",
            "module.vpc.aws_iam_role.emr",
            "module.vpc.aws_iam_role.emr_default_role",
            "module.vpc.aws_iam_role.intermediate",
            "module.vpc.aws_instance.nat",
            "module.vpc.aws_kms_key.etleap_emr_ebs_encryption_key",
            "module.vpc.aws_kms_key.etleap_encryption_key",
            "module.vpc.aws_lb.app",
            "module.vpc.aws_network_interface.zookeeper",
            "module.vpc.aws_s3_bucket.intermediate",
            "module.vpc.aws_s3_object.customer_post_install_script",
            "module.vpc.aws_secretsmanager_secret.influx_db_api_token",
            "module.vpc.aws_security_group.app",
            "module.vpc.aws_security_group.db",
            "module.vpc.aws_security_group.dms",
            "module.vpc.aws_security_group.emr",
            "module.vpc.aws_security_group.emr-master-managed",
            "module.vpc.aws_security_group.emr-service-access-managed",
            "module.vpc.aws_security_group.emr-slave-managed",
            "module.vpc.aws_security_group.influxdb",
            "module.vpc.aws_security_group.nat",
            "module.vpc.aws_security_group.zookeeper",
            "module.vpc.aws_ssm_parameter.emr_cluster_id",
            "module.vpc.aws_subnet.a_private",
            "module.vpc.aws_subnet.a_public",
            "module.vpc.aws_subnet.b_private",
            "module.vpc.aws_subnet.b_public",
            "module.vpc.aws_subnet.c_private",
            "module.vpc.aws_timestreaminfluxdb_db_instance.influx_db",
            "module.vpc.aws_vpc.etleap",
            "module.vpc.data.aws_ami.nat",
            "module.vpc.data.aws_caller_identity.current",
            "module.vpc.data.aws_iam_policy_document.dms_assume_role",
            "module.vpc.data.aws_region.current",
            "module.vpc.data.aws_secretsmanager_secret_version.influx_db_password",
            "module.vpc.module.admin_password.aws_secretsmanager_secret.secret",
            "module.vpc.module.db_password.aws_secretsmanager_secret.secret",
            "module.vpc.module.db_root_password.aws_secretsmanager_secret.secret",
            "module.vpc.module.db_root_password.aws_secretsmanager_secret_version.secret",
            "module.vpc.module.db_root_password.random_password.secret_value",
            "module.vpc.module.db_support_password.aws_secretsmanager_secret.secret",
            "module.vpc.module.deployment_secret.aws_secretsmanager_secret.secret",
            "module.vpc.module.elva.aws_iam_user.elva",
            "module.vpc.module.elva.aws_lb.elva",
            "module.vpc.module.elva.aws_security_group.elva-elb",
            "module.vpc.module.inbound_queue.aws_sns_topic.etleap-inbound",
            "module.vpc.module.inbound_queue.aws_sqs_queue.etleap-inbound",
            "module.vpc.module.inbound_queue.aws_sqs_queue.etleap-inbound-dlq",
            "module.vpc.module.influx_db_password.aws_secretsmanager_secret.secret",
            "module.vpc.module.influx_db_password.aws_secretsmanager_secret_version.secret",
            "module.vpc.module.influx_db_password.random_password.secret_value",
            "module.vpc.module.setup_password.aws_secretsmanager_secret.secret",
            "module.vpc.module.setup_password.aws_secretsmanager_secret_version.secret",
            "module.vpc.module.setup_password.random_password.secret_value",
            "module.vpc.null_resource.are_influx_db_hostname_and_password_valid",
            "module.vpc.null_resource.emr_configuration_change",
            "module.vpc.random_id.deployment_random"
          ]
        }
      ]
    },
    {
      "module": "module.vpc",
      "mode": "managed",
      "type": "aws_ssm_parameter",
      "name": "rds_username",
      "provider": "provider[\"registry.terraform.io/hashicorp/aws\"]",
      "instances": [
        {
          "schema_version": 0,
          "attributes": {
            "allowed_pattern": "",
            "arn": "arn:aws:ssm:us-east-1:209479308486:parameter/etleap/test2/rds_username",
            "data_type": "text",
            "description": "Etleap test2 - RDS Username",
            "has_value_wo": null,
            "id": "/etleap/test2/rds_username",
            "insecure_value": null,
            "key_id": "",
            "name": "/etleap/test2/rds_username",
            "overwrite": null,
            "tags": {
              "Deployment": "test2",
              "Environment": "sandbox",
              "Operator": "Benedict.Chan"
            },
            "tags_all": {
              "Deployment": "test2",
              "Environment": "sandbox",
              "Operator": "Benedict.Chan"
            },
            "tier": "Standard",
            "type": "String",
            "value": "etleap-prod",
            "value_wo": null,
            "value_wo_version": null,
            "version": 1
          },
          "sensitive_attributes": [
            [
              {
                "type": "get_attr",
                "value": "value"
              }
            ],
            [
              {
                "type": "get_attr",
                "value": "value_wo"
              }
            ]
          ],
          "identity_schema_version": 0,
          "private": "bnVsbA==",
          "dependencies": [
            "aws_key_pair.ssh",
            "module.vpc.aws_cognito_identity_pool.etleap_azure_identity_pool",
            "module.vpc.aws_db_instance.db",
            "module.vpc.aws_db_parameter_group.mysql8-4-etleap",
            "module.vpc.aws_db_subnet_group.db",
            "module.vpc.aws_dms_replication_instance.dms",
            "module.vpc.aws_dms_replication_subnet_group.dms",
            "module.vpc.aws_dynamodb_table.activity-log",
            "module.vpc.aws_emr_cluster.emr",
            "module.vpc.aws_emr_security_configuration.emrfs_sse_kms",
            "module.vpc.aws_glue_catalog_database.iceberg_system_tables_db",
            "module.vpc.aws_iam_instance_profile.emr_profile",
            "module.vpc.aws_iam_role.app",
            "module.vpc.aws_iam_role.dms",
            "module.vpc.aws_iam_role.emr",
            "module.vpc.aws_iam_role.emr_default_role",
            "module.vpc.aws_iam_role.intermediate",
            "module.vpc.aws_instance.nat",
            "module.vpc.aws_kms_key.etleap_emr_ebs_encryption_key",
            "module.vpc.aws_kms_key.etleap_encryption_key",
            "module.vpc.aws_lb.app",
            "module.vpc.aws_network_interface.zookeeper",
            "module.vpc.aws_s3_bucket.intermediate",
            "module.vpc.aws_s3_object.customer_post_install_script",
            "module.vpc.aws_secretsmanager_secret.influx_db_api_token",
            "module.vpc.aws_security_group.app",
            "module.vpc.aws_security_group.db",
            "module.vpc.aws_security_group.dms",
            "module.vpc.aws_security_group.emr",
            "module.vpc.aws_security_group.emr-master-managed",
            "module.vpc.aws_security_group.emr-service-access-managed",
            "module.vpc.aws_security_group.emr-slave-managed",
            "module.vpc.aws_security_group.influxdb",
            "module.vpc.aws_security_group.nat",
            "module.vpc.aws_security_group.zookeeper",
            "module.vpc.aws_ssm_parameter.emr_cluster_id",
            "module.vpc.aws_subnet.a_private",
            "module.vpc.aws_subnet.a_public",
            "module.vpc.aws_subnet.b_private",
            "module.vpc.aws_subnet.b_public",
            "module.vpc.aws_subnet.c_private",
            "module.vpc.aws_timestreaminfluxdb_db_instance.influx_db",
            "module.vpc.aws_vpc.etleap",
            "module.vpc.data.aws_ami.nat",
            "module.vpc.data.aws_caller_identity.current",
            "module.vpc.data.aws_iam_policy_document.dms_assume_role",
            "module.vpc.data.aws_region.current",
            "module.vpc.data.aws_secretsmanager_secret_version.influx_db_password",
            "module.vpc.module.admin_password.aws_secretsmanager_secret.secret",
            "module.vpc.module.db_password.aws_secretsmanager_secret.secret",
            "module.vpc.module.db_root_password.aws_secretsmanager_secret.secret",
            "module.vpc.module.db_root_password.aws_secretsmanager_secret_version.secret",
            "module.vpc.module.db_root_password.random_password.secret_value",
            "module.vpc.module.db_support_password.aws_secretsmanager_secret.secret",
            "module.vpc.module.deployment_secret.aws_secretsmanager_secret.secret",
            "module.vpc.module.elva.aws_iam_user.elva",
            "module.vpc.module.elva.aws_lb.elva",
            "module.vpc.module.elva.aws_security_group.elva-elb",
            "module.vpc.module.inbound_queue.aws_sns_topic.etleap-inbound",
            "module.vpc.module.inbound_queue.aws_sqs_queue.etleap-inbound",
            "module.vpc.module.inbound_queue.aws_sqs_queue.etleap-inbound-dlq",
            "module.vpc.module.influx_db_password.aws_secretsmanager_secret.secret",
            "module.vpc.module.influx_db_password.aws_secretsmanager_secret_version.secret",
            "module.vpc.module.influx_db_password.random_password.secret_value",
            "module.vpc.module.setup_password.aws_secretsmanager_secret.secret",
            "module.vpc.module.setup_password.aws_secretsmanager_secret_version.secret",
            "module.vpc.module.setup_password.random_password.secret_value",
            "module.vpc.null_resource.are_influx_db_hostname_and_password_valid",
            "module.vpc.null_resource.emr_configuration_change",
            "module.vpc.random_id.deployment_random"
          ]
        }
      ]
    },
    {
      "module": "module.vpc",
      "mode": "managed",
      "type": "aws_ssm_parameter",
      "name": "vpc_cidr",
      "provider": "provider[\"registry.terraform.io/hashicorp/aws\"]",
      "instances": [
        {
          "schema_version": 0,
          "attributes": {
            "allowed_pattern": "",
            "arn": "arn:aws:ssm:us-east-1:209479308486:parameter/etleap/test2/vpc_cidr",
            "data_type": "text",
            "description": "Etleap test2 - VPC CIDR",
            "has_value_wo": null,
            "id": "/etleap/test2/vpc_cidr",
            "insecure_value": null,
            "key_id": "",
            "name": "/etleap/test2/vpc_cidr",
            "overwrite": null,
            "tags": {
              "Deployment": "test2",
              "Environment": "sandbox",
              "Operator": "Benedict.Chan"
            },
            "tags_all": {
              "Deployment": "test2",
              "Environment": "sandbox",
              "Operator": "Benedict.Chan"
            },
            "tier": "Standard",
            "type": "String",
            "value": "172.22.4.0/22",
            "value_wo": null,
            "value_wo_version": null,
            "version": 1
          },
          "sensitive_attributes": [
            [
              {
                "type": "get_attr",
                "value": "value"
              }
            ],
            [
              {
                "type": "get_attr",
                "value": "value_wo"
              }
            ]
          ],
          "identity_schema_version": 0,
          "private": "bnVsbA=="
        }
      ]
    },
    {
      "module": "module.vpc",
      "mode": "managed",
      "type": "aws_subnet",
      "name": "a_private",
      "provider": "provider[\"registry.terraform.io/hashicorp/aws\"]",
      "instances": [
        {
          "index_key": 0,
          "schema_version": 1,
          "attributes": {
            "arn": "arn:aws:ec2:us-east-1:209479308486:subnet/subnet-068c886b86199179c",
            "assign_ipv6_address_on_creation": false,
            "availability_zone": "us-east-1a",
            "availability_zone_id": "use1-az1",
            "cidr_block": "172.22.4.0/24",
            "customer_owned_ipv4_pool": "",
            "enable_dns64": false,
            "enable_lni_at_device_index": 0,
            "enable_resource_name_dns_a_record_on_launch": false,
            "enable_resource_name_dns_aaaa_record_on_launch": false,
            "id": "subnet-068c886b86199179c",
            "ipv6_cidr_block": "",
            "ipv6_cidr_block_association_id": "",
            "ipv6_native": false,
            "map_customer_owned_ip_on_launch": false,
            "map_public_ip_on_launch": false,
            "outpost_arn": "",
            "owner_id": "209479308486",
            "private_dns_hostname_type_on_launch": "ip-name",
            "tags": {
              "Deployment": "test2",
              "Environment": "sandbox",
              "Name": "Etleap A Private test2",
              "Operator": "Benedict.Chan"
            },
            "tags_all": {
              "Deployment": "test2",
              "Environment": "sandbox",
              "Name": "Etleap A Private test2",
              "Operator": "Benedict.Chan"
            },
            "timeouts": null,
            "vpc_id": "vpc-0a3da344f06a25bb4"
          },
          "sensitive_attributes": [],
          "identity_schema_version": 0,
          "private": "eyJlMmJmYjczMC1lY2FhLTExZTYtOGY4OC0zNDM2M2JjN2M0YzAiOnsiY3JlYXRlIjo2MDAwMDAwMDAwMDAsImRlbGV0ZSI6MTIwMDAwMDAwMDAwMH0sInNjaGVtYV92ZXJzaW9uIjoiMSJ9",
          "dependencies": [
            "module.vpc.aws_vpc.etleap",
            "module.vpc.data.aws_region.current"
          ],
          "create_before_destroy": true
        }
      ]
    },
    {
      "module": "module.vpc",
      "mode": "managed",
      "type": "aws_subnet",
      "name": "a_public",
      "provider": "provider[\"registry.terraform.io/hashicorp/aws\"]",
      "instances": [
        {
          "index_key": 0,
          "schema_version": 1,
          "attributes": {
            "arn": "arn:aws:ec2:us-east-1:209479308486:subnet/subnet-0c35b4fa0399d8bcf",
            "assign_ipv6_address_on_creation": false,
            "availability_zone": "us-east-1a",
            "availability_zone_id": "use1-az1",
            "cidr_block": "172.22.7.0/26",
            "customer_owned_ipv4_pool": "",
            "enable_dns64": false,
            "enable_lni_at_device_index": 0,
            "enable_resource_name_dns_a_record_on_launch": false,
            "enable_resource_name_dns_aaaa_record_on_launch": false,
            "id": "subnet-0c35b4fa0399d8bcf",
            "ipv6_cidr_block": "",
            "ipv6_cidr_block_association_id": "",
            "ipv6_native": false,
            "map_customer_owned_ip_on_launch": false,
            "map_public_ip_on_launch": false,
            "outpost_arn": "",
            "owner_id": "209479308486",
            "private_dns_hostname_type_on_launch": "ip-name",
            "tags": {
              "Deployment": "test2",
              "Environment": "sandbox",
              "Name": "Etleap A Public test2",
              "Operator": "Benedict.Chan"
            },
            "tags_all": {
              "Deployment": "test2",
              "Environment": "sandbox",
              "Name": "Etleap A Public test2",
              "Operator": "Benedict.Chan"
            },
            "timeouts": null,
            "vpc_id": "vpc-0a3da344f06a25bb4"
          },
          "sensitive_attributes": [],
          "identity_schema_version": 0,
          "private": "eyJlMmJmYjczMC1lY2FhLTExZTYtOGY4OC0zNDM2M2JjN2M0YzAiOnsiY3JlYXRlIjo2MDAwMDAwMDAwMDAsImRlbGV0ZSI6MTIwMDAwMDAwMDAwMH0sInNjaGVtYV92ZXJzaW9uIjoiMSJ9",
          "dependencies": [
            "module.vpc.aws_vpc.etleap",
            "module.vpc.data.aws_region.current"
          ]
        }
      ]
    },
    {
      "module": "module.vpc",
      "mode": "managed",
      "type": "aws_subnet",
      "name": "b_private",
      "provider": "provider[\"registry.terraform.io/hashicorp/aws\"]",
      "instances": [
        {
          "index_key": 0,
          "schema_version": 1,
          "attributes": {
            "arn": "arn:aws:ec2:us-east-1:209479308486:subnet/subnet-0ba0b865118de2ace",
            "assign_ipv6_address_on_creation": false,
            "availability_zone": "us-east-1b",
            "availability_zone_id": "use1-az2",
            "cidr_block": "172.22.5.0/24",
            "customer_owned_ipv4_pool": "",
            "enable_dns64": false,
            "enable_lni_at_device_index": 0,
            "enable_resource_name_dns_a_record_on_launch": false,
            "enable_resource_name_dns_aaaa_record_on_launch": false,
            "id": "subnet-0ba0b865118de2ace",
            "ipv6_cidr_block": "",
            "ipv6_cidr_block_association_id": "",
            "ipv6_native": false,
            "map_customer_owned_ip_on_launch": false,
            "map_public_ip_on_launch": false,
            "outpost_arn": "",
            "owner_id": "209479308486",
            "private_dns_hostname_type_on_launch": "ip-name",
            "tags": {
              "Deployment": "test2",
              "Environment": "sandbox",
              "Name": "Etleap B Private test2",
              "Operator": "Benedict.Chan"
            },
            "tags_all": {
              "Deployment": "test2",
              "Environment": "sandbox",
              "Name": "Etleap B Private test2",
              "Operator": "Benedict.Chan"
            },
            "timeouts": null,
            "vpc_id": "vpc-0a3da344f06a25bb4"
          },
          "sensitive_attributes": [],
          "identity_schema_version": 0,
          "private": "eyJlMmJmYjczMC1lY2FhLTExZTYtOGY4OC0zNDM2M2JjN2M0YzAiOnsiY3JlYXRlIjo2MDAwMDAwMDAwMDAsImRlbGV0ZSI6MTIwMDAwMDAwMDAwMH0sInNjaGVtYV92ZXJzaW9uIjoiMSJ9",
          "dependencies": [
            "module.vpc.aws_vpc.etleap",
            "module.vpc.data.aws_region.current"
          ],
          "create_before_destroy": true
        }
      ]
    },
    {
      "module": "module.vpc",
      "mode": "managed",
      "type": "aws_subnet",
      "name": "b_public",
      "provider": "provider[\"registry.terraform.io/hashicorp/aws\"]",
      "instances": [
        {
          "index_key": 0,
          "schema_version": 1,
          "attributes": {
            "arn": "arn:aws:ec2:us-east-1:209479308486:subnet/subnet-0be8e11b37ab2010f",
            "assign_ipv6_address_on_creation": false,
            "availability_zone": "us-east-1b",
            "availability_zone_id": "use1-az2",
            "cidr_block": "172.22.7.64/26",
            "customer_owned_ipv4_pool": "",
            "enable_dns64": false,
            "enable_lni_at_device_index": 0,
            "enable_resource_name_dns_a_record_on_launch": false,
            "enable_resource_name_dns_aaaa_record_on_launch": false,
            "id": "subnet-0be8e11b37ab2010f",
            "ipv6_cidr_block": "",
            "ipv6_cidr_block_association_id": "",
            "ipv6_native": false,
            "map_customer_owned_ip_on_launch": false,
            "map_public_ip_on_launch": false,
            "outpost_arn": "",
            "owner_id": "209479308486",
            "private_dns_hostname_type_on_launch": "ip-name",
            "tags": {
              "Deployment": "test2",
              "Environment": "sandbox",
              "Name": "Etleap B Public test2",
              "Operator": "Benedict.Chan"
            },
            "tags_all": {
              "Deployment": "test2",
              "Environment": "sandbox",
              "Name": "Etleap B Public test2",
              "Operator": "Benedict.Chan"
            },
            "timeouts": null,
            "vpc_id": "vpc-0a3da344f06a25bb4"
          },
          "sensitive_attributes": [],
          "identity_schema_version": 0,
          "private": "eyJlMmJmYjczMC1lY2FhLTExZTYtOGY4OC0zNDM2M2JjN2M0YzAiOnsiY3JlYXRlIjo2MDAwMDAwMDAwMDAsImRlbGV0ZSI6MTIwMDAwMDAwMDAwMH0sInNjaGVtYV92ZXJzaW9uIjoiMSJ9",
          "dependencies": [
            "module.vpc.aws_vpc.etleap",
            "module.vpc.data.aws_region.current"
          ],
          "create_before_destroy": true
        }
      ]
    },
    {
      "module": "module.vpc",
      "mode": "managed",
      "type": "aws_subnet",
      "name": "c_private",
      "provider": "provider[\"registry.terraform.io/hashicorp/aws\"]",
      "instances": [
        {
          "index_key": 0,
          "schema_version": 1,
          "attributes": {
            "arn": "arn:aws:ec2:us-east-1:209479308486:subnet/subnet-0ef6095787e00a891",
            "assign_ipv6_address_on_creation": false,
            "availability_zone": "us-east-1c",
            "availability_zone_id": "use1-az4",
            "cidr_block": "172.22.6.0/24",
            "customer_owned_ipv4_pool": "",
            "enable_dns64": false,
            "enable_lni_at_device_index": 0,
            "enable_resource_name_dns_a_record_on_launch": false,
            "enable_resource_name_dns_aaaa_record_on_launch": false,
            "id": "subnet-0ef6095787e00a891",
            "ipv6_cidr_block": "",
            "ipv6_cidr_block_association_id": "",
            "ipv6_native": false,
            "map_customer_owned_ip_on_launch": false,
            "map_public_ip_on_launch": false,
            "outpost_arn": "",
            "owner_id": "209479308486",
            "private_dns_hostname_type_on_launch": "ip-name",
            "tags": {
              "Deployment": "test2",
              "Environment": "sandbox",
              "Name": "Etleap C Private test2",
              "Operator": "Benedict.Chan"
            },
            "tags_all": {
              "Deployment": "test2",
              "Environment": "sandbox",
              "Name": "Etleap C Private test2",
              "Operator": "Benedict.Chan"
            },
            "timeouts": null,
            "vpc_id": "vpc-0a3da344f06a25bb4"
          },
          "sensitive_attributes": [],
          "identity_schema_version": 0,
          "private": "eyJlMmJmYjczMC1lY2FhLTExZTYtOGY4OC0zNDM2M2JjN2M0YzAiOnsiY3JlYXRlIjo2MDAwMDAwMDAwMDAsImRlbGV0ZSI6MTIwMDAwMDAwMDAwMH0sInNjaGVtYV92ZXJzaW9uIjoiMSJ9",
          "dependencies": [
            "module.vpc.aws_vpc.etleap",
            "module.vpc.data.aws_region.current"
          ],
          "create_before_destroy": true
        }
      ]
    },
    {
      "module": "module.vpc",
      "mode": "managed",
      "type": "aws_subnet",
      "name": "c_public",
      "provider": "provider[\"registry.terraform.io/hashicorp/aws\"]",
      "instances": [
        {
          "index_key": 0,
          "schema_version": 1,
          "attributes": {
            "arn": "arn:aws:ec2:us-east-1:209479308486:subnet/subnet-0b2e43b4281751a9d",
            "assign_ipv6_address_on_creation": false,
            "availability_zone": "us-east-1c",
            "availability_zone_id": "use1-az4",
            "cidr_block": "172.22.7.128/26",
            "customer_owned_ipv4_pool": "",
            "enable_dns64": false,
            "enable_lni_at_device_index": 0,
            "enable_resource_name_dns_a_record_on_launch": false,
            "enable_resource_name_dns_aaaa_record_on_launch": false,
            "id": "subnet-0b2e43b4281751a9d",
            "ipv6_cidr_block": "",
            "ipv6_cidr_block_association_id": "",
            "ipv6_native": false,
            "map_customer_owned_ip_on_launch": false,
            "map_public_ip_on_launch": false,
            "outpost_arn": "",
            "owner_id": "209479308486",
            "private_dns_hostname_type_on_launch": "ip-name",
            "tags": {
              "Deployment": "test2",
              "Environment": "sandbox",
              "Name": "Etleap C Public test2",
              "Operator": "Benedict.Chan"
            },
            "tags_all": {
              "Deployment": "test2",
              "Environment": "sandbox",
              "Name": "Etleap C Public test2",
              "Operator": "Benedict.Chan"
            },
            "timeouts": null,
            "vpc_id": "vpc-0a3da344f06a25bb4"
          },
          "sensitive_attributes": [],
          "identity_schema_version": 0,
          "private": "eyJlMmJmYjczMC1lY2FhLTExZTYtOGY4OC0zNDM2M2JjN2M0YzAiOnsiY3JlYXRlIjo2MDAwMDAwMDAwMDAsImRlbGV0ZSI6MTIwMDAwMDAwMDAwMH0sInNjaGVtYV92ZXJzaW9uIjoiMSJ9",
          "dependencies": [
            "module.vpc.aws_vpc.etleap",
            "module.vpc.data.aws_region.current"
          ]
        }
      ]
    },
    {
      "module": "module.vpc",
      "mode": "managed",
      "type": "aws_timestreaminfluxdb_db_instance",
      "name": "influx_db",
      "provider": "provider[\"registry.terraform.io/hashicorp/aws\"]",
      "instances": [
        {
          "index_key": 0,
          "schema_version": 0,
          "attributes": {
            "allocated_storage": 100,
            "arn": "arn:aws:timestream-influxdb:us-east-1:209479308486:db-instance/v0r7kzs3a4",
            "availability_zone": "us-east-1d",
            "bucket": "raw_bucket",
            "db_instance_type": "db.influx.medium",
            "db_parameter_group_identifier": null,
            "db_storage_type": "InfluxIOIncludedT1",
            "deployment_type": "SINGLE_AZ",
            "endpoint": "v0r7kzs3a4-jf7amp2gg2mcjy.timestream-influxdb.us-east-1.on.aws",
            "id": "v0r7kzs3a4",
            "influx_auth_parameters_secret_arn": "arn:aws:secretsmanager:us-east-1:209479308486:secret:READONLY-InfluxDB-auth-parameters-v0r7kzs3a4-LvfB5v",
            "log_delivery_configuration": [],
            "name": "Etleap-test2-influx",
            "network_type": "IPV4",
            "organization": "etleap",
            "password": "kFWdtq0UtdNM1Aj8xtuH",
            "port": 8086,
            "publicly_accessible": false,
            "secondary_availability_zone": "",
            "tags": {
              "Deployment": "test2",
              "Environment": "sandbox",
              "Operator": "Benedict.Chan"
            },
            "tags_all": {
              "Deployment": "test2",
              "Environment": "sandbox",
              "Operator": "Benedict.Chan"
            },
            "timeouts": null,
            "username": "root",
            "vpc_security_group_ids": [
              "sg-03f646e6afe4e9cfe"
            ],
            "vpc_subnet_ids": [
              "subnet-068c886b86199179c",
              "subnet-0ba0b865118de2ace"
            ]
          },
          "sensitive_attributes": [
            [
              {
                "type": "get_attr",
                "value": "password"
              }
            ]
          ],
          "identity_schema_version": 0,
          "dependencies": [
            "module.vpc.aws_security_group.influxdb",
            "module.vpc.aws_subnet.a_private",
            "module.vpc.aws_subnet.b_private",
            "module.vpc.aws_vpc.etleap",
            "module.vpc.data.aws_region.current",
            "module.vpc.data.aws_secretsmanager_secret_version.influx_db_password",
            "module.vpc.module.influx_db_password.aws_secretsmanager_secret.secret",
            "module.vpc.module.influx_db_password.aws_secretsmanager_secret_version.secret",
            "module.vpc.module.influx_db_password.random_password.secret_value",
            "module.vpc.null_resource.are_influx_db_hostname_and_password_valid",
            "module.vpc.random_id.deployment_random"
          ]
        }
      ]
    },
    {
      "module": "module.vpc",
      "mode": "managed",
      "type": "aws_vpc",
      "name": "etleap",
      "provider": "provider[\"registry.terraform.io/hashicorp/aws\"]",
      "instances": [
        {
          "index_key": 0,
          "schema_version": 1,
          "attributes": {
            "arn": "arn:aws:ec2:us-east-1:209479308486:vpc/vpc-0a3da344f06a25bb4",
            "assign_generated_ipv6_cidr_block": false,
            "cidr_block": "172.22.4.0/22",
            "default_network_acl_id": "acl-040f4be688f400de2",
            "default_route_table_id": "rtb-04d87b880bab24a67",
            "default_security_group_id": "sg-050b3df03f4207e9f",
            "dhcp_options_id": "dopt-0cd905c8e64a2763d",
            "enable_dns_hostnames": true,
            "enable_dns_support": true,
            "enable_network_address_usage_metrics": false,
            "id": "vpc-0a3da344f06a25bb4",
            "instance_tenancy": "default",
            "ipv4_ipam_pool_id": null,
            "ipv4_netmask_length": null,
            "ipv6_association_id": "",
            "ipv6_cidr_block": "",
            "ipv6_cidr_block_network_border_group": "",
            "ipv6_ipam_pool_id": "",
            "ipv6_netmask_length": 0,
            "main_route_table_id": "rtb-04d87b880bab24a67",
            "owner_id": "209479308486",
            "tags": {
              "Deployment": "test2",
              "Environment": "sandbox",
              "Name": "Etleap VPC test2",
              "Operator": "Benedict.Chan"
            },
            "tags_all": {
              "Deployment": "test2",
              "Environment": "sandbox",
              "Name": "Etleap VPC test2",
              "Operator": "Benedict.Chan"
            }
          },
          "sensitive_attributes": [],
          "identity_schema_version": 0,
          "private": "eyJzY2hlbWFfdmVyc2lvbiI6IjEifQ==",
          "create_before_destroy": true
        }
      ]
    },
    {
      "module": "module.vpc",
      "mode": "managed",
      "type": "aws_vpc_endpoint",
      "name": "s3_endpoint",
      "provider": "provider[\"registry.terraform.io/hashicorp/aws\"]",
      "instances": [
        {
          "index_key": 0,
          "schema_version": 0,
          "attributes": {
            "arn": "arn:aws:ec2:us-east-1:209479308486:vpc-endpoint/vpce-05227f787962fb33a",
            "auto_accept": null,
            "cidr_blocks": [
              "16.15.176.0/20",
              "16.182.0.0/16",
              "18.34.0.0/19",
              "52.216.0.0/15",
              "54.231.0.0/16",
              "3.5.0.0/19",
              "18.34.232.0/21",
              "16.15.192.0/18"
            ],
            "dns_entry": [],
            "dns_options": [
              {
                "dns_record_ip_type": "service-defined",
                "private_dns_only_for_inbound_resolver_endpoint": false
              }
            ],
            "id": "vpce-05227f787962fb33a",
            "ip_address_type": "ipv4",
            "network_interface_ids": [],
            "owner_id": "209479308486",
            "policy": "{\"Statement\":[{\"Action\":\"*\",\"Effect\":\"Allow\",\"Principal\":\"*\",\"Resource\":\"*\"}],\"Version\":\"2008-10-17\"}",
            "prefix_list_id": "pl-63a5400a",
            "private_dns_enabled": false,
            "requester_managed": false,
            "resource_configuration_arn": "",
            "route_table_ids": [
              "rtb-0e8c18b8d70414328"
            ],
            "security_group_ids": [],
            "service_name": "com.amazonaws.us-east-1.s3",
            "service_network_arn": "",
            "service_region": "us-east-1",
            "state": "available",
            "subnet_configuration": [],
            "subnet_ids": [],
            "tags": {},
            "tags_all": {},
            "timeouts": null,
            "vpc_endpoint_type": "Gateway",
            "vpc_id": "vpc-0a3da344f06a25bb4"
          },
          "sensitive_attributes": [],
          "identity_schema_version": 0,
          "private": "eyJlMmJmYjczMC1lY2FhLTExZTYtOGY4OC0zNDM2M2JjN2M0YzAiOnsiY3JlYXRlIjo2MDAwMDAwMDAwMDAsImRlbGV0ZSI6NjAwMDAwMDAwMDAwLCJ1cGRhdGUiOjYwMDAwMDAwMDAwMH19",
          "dependencies": [
            "module.vpc.aws_vpc.etleap",
            "module.vpc.data.aws_region.current"
          ]
        }
      ]
    },
    {
      "module": "module.vpc",
      "mode": "managed",
      "type": "aws_vpc_endpoint_route_table_association",
      "name": "s3_endpoint_route_table_association",
      "provider": "provider[\"registry.terraform.io/hashicorp/aws\"]",
      "instances": [
        {
          "index_key": 0,
          "schema_version": 0,
          "attributes": {
            "id": "a-vpce-05227f787962fb33a914449232",
            "route_table_id": "rtb-0e8c18b8d70414328",
            "vpc_endpoint_id": "vpce-05227f787962fb33a"
          },
          "sensitive_attributes": [],
          "identity_schema_version": 0,
          "private": "bnVsbA==",
          "dependencies": [
            "module.vpc.aws_route_table.private",
            "module.vpc.aws_vpc.etleap",
            "module.vpc.aws_vpc_endpoint.s3_endpoint",
            "module.vpc.data.aws_region.current"
          ]
        }
      ]
    },
    {
      "module": "module.vpc",
      "mode": "managed",
      "type": "null_resource",
      "name": "emr_configuration_change",
      "provider": "provider[\"registry.terraform.io/hashicorp/null\"]",
      "instances": [
        {
          "schema_version": 0,
          "attributes": {
            "id": "3267461433664420051",
            "triggers": {
              "emr_instance_fleet_smallest_instance_size": "xlarge",
              "script_contents_hash": "no-script"
            }
          },
          "sensitive_attributes": [],
          "identity_schema_version": 0,
          "dependencies": [
            "module.vpc.aws_s3_bucket.intermediate",
            "module.vpc.aws_s3_object.customer_post_install_script",
            "module.vpc.random_id.deployment_random"
          ],
          "create_before_destroy": true
        }
      ]
    },
    {
      "module": "module.vpc",
      "mode": "managed",
      "type": "random_id",
      "name": "deployment_random",
      "provider": "provider[\"registry.terraform.io/hashicorp/random\"]",
      "instances": [
        {
          "schema_version": 0,
          "attributes": {
            "b64_std": "nLlP",
            "b64_url": "nLlP",
            "byte_length": 3,
            "dec": "10271055",
            "hex": "9cb94f",
            "id": "nLlP",
            "keepers": null,
            "prefix": null
          },
          "sensitive_attributes": [],
          "identity_schema_version": 0,
          "create_before_destroy": true
        }
      ]
    },
    {
      "module": "module.vpc.module.admin_password",
      "mode": "managed",
      "type": "aws_secretsmanager_secret",
      "name": "secret",
      "provider": "provider[\"registry.terraform.io/hashicorp/aws\"]",
      "instances": [
        {
          "schema_version": 0,
          "attributes": {
            "arn": "arn:aws:secretsmanager:us-east-1:209479308486:secret:EtleapAdminPassword-test2-9cb94f-8pAn3v",
            "description": "",
            "force_overwrite_replica_secret": false,
            "id": "arn:aws:secretsmanager:us-east-1:209479308486:secret:EtleapAdminPassword-test2-9cb94f-8pAn3v",
            "kms_key_id": "",
            "name": "EtleapAdminPassword-test2-9cb94f",
            "name_prefix": "",
            "policy": "",
            "recovery_window_in_days": 30,
            "replica": [],
            "tags": {
              "Deployment": "test2",
              "Environment": "sandbox",
              "Operator": "Benedict.Chan"
            },
            "tags_all": {
              "Deployment": "test2",
              "Environment": "sandbox",
              "Operator": "Benedict.Chan"
            }
          },
          "sensitive_attributes": [],
          "identity_schema_version": 0,
          "private": "bnVsbA==",
          "dependencies": [
            "module.vpc.random_id.deployment_random"
          ]
        }
      ]
    },
    {
      "module": "module.vpc.module.admin_password",
      "mode": "managed",
      "type": "aws_secretsmanager_secret_version",
      "name": "secret",
      "provider": "provider[\"registry.terraform.io/hashicorp/aws\"]",
      "instances": [
        {
          "schema_version": 0,
          "attributes": {
            "arn": "arn:aws:secretsmanager:us-east-1:209479308486:secret:EtleapAdminPassword-test2-9cb94f-8pAn3v",
            "has_secret_string_wo": null,
            "id": "arn:aws:secretsmanager:us-east-1:209479308486:secret:EtleapAdminPassword-test2-9cb94f-8pAn3v|terraform-2026061613542675870000000c",
            "secret_binary": "",
            "secret_id": "arn:aws:secretsmanager:us-east-1:209479308486:secret:EtleapAdminPassword-test2-9cb94f-8pAn3v",
            "secret_string": "U2fCwnijRFB6gVkPYHH3",
            "secret_string_wo": null,
            "secret_string_wo_version": null,
            "version_id": "terraform-2026061613542675870000000c",
            "version_stages": [
              "AWSCURRENT"
            ]
          },
          "sensitive_attributes": [
            [
              {
                "type": "get_attr",
                "value": "secret_binary"
              }
            ],
            [
              {
                "type": "get_attr",
                "value": "secret_string"
              }
            ],
            [
              {
                "type": "get_attr",
                "value": "secret_string_wo"
              }
            ]
          ],
          "identity_schema_version": 0,
          "private": "bnVsbA==",
          "dependencies": [
            "module.vpc.module.admin_password.aws_secretsmanager_secret.secret",
            "module.vpc.module.admin_password.random_password.secret_value",
            "module.vpc.random_id.deployment_random"
          ]
        }
      ]
    },
    {
      "module": "module.vpc.module.admin_password",
      "mode": "managed",
      "type": "random_password",
      "name": "secret_value",
      "provider": "provider[\"registry.terraform.io/hashicorp/random\"]",
      "instances": [
        {
          "schema_version": 3,
          "attributes": {
            "bcrypt_hash": "$2a$10$K3jOfsxOPggZJKYxC0rjOukymDsOfXx55dCrog0vOvcf/xX4jNrRu",
            "id": "none",
            "keepers": null,
            "length": 20,
            "lower": true,
            "min_lower": 0,
            "min_numeric": 0,
            "min_special": 0,
            "min_upper": 0,
            "number": true,
            "numeric": true,
            "override_special": null,
            "result": "U2fCwnijRFB6gVkPYHH3",
            "special": false,
            "upper": true
          },
          "sensitive_attributes": [
            [
              {
                "type": "get_attr",
                "value": "bcrypt_hash"
              }
            ],
            [
              {
                "type": "get_attr",
                "value": "result"
              }
            ]
          ],
          "identity_schema_version": 0
        }
      ]
    },
    {
      "module": "module.vpc.module.db_password",
      "mode": "managed",
      "type": "aws_secretsmanager_secret",
      "name": "secret",
      "provider": "provider[\"registry.terraform.io/hashicorp/aws\"]",
      "instances": [
        {
          "schema_version": 0,
          "attributes": {
            "arn": "arn:aws:secretsmanager:us-east-1:209479308486:secret:EtleapDBPassword-test2-9cb94f-XpD8ww",
            "description": "",
            "force_overwrite_replica_secret": false,
            "id": "arn:aws:secretsmanager:us-east-1:209479308486:secret:EtleapDBPassword-test2-9cb94f-XpD8ww",
            "kms_key_id": "",
            "name": "EtleapDBPassword-test2-9cb94f",
            "name_prefix": "",
            "policy": "",
            "recovery_window_in_days": 30,
            "replica": [],
            "tags": {
              "Deployment": "test2",
              "Environment": "sandbox",
              "Operator": "Benedict.Chan"
            },
            "tags_all": {
              "Deployment": "test2",
              "Environment": "sandbox",
              "Operator": "Benedict.Chan"
            }
          },
          "sensitive_attributes": [],
          "identity_schema_version": 0,
          "private": "bnVsbA==",
          "dependencies": [
            "module.vpc.random_id.deployment_random"
          ]
        }
      ]
    },
    {
      "module": "module.vpc.module.db_password",
      "mode": "managed",
      "type": "aws_secretsmanager_secret_version",
      "name": "secret",
      "provider": "provider[\"registry.terraform.io/hashicorp/aws\"]",
      "instances": [
        {
          "schema_version": 0,
          "attributes": {
            "arn": "arn:aws:secretsmanager:us-east-1:209479308486:secret:EtleapDBPassword-test2-9cb94f-XpD8ww",
            "has_secret_string_wo": null,
            "id": "arn:aws:secretsmanager:us-east-1:209479308486:secret:EtleapDBPassword-test2-9cb94f-XpD8ww|terraform-20260616135426716800000009",
            "secret_binary": "",
            "secret_id": "arn:aws:secretsmanager:us-east-1:209479308486:secret:EtleapDBPassword-test2-9cb94f-XpD8ww",
            "secret_string": "surR0AmbGbGrxcrfbDOr",
            "secret_string_wo": null,
            "secret_string_wo_version": null,
            "version_id": "terraform-20260616135426716800000009",
            "version_stages": [
              "AWSCURRENT"
            ]
          },
          "sensitive_attributes": [
            [
              {
                "type": "get_attr",
                "value": "secret_binary"
              }
            ],
            [
              {
                "type": "get_attr",
                "value": "secret_string"
              }
            ],
            [
              {
                "type": "get_attr",
                "value": "secret_string_wo"
              }
            ]
          ],
          "identity_schema_version": 0,
          "private": "bnVsbA==",
          "dependencies": [
            "module.vpc.module.db_password.aws_secretsmanager_secret.secret",
            "module.vpc.module.db_password.random_password.secret_value",
            "module.vpc.random_id.deployment_random"
          ]
        }
      ]
    },
    {
      "module": "module.vpc.module.db_password",
      "mode": "managed",
      "type": "random_password",
      "name": "secret_value",
      "provider": "provider[\"registry.terraform.io/hashicorp/random\"]",
      "instances": [
        {
          "schema_version": 3,
          "attributes": {
            "bcrypt_hash": "$2a$10$l9CnAH.qTbLMwWkufcsGGesL17ZvY5jtP7Bye8h5oZI0nxZWkrAY6",
            "id": "none",
            "keepers": null,
            "length": 20,
            "lower": true,
            "min_lower": 0,
            "min_numeric": 0,
            "min_special": 0,
            "min_upper": 0,
            "number": true,
            "numeric": true,
            "override_special": null,
            "result": "surR0AmbGbGrxcrfbDOr",
            "special": false,
            "upper": true
          },
          "sensitive_attributes": [
            [
              {
                "type": "get_attr",
                "value": "bcrypt_hash"
              }
            ],
            [
              {
                "type": "get_attr",
                "value": "result"
              }
            ]
          ],
          "identity_schema_version": 0
        }
      ]
    },
    {
      "module": "module.vpc.module.db_root_password",
      "mode": "managed",
      "type": "aws_secretsmanager_secret",
      "name": "secret",
      "provider": "provider[\"registry.terraform.io/hashicorp/aws\"]",
      "instances": [
        {
          "schema_version": 0,
          "attributes": {
            "arn": "arn:aws:secretsmanager:us-east-1:209479308486:secret:EtleapDBRootPassword-test2-9cb94f-vptP9w",
            "description": "",
            "force_overwrite_replica_secret": false,
            "id": "arn:aws:secretsmanager:us-east-1:209479308486:secret:EtleapDBRootPassword-test2-9cb94f-vptP9w",
            "kms_key_id": "",
            "name": "EtleapDBRootPassword-test2-9cb94f",
            "name_prefix": "",
            "policy": "",
            "recovery_window_in_days": 30,
            "replica": [],
            "tags": {
              "Deployment": "test2",
              "Environment": "sandbox",
              "Operator": "Benedict.Chan"
            },
            "tags_all": {
              "Deployment": "test2",
              "Environment": "sandbox",
              "Operator": "Benedict.Chan"
            }
          },
          "sensitive_attributes": [],
          "identity_schema_version": 0,
          "private": "bnVsbA==",
          "dependencies": [
            "module.vpc.random_id.deployment_random"
          ]
        }
      ]
    },
    {
      "module": "module.vpc.module.db_root_password",
      "mode": "managed",
      "type": "aws_secretsmanager_secret_version",
      "name": "secret",
      "provider": "provider[\"registry.terraform.io/hashicorp/aws\"]",
      "instances": [
        {
          "schema_version": 0,
          "attributes": {
            "arn": "arn:aws:secretsmanager:us-east-1:209479308486:secret:EtleapDBRootPassword-test2-9cb94f-vptP9w",
            "has_secret_string_wo": null,
            "id": "arn:aws:secretsmanager:us-east-1:209479308486:secret:EtleapDBRootPassword-test2-9cb94f-vptP9w|terraform-2026061613542676420000000f",
            "secret_binary": "",
            "secret_id": "arn:aws:secretsmanager:us-east-1:209479308486:secret:EtleapDBRootPassword-test2-9cb94f-vptP9w",
            "secret_string": "YGiOoFU7wnCCQdDPSv4G",
            "secret_string_wo": null,
            "secret_string_wo_version": null,
            "version_id": "terraform-2026061613542676420000000f",
            "version_stages": [
              "AWSCURRENT"
            ]
          },
          "sensitive_attributes": [
            [
              {
                "type": "get_attr",
                "value": "secret_binary"
              }
            ],
            [
              {
                "type": "get_attr",
                "value": "secret_string"
              }
            ],
            [
              {
                "type": "get_attr",
                "value": "secret_string_wo"
              }
            ]
          ],
          "identity_schema_version": 0,
          "private": "bnVsbA==",
          "dependencies": [
            "module.vpc.module.db_root_password.aws_secretsmanager_secret.secret",
            "module.vpc.module.db_root_password.random_password.secret_value",
            "module.vpc.random_id.deployment_random"
          ]
        }
      ]
    },
    {
      "module": "module.vpc.module.db_root_password",
      "mode": "managed",
      "type": "random_password",
      "name": "secret_value",
      "provider": "provider[\"registry.terraform.io/hashicorp/random\"]",
      "instances": [
        {
          "schema_version": 3,
          "attributes": {
            "bcrypt_hash": "$2a$10$sodjoL1cAlkpK4SafzTbDumWnppgDw4O7/sPj9h/sqFFnfLQt1Lpi",
            "id": "none",
            "keepers": null,
            "length": 20,
            "lower": true,
            "min_lower": 0,
            "min_numeric": 0,
            "min_special": 0,
            "min_upper": 0,
            "number": true,
            "numeric": true,
            "override_special": null,
            "result": "YGiOoFU7wnCCQdDPSv4G",
            "special": false,
            "upper": true
          },
          "sensitive_attributes": [
            [
              {
                "type": "get_attr",
                "value": "bcrypt_hash"
              }
            ],
            [
              {
                "type": "get_attr",
                "value": "result"
              }
            ]
          ],
          "identity_schema_version": 0
        }
      ]
    },
    {
      "module": "module.vpc.module.db_support_password",
      "mode": "managed",
      "type": "aws_secretsmanager_secret",
      "name": "secret",
      "provider": "provider[\"registry.terraform.io/hashicorp/aws\"]",
      "instances": [
        {
          "schema_version": 0,
          "attributes": {
            "arn": "arn:aws:secretsmanager:us-east-1:209479308486:secret:Etleap-test2-DBSupportPassword-J8Mgvo",
            "description": "",
            "force_overwrite_replica_secret": false,
            "id": "arn:aws:secretsmanager:us-east-1:209479308486:secret:Etleap-test2-DBSupportPassword-J8Mgvo",
            "kms_key_id": "",
            "name": "Etleap-test2-DBSupportPassword",
            "name_prefix": "",
            "policy": "",
            "recovery_window_in_days": 30,
            "replica": [],
            "tags": {
              "Deployment": "test2",
              "Environment": "sandbox",
              "Operator": "Benedict.Chan"
            },
            "tags_all": {
              "Deployment": "test2",
              "Environment": "sandbox",
              "Operator": "Benedict.Chan"
            }
          },
          "sensitive_attributes": [],
          "identity_schema_version": 0,
          "private": "bnVsbA=="
        }
      ]
    },
    {
      "module": "module.vpc.module.db_support_password",
      "mode": "managed",
      "type": "aws_secretsmanager_secret_version",
      "name": "secret",
      "provider": "provider[\"registry.terraform.io/hashicorp/aws\"]",
      "instances": [
        {
          "schema_version": 0,
          "attributes": {
            "arn": "arn:aws:secretsmanager:us-east-1:209479308486:secret:Etleap-test2-DBSupportPassword-J8Mgvo",
            "has_secret_string_wo": null,
            "id": "arn:aws:secretsmanager:us-east-1:209479308486:secret:Etleap-test2-DBSupportPassword-J8Mgvo|terraform-2026061613542676420000000e",
            "secret_binary": "",
            "secret_id": "arn:aws:secretsmanager:us-east-1:209479308486:secret:Etleap-test2-DBSupportPassword-J8Mgvo",
            "secret_string": "Dwp2VaMvhJ2o20o4lzDa",
            "secret_string_wo": null,
            "secret_string_wo_version": null,
            "version_id": "terraform-2026061613542676420000000e",
            "version_stages": [
              "AWSCURRENT"
            ]
          },
          "sensitive_attributes": [
            [
              {
                "type": "get_attr",
                "value": "secret_binary"
              }
            ],
            [
              {
                "type": "get_attr",
                "value": "secret_string"
              }
            ],
            [
              {
                "type": "get_attr",
                "value": "secret_string_wo"
              }
            ]
          ],
          "identity_schema_version": 0,
          "private": "bnVsbA==",
          "dependencies": [
            "module.vpc.module.db_support_password.aws_secretsmanager_secret.secret",
            "module.vpc.module.db_support_password.random_password.secret_value"
          ]
        }
      ]
    },
    {
      "module": "module.vpc.module.db_support_password",
      "mode": "managed",
      "type": "random_password",
      "name": "secret_value",
      "provider": "provider[\"registry.terraform.io/hashicorp/random\"]",
      "instances": [
        {
          "schema_version": 3,
          "attributes": {
            "bcrypt_hash": "$2a$10$BDEVAWbJghY07xdmxRvxrOLGdMnJqr4dbsn61T4OBGYWw0bZ2pv5e",
            "id": "none",
            "keepers": null,
            "length": 20,
            "lower": true,
            "min_lower": 0,
            "min_numeric": 0,
            "min_special": 0,
            "min_upper": 0,
            "number": true,
            "numeric": true,
            "override_special": null,
            "result": "Dwp2VaMvhJ2o20o4lzDa",
            "special": false,
            "upper": true
          },
          "sensitive_attributes": [
            [
              {
                "type": "get_attr",
                "value": "bcrypt_hash"
              }
            ],
            [
              {
                "type": "get_attr",
                "value": "result"
              }
            ]
          ],
          "identity_schema_version": 0
        }
      ]
    },
    {
      "module": "module.vpc.module.deployment_secret",
      "mode": "managed",
      "type": "aws_secretsmanager_secret",
      "name": "secret",
      "provider": "provider[\"registry.terraform.io/hashicorp/aws\"]",
      "instances": [
        {
          "schema_version": 0,
          "attributes": {
            "arn": "arn:aws:secretsmanager:us-east-1:209479308486:secret:EtleapDeploymentSecret-test2-9cb94f-kpwBCw",
            "description": "",
            "force_overwrite_replica_secret": false,
            "id": "arn:aws:secretsmanager:us-east-1:209479308486:secret:EtleapDeploymentSecret-test2-9cb94f-kpwBCw",
            "kms_key_id": "",
            "name": "EtleapDeploymentSecret-test2-9cb94f",
            "name_prefix": "",
            "policy": "",
            "recovery_window_in_days": 30,
            "replica": [],
            "tags": {
              "Deployment": "test2",
              "Environment": "sandbox",
              "Operator": "Benedict.Chan"
            },
            "tags_all": {
              "Deployment": "test2",
              "Environment": "sandbox",
              "Operator": "Benedict.Chan"
            }
          },
          "sensitive_attributes": [],
          "identity_schema_version": 0,
          "private": "bnVsbA==",
          "dependencies": [
            "module.vpc.random_id.deployment_random"
          ]
        }
      ]
    },
    {
      "module": "module.vpc.module.deployment_secret",
      "mode": "managed",
      "type": "aws_secretsmanager_secret_version",
      "name": "secret",
      "provider": "provider[\"registry.terraform.io/hashicorp/aws\"]",
      "instances": [
        {
          "schema_version": 0,
          "attributes": {
            "arn": "arn:aws:secretsmanager:us-east-1:209479308486:secret:EtleapDeploymentSecret-test2-9cb94f-kpwBCw",
            "has_secret_string_wo": null,
            "id": "arn:aws:secretsmanager:us-east-1:209479308486:secret:EtleapDeploymentSecret-test2-9cb94f-kpwBCw|terraform-2026061613542674980000000b",
            "secret_binary": "",
            "secret_id": "arn:aws:secretsmanager:us-east-1:209479308486:secret:EtleapDeploymentSecret-test2-9cb94f-kpwBCw",
            "secret_string": "wCQCfwIpW1vuR8M61iUQee8bWyhFgqoEWuz9GBvI",
            "secret_string_wo": null,
            "secret_string_wo_version": null,
            "version_id": "terraform-2026061613542674980000000b",
            "version_stages": [
              "AWSCURRENT"
            ]
          },
          "sensitive_attributes": [
            [
              {
                "type": "get_attr",
                "value": "secret_binary"
              }
            ],
            [
              {
                "type": "get_attr",
                "value": "secret_string"
              }
            ],
            [
              {
                "type": "get_attr",
                "value": "secret_string_wo"
              }
            ]
          ],
          "identity_schema_version": 0,
          "private": "bnVsbA==",
          "dependencies": [
            "module.vpc.module.deployment_secret.aws_secretsmanager_secret.secret",
            "module.vpc.module.deployment_secret.random_password.secret_value",
            "module.vpc.random_id.deployment_random"
          ]
        }
      ]
    },
    {
      "module": "module.vpc.module.deployment_secret",
      "mode": "managed",
      "type": "random_password",
      "name": "secret_value",
      "provider": "provider[\"registry.terraform.io/hashicorp/random\"]",
      "instances": [
        {
          "schema_version": 3,
          "attributes": {
            "bcrypt_hash": "$2a$10$lLInx4b969XVZBOp7lbBNurBvCZHNnrWvn1fGN6/msKvWjNSkmQ/6",
            "id": "none",
            "keepers": null,
            "length": 40,
            "lower": true,
            "min_lower": 0,
            "min_numeric": 0,
            "min_special": 0,
            "min_upper": 0,
            "number": true,
            "numeric": true,
            "override_special": null,
            "result": "wCQCfwIpW1vuR8M61iUQee8bWyhFgqoEWuz9GBvI",
            "special": true,
            "upper": true
          },
          "sensitive_attributes": [
            [
              {
                "type": "get_attr",
                "value": "bcrypt_hash"
              }
            ],
            [
              {
                "type": "get_attr",
                "value": "result"
              }
            ]
          ],
          "identity_schema_version": 0
        }
      ]
    },
    {
      "module": "module.vpc.module.inbound_queue",
      "mode": "managed",
      "type": "aws_sns_topic",
      "name": "etleap-inbound",
      "provider": "provider[\"registry.terraform.io/hashicorp/aws\"]",
      "instances": [
        {
          "schema_version": 0,
          "attributes": {
            "application_failure_feedback_role_arn": "",
            "application_success_feedback_role_arn": "",
            "application_success_feedback_sample_rate": 0,
            "archive_policy": "",
            "arn": "arn:aws:sns:us-east-1:209479308486:etleap-inbound-test2",
            "beginning_archive_time": "",
            "content_based_deduplication": false,
            "delivery_policy": "",
            "display_name": "",
            "fifo_throughput_scope": "",
            "fifo_topic": false,
            "firehose_failure_feedback_role_arn": "",
            "firehose_success_feedback_role_arn": "",
            "firehose_success_feedback_sample_rate": 0,
            "http_failure_feedback_role_arn": "",
            "http_success_feedback_role_arn": "",
            "http_success_feedback_sample_rate": 0,
            "id": "arn:aws:sns:us-east-1:209479308486:etleap-inbound-test2",
            "kms_master_key_id": "",
            "lambda_failure_feedback_role_arn": "",
            "lambda_success_feedback_role_arn": "",
            "lambda_success_feedback_sample_rate": 0,
            "name": "etleap-inbound-test2",
            "name_prefix": "",
            "owner": "209479308486",
            "policy": "{\"Id\":\"__default_policy_ID\",\"Statement\":[{\"Action\":[\"SNS:GetTopicAttributes\",\"SNS:SetTopicAttributes\",\"SNS:AddPermission\",\"SNS:RemovePermission\",\"SNS:DeleteTopic\",\"SNS:Subscribe\",\"SNS:ListSubscriptionsByTopic\",\"SNS:Publish\"],\"Condition\":{\"StringEquals\":{\"AWS:SourceOwner\":\"209479308486\"}},\"Effect\":\"Allow\",\"Principal\":{\"AWS\":\"*\"},\"Resource\":\"arn:aws:sns:us-east-1:209479308486:etleap-inbound-test2\",\"Sid\":\"__default_statement_ID\"}],\"Version\":\"2008-10-17\"}",
            "signature_version": 0,
            "sqs_failure_feedback_role_arn": "",
            "sqs_success_feedback_role_arn": "",
            "sqs_success_feedback_sample_rate": 0,
            "tags": {
              "Deployment": "test2",
              "Environment": "sandbox",
              "Operator": "Benedict.Chan"
            },
            "tags_all": {
              "Deployment": "test2",
              "Environment": "sandbox",
              "Operator": "Benedict.Chan"
            },
            "tracing_config": ""
          },
          "sensitive_attributes": [],
          "identity_schema_version": 0,
          "private": "bnVsbA=="
        }
      ]
    },
    {
      "module": "module.vpc.module.inbound_queue",
      "mode": "managed",
      "type": "aws_sns_topic_subscription",
      "name": "user_updates_sqs_target",
      "provider": "provider[\"registry.terraform.io/hashicorp/aws\"]",
      "instances": [
        {
          "schema_version": 0,
          "attributes": {
            "arn": "arn:aws:sns:us-east-1:209479308486:etleap-inbound-test2:0c592c56-dfb4-41b5-9110-63cc09fb9b90",
            "confirmation_timeout_in_minutes": 1,
            "confirmation_was_authenticated": true,
            "delivery_policy": "",
            "endpoint": "arn:aws:sqs:us-east-1:209479308486:etleap-inbound-test2",
            "endpoint_auto_confirms": false,
            "filter_policy": "",
            "filter_policy_scope": "",
            "id": "arn:aws:sns:us-east-1:209479308486:etleap-inbound-test2:0c592c56-dfb4-41b5-9110-63cc09fb9b90",
            "owner_id": "209479308486",
            "pending_confirmation": false,
            "protocol": "sqs",
            "raw_message_delivery": true,
            "redrive_policy": "",
            "replay_policy": "",
            "subscription_role_arn": "",
            "topic_arn": "arn:aws:sns:us-east-1:209479308486:etleap-inbound-test2"
          },
          "sensitive_attributes": [],
          "identity_schema_version": 0,
          "private": "bnVsbA==",
          "dependencies": [
            "module.vpc.module.inbound_queue.aws_sns_topic.etleap-inbound",
            "module.vpc.module.inbound_queue.aws_sqs_queue.etleap-inbound",
            "module.vpc.module.inbound_queue.aws_sqs_queue.etleap-inbound-dlq"
          ]
        }
      ]
    },
    {
      "module": "module.vpc.module.inbound_queue",
      "mode": "managed",
      "type": "aws_sqs_queue",
      "name": "etleap-inbound",
      "provider": "provider[\"registry.terraform.io/hashicorp/aws\"]",
      "instances": [
        {
          "schema_version": 0,
          "attributes": {
            "arn": "arn:aws:sqs:us-east-1:209479308486:etleap-inbound-test2",
            "content_based_deduplication": false,
            "deduplication_scope": "",
            "delay_seconds": 0,
            "fifo_queue": false,
            "fifo_throughput_limit": "",
            "id": "https://sqs.us-east-1.amazonaws.com/209479308486/etleap-inbound-test2",
            "kms_data_key_reuse_period_seconds": 300,
            "kms_master_key_id": "",
            "max_message_size": 262144,
            "message_retention_seconds": 345600,
            "name": "etleap-inbound-test2",
            "name_prefix": "",
            "policy": "{\"Id\":\"arn:aws:sqs:us-east-1:209479308486:etleap-inbound-test2/SQSDefaultPolicy\",\"Statement\":[{\"Action\":\"SQS:SendMessage\",\"Condition\":{\"ArnLike\":{\"aws:SourceArn\":\"arn:aws:sns:us-east-1:209479308486:etleap-inbound-test2\"}},\"Effect\":\"Allow\",\"Principal\":{\"AWS\":\"*\"},\"Resource\":\"arn:aws:sqs:us-east-1:209479308486:etleap-inbound-test2\",\"Sid\":\"topic-subscription-arn:arn:aws:sns:us-east-1:209479308486:etleap-inbound-test2:0c592c56-dfb4-41b5-9110-63cc09fb9b90\"}],\"Version\":\"2012-10-17\"}",
            "receive_wait_time_seconds": 0,
            "redrive_allow_policy": "",
            "redrive_policy": "{\"deadLetterTargetArn\":\"arn:aws:sqs:us-east-1:209479308486:etleap-inbound-dlq-test2\",\"maxReceiveCount\":3}",
            "sqs_managed_sse_enabled": true,
            "tags": {
              "Deployment": "test2",
              "Environment": "sandbox",
              "Operator": "Benedict.Chan"
            },
            "tags_all": {
              "Deployment": "test2",
              "Environment": "sandbox",
              "Operator": "Benedict.Chan"
            },
            "timeouts": null,
            "url": "https://sqs.us-east-1.amazonaws.com/209479308486/etleap-inbound-test2",
            "visibility_timeout_seconds": 30
          },
          "sensitive_attributes": [],
          "identity_schema_version": 0,
          "private": "eyJlMmJmYjczMC1lY2FhLTExZTYtOGY4OC0zNDM2M2JjN2M0YzAiOnsiY3JlYXRlIjoxODAwMDAwMDAwMDAsImRlbGV0ZSI6MTgwMDAwMDAwMDAwLCJ1cGRhdGUiOjE4MDAwMDAwMDAwMH19",
          "dependencies": [
            "module.vpc.module.inbound_queue.aws_sqs_queue.etleap-inbound-dlq"
          ]
        }
      ]
    },
    {
      "module": "module.vpc.module.inbound_queue",
      "mode": "managed",
      "type": "aws_sqs_queue",
      "name": "etleap-inbound-dlq",
      "provider": "provider[\"registry.terraform.io/hashicorp/aws\"]",
      "instances": [
        {
          "schema_version": 0,
          "attributes": {
            "arn": "arn:aws:sqs:us-east-1:209479308486:etleap-inbound-dlq-test2",
            "content_based_deduplication": false,
            "deduplication_scope": "",
            "delay_seconds": 0,
            "fifo_queue": false,
            "fifo_throughput_limit": "",
            "id": "https://sqs.us-east-1.amazonaws.com/209479308486/etleap-inbound-dlq-test2",
            "kms_data_key_reuse_period_seconds": 300,
            "kms_master_key_id": "",
            "max_message_size": 262144,
            "message_retention_seconds": 345600,
            "name": "etleap-inbound-dlq-test2",
            "name_prefix": "",
            "policy": "{\"Id\":\"arn:aws:sqs:us-east-1:209479308486:etleap-inbound-dlq-test2/SQSDLQDefaultPolicy\",\"Statement\":[{\"Action\":\"SQS:SendMessage\",\"Condition\":{\"ArnLike\":{\"aws:SourceArn\":\"arn:aws:sqs:us-east-1:209479308486:etleap-inbound-test2\"}},\"Effect\":\"Allow\",\"Principal\":{\"AWS\":\"*\"},\"Resource\":\"arn:aws:sqs:us-east-1:209479308486:etleap-inbound-dlq-test2\",\"Sid\":\"main-sqs-arn:arn:aws:sqs:us-east-1:209479308486:etleap-inbound-test2\"}],\"Version\":\"2012-10-17\"}",
            "receive_wait_time_seconds": 0,
            "redrive_allow_policy": "",
            "redrive_policy": "",
            "sqs_managed_sse_enabled": true,
            "tags": {
              "Deployment": "test2",
              "Environment": "sandbox",
              "Operator": "Benedict.Chan"
            },
            "tags_all": {
              "Deployment": "test2",
              "Environment": "sandbox",
              "Operator": "Benedict.Chan"
            },
            "timeouts": null,
            "url": "https://sqs.us-east-1.amazonaws.com/209479308486/etleap-inbound-dlq-test2",
            "visibility_timeout_seconds": 30
          },
          "sensitive_attributes": [],
          "identity_schema_version": 0,
          "private": "eyJlMmJmYjczMC1lY2FhLTExZTYtOGY4OC0zNDM2M2JjN2M0YzAiOnsiY3JlYXRlIjoxODAwMDAwMDAwMDAsImRlbGV0ZSI6MTgwMDAwMDAwMDAwLCJ1cGRhdGUiOjE4MDAwMDAwMDAwMH19"
        }
      ]
    },
    {
      "module": "module.vpc.module.inbound_queue",
      "mode": "managed",
      "type": "aws_sqs_queue_policy",
      "name": "allow-sns-write",
      "provider": "provider[\"registry.terraform.io/hashicorp/aws\"]",
      "instances": [
        {
          "schema_version": 1,
          "attributes": {
            "id": "https://sqs.us-east-1.amazonaws.com/209479308486/etleap-inbound-test2",
            "policy": "{\"Id\":\"arn:aws:sqs:us-east-1:209479308486:etleap-inbound-test2/SQSDefaultPolicy\",\"Statement\":[{\"Action\":\"SQS:SendMessage\",\"Condition\":{\"ArnLike\":{\"aws:SourceArn\":\"arn:aws:sns:us-east-1:209479308486:etleap-inbound-test2\"}},\"Effect\":\"Allow\",\"Principal\":{\"AWS\":\"*\"},\"Resource\":\"arn:aws:sqs:us-east-1:209479308486:etleap-inbound-test2\",\"Sid\":\"topic-subscription-arn:arn:aws:sns:us-east-1:209479308486:etleap-inbound-test2:0c592c56-dfb4-41b5-9110-63cc09fb9b90\"}],\"Version\":\"2012-10-17\"}",
            "queue_url": "https://sqs.us-east-1.amazonaws.com/209479308486/etleap-inbound-test2"
          },
          "sensitive_attributes": [],
          "identity_schema_version": 0,
          "private": "eyJzY2hlbWFfdmVyc2lvbiI6IjEifQ==",
          "dependencies": [
            "module.vpc.module.inbound_queue.aws_sns_topic.etleap-inbound",
            "module.vpc.module.inbound_queue.aws_sns_topic_subscription.user_updates_sqs_target",
            "module.vpc.module.inbound_queue.aws_sqs_queue.etleap-inbound",
            "module.vpc.module.inbound_queue.aws_sqs_queue.etleap-inbound-dlq"
          ]
        }
      ]
    },
    {
      "module": "module.vpc.module.inbound_queue",
      "mode": "managed",
      "type": "aws_sqs_queue_policy",
      "name": "allow-sqs-write-dlq",
      "provider": "provider[\"registry.terraform.io/hashicorp/aws\"]",
      "instances": [
        {
          "schema_version": 1,
          "attributes": {
            "id": "https://sqs.us-east-1.amazonaws.com/209479308486/etleap-inbound-dlq-test2",
            "policy": "{\"Id\":\"arn:aws:sqs:us-east-1:209479308486:etleap-inbound-dlq-test2/SQSDLQDefaultPolicy\",\"Statement\":[{\"Action\":\"SQS:SendMessage\",\"Condition\":{\"ArnLike\":{\"aws:SourceArn\":\"arn:aws:sqs:us-east-1:209479308486:etleap-inbound-test2\"}},\"Effect\":\"Allow\",\"Principal\":{\"AWS\":\"*\"},\"Resource\":\"arn:aws:sqs:us-east-1:209479308486:etleap-inbound-dlq-test2\",\"Sid\":\"main-sqs-arn:arn:aws:sqs:us-east-1:209479308486:etleap-inbound-test2\"}],\"Version\":\"2012-10-17\"}",
            "queue_url": "https://sqs.us-east-1.amazonaws.com/209479308486/etleap-inbound-dlq-test2"
          },
          "sensitive_attributes": [],
          "identity_schema_version": 0,
          "private": "eyJzY2hlbWFfdmVyc2lvbiI6IjEifQ==",
          "dependencies": [
            "module.vpc.module.inbound_queue.aws_sqs_queue.etleap-inbound",
            "module.vpc.module.inbound_queue.aws_sqs_queue.etleap-inbound-dlq"
          ]
        }
      ]
    },
    {
      "module": "module.vpc.module.influx_db_password[0]",
      "mode": "managed",
      "type": "aws_secretsmanager_secret",
      "name": "secret",
      "provider": "provider[\"registry.terraform.io/hashicorp/aws\"]",
      "instances": [
        {
          "schema_version": 0,
          "attributes": {
            "arn": "arn:aws:secretsmanager:us-east-1:209479308486:secret:EtleapInfluxDBRootPassword-test2-9cb94f-x8P0Xn",
            "description": "",
            "force_overwrite_replica_secret": false,
            "id": "arn:aws:secretsmanager:us-east-1:209479308486:secret:EtleapInfluxDBRootPassword-test2-9cb94f-x8P0Xn",
            "kms_key_id": "",
            "name": "EtleapInfluxDBRootPassword-test2-9cb94f",
            "name_prefix": "",
            "policy": "",
            "recovery_window_in_days": 30,
            "replica": [],
            "tags": {
              "Deployment": "test2",
              "Environment": "sandbox",
              "Operator": "Benedict.Chan"
            },
            "tags_all": {
              "Deployment": "test2",
              "Environment": "sandbox",
              "Operator": "Benedict.Chan"
            }
          },
          "sensitive_attributes": [],
          "identity_schema_version": 0,
          "private": "bnVsbA==",
          "dependencies": [
            "module.vpc.random_id.deployment_random"
          ]
        }
      ]
    },
    {
      "module": "module.vpc.module.influx_db_password[0]",
      "mode": "managed",
      "type": "aws_secretsmanager_secret_version",
      "name": "secret",
      "provider": "provider[\"registry.terraform.io/hashicorp/aws\"]",
      "instances": [
        {
          "schema_version": 0,
          "attributes": {
            "arn": "arn:aws:secretsmanager:us-east-1:209479308486:secret:EtleapInfluxDBRootPassword-test2-9cb94f-x8P0Xn",
            "has_secret_string_wo": null,
            "id": "arn:aws:secretsmanager:us-east-1:209479308486:secret:EtleapInfluxDBRootPassword-test2-9cb94f-x8P0Xn|terraform-2026061613542671680000000a",
            "secret_binary": "",
            "secret_id": "arn:aws:secretsmanager:us-east-1:209479308486:secret:EtleapInfluxDBRootPassword-test2-9cb94f-x8P0Xn",
            "secret_string": "kFWdtq0UtdNM1Aj8xtuH",
            "secret_string_wo": null,
            "secret_string_wo_version": null,
            "version_id": "terraform-2026061613542671680000000a",
            "version_stages": [
              "AWSCURRENT"
            ]
          },
          "sensitive_attributes": [
            [
              {
                "type": "get_attr",
                "value": "secret_binary"
              }
            ],
            [
              {
                "type": "get_attr",
                "value": "secret_string"
              }
            ],
            [
              {
                "type": "get_attr",
                "value": "secret_string_wo"
              }
            ]
          ],
          "identity_schema_version": 0,
          "private": "bnVsbA==",
          "dependencies": [
            "module.vpc.module.influx_db_password.aws_secretsmanager_secret.secret",
            "module.vpc.module.influx_db_password.random_password.secret_value",
            "module.vpc.random_id.deployment_random"
          ]
        }
      ]
    },
    {
      "module": "module.vpc.module.influx_db_password[0]",
      "mode": "managed",
      "type": "random_password",
      "name": "secret_value",
      "provider": "provider[\"registry.terraform.io/hashicorp/random\"]",
      "instances": [
        {
          "schema_version": 3,
          "attributes": {
            "bcrypt_hash": "$2a$10$Wzsai64ld8yFq..iozynieOzZ89/v1BZRdLPTNDskYUmql0lQ/uee",
            "id": "none",
            "keepers": null,
            "length": 20,
            "lower": true,
            "min_lower": 0,
            "min_numeric": 0,
            "min_special": 0,
            "min_upper": 0,
            "number": true,
            "numeric": true,
            "override_special": null,
            "result": "kFWdtq0UtdNM1Aj8xtuH",
            "special": false,
            "upper": true
          },
          "sensitive_attributes": [
            [
              {
                "type": "get_attr",
                "value": "bcrypt_hash"
              }
            ],
            [
              {
                "type": "get_attr",
                "value": "result"
              }
            ]
          ],
          "identity_schema_version": 0
        }
      ]
    },
    {
      "module": "module.vpc.module.main_app[0]",
      "mode": "managed",
      "type": "aws_instance",
      "name": "app",
      "provider": "provider[\"registry.terraform.io/hashicorp/aws\"]",
      "instances": [
        {
          "schema_version": 1,
          "attributes": {
            "ami": "ami-0e0a4106402da2799",
            "arn": "arn:aws:ec2:us-east-1:209479308486:instance/i-04eb87e92425e5635",
            "associate_public_ip_address": false,
            "availability_zone": "us-east-1b",
            "capacity_reservation_specification": [
              {
                "capacity_reservation_preference": "open",
                "capacity_reservation_target": []
              }
            ],
            "cpu_core_count": 16,
            "cpu_options": [
              {
                "amd_sev_snp": "",
                "core_count": 16,
                "threads_per_core": 1
              }
            ],
            "cpu_threads_per_core": 1,
            "credit_specification": [],
            "disable_api_stop": false,
            "disable_api_termination": false,
            "ebs_block_device": [
              {
                "delete_on_termination": true,
                "device_name": "/dev/xvdb",
                "encrypted": true,
                "iops": 3000,
                "kms_key_id": "arn:aws:kms:us-east-1:209479308486:key/68a29d3d-82f9-4fe5-9f4c-4345c12efc3c",
                "snapshot_id": "snap-0c7b7b571eb55b55e",
                "tags": {},
                "tags_all": {},
                "throughput": 125,
                "volume_id": "vol-04648a39b0df2ba53",
                "volume_size": 60,
                "volume_type": "gp3"
              }
            ],
            "ebs_optimized": false,
            "enable_primary_ipv6": null,
            "enclave_options": [
              {
                "enabled": false
              }
            ],
            "ephemeral_block_device": [],
            "get_password_data": false,
            "hibernation": false,
            "host_id": "",
            "host_resource_group_arn": null,
            "iam_instance_profile": "EtleapApp-test2-9cb94f",
            "id": "i-04eb87e92425e5635",
            "instance_initiated_shutdown_behavior": "stop",
            "instance_lifecycle": "",
            "instance_market_options": [],
            "instance_state": "running",
            "instance_type": "c7a.4xlarge",
            "ipv6_address_count": 0,
            "ipv6_addresses": [],
            "key_name": "Etleap-Benedict",
            "launch_template": [],
            "maintenance_options": [
              {
                "auto_recovery": "default"
              }
            ],
            "metadata_options": [
              {
                "http_endpoint": "enabled",
                "http_protocol_ipv6": "disabled",
                "http_put_response_hop_limit": 2,
                "http_tokens": "required",
                "instance_metadata_tags": "disabled"
              }
            ],
            "monitoring": false,
            "network_interface": [
              {
                "delete_on_termination": false,
                "device_index": 0,
                "network_card_index": 0,
                "network_interface_id": "eni-08888cdc8cb13d3df"
              }
            ],
            "outpost_arn": "",
            "password_data": "",
            "placement_group": "",
            "placement_partition_number": 0,
            "primary_network_interface_id": "eni-08888cdc8cb13d3df",
            "private_dns": "ip-172-22-5-133.ec2.internal",
            "private_dns_name_options": [
              {
                "enable_resource_name_dns_a_record": false,
                "enable_resource_name_dns_aaaa_record": false,
                "hostname_type": "ip-name"
              }
            ],
            "private_ip": "172.22.5.133",
            "public_dns": "",
            "public_ip": "",
            "root_block_device": [
              {
                "delete_on_termination": true,
                "device_name": "/dev/sda1",
                "encrypted": true,
                "iops": 3000,
                "kms_key_id": "arn:aws:kms:us-east-1:209479308486:key/68a29d3d-82f9-4fe5-9f4c-4345c12efc3c",
                "tags": null,
                "tags_all": {},
                "throughput": 125,
                "volume_id": "vol-0d71b35737a63605c",
                "volume_size": 32,
                "volume_type": "gp3"
              }
            ],
            "secondary_private_ips": [],
            "security_groups": [],
            "source_dest_check": true,
            "spot_instance_request_id": "",
            "subnet_id": "subnet-0ba0b865118de2ace",
            "tags": {
              "AppRole": "main",
              "Deployment": "test2",
              "Environment": "sandbox",
              "Name": "Etleap App test2 main",
              "Operator": "Benedict.Chan"
            },
            "tags_all": {
              "AppRole": "main",
              "Deployment": "test2",
              "Environment": "sandbox",
              "Name": "Etleap App test2 main",
              "Operator": "Benedict.Chan"
            },
            "tenancy": "default",
            "timeouts": null,
            "user_data": "4baefa5eb8cf46382af168b4df1a9907c4611428",
            "user_data_base64": null,
            "user_data_replace_on_change": true,
            "volume_tags": {
              "Deployment": "test2",
              "Environment": "sandbox",
              "Name": "Etleap App",
              "Operator": "Benedict.Chan"
            },
            "vpc_security_group_ids": [
              "sg-0264fb166e833a732"
            ]
          },
          "sensitive_attributes": [
            [
              {
                "type": "get_attr",
                "value": "user_data"
              }
            ]
          ],
          "identity_schema_version": 0,
          "private": "eyJlMmJmYjczMC1lY2FhLTExZTYtOGY4OC0zNDM2M2JjN2M0YzAiOnsiY3JlYXRlIjo2MDAwMDAwMDAwMDAsImRlbGV0ZSI6MTIwMDAwMDAwMDAwMCwicmVhZCI6OTAwMDAwMDAwMDAwLCJ1cGRhdGUiOjYwMDAwMDAwMDAwMH0sInNjaGVtYV92ZXJzaW9uIjoiMSJ9",
          "dependencies": [
            "aws_key_pair.ssh",
            "module.vpc.aws_cognito_identity_pool.etleap_azure_identity_pool",
            "module.vpc.aws_db_instance.db",
            "module.vpc.aws_db_parameter_group.mysql8-4-etleap",
            "module.vpc.aws_db_subnet_group.db",
            "module.vpc.aws_dms_replication_instance.dms",
            "module.vpc.aws_dms_replication_subnet_group.dms",
            "module.vpc.aws_dynamodb_table.activity-log",
            "module.vpc.aws_emr_cluster.emr",
            "module.vpc.aws_emr_security_configuration.emrfs_sse_kms",
            "module.vpc.aws_glue_catalog_database.iceberg_system_tables_db",
            "module.vpc.aws_iam_instance_profile.app",
            "module.vpc.aws_iam_instance_profile.emr_profile",
            "module.vpc.aws_iam_role.app",
            "module.vpc.aws_iam_role.dms",
            "module.vpc.aws_iam_role.emr",
            "module.vpc.aws_iam_role.emr_default_role",
            "module.vpc.aws_iam_role.intermediate",
            "module.vpc.aws_instance.nat",
            "module.vpc.aws_internet_gateway.etleap",
            "module.vpc.aws_kms_key.etleap_emr_ebs_encryption_key",
            "module.vpc.aws_kms_key.etleap_encryption_key",
            "module.vpc.aws_lb.app",
            "module.vpc.aws_network_interface.main_app",
            "module.vpc.aws_network_interface.zookeeper",
            "module.vpc.aws_route.prod_public",
            "module.vpc.aws_route_table.public",
            "module.vpc.aws_s3_bucket.intermediate",
            "module.vpc.aws_s3_object.customer_post_install_script",
            "module.vpc.aws_s3_object.db_init_script",
            "module.vpc.aws_s3_object.influx_db_init_script",
            "module.vpc.aws_secretsmanager_secret.influx_db_api_token",
            "module.vpc.aws_security_group.app",
            "module.vpc.aws_security_group.db",
            "module.vpc.aws_security_group.dms",
            "module.vpc.aws_security_group.emr",
            "module.vpc.aws_security_group.emr-master-managed",
            "module.vpc.aws_security_group.emr-service-access-managed",
            "module.vpc.aws_security_group.emr-slave-managed",
            "module.vpc.aws_security_group.influxdb",
            "module.vpc.aws_security_group.nat",
            "module.vpc.aws_security_group.zookeeper",
            "module.vpc.aws_ssm_parameter.emr_cluster_id",
            "module.vpc.aws_subnet.a_private",
            "module.vpc.aws_subnet.a_public",
            "module.vpc.aws_subnet.b_private",
            "module.vpc.aws_subnet.b_public",
            "module.vpc.aws_subnet.c_private",
            "module.vpc.aws_timestreaminfluxdb_db_instance.influx_db",
            "module.vpc.aws_vpc.etleap",
            "module.vpc.data.aws_ami.nat",
            "module.vpc.data.aws_caller_identity.current",
            "module.vpc.data.aws_iam_policy_document.dms_assume_role",
            "module.vpc.data.aws_region.current",
            "module.vpc.data.aws_secretsmanager_secret_version.influx_db_password",
            "module.vpc.module.admin_password.aws_secretsmanager_secret.secret",
            "module.vpc.module.db_password.aws_secretsmanager_secret.secret",
            "module.vpc.module.db_root_password.aws_secretsmanager_secret.secret",
            "module.vpc.module.db_root_password.aws_secretsmanager_secret_version.secret",
            "module.vpc.module.db_root_password.random_password.secret_value",
            "module.vpc.module.db_support_password.aws_secretsmanager_secret.secret",
            "module.vpc.module.deployment_secret.aws_secretsmanager_secret.secret",
            "module.vpc.module.elva.aws_iam_user.elva",
            "module.vpc.module.elva.aws_lb.elva",
            "module.vpc.module.elva.aws_security_group.elva-elb",
            "module.vpc.module.inbound_queue.aws_sns_topic.etleap-inbound",
            "module.vpc.module.inbound_queue.aws_sqs_queue.etleap-inbound",
            "module.vpc.module.inbound_queue.aws_sqs_queue.etleap-inbound-dlq",
            "module.vpc.module.influx_db_password.aws_secretsmanager_secret.secret",
            "module.vpc.module.influx_db_password.aws_secretsmanager_secret_version.secret",
            "module.vpc.module.influx_db_password.random_password.secret_value",
            "module.vpc.module.setup_password.aws_secretsmanager_secret.secret",
            "module.vpc.module.setup_password.aws_secretsmanager_secret_version.secret",
            "module.vpc.module.setup_password.random_password.secret_value",
            "module.vpc.null_resource.are_influx_db_hostname_and_password_valid",
            "module.vpc.null_resource.emr_configuration_change",
            "module.vpc.random_id.deployment_random"
          ]
        }
      ]
    },
    {
      "module": "module.vpc.module.setup_password",
      "mode": "managed",
      "type": "aws_secretsmanager_secret",
      "name": "secret",
      "provider": "provider[\"registry.terraform.io/hashicorp/aws\"]",
      "instances": [
        {
          "schema_version": 0,
          "attributes": {
            "arn": "arn:aws:secretsmanager:us-east-1:209479308486:secret:EtleapSetupPassword-test2-9cb94f-J8Mgvo",
            "description": "",
            "force_overwrite_replica_secret": false,
            "id": "arn:aws:secretsmanager:us-east-1:209479308486:secret:EtleapSetupPassword-test2-9cb94f-J8Mgvo",
            "kms_key_id": "",
            "name": "EtleapSetupPassword-test2-9cb94f",
            "name_prefix": "",
            "policy": "",
            "recovery_window_in_days": 30,
            "replica": [],
            "tags": {
              "Deployment": "test2",
              "Environment": "sandbox",
              "Operator": "Benedict.Chan"
            },
            "tags_all": {
              "Deployment": "test2",
              "Environment": "sandbox",
              "Operator": "Benedict.Chan"
            }
          },
          "sensitive_attributes": [],
          "identity_schema_version": 0,
          "private": "bnVsbA==",
          "dependencies": [
            "module.vpc.random_id.deployment_random"
          ]
        }
      ]
    },
    {
      "module": "module.vpc.module.setup_password",
      "mode": "managed",
      "type": "aws_secretsmanager_secret_version",
      "name": "secret",
      "provider": "provider[\"registry.terraform.io/hashicorp/aws\"]",
      "instances": [
        {
          "schema_version": 0,
          "attributes": {
            "arn": "arn:aws:secretsmanager:us-east-1:209479308486:secret:EtleapSetupPassword-test2-9cb94f-J8Mgvo",
            "has_secret_string_wo": null,
            "id": "arn:aws:secretsmanager:us-east-1:209479308486:secret:EtleapSetupPassword-test2-9cb94f-J8Mgvo|terraform-2026061613542676390000000d",
            "secret_binary": "",
            "secret_id": "arn:aws:secretsmanager:us-east-1:209479308486:secret:EtleapSetupPassword-test2-9cb94f-J8Mgvo",
            "secret_string": "iwODVkEF",
            "secret_string_wo": null,
            "secret_string_wo_version": null,
            "version_id": "terraform-2026061613542676390000000d",
            "version_stages": [
              "AWSCURRENT"
            ]
          },
          "sensitive_attributes": [
            [
              {
                "type": "get_attr",
                "value": "secret_binary"
              }
            ],
            [
              {
                "type": "get_attr",
                "value": "secret_string"
              }
            ],
            [
              {
                "type": "get_attr",
                "value": "secret_string_wo"
              }
            ]
          ],
          "identity_schema_version": 0,
          "private": "bnVsbA==",
          "dependencies": [
            "module.vpc.module.setup_password.aws_secretsmanager_secret.secret",
            "module.vpc.module.setup_password.random_password.secret_value",
            "module.vpc.random_id.deployment_random"
          ]
        }
      ]
    },
    {
      "module": "module.vpc.module.setup_password",
      "mode": "managed",
      "type": "random_password",
      "name": "secret_value",
      "provider": "provider[\"registry.terraform.io/hashicorp/random\"]",
      "instances": [
        {
          "schema_version": 3,
          "attributes": {
            "bcrypt_hash": "$2a$10$f2wmdrzcL6evbCcyZg3KJeySXJ3CZgQmfy3Z0D.egLWb.TolTAHjO",
            "id": "none",
            "keepers": null,
            "length": 8,
            "lower": true,
            "min_lower": 0,
            "min_numeric": 0,
            "min_special": 0,
            "min_upper": 0,
            "number": true,
            "numeric": true,
            "override_special": null,
            "result": "iwODVkEF",
            "special": false,
            "upper": true
          },
          "sensitive_attributes": [
            [
              {
                "type": "get_attr",
                "value": "bcrypt_hash"
              }
            ],
            [
              {
                "type": "get_attr",
                "value": "result"
              }
            ]
          ],
          "identity_schema_version": 0
        }
      ]
    }
  ],
  "check_results": [
    {
      "object_kind": "var",
      "config_addr": "module.vpc.var.emr_instance_fleet_smallest_instance_size",
      "status": "pass",
      "objects": [
        {
          "object_addr": "module.vpc.var.emr_instance_fleet_smallest_instance_size",
          "status": "pass"
        }
      ]
    },
    {
      "object_kind": "var",
      "config_addr": "module.vpc.var.kms_key_additional_policies",
      "status": "pass",
      "objects": [
        {
          "object_addr": "module.vpc.var.kms_key_additional_policies",
          "status": "pass"
        }
      ]
    },
    {
      "object_kind": "var",
      "config_addr": "module.vpc.var.vpc_cidr_block_1",
      "status": "pass",
      "objects": [
        {
          "object_addr": "module.vpc.var.vpc_cidr_block_1",
          "status": "pass"
        }
      ]
    },
    {
      "object_kind": "var",
      "config_addr": "module.vpc.var.vpc_cidr_block_2",
      "status": "pass",
      "objects": [
        {
          "object_addr": "module.vpc.var.vpc_cidr_block_2",
          "status": "pass"
        }
      ]
    },
    {
      "object_kind": "var",
      "config_addr": "module.vpc.var.private_subnets",
      "status": "pass",
      "objects": [
        {
          "object_addr": "module.vpc.var.private_subnets",
          "status": "pass"
        }
      ]
    },
    {
      "object_kind": "var",
      "config_addr": "module.vpc.var.outbound_access_destinations",
      "status": "pass",
      "objects": [
        {
          "object_addr": "module.vpc.var.outbound_access_destinations",
          "status": "pass"
        }
      ]
    },
    {
      "object_kind": "var",
      "config_addr": "module.vpc.var.vpc_cidr_block_3",
      "status": "pass",
      "objects": [
        {
          "object_addr": "module.vpc.var.vpc_cidr_block_3",
          "status": "pass"
        }
      ]
    },
    {
      "object_kind": "var",
      "config_addr": "module.vpc.var.public_subnets",
      "status": "pass",
      "objects": [
        {
          "object_addr": "module.vpc.var.public_subnets",
          "status": "pass"
        }
      ]
    },
    {
      "object_kind": "var",
      "config_addr": "module.vpc.var.vpc_id",
      "status": "pass",
      "objects": [
        {
          "object_addr": "module.vpc.var.vpc_id",
          "status": "pass"
        }
      ]
    },
    {
      "object_kind": "var",
      "config_addr": "module.vpc.var.deployment_id",
      "status": "pass",
      "objects": [
        {
          "object_addr": "module.vpc.var.deployment_id",
          "status": "pass"
        }
      ]
    }
  ]
}
