{
  "version": 4,
  "terraform_version": "1.12.2",
  "serial": 8179,
  "lineage": "571fcb51-5293-1c56-b8f7-2be55b848945",
  "outputs": {},
  "resources": [
    {
      "module": "module.vpc",
      "mode": "data",
      "type": "aws_region",
      "name": "current",
      "provider": "provider[\"registry.terraform.io/hashicorp/aws\"]",
      "instances": [
        {
          "schema_version": 0,
          "attributes": {
            "description": "US East (N. Virginia)",
            "endpoint": "ec2.us-east-1.amazonaws.com",
            "id": "us-east-1",
            "name": "us-east-1"
          },
          "sensitive_attributes": [],
          "identity_schema_version": 0
        }
      ]
    },
    {
      "module": "module.vpc",
      "mode": "data",
      "type": "aws_secretsmanager_secret_version",
      "name": "influx_db_password",
      "provider": "provider[\"registry.terraform.io/hashicorp/aws\"]",
      "instances": []
    },
    {
      "module": "module.vpc",
      "mode": "managed",
      "type": "aws_iam_role",
      "name": "dms-cloudwatch-logs-role",
      "provider": "provider[\"registry.terraform.io/hashicorp/aws\"]",
      "instances": []
    },
    {
      "module": "module.vpc",
      "mode": "managed",
      "type": "aws_iam_role",
      "name": "dms-vpc-role",
      "provider": "provider[\"registry.terraform.io/hashicorp/aws\"]",
      "instances": []
    },
    {
      "module": "module.vpc",
      "mode": "managed",
      "type": "aws_iam_role",
      "name": "etleap-role-devops",
      "provider": "provider[\"registry.terraform.io/hashicorp/aws\"]",
      "instances": []
    },
    {
      "module": "module.vpc",
      "mode": "managed",
      "type": "aws_iam_role_policy_attachment",
      "name": "devops-admin-access",
      "provider": "provider[\"registry.terraform.io/hashicorp/aws\"]",
      "instances": []
    },
    {
      "module": "module.vpc",
      "mode": "managed",
      "type": "aws_iam_role_policy_attachment",
      "name": "dms-cloudwatch-logs-role-AmazonDMSCloudWatchLogsRole",
      "provider": "provider[\"registry.terraform.io/hashicorp/aws\"]",
      "instances": []
    },
    {
      "module": "module.vpc",
      "mode": "managed",
      "type": "aws_iam_role_policy_attachment",
      "name": "dms-vpc-role-AmazonDMSVPCManagementRole",
      "provider": "provider[\"registry.terraform.io/hashicorp/aws\"]",
      "instances": []
    },
    {
      "module": "module.vpc",
      "mode": "managed",
      "type": "aws_lakeformation_permissions",
      "name": "iceberg_system_tables_app_database",
      "provider": "provider[\"registry.terraform.io/hashicorp/aws\"]",
      "instances": []
    },
    {
      "module": "module.vpc",
      "mode": "managed",
      "type": "aws_lakeformation_permissions",
      "name": "iceberg_system_tables_app_tables",
      "provider": "provider[\"registry.terraform.io/hashicorp/aws\"]",
      "instances": []
    },
    {
      "module": "module.vpc",
      "mode": "managed",
      "type": "aws_lakeformation_permissions",
      "name": "iceberg_system_tables_emr_tables",
      "provider": "provider[\"registry.terraform.io/hashicorp/aws\"]",
      "instances": []
    },
    {
      "module": "module.vpc",
      "mode": "managed",
      "type": "aws_network_interface",
      "name": "secondary_app",
      "provider": "provider[\"registry.terraform.io/hashicorp/aws\"]",
      "instances": []
    },
    {
      "module": "module.vpc",
      "mode": "managed",
      "type": "aws_s3_object",
      "name": "customer_post_install_script",
      "provider": "provider[\"registry.terraform.io/hashicorp/aws\"]",
      "instances": []
    },
    {
      "module": "module.vpc",
      "mode": "managed",
      "type": "aws_security_group",
      "name": "influxdb",
      "provider": "provider[\"registry.terraform.io/hashicorp/aws\"]",
      "instances": [
        {
          "index_key": 0,
          "schema_version": 1,
          "attributes": {
            "arn": "arn:aws:ec2:us-east-1:209479308486:security-group/sg-0ada6a0f11cf1080b",
            "description": "Etleap InfluxDB",
            "egress": [],
            "id": "sg-0ada6a0f11cf1080b",
            "ingress": [],
            "name": "Etleap InfluxDB",
            "name_prefix": "",
            "owner_id": "209479308486",
            "revoke_rules_on_delete": false,
            "tags": {
              "Deployment": "test2",
              "Environment": "sandbox",
              "Name": "Etleap InfluxDB",
              "Operator": "Benedict.Chan"
            },
            "tags_all": {
              "Deployment": "test2",
              "Environment": "sandbox",
              "Name": "Etleap InfluxDB",
              "Operator": "Benedict.Chan"
            },
            "timeouts": null,
            "vpc_id": "vpc-061dee9b264eebdf0"
          },
          "sensitive_attributes": [],
          "identity_schema_version": 0,
          "private": "eyJlMmJmYjczMC1lY2FhLTExZTYtOGY4OC0zNDM2M2JjN2M0YzAiOnsiY3JlYXRlIjo2MDAwMDAwMDAwMDAsImRlbGV0ZSI6OTAwMDAwMDAwMDAwfSwic2NoZW1hX3ZlcnNpb24iOiIxIn0=",
          "dependencies": [
            "module.vpc.aws_vpc.etleap"
          ]
        }
      ]
    },
    {
      "module": "module.vpc",
      "mode": "managed",
      "type": "aws_security_group_rule",
      "name": "app-allow-extra-security-groups",
      "provider": "provider[\"registry.terraform.io/hashicorp/aws\"]",
      "instances": []
    },
    {
      "module": "module.vpc",
      "mode": "managed",
      "type": "aws_security_group_rule",
      "name": "db-allow-extra-security-groups",
      "provider": "provider[\"registry.terraform.io/hashicorp/aws\"]",
      "instances": []
    },
    {
      "module": "module.vpc",
      "mode": "managed",
      "type": "aws_security_group_rule",
      "name": "emr-allow-extra-security-groups",
      "provider": "provider[\"registry.terraform.io/hashicorp/aws\"]",
      "instances": []
    },
    {
      "module": "module.vpc",
      "mode": "managed",
      "type": "aws_subnet",
      "name": "a_private",
      "provider": "provider[\"registry.terraform.io/hashicorp/aws\"]",
      "instances": [
        {
          "index_key": 0,
          "schema_version": 1,
          "attributes": {
            "arn": "arn:aws:ec2:us-east-1:209479308486:subnet/subnet-09a81891a9c482534",
            "assign_ipv6_address_on_creation": false,
            "availability_zone": "us-east-1a",
            "availability_zone_id": "use1-az1",
            "cidr_block": "172.22.4.0/24",
            "customer_owned_ipv4_pool": "",
            "enable_dns64": false,
            "enable_lni_at_device_index": 0,
            "enable_resource_name_dns_a_record_on_launch": false,
            "enable_resource_name_dns_aaaa_record_on_launch": false,
            "id": "subnet-09a81891a9c482534",
            "ipv6_cidr_block": "",
            "ipv6_cidr_block_association_id": "",
            "ipv6_native": false,
            "map_customer_owned_ip_on_launch": false,
            "map_public_ip_on_launch": false,
            "outpost_arn": "",
            "owner_id": "209479308486",
            "private_dns_hostname_type_on_launch": "ip-name",
            "tags": {
              "Deployment": "test2",
              "Environment": "sandbox",
              "Name": "Etleap A Private test2",
              "Operator": "Benedict.Chan"
            },
            "tags_all": {
              "Deployment": "test2",
              "Environment": "sandbox",
              "Name": "Etleap A Private test2",
              "Operator": "Benedict.Chan"
            },
            "timeouts": null,
            "vpc_id": "vpc-061dee9b264eebdf0"
          },
          "sensitive_attributes": [],
          "identity_schema_version": 0,
          "private": "eyJlMmJmYjczMC1lY2FhLTExZTYtOGY4OC0zNDM2M2JjN2M0YzAiOnsiY3JlYXRlIjo2MDAwMDAwMDAwMDAsImRlbGV0ZSI6MTIwMDAwMDAwMDAwMH0sInNjaGVtYV92ZXJzaW9uIjoiMSJ9",
          "dependencies": [
            "module.vpc.aws_vpc.etleap",
            "module.vpc.data.aws_region.current"
          ],
          "create_before_destroy": true
        }
      ]
    },
    {
      "module": "module.vpc",
      "mode": "managed",
      "type": "aws_subnet",
      "name": "b_private",
      "provider": "provider[\"registry.terraform.io/hashicorp/aws\"]",
      "instances": [
        {
          "index_key": 0,
          "schema_version": 1,
          "attributes": {
            "arn": "arn:aws:ec2:us-east-1:209479308486:subnet/subnet-0c2f55b2cc20ac9f8",
            "assign_ipv6_address_on_creation": false,
            "availability_zone": "us-east-1b",
            "availability_zone_id": "use1-az2",
            "cidr_block": "172.22.5.0/24",
            "customer_owned_ipv4_pool": "",
            "enable_dns64": false,
            "enable_lni_at_device_index": 0,
            "enable_resource_name_dns_a_record_on_launch": false,
            "enable_resource_name_dns_aaaa_record_on_launch": false,
            "id": "subnet-0c2f55b2cc20ac9f8",
            "ipv6_cidr_block": "",
            "ipv6_cidr_block_association_id": "",
            "ipv6_native": false,
            "map_customer_owned_ip_on_launch": false,
            "map_public_ip_on_launch": false,
            "outpost_arn": "",
            "owner_id": "209479308486",
            "private_dns_hostname_type_on_launch": "ip-name",
            "tags": {
              "Deployment": "test2",
              "Environment": "sandbox",
              "Name": "Etleap B Private test2",
              "Operator": "Benedict.Chan"
            },
            "tags_all": {
              "Deployment": "test2",
              "Environment": "sandbox",
              "Name": "Etleap B Private test2",
              "Operator": "Benedict.Chan"
            },
            "timeouts": null,
            "vpc_id": "vpc-061dee9b264eebdf0"
          },
          "sensitive_attributes": [],
          "identity_schema_version": 0,
          "private": "eyJlMmJmYjczMC1lY2FhLTExZTYtOGY4OC0zNDM2M2JjN2M0YzAiOnsiY3JlYXRlIjo2MDAwMDAwMDAwMDAsImRlbGV0ZSI6MTIwMDAwMDAwMDAwMH0sInNjaGVtYV92ZXJzaW9uIjoiMSJ9",
          "dependencies": [
            "module.vpc.aws_vpc.etleap",
            "module.vpc.data.aws_region.current"
          ],
          "create_before_destroy": true
        }
      ]
    },
    {
      "module": "module.vpc",
      "mode": "managed",
      "type": "aws_timestreaminfluxdb_db_instance",
      "name": "influx_db",
      "provider": "provider[\"registry.terraform.io/hashicorp/aws\"]",
      "instances": [
        {
          "index_key": 0,
          "status": "tainted",
          "schema_version": 0,
          "attributes": {
            "allocated_storage": 100,
            "arn": "arn:aws:timestream-influxdb:us-east-1:209479308486:db-instance/3ci3t7z8yk",
            "availability_zone": "us-east-1d",
            "bucket": null,
            "db_instance_type": "db.influx.medium",
            "db_parameter_group_identifier": null,
            "db_storage_type": "InfluxIOIncludedT1",
            "deployment_type": "SINGLE_AZ",
            "endpoint": "3ci3t7z8yk-jf7amp2gg2mcjy.timestream-influxdb.us-east-1.on.aws",
            "id": "3ci3t7z8yk",
            "influx_auth_parameters_secret_arn": "arn:aws:secretsmanager:us-east-1:209479308486:secret:READONLY-InfluxDB-auth-parameters-3ci3t7z8yk-Hv8jRj",
            "log_delivery_configuration": [],
            "name": "Etleap-test2-influx",
            "network_type": "IPV4",
            "organization": null,
            "password": null,
            "port": 8086,
            "publicly_accessible": false,
            "secondary_availability_zone": "",
            "tags": {
              "Deployment": "test2",
              "Environment": "sandbox",
              "Operator": "Benedict.Chan"
            },
            "tags_all": {
              "Deployment": "test2",
              "Environment": "sandbox",
              "Operator": "Benedict.Chan"
            },
            "timeouts": null,
            "username": null,
            "vpc_security_group_ids": [
              "sg-0ada6a0f11cf1080b"
            ],
            "vpc_subnet_ids": [
              "subnet-09a81891a9c482534",
              "subnet-0c2f55b2cc20ac9f8"
            ]
          },
          "sensitive_attributes": [
            [
              {
                "type": "get_attr",
                "value": "password"
              }
            ]
          ],
          "identity_schema_version": 0,
          "dependencies": [
            "module.vpc.aws_security_group.influxdb",
            "module.vpc.aws_subnet.a_private",
            "module.vpc.aws_subnet.b_private",
            "module.vpc.aws_vpc.etleap",
            "module.vpc.data.aws_region.current",
            "module.vpc.data.aws_secretsmanager_secret_version.influx_db_password",
            "module.vpc.module.influx_db_password.aws_secretsmanager_secret.secret",
            "module.vpc.module.influx_db_password.aws_secretsmanager_secret_version.secret",
            "module.vpc.module.influx_db_password.random_password.secret_value",
            "module.vpc.null_resource.are_influx_db_hostname_and_password_valid",
            "module.vpc.random_id.deployment_random"
          ]
        }
      ]
    },
    {
      "module": "module.vpc",
      "mode": "managed",
      "type": "aws_vpc",
      "name": "etleap",
      "provider": "provider[\"registry.terraform.io/hashicorp/aws\"]",
      "instances": [
        {
          "index_key": 0,
          "schema_version": 1,
          "attributes": {
            "arn": "arn:aws:ec2:us-east-1:209479308486:vpc/vpc-061dee9b264eebdf0",
            "assign_generated_ipv6_cidr_block": false,
            "cidr_block": "172.22.4.0/22",
            "default_network_acl_id": "acl-05bf5d1af79935479",
            "default_route_table_id": "rtb-0c5e76fe47236fca9",
            "default_security_group_id": "sg-0ae732a6f20a74ee3",
            "dhcp_options_id": "dopt-0cd905c8e64a2763d",
            "enable_dns_hostnames": true,
            "enable_dns_support": true,
            "enable_network_address_usage_metrics": false,
            "id": "vpc-061dee9b264eebdf0",
            "instance_tenancy": "default",
            "ipv4_ipam_pool_id": null,
            "ipv4_netmask_length": null,
            "ipv6_association_id": "",
            "ipv6_cidr_block": "",
            "ipv6_cidr_block_network_border_group": "",
            "ipv6_ipam_pool_id": "",
            "ipv6_netmask_length": 0,
            "main_route_table_id": "rtb-0c5e76fe47236fca9",
            "owner_id": "209479308486",
            "tags": {
              "Deployment": "test2",
              "Environment": "sandbox",
              "Name": "Etleap VPC test2",
              "Operator": "Benedict.Chan"
            },
            "tags_all": {
              "Deployment": "test2",
              "Environment": "sandbox",
              "Name": "Etleap VPC test2",
              "Operator": "Benedict.Chan"
            }
          },
          "sensitive_attributes": [],
          "identity_schema_version": 0,
          "private": "eyJzY2hlbWFfdmVyc2lvbiI6IjEifQ==",
          "create_before_destroy": true
        }
      ]
    },
    {
      "module": "module.vpc",
      "mode": "managed",
      "type": "null_resource",
      "name": "are_cidr_ranges_valid",
      "provider": "provider[\"registry.terraform.io/hashicorp/null\"]",
      "instances": []
    },
    {
      "module": "module.vpc",
      "mode": "managed",
      "type": "null_resource",
      "name": "are_influx_db_hostname_and_password_valid",
      "provider": "provider[\"registry.terraform.io/hashicorp/null\"]",
      "instances": []
    },
    {
      "module": "module.vpc",
      "mode": "managed",
      "type": "null_resource",
      "name": "is_vpc_spec_valid",
      "provider": "provider[\"registry.terraform.io/hashicorp/null\"]",
      "instances": []
    },
    {
      "module": "module.vpc",
      "mode": "managed",
      "type": "random_id",
      "name": "deployment_random",
      "provider": "provider[\"registry.terraform.io/hashicorp/random\"]",
      "instances": [
        {
          "schema_version": 0,
          "attributes": {
            "b64_std": "L7J6",
            "b64_url": "L7J6",
            "byte_length": 3,
            "dec": "3125882",
            "hex": "2fb27a",
            "id": "L7J6",
            "keepers": null,
            "prefix": null
          },
          "sensitive_attributes": [],
          "identity_schema_version": 0,
          "create_before_destroy": true
        }
      ]
    },
    {
      "module": "module.vpc.module.influx_db_password[0]",
      "mode": "managed",
      "type": "random_password",
      "name": "secret_value",
      "provider": "provider[\"registry.terraform.io/hashicorp/random\"]",
      "instances": [
        {
          "schema_version": 3,
          "attributes": {
            "bcrypt_hash": "$2a$10$h7i9Jdj/N2R7u/aGswcKmeRprH3mxt.R.Ra4nDLbXjJnhSpjjv8xq",
            "id": "none",
            "keepers": null,
            "length": 20,
            "lower": true,
            "min_lower": 0,
            "min_numeric": 0,
            "min_special": 0,
            "min_upper": 0,
            "number": true,
            "numeric": true,
            "override_special": null,
            "result": "WruWMaVF1KRNTXDEwXml",
            "special": false,
            "upper": true
          },
          "sensitive_attributes": [
            [
              {
                "type": "get_attr",
                "value": "bcrypt_hash"
              }
            ],
            [
              {
                "type": "get_attr",
                "value": "result"
              }
            ]
          ],
          "identity_schema_version": 0
        }
      ]
    }
  ],
  "check_results": [
    {
      "object_kind": "var",
      "config_addr": "module.vpc.var.outbound_access_destinations",
      "status": "unknown",
      "objects": null
    },
    {
      "object_kind": "var",
      "config_addr": "module.vpc.var.vpc_cidr_block_2",
      "status": "unknown",
      "objects": null
    },
    {
      "object_kind": "var",
      "config_addr": "module.vpc.var.vpc_cidr_block_3",
      "status": "unknown",
      "objects": null
    },
    {
      "object_kind": "var",
      "config_addr": "module.vpc.var.vpc_id",
      "status": "unknown",
      "objects": null
    },
    {
      "object_kind": "var",
      "config_addr": "module.vpc.var.public_subnets",
      "status": "unknown",
      "objects": null
    },
    {
      "object_kind": "var",
      "config_addr": "module.vpc.var.deployment_id",
      "status": "unknown",
      "objects": null
    },
    {
      "object_kind": "var",
      "config_addr": "module.vpc.var.emr_instance_fleet_smallest_instance_size",
      "status": "unknown",
      "objects": null
    },
    {
      "object_kind": "var",
      "config_addr": "module.vpc.var.private_subnets",
      "status": "unknown",
      "objects": null
    },
    {
      "object_kind": "var",
      "config_addr": "module.vpc.var.kms_key_additional_policies",
      "status": "unknown",
      "objects": null
    },
    {
      "object_kind": "var",
      "config_addr": "module.vpc.var.vpc_cidr_block_1",
      "status": "unknown",
      "objects": null
    }
  ]
}
